{
  "version": 4,
  "terraform_version": "1.9.4",
  "serial": 100,
  "lineage": "7f12de62-c165-22b6-7816-55169b6262c5",
  "outputs": {
    "IMPORTANT": {
      "value": [
        "You must get permission from AWS to relay mail through the below IP addresses. See the section on Port 25 in docs/setup.md.",
        "You must update your domain registrations with the name servers from the below domains. See the section on Nameservers in docs/setup.md"
      ],
      "type": [
        "tuple",
        [
          "string",
          "string"
        ]
      ]
    },
    "domains": {
      "value": [
        {
          "arn": "arn:aws:route53:::hostedzone/Z08991561DT3P59F9ALJA",
          "domain": "cabalmail.io",
          "name_servers": [
            "ns-1501.awsdns-59.org",
            "ns-1969.awsdns-54.co.uk",
            "ns-88.awsdns-11.com",
            "ns-933.awsdns-52.net"
          ],
          "zone_id": "Z08991561DT3P59F9ALJA"
        }
      ],
      "type": [
        "tuple",
        [
          [
            "object",
            {
              "arn": "string",
              "domain": "string",
              "name_servers": [
                "list",
                "string"
              ],
              "zone_id": "string"
            }
          ]
        ]
      ]
    },
    "relay_ips": {
      "value": {
        "addresses": [
          "34.206.99.56"
        ],
        "domain": "smtp.cabalmail.email"
      },
      "type": [
        "object",
        {
          "addresses": [
            "tuple",
            [
              "string"
            ]
          ],
          "domain": "string"
        }
      ]
    }
  },
  "resources": [
    {
      "mode": "data",
      "type": "terraform_remote_state",
      "name": "zone",
      "provider": "provider[\"terraform.io/builtin/terraform\"]",
      "instances": [
        {
          "schema_version": 0,
          "attributes": {
            "backend": "s3",
            "config": {
              "value": {
                "bucket": "cabal-tf-backend",
                "key": "development-bootstrap",
                "region": "us-east-1"
              },
              "type": [
                "object",
                {
                  "bucket": "string",
                  "key": "string",
                  "region": "string"
                }
              ]
            },
            "defaults": null,
            "outputs": {
              "value": {
                "control_domain_name_servers": [
                  "ns-1472.awsdns-56.org",
                  "ns-1996.awsdns-57.co.uk",
                  "ns-370.awsdns-46.com",
                  "ns-707.awsdns-24.net"
                ],
                "control_domain_zone_id": "Z01789542KDCG9LP41DJ7",
                "control_domain_zone_name": "cabalmail.email"
              },
              "type": [
                "object",
                {
                  "control_domain_name_servers": [
                    "list",
                    "string"
                  ],
                  "control_domain_zone_id": "string",
                  "control_domain_zone_name": "string"
                }
              ]
            },
            "workspace": null
          },
          "sensitive_attributes": []
        }
      ]
    },
    {
      "module": "module.admin",
      "mode": "data",
      "type": "aws_caller_identity",
      "name": "current",
      "provider": "provider[\"registry.terraform.io/hashicorp/aws\"]",
      "instances": [
        {
          "schema_version": 0,
          "attributes": {
            "account_id": "175059541256",
            "arn": "arn:aws:iam::175059541256:user/terraform",
            "id": "175059541256",
            "user_id": "AIDASRQS4TUEOJKL5P45D"
          },
          "sensitive_attributes": []
        }
      ]
    },
    {
      "module": "module.admin",
      "mode": "data",
      "type": "aws_region",
      "name": "current",
      "provider": "provider[\"registry.terraform.io/hashicorp/aws\"]",
      "instances": [
        {
          "schema_version": 0,
          "attributes": {
            "description": "US East (N. Virginia)",
            "endpoint": "ec2.us-east-1.amazonaws.com",
            "id": "us-east-1",
            "name": "us-east-1"
          },
          "sensitive_attributes": []
        }
      ]
    },
    {
      "module": "module.admin",
      "mode": "data",
      "type": "aws_s3_objects",
      "name": "check",
      "provider": "provider[\"registry.terraform.io/hashicorp/aws\"]",
      "instances": [
        {
          "index_key": "delete_folder",
          "schema_version": 0,
          "attributes": {
            "bucket": "admin.cabalmail.email",
            "common_prefixes": [],
            "delimiter": null,
            "encoding_type": null,
            "fetch_owner": null,
            "id": "admin.cabalmail.email",
            "keys": [
              "lambda/delete_folder.zip.base64sha256"
            ],
            "max_keys": 1000,
            "owners": [],
            "prefix": "lambda/delete_folder.zip.base64sha256",
            "request_charged": "",
            "request_payer": null,
            "start_after": null
          },
          "sensitive_attributes": []
        },
        {
          "index_key": "fetch_attachment",
          "schema_version": 0,
          "attributes": {
            "bucket": "admin.cabalmail.email",
            "common_prefixes": [],
            "delimiter": null,
            "encoding_type": null,
            "fetch_owner": null,
            "id": "admin.cabalmail.email",
            "keys": [
              "lambda/fetch_attachment.zip.base64sha256"
            ],
            "max_keys": 1000,
            "owners": [],
            "prefix": "lambda/fetch_attachment.zip.base64sha256",
            "request_charged": "",
            "request_payer": null,
            "start_after": null
          },
          "sensitive_attributes": []
        },
        {
          "index_key": "fetch_bimi",
          "schema_version": 0,
          "attributes": {
            "bucket": "admin.cabalmail.email",
            "common_prefixes": [],
            "delimiter": null,
            "encoding_type": null,
            "fetch_owner": null,
            "id": "admin.cabalmail.email",
            "keys": [
              "lambda/fetch_bimi.zip.base64sha256"
            ],
            "max_keys": 1000,
            "owners": [],
            "prefix": "lambda/fetch_bimi.zip.base64sha256",
            "request_charged": "",
            "request_payer": null,
            "start_after": null
          },
          "sensitive_attributes": []
        },
        {
          "index_key": "fetch_inline_image",
          "schema_version": 0,
          "attributes": {
            "bucket": "admin.cabalmail.email",
            "common_prefixes": [],
            "delimiter": null,
            "encoding_type": null,
            "fetch_owner": null,
            "id": "admin.cabalmail.email",
            "keys": [
              "lambda/fetch_inline_image.zip.base64sha256"
            ],
            "max_keys": 1000,
            "owners": [],
            "prefix": "lambda/fetch_inline_image.zip.base64sha256",
            "request_charged": "",
            "request_payer": null,
            "start_after": null
          },
          "sensitive_attributes": []
        },
        {
          "index_key": "fetch_message",
          "schema_version": 0,
          "attributes": {
            "bucket": "admin.cabalmail.email",
            "common_prefixes": [],
            "delimiter": null,
            "encoding_type": null,
            "fetch_owner": null,
            "id": "admin.cabalmail.email",
            "keys": [
              "lambda/fetch_message.zip.base64sha256"
            ],
            "max_keys": 1000,
            "owners": [],
            "prefix": "lambda/fetch_message.zip.base64sha256",
            "request_charged": "",
            "request_payer": null,
            "start_after": null
          },
          "sensitive_attributes": []
        },
        {
          "index_key": "list",
          "schema_version": 0,
          "attributes": {
            "bucket": "admin.cabalmail.email",
            "common_prefixes": [],
            "delimiter": null,
            "encoding_type": null,
            "fetch_owner": null,
            "id": "admin.cabalmail.email",
            "keys": [
              "lambda/list.zip.base64sha256"
            ],
            "max_keys": 1000,
            "owners": [],
            "prefix": "lambda/list.zip.base64sha256",
            "request_charged": "",
            "request_payer": null,
            "start_after": null
          },
          "sensitive_attributes": []
        },
        {
          "index_key": "list_attachments",
          "schema_version": 0,
          "attributes": {
            "bucket": "admin.cabalmail.email",
            "common_prefixes": [],
            "delimiter": null,
            "encoding_type": null,
            "fetch_owner": null,
            "id": "admin.cabalmail.email",
            "keys": [
              "lambda/list_attachments.zip.base64sha256"
            ],
            "max_keys": 1000,
            "owners": [],
            "prefix": "lambda/list_attachments.zip.base64sha256",
            "request_charged": "",
            "request_payer": null,
            "start_after": null
          },
          "sensitive_attributes": []
        },
        {
          "index_key": "list_envelopes",
          "schema_version": 0,
          "attributes": {
            "bucket": "admin.cabalmail.email",
            "common_prefixes": [],
            "delimiter": null,
            "encoding_type": null,
            "fetch_owner": null,
            "id": "admin.cabalmail.email",
            "keys": [
              "lambda/list_envelopes.zip.base64sha256"
            ],
            "max_keys": 1000,
            "owners": [],
            "prefix": "lambda/list_envelopes.zip.base64sha256",
            "request_charged": "",
            "request_payer": null,
            "start_after": null
          },
          "sensitive_attributes": []
        },
        {
          "index_key": "list_folders",
          "schema_version": 0,
          "attributes": {
            "bucket": "admin.cabalmail.email",
            "common_prefixes": [],
            "delimiter": null,
            "encoding_type": null,
            "fetch_owner": null,
            "id": "admin.cabalmail.email",
            "keys": [
              "lambda/list_folders.zip.base64sha256"
            ],
            "max_keys": 1000,
            "owners": [],
            "prefix": "lambda/list_folders.zip.base64sha256",
            "request_charged": "",
            "request_payer": null,
            "start_after": null
          },
          "sensitive_attributes": []
        },
        {
          "index_key": "list_messages",
          "schema_version": 0,
          "attributes": {
            "bucket": "admin.cabalmail.email",
            "common_prefixes": [],
            "delimiter": null,
            "encoding_type": null,
            "fetch_owner": null,
            "id": "admin.cabalmail.email",
            "keys": [
              "lambda/list_messages.zip.base64sha256"
            ],
            "max_keys": 1000,
            "owners": [],
            "prefix": "lambda/list_messages.zip.base64sha256",
            "request_charged": "",
            "request_payer": null,
            "start_after": null
          },
          "sensitive_attributes": []
        },
        {
          "index_key": "move_messages",
          "schema_version": 0,
          "attributes": {
            "bucket": "admin.cabalmail.email",
            "common_prefixes": [],
            "delimiter": null,
            "encoding_type": null,
            "fetch_owner": null,
            "id": "admin.cabalmail.email",
            "keys": [
              "lambda/move_messages.zip.base64sha256"
            ],
            "max_keys": 1000,
            "owners": [],
            "prefix": "lambda/move_messages.zip.base64sha256",
            "request_charged": "",
            "request_payer": null,
            "start_after": null
          },
          "sensitive_attributes": []
        },
        {
          "index_key": "new",
          "schema_version": 0,
          "attributes": {
            "bucket": "admin.cabalmail.email",
            "common_prefixes": [],
            "delimiter": null,
            "encoding_type": null,
            "fetch_owner": null,
            "id": "admin.cabalmail.email",
            "keys": [
              "lambda/new.zip.base64sha256"
            ],
            "max_keys": 1000,
            "owners": [],
            "prefix": "lambda/new.zip.base64sha256",
            "request_charged": "",
            "request_payer": null,
            "start_after": null
          },
          "sensitive_attributes": []
        },
        {
          "index_key": "new_folder",
          "schema_version": 0,
          "attributes": {
            "bucket": "admin.cabalmail.email",
            "common_prefixes": [],
            "delimiter": null,
            "encoding_type": null,
            "fetch_owner": null,
            "id": "admin.cabalmail.email",
            "keys": [
              "lambda/new_folder.zip.base64sha256"
            ],
            "max_keys": 1000,
            "owners": [],
            "prefix": "lambda/new_folder.zip.base64sha256",
            "request_charged": "",
            "request_payer": null,
            "start_after": null
          },
          "sensitive_attributes": []
        },
        {
          "index_key": "revoke",
          "schema_version": 0,
          "attributes": {
            "bucket": "admin.cabalmail.email",
            "common_prefixes": [],
            "delimiter": null,
            "encoding_type": null,
            "fetch_owner": null,
            "id": "admin.cabalmail.email",
            "keys": [
              "lambda/revoke.zip.base64sha256"
            ],
            "max_keys": 1000,
            "owners": [],
            "prefix": "lambda/revoke.zip.base64sha256",
            "request_charged": "",
            "request_payer": null,
            "start_after": null
          },
          "sensitive_attributes": []
        },
        {
          "index_key": "send",
          "schema_version": 0,
          "attributes": {
            "bucket": "admin.cabalmail.email",
            "common_prefixes": [],
            "delimiter": null,
            "encoding_type": null,
            "fetch_owner": null,
            "id": "admin.cabalmail.email",
            "keys": [
              "lambda/send.zip.base64sha256"
            ],
            "max_keys": 1000,
            "owners": [],
            "prefix": "lambda/send.zip.base64sha256",
            "request_charged": "",
            "request_payer": null,
            "start_after": null
          },
          "sensitive_attributes": []
        },
        {
          "index_key": "set_flag",
          "schema_version": 0,
          "attributes": {
            "bucket": "admin.cabalmail.email",
            "common_prefixes": [],
            "delimiter": null,
            "encoding_type": null,
            "fetch_owner": null,
            "id": "admin.cabalmail.email",
            "keys": [
              "lambda/set_flag.zip.base64sha256"
            ],
            "max_keys": 1000,
            "owners": [],
            "prefix": "lambda/set_flag.zip.base64sha256",
            "request_charged": "",
            "request_payer": null,
            "start_after": null
          },
          "sensitive_attributes": []
        },
        {
          "index_key": "subscribe_folder",
          "schema_version": 0,
          "attributes": {
            "bucket": "admin.cabalmail.email",
            "common_prefixes": [],
            "delimiter": null,
            "encoding_type": null,
            "fetch_owner": null,
            "id": "admin.cabalmail.email",
            "keys": [
              "lambda/subscribe_folder.zip.base64sha256"
            ],
            "max_keys": 1000,
            "owners": [],
            "prefix": "lambda/subscribe_folder.zip.base64sha256",
            "request_charged": "",
            "request_payer": null,
            "start_after": null
          },
          "sensitive_attributes": []
        },
        {
          "index_key": "unsubscribe_folder",
          "schema_version": 0,
          "attributes": {
            "bucket": "admin.cabalmail.email",
            "common_prefixes": [],
            "delimiter": null,
            "encoding_type": null,
            "fetch_owner": null,
            "id": "admin.cabalmail.email",
            "keys": [
              "lambda/unsubscribe_folder.zip.base64sha256"
            ],
            "max_keys": 1000,
            "owners": [],
            "prefix": "lambda/unsubscribe_folder.zip.base64sha256",
            "request_charged": "",
            "request_payer": null,
            "start_after": null
          },
          "sensitive_attributes": []
        }
      ]
    },
    {
      "module": "module.admin",
      "mode": "managed",
      "type": "aws_api_gateway_account",
      "name": "apigw_account",
      "provider": "provider[\"registry.terraform.io/hashicorp/aws\"]",
      "instances": [
        {
          "schema_version": 0,
          "attributes": {
            "api_key_version": "4",
            "cloudwatch_role_arn": "arn:aws:iam::175059541256:role/cabal_cloudwatch_role",
            "features": [
              "UsagePlans"
            ],
            "id": "api-gateway-account",
            "reset_on_delete": null,
            "throttle_settings": [
              {
                "burst_limit": 5000,
                "rate_limit": 10000
              }
            ]
          },
          "sensitive_attributes": [],
          "dependencies": [
            "module.admin.aws_iam_role.cloudwatch"
          ]
        }
      ]
    },
    {
      "module": "module.admin",
      "mode": "managed",
      "type": "aws_api_gateway_rest_api",
      "name": "gateway",
      "provider": "provider[\"registry.terraform.io/hashicorp/aws\"]",
      "instances": [
        {
          "schema_version": 0,
          "attributes": {
            "api_key_source": "HEADER",
            "arn": "arn:aws:apigateway:us-east-1::/restapis/on3fpyd717",
            "binary_media_types": [],
            "body": null,
            "created_date": "2026-02-15T16:31:19Z",
            "description": "",
            "disable_execute_api_endpoint": false,
            "endpoint_configuration": [
              {
                "types": [
                  "EDGE"
                ],
                "vpc_endpoint_ids": []
              }
            ],
            "execution_arn": "arn:aws:execute-api:us-east-1:175059541256:on3fpyd717",
            "fail_on_warnings": null,
            "id": "on3fpyd717",
            "minimum_compression_size": "",
            "name": "cabal_gateway",
            "parameters": null,
            "policy": "",
            "put_rest_api_mode": null,
            "root_resource_id": "ouau5wwocd",
            "tags": null,
            "tags_all": {
              "environment": "development",
              "managed_by_terraform": "y",
              "terraform_repo": "https://github.com/cabalmail/cabal-infra"
            }
          },
          "sensitive_attributes": [],
          "private": "bnVsbA==",
          "create_before_destroy": true
        }
      ]
    },
    {
      "module": "module.admin",
      "mode": "managed",
      "type": "aws_cloudwatch_log_group",
      "name": "api_logs",
      "provider": "provider[\"registry.terraform.io/hashicorp/aws\"]",
      "instances": [
        {
          "schema_version": 0,
          "attributes": {
            "arn": "arn:aws:logs:us-east-1:175059541256:log-group:API-Gateway-Execution-Logs_on3fpyd717/prod",
            "id": "API-Gateway-Execution-Logs_on3fpyd717/prod",
            "kms_key_id": "",
            "log_group_class": "STANDARD",
            "name": "API-Gateway-Execution-Logs_on3fpyd717/prod",
            "name_prefix": "",
            "retention_in_days": 14,
            "skip_destroy": false,
            "tags": null,
            "tags_all": {
              "environment": "development",
              "managed_by_terraform": "y",
              "terraform_repo": "https://github.com/cabalmail/cabal-infra"
            }
          },
          "sensitive_attributes": [],
          "private": "bnVsbA==",
          "dependencies": [
            "module.admin.aws_api_gateway_rest_api.gateway"
          ]
        }
      ]
    },
    {
      "module": "module.admin",
      "mode": "managed",
      "type": "aws_iam_role",
      "name": "cloudwatch",
      "provider": "provider[\"registry.terraform.io/hashicorp/aws\"]",
      "instances": [
        {
          "schema_version": 0,
          "attributes": {
            "arn": "arn:aws:iam::175059541256:role/cabal_cloudwatch_role",
            "assume_role_policy": "{\"Statement\":[{\"Action\":\"sts:AssumeRole\",\"Effect\":\"Allow\",\"Principal\":{\"Service\":\"apigateway.amazonaws.com\"},\"Sid\":\"TheSloth\"}],\"Version\":\"2012-10-17\"}",
            "create_date": "2026-02-15T16:31:38Z",
            "description": "",
            "force_detach_policies": false,
            "id": "cabal_cloudwatch_role",
            "inline_policy": [],
            "managed_policy_arns": [],
            "max_session_duration": 3600,
            "name": "cabal_cloudwatch_role",
            "name_prefix": "",
            "path": "/",
            "permissions_boundary": "",
            "tags": null,
            "tags_all": {
              "environment": "development",
              "managed_by_terraform": "y",
              "terraform_repo": "https://github.com/cabalmail/cabal-infra"
            },
            "unique_id": "AROASRQS4TUEKMDWELHA5"
          },
          "sensitive_attributes": [],
          "private": "bnVsbA=="
        }
      ]
    },
    {
      "module": "module.admin",
      "mode": "managed",
      "type": "aws_iam_role_policy",
      "name": "cloudwatch",
      "provider": "provider[\"registry.terraform.io/hashicorp/aws\"]",
      "instances": [
        {
          "schema_version": 0,
          "attributes": {
            "id": "cabal_cloudwatch_role:cabal_cloudwatch_role",
            "name": "cabal_cloudwatch_role",
            "name_prefix": "",
            "policy": "{\"Version\":\"2012-10-17\",\"Statement\":[{\"Action\":[\"logs:CreateLogGroup\",\"logs:CreateLogStream\",\"logs:DescribeLogGroups\",\"logs:DescribeLogStreams\",\"logs:FilterLogEvents\",\"logs:GetLogEvents\",\"logs:PutLogEvents\"],\"Effect\":\"Allow\",\"Resource\":\"arn:aws:logs:us-east-1:175059541256:log-group:*:*\"}]}",
            "role": "cabal_cloudwatch_role"
          },
          "sensitive_attributes": [],
          "private": "bnVsbA==",
          "dependencies": [
            "module.admin.aws_iam_role.cloudwatch",
            "module.admin.data.aws_caller_identity.current",
            "module.admin.data.aws_region.current"
          ]
        }
      ]
    },
    {
      "module": "module.admin",
      "mode": "managed",
      "type": "aws_route53_record",
      "name": "dkim_public_key",
      "provider": "provider[\"registry.terraform.io/hashicorp/aws\"]",
      "instances": [
        {
          "schema_version": 2,
          "attributes": {
            "alias": [],
            "allow_overwrite": null,
            "cidr_routing_policy": [],
            "failover_routing_policy": [],
            "fqdn": "cabal._domainkey.cabalmail.email",
            "geolocation_routing_policy": [],
            "geoproximity_routing_policy": [],
            "health_check_id": "",
            "id": "Z01789542KDCG9LP41DJ7_cabal._domainkey.cabalmail.email_TXT",
            "latency_routing_policy": [],
            "multivalue_answer_routing_policy": false,
            "name": "cabal._domainkey.cabalmail.email",
            "records": [
              "v=DKIM1; k=rsa; p=MIIBIjANBgkqhkiG9w0BAQEFAAOCAQ8AMIIBCgKCAQEA0/aXrxa/v5R5TIDmIrVLLKudO7Nt9wGP81Lp8SuoSQ3p/FsK8v2vN589YE81gnXS0Nl234qtQKElUvNskyWxipQC3l0zcc+VcEHW5zgenzTsEfGvtxvxjgBpDV+/r4+4bVcbkUeJchJ8D2htszgb\" \"3Aq4Ydd2RjoTq12voX1gvP3SZfQUgcYb6smXN9wsjbW0VkKgxswCSXprpB15g4LxpjJcyTPz/1IOtX0ntpbXdgbEoQkFDtmbg3Y0+h98sfOmKLMXodni9n6WAxh75y1Jmw+0D8gGd2tEqEtwMtKdvfMdZDiH4df3vnR3BsQER2nx0ifAZNH4hS/kAE5q2F0vCwIDAQAB"
            ],
            "set_identifier": "",
            "timeouts": null,
            "ttl": 3600,
            "type": "TXT",
            "weighted_routing_policy": [],
            "zone_id": "Z01789542KDCG9LP41DJ7"
          },
          "sensitive_attributes": [],
          "private": "eyJlMmJmYjczMC1lY2FhLTExZTYtOGY4OC0zNDM2M2JjN2M0YzAiOnsiY3JlYXRlIjoxODAwMDAwMDAwMDAwLCJkZWxldGUiOjE4MDAwMDAwMDAwMDAsInVwZGF0ZSI6MTgwMDAwMDAwMDAwMH0sInNjaGVtYV92ZXJzaW9uIjoiMiJ9",
          "dependencies": [
            "data.terraform_remote_state.zone",
            "module.admin.tls_private_key.key"
          ]
        }
      ]
    },
    {
      "module": "module.admin",
      "mode": "managed",
      "type": "aws_route53_record",
      "name": "dmarc",
      "provider": "provider[\"registry.terraform.io/hashicorp/aws\"]",
      "instances": [
        {
          "schema_version": 2,
          "attributes": {
            "alias": [],
            "allow_overwrite": null,
            "cidr_routing_policy": [],
            "failover_routing_policy": [],
            "fqdn": "_dmarc.cabalmail.email",
            "geolocation_routing_policy": [],
            "geoproximity_routing_policy": [],
            "health_check_id": "",
            "id": "Z01789542KDCG9LP41DJ7__dmarc.cabalmail.email_TXT",
            "latency_routing_policy": [],
            "multivalue_answer_routing_policy": false,
            "name": "_dmarc.cabalmail.email",
            "records": [
              "v=DMARC1; p=reject; rua=mailto:dmarc-reports@mail-admin.cabalmail.com; ruf=mailto:dmarc-reports@mail-admin.cabalmail.com; fo=1; pct=100"
            ],
            "set_identifier": "",
            "timeouts": null,
            "ttl": 3600,
            "type": "TXT",
            "weighted_routing_policy": [],
            "zone_id": "Z01789542KDCG9LP41DJ7"
          },
          "sensitive_attributes": [],
          "private": "eyJlMmJmYjczMC1lY2FhLTExZTYtOGY4OC0zNDM2M2JjN2M0YzAiOnsiY3JlYXRlIjoxODAwMDAwMDAwMDAwLCJkZWxldGUiOjE4MDAwMDAwMDAwMDAsInVwZGF0ZSI6MTgwMDAwMDAwMDAwMH0sInNjaGVtYV92ZXJzaW9uIjoiMiJ9",
          "dependencies": [
            "data.terraform_remote_state.zone"
          ]
        }
      ]
    },
    {
      "module": "module.admin",
      "mode": "managed",
      "type": "aws_route53_record",
      "name": "spf",
      "provider": "provider[\"registry.terraform.io/hashicorp/aws\"]",
      "instances": [
        {
          "schema_version": 2,
          "attributes": {
            "alias": [],
            "allow_overwrite": null,
            "cidr_routing_policy": [],
            "failover_routing_policy": [],
            "fqdn": "cabalmail.email",
            "geolocation_routing_policy": [],
            "geoproximity_routing_policy": [],
            "health_check_id": "",
            "id": "Z01789542KDCG9LP41DJ7_cabalmail.email_TXT",
            "latency_routing_policy": [],
            "multivalue_answer_routing_policy": false,
            "name": "cabalmail.email",
            "records": [
              "v=spf1 ip4:34.206.99.56/32 ~all"
            ],
            "set_identifier": "",
            "timeouts": null,
            "ttl": 360,
            "type": "TXT",
            "weighted_routing_policy": [],
            "zone_id": "Z01789542KDCG9LP41DJ7"
          },
          "sensitive_attributes": [],
          "private": "eyJlMmJmYjczMC1lY2FhLTExZTYtOGY4OC0zNDM2M2JjN2M0YzAiOnsiY3JlYXRlIjoxODAwMDAwMDAwMDAwLCJkZWxldGUiOjE4MDAwMDAwMDAwMDAsInVwZGF0ZSI6MTgwMDAwMDAwMDAwMH0sInNjaGVtYV92ZXJzaW9uIjoiMiJ9",
          "dependencies": [
            "data.terraform_remote_state.zone",
            "module.vpc.aws_eip.nat_eip",
            "module.vpc.aws_internet_gateway.ig",
            "module.vpc.aws_vpc.network"
          ]
        }
      ]
    },
    {
      "module": "module.admin",
      "mode": "managed",
      "type": "aws_s3_bucket",
      "name": "cache",
      "provider": "provider[\"registry.terraform.io/hashicorp/aws\"]",
      "instances": [
        {
          "schema_version": 0,
          "attributes": {
            "acceleration_status": "",
            "acl": null,
            "arn": "arn:aws:s3:::cache.cabalmail.email",
            "bucket": "cache.cabalmail.email",
            "bucket_domain_name": "cache.cabalmail.email.s3.amazonaws.com",
            "bucket_prefix": "",
            "bucket_regional_domain_name": "cache.cabalmail.email.s3.us-east-1.amazonaws.com",
            "cors_rule": [],
            "force_destroy": false,
            "grant": [
              {
                "id": "1421b4574a94d6960747dad1ac99c13f57bfd26cda581112e357d7b6bb30fd91",
                "permissions": [
                  "FULL_CONTROL"
                ],
                "type": "CanonicalUser",
                "uri": ""
              }
            ],
            "hosted_zone_id": "Z3AQBSTGFYJSTF",
            "id": "cache.cabalmail.email",
            "lifecycle_rule": [],
            "logging": [],
            "object_lock_configuration": [],
            "object_lock_enabled": false,
            "policy": "",
            "region": "us-east-1",
            "replication_configuration": [],
            "request_payer": "BucketOwner",
            "server_side_encryption_configuration": [
              {
                "rule": [
                  {
                    "apply_server_side_encryption_by_default": [
                      {
                        "kms_master_key_id": "",
                        "sse_algorithm": "AES256"
                      }
                    ],
                    "bucket_key_enabled": false
                  }
                ]
              }
            ],
            "tags": null,
            "tags_all": {
              "environment": "development",
              "managed_by_terraform": "y",
              "terraform_repo": "https://github.com/cabalmail/cabal-infra"
            },
            "timeouts": null,
            "versioning": [
              {
                "enabled": false,
                "mfa_delete": false
              }
            ],
            "website": [],
            "website_domain": null,
            "website_endpoint": null
          },
          "sensitive_attributes": [],
          "private": "eyJlMmJmYjczMC1lY2FhLTExZTYtOGY4OC0zNDM2M2JjN2M0YzAiOnsiY3JlYXRlIjoxMjAwMDAwMDAwMDAwLCJkZWxldGUiOjM2MDAwMDAwMDAwMDAsInJlYWQiOjEyMDAwMDAwMDAwMDAsInVwZGF0ZSI6MTIwMDAwMDAwMDAwMH19"
        }
      ]
    },
    {
      "module": "module.admin",
      "mode": "managed",
      "type": "aws_s3_bucket_lifecycle_configuration",
      "name": "expire_attachments",
      "provider": "provider[\"registry.terraform.io/hashicorp/aws\"]",
      "instances": [
        {
          "schema_version": 1,
          "attributes": {
            "bucket": "cache.cabalmail.email",
            "expected_bucket_owner": "",
            "id": "cache.cabalmail.email",
            "rule": [
              {
                "abort_incomplete_multipart_upload": [],
                "expiration": [
                  {
                    "date": null,
                    "days": 2,
                    "expired_object_delete_marker": false
                  }
                ],
                "filter": [
                  {
                    "and": [],
                    "object_size_greater_than": null,
                    "object_size_less_than": null,
                    "prefix": "/",
                    "tag": []
                  }
                ],
                "id": "expire_attachments",
                "noncurrent_version_expiration": [],
                "noncurrent_version_transition": [],
                "prefix": "",
                "status": "Enabled",
                "transition": []
              }
            ],
            "timeouts": null,
            "transition_default_minimum_object_size": "all_storage_classes_128K"
          },
          "sensitive_attributes": [],
          "dependencies": [
            "module.admin.aws_s3_bucket.cache"
          ]
        }
      ]
    },
    {
      "module": "module.admin",
      "mode": "managed",
      "type": "aws_s3_bucket_public_access_block",
      "name": "this",
      "provider": "provider[\"registry.terraform.io/hashicorp/aws\"]",
      "instances": [
        {
          "schema_version": 0,
          "attributes": {
            "block_public_acls": true,
            "block_public_policy": true,
            "bucket": "cache.cabalmail.email",
            "id": "cache.cabalmail.email",
            "ignore_public_acls": true,
            "restrict_public_buckets": true
          },
          "sensitive_attributes": [],
          "private": "bnVsbA==",
          "dependencies": [
            "module.admin.aws_s3_bucket.cache"
          ]
        }
      ]
    },
    {
      "module": "module.admin",
      "mode": "managed",
      "type": "aws_s3_object",
      "name": "node_config",
      "provider": "provider[\"registry.terraform.io/hashicorp/aws\"]",
      "instances": [
        {
          "schema_version": 0,
          "attributes": {
            "acl": null,
            "arn": "arn:aws:s3:::admin.cabalmail.email/node_config.js",
            "bucket": "admin.cabalmail.email",
            "bucket_key_enabled": false,
            "cache_control": "",
            "checksum_algorithm": null,
            "checksum_crc32": "",
            "checksum_crc32c": "",
            "checksum_crc64nvme": "",
            "checksum_sha1": "",
            "checksum_sha256": "",
            "content": "exports.config = {\n  \"control_domain\": \"cabalmail.email\",\n  \"domains\": [{\"arn\":\"arn:aws:route53:::hostedzone/Z08991561DT3P59F9ALJA\",\"domain\":\"cabalmail.io\",\"name_servers\":[\"ns-1501.awsdns-59.org\",\"ns-1969.awsdns-54.co.uk\",\"ns-88.awsdns-11.com\",\"ns-933.awsdns-52.net\"],\"zone_id\":\"Z08991561DT3P59F9ALJA\"}],\n  \"invokeUrl\": \"https://on3fpyd717.execute-api.us-east-1.amazonaws.com/prod\"\n};",
            "content_base64": null,
            "content_disposition": "",
            "content_encoding": "",
            "content_language": "",
            "content_type": "text/javascript",
            "etag": "b860b3ea0942b302e1bcb97c4ac3ffbb",
            "force_destroy": false,
            "id": "/node_config.js",
            "key": "/node_config.js",
            "kms_key_id": null,
            "metadata": null,
            "object_lock_legal_hold_status": "",
            "object_lock_mode": "",
            "object_lock_retain_until_date": "",
            "override_provider": [],
            "server_side_encryption": "AES256",
            "source": null,
            "source_hash": null,
            "storage_class": "STANDARD",
            "tags": null,
            "tags_all": {
              "environment": "development",
              "managed_by_terraform": "y",
              "terraform_repo": "https://github.com/cabalmail/cabal-infra"
            },
            "version_id": "",
            "website_redirect": ""
          },
          "sensitive_attributes": [],
          "private": "bnVsbA==",
          "dependencies": [
            "module.admin.aws_api_gateway_rest_api.gateway",
            "module.bucket.aws_s3_bucket.this",
            "module.domains.aws_route53_zone.mail_dns"
          ]
        }
      ]
    },
    {
      "module": "module.admin",
      "mode": "managed",
      "type": "aws_s3_object",
      "name": "website_config",
      "provider": "provider[\"registry.terraform.io/hashicorp/aws\"]",
      "instances": [
        {
          "schema_version": 0,
          "attributes": {
            "acl": null,
            "arn": "arn:aws:s3:::admin.cabalmail.email/config.js",
            "bucket": "admin.cabalmail.email",
            "bucket_key_enabled": false,
            "cache_control": "",
            "checksum_algorithm": null,
            "checksum_crc32": "",
            "checksum_crc32c": "",
            "checksum_crc64nvme": "",
            "checksum_sha1": "",
            "checksum_sha256": "",
            "content": "{\n  \"control_domain\": \"cabalmail.email\",\n  \"domains\": [{\"arn\":\"arn:aws:route53:::hostedzone/Z08991561DT3P59F9ALJA\",\"domain\":\"cabalmail.io\",\"name_servers\":[\"ns-1501.awsdns-59.org\",\"ns-1969.awsdns-54.co.uk\",\"ns-88.awsdns-11.com\",\"ns-933.awsdns-52.net\"],\"zone_id\":\"Z08991561DT3P59F9ALJA\"}],\n  \"invokeUrl\": \"https://on3fpyd717.execute-api.us-east-1.amazonaws.com/prod\",\n  \"cognitoConfig\": {\n    \"region\": \"us-east-1\",\n    \"poolData\": {\n      \"UserPoolId\": \"\",\n      \"ClientId\": \"\"\n    }\n  }\n}",
            "content_base64": null,
            "content_disposition": "",
            "content_encoding": "",
            "content_language": "",
            "content_type": "text/javascript",
            "etag": "f53527c7f700f177467c6994ac967e32",
            "force_destroy": false,
            "id": "/config.js",
            "key": "/config.js",
            "kms_key_id": null,
            "metadata": null,
            "object_lock_legal_hold_status": "",
            "object_lock_mode": "",
            "object_lock_retain_until_date": "",
            "override_provider": [],
            "server_side_encryption": "AES256",
            "source": null,
            "source_hash": null,
            "storage_class": "STANDARD",
            "tags": null,
            "tags_all": {
              "environment": "development",
              "managed_by_terraform": "y",
              "terraform_repo": "https://github.com/cabalmail/cabal-infra"
            },
            "version_id": "",
            "website_redirect": ""
          },
          "sensitive_attributes": [],
          "private": "bnVsbA==",
          "dependencies": [
            "module.admin.aws_api_gateway_rest_api.gateway",
            "module.bucket.aws_s3_bucket.this",
            "module.domains.aws_route53_zone.mail_dns",
            "module.pool.aws_cognito_user_pool.users",
            "module.pool.aws_cognito_user_pool_client.users",
            "module.pool.aws_iam_role.for_lambda",
            "module.pool.aws_lambda_function.assign_osid",
            "module.pool.data.aws_s3_object.lambda_function_hash",
            "module.pool.data.aws_s3_objects.check"
          ]
        }
      ]
    },
    {
      "module": "module.admin",
      "mode": "managed",
      "type": "aws_ssm_document",
      "name": "run_chef_now",
      "provider": "provider[\"registry.terraform.io/hashicorp/aws\"]",
      "instances": [
        {
          "schema_version": 0,
          "attributes": {
            "arn": "arn:aws:ssm:us-east-1:175059541256:document/cabal_chef_document",
            "attachments_source": [],
            "content": "  {\n    \"schemaVersion\": \"2.2\",\n    \"description\": \"Run chef-solo\",\n    \"parameters\": {\n      \"commands\": {\n        \"type\": \"String\",\n        \"description\": \"Run chef-solo on all machines\",\n        \"default\": \"chef-solo -c /etc/chef/solo.rb -z -j /var/lib/chef/attributes/node.json\"\n      }\n    },\n    \"mainSteps\": [\n      {\n        \"action\": \"aws:runShellScript\",\n        \"name\": \"runShellScript\",\n        \"inputs\": {\n          \"timeoutSeconds\": \"300\",\n          \"runCommand\": [\n            \"{{ commands }}\"\n          ]\n        }\n      }\n    ]\n  }\n",
            "created_date": "2026-02-15T16:31:19Z",
            "default_version": "1",
            "description": "Run chef-solo",
            "document_format": "JSON",
            "document_type": "Command",
            "document_version": "1",
            "hash": "8f25aa179fa7ac978953c30f0f874fe3bdde3d51d521d597db8133b6b50d5fe8",
            "hash_type": "Sha256",
            "id": "cabal_chef_document",
            "latest_version": "1",
            "name": "cabal_chef_document",
            "owner": "175059541256",
            "parameter": [
              {
                "default_value": "chef-solo -c /etc/chef/solo.rb -z -j /var/lib/chef/attributes/node.json",
                "description": "Run chef-solo on all machines",
                "name": "commands",
                "type": "String"
              }
            ],
            "permissions": null,
            "platform_types": [
              "Linux",
              "MacOS"
            ],
            "schema_version": "2.2",
            "status": "Active",
            "tags": null,
            "tags_all": {
              "environment": "development",
              "managed_by_terraform": "y",
              "terraform_repo": "https://github.com/cabalmail/cabal-infra"
            },
            "target_type": "",
            "version_name": ""
          },
          "sensitive_attributes": [],
          "private": "bnVsbA=="
        }
      ]
    },
    {
      "module": "module.admin",
      "mode": "managed",
      "type": "aws_ssm_parameter",
      "name": "dkim_private_key",
      "provider": "provider[\"registry.terraform.io/hashicorp/aws\"]",
      "instances": [
        {
          "schema_version": 0,
          "attributes": {
            "allowed_pattern": "",
            "arn": "arn:aws:ssm:us-east-1:175059541256:parameter/cabal/dkim_private_key",
            "data_type": "text",
            "description": "Private key for mail managed by cabalmail.email",
            "has_value_wo": null,
            "id": "/cabal/dkim_private_key",
            "insecure_value": null,
            "key_id": "alias/aws/ssm",
            "name": "/cabal/dkim_private_key",
            "overwrite": null,
            "tags": null,
            "tags_all": {
              "environment": "development",
              "managed_by_terraform": "y",
              "terraform_repo": "https://github.com/cabalmail/cabal-infra"
            },
            "tier": "Standard",
            "type": "SecureString",
            "value": "-----BEGIN RSA PRIVATE KEY-----\nMIIEpQIBAAKCAQEA0/aXrxa/v5R5TIDmIrVLLKudO7Nt9wGP81Lp8SuoSQ3p/FsK\n8v2vN589YE81gnXS0Nl234qtQKElUvNskyWxipQC3l0zcc+VcEHW5zgenzTsEfGv\ntxvxjgBpDV+/r4+4bVcbkUeJchJ8D2htszgb3Aq4Ydd2RjoTq12voX1gvP3SZfQU\ngcYb6smXN9wsjbW0VkKgxswCSXprpB15g4LxpjJcyTPz/1IOtX0ntpbXdgbEoQkF\nDtmbg3Y0+h98sfOmKLMXodni9n6WAxh75y1Jmw+0D8gGd2tEqEtwMtKdvfMdZDiH\n4df3vnR3BsQER2nx0ifAZNH4hS/kAE5q2F0vCwIDAQABAoIBAQCgILx6s27sZlg0\nqXQyaE+AUa2Y+nZqki2TnuHJJjgd6HsKACWHaIrENHKDnZNJGYXH7WFWg0dbeeHe\nhrNRfrpffG2mWzaQFkhI5BRb3ROVJr/o1nLunBeiNUEnr1v6X1Lul03mNOrq2HgM\nk9G8APlbBGZC1Ckv6JQPc9lI4JUCcEZAkuWAXeZLQ5F6di9B6lEvbvwMpaRe8G74\nWBUmlX1E2vu63EgxRz+7nxkAievv0Hgu5KO9kZArBt65qrUXYV2es3wA5xIxlEEg\n+SJk3pjk36ufavcZc/goKdg/AqOx9KstraNXvtvq1Sem5wtV+deXsHl/nHeuLozZ\nbVVTwuLhAoGBAONnbPftExByqLxO/7C2q4NnZdh8dM9A6Z43DwSxM5Xlhol90RB/\n/+dbSnyI6DL6G8K8GOQRSRBjVZ68i22/9WFSjEVuUwhk5MMZe8608EI06W0kjwCl\nAqWeb52R5fViLx3bJz9MiZpwFJYmoPG+gRF5C4z9tgFPbGpmN+iFJ1MTAoGBAO6e\nGWEV8tj0w1BV3wIsbjT6UdwDY+dSS5aaPiHupFgm7NP6Ugbd9Rt/JKxxJPSUQmmX\nGtMzqe7Ne/bbYT9Xos4Ljxl+FRKYRMsuZBTmNCWb3AtWM2+Mtnu2N8ag06iyV2sl\nSj0GWKfmXbbuRSAOVoR9A9SXxpn9YaFVXmXxVrspAoGBANR660KtbkbMHAX3+snv\npUre7jbd83dEPAXthEbqHD1PfeoyeYplT4OptWuvsOcQ86d9gfR4gkCh0HrFybH+\nzxTkwNSPRV5uh6IUya5XOrdiIUouAsCjblm6NKiSjsA9wbCv+XgX1+tKFrJF3dSE\nIK1m4PgYiFupDrBMWqkU4a2pAoGATEVUr2eonBiAZalNAxDYmS56A+1BfascZiMf\nQRFajqLCiG820OMZeZSGUGhJ+7N4FvApruCQrLgZq6orx2dnrpybPPbEHZF2S8uk\nSdnbSTosd6MyBbHgkmKIKYE2pnF659Cfjin9JI3J3rMCfWCX3vlmxAlPfeEz17HF\n3qfppSECgYEAg6b0dnv1ETLCTR4sPnmfM5xf7j2YfpMBV5Zv+MwGDTosdBSnHj+Q\nxAFNCiYaBjASwRoK+fQ6fteyRdjuRP8c5jA6xGkzeXtots9zwii1NMx6ytdYZKfM\nhMgRURS1EYgcwXRqaZcrRgHuJ8wPxkffXLP1YTCuhD+sSWVw9L9WbtE=\n-----END RSA PRIVATE KEY-----\n",
            "value_wo": null,
            "value_wo_version": null,
            "version": 1
          },
          "sensitive_attributes": [
            [
              {
                "type": "get_attr",
                "value": "value_wo"
              }
            ],
            [
              {
                "type": "get_attr",
                "value": "value"
              }
            ]
          ],
          "private": "bnVsbA==",
          "dependencies": [
            "module.admin.tls_private_key.key"
          ]
        }
      ]
    },
    {
      "module": "module.admin",
      "mode": "managed",
      "type": "aws_ssm_parameter",
      "name": "password",
      "provider": "provider[\"registry.terraform.io/hashicorp/aws\"]",
      "instances": [
        {
          "schema_version": 0,
          "attributes": {
            "allowed_pattern": "",
            "arn": "arn:aws:ssm:us-east-1:175059541256:parameter/cabal/master_password",
            "data_type": "text",
            "description": "Master IMAP password",
            "has_value_wo": null,
            "id": "/cabal/master_password",
            "insecure_value": null,
            "key_id": "alias/aws/ssm",
            "name": "/cabal/master_password",
            "overwrite": null,
            "tags": null,
            "tags_all": {
              "environment": "development",
              "managed_by_terraform": "y",
              "terraform_repo": "https://github.com/cabalmail/cabal-infra"
            },
            "tier": "Standard",
            "type": "SecureString",
            "value": "aLq)gT94qd)]nsOr",
            "value_wo": null,
            "value_wo_version": null,
            "version": 1
          },
          "sensitive_attributes": [
            [
              {
                "type": "get_attr",
                "value": "value"
              }
            ],
            [
              {
                "type": "get_attr",
                "value": "value_wo"
              }
            ]
          ],
          "private": "bnVsbA==",
          "dependencies": [
            "module.admin.random_password.password"
          ]
        }
      ]
    },
    {
      "module": "module.admin",
      "mode": "managed",
      "type": "random_password",
      "name": "password",
      "provider": "provider[\"registry.terraform.io/hashicorp/random\"]",
      "instances": [
        {
          "schema_version": 3,
          "attributes": {
            "bcrypt_hash": "$2a$10$Fi97cPBnJcHFgCGC/nlDo.qXU26KhBjA0VDQodol9zry7GvEsAZlm",
            "id": "none",
            "keepers": null,
            "length": 16,
            "lower": true,
            "min_lower": 0,
            "min_numeric": 0,
            "min_special": 0,
            "min_upper": 0,
            "number": true,
            "numeric": true,
            "override_special": "()-_=+[]\u003c\u003e:",
            "result": "aLq)gT94qd)]nsOr",
            "special": true,
            "upper": true
          },
          "sensitive_attributes": [
            [
              {
                "type": "get_attr",
                "value": "result"
              }
            ],
            [
              {
                "type": "get_attr",
                "value": "bcrypt_hash"
              }
            ]
          ],
          "create_before_destroy": true
        }
      ]
    },
    {
      "module": "module.admin",
      "mode": "managed",
      "type": "tls_private_key",
      "name": "key",
      "provider": "provider[\"registry.terraform.io/hashicorp/tls\"]",
      "instances": [
        {
          "schema_version": 1,
          "attributes": {
            "algorithm": "RSA",
            "ecdsa_curve": "P224",
            "id": "bc7f3eaa679ef0d915c1edf16c2111645cd8504f",
            "private_key_openssh": "-----BEGIN OPENSSH PRIVATE KEY-----\nb3BlbnNzaC1rZXktdjEAAAAABG5vbmUAAAAEbm9uZQAAAAAAAAABAAABFwAAAAdz\nc2gtcnNhAAAAAwEAAQAAAQEA0/aXrxa/v5R5TIDmIrVLLKudO7Nt9wGP81Lp8Suo\nSQ3p/FsK8v2vN589YE81gnXS0Nl234qtQKElUvNskyWxipQC3l0zcc+VcEHW5zge\nnzTsEfGvtxvxjgBpDV+/r4+4bVcbkUeJchJ8D2htszgb3Aq4Ydd2RjoTq12voX1g\nvP3SZfQUgcYb6smXN9wsjbW0VkKgxswCSXprpB15g4LxpjJcyTPz/1IOtX0ntpbX\ndgbEoQkFDtmbg3Y0+h98sfOmKLMXodni9n6WAxh75y1Jmw+0D8gGd2tEqEtwMtKd\nvfMdZDiH4df3vnR3BsQER2nx0ifAZNH4hS/kAE5q2F0vCwAAA7juRaYO7kWmDgAA\nAAdzc2gtcnNhAAABAQDT9pevFr+/lHlMgOYitUssq507s233AY/zUunxK6hJDen8\nWwry/a83nz1gTzWCddLQ2Xbfiq1AoSVS82yTJbGKlALeXTNxz5VwQdbnOB6fNOwR\n8a+3G/GOAGkNX7+vj7htVxuRR4lyEnwPaG2zOBvcCrhh13ZGOhOrXa+hfWC8/dJl\n9BSBxhvqyZc33CyNtbRWQqDGzAJJemukHXmDgvGmMlzJM/P/Ug61fSe2ltd2BsSh\nCQUO2ZuDdjT6H3yx86Yosxeh2eL2fpYDGHvnLUmbD7QPyAZ3a0SoS3Ay0p298x1k\nOIfh1/e+dHcGxARHafHSJ8Bk0fiFL+QATmrYXS8LAAAAAwEAAQAAAQEAoCC8erNu\n7GZYNKl0MmhPgFGtmPp2apItk57hySY4Heh7CgAlh2iKxDRyg52TSRmFx+1hVoNH\nW3nh3oazUX66X3xtpls2kBZISOQUW90TlSa/6NZy7pwXojVBJ69b+l9S7pdN5jTq\n6th4DJPRvAD5WwRmQtQpL+iUD3PZSOCVAnBGQJLlgF3mS0ORenYvQepRL278DKWk\nXvBu+FgVJpV9RNr7utxIMUc/u58ZAInr79B4LuSjvZGQKwbeuaq1F2FdnrN8AOcS\nMZRBIPkiZN6Y5N+rn2r3GXP4KCnYPwKjsfSrLa2jV77b6tUnpucLVfnXl7B5f5x3\nri6M2W1VU8Li4QAAAIEAg6b0dnv1ETLCTR4sPnmfM5xf7j2YfpMBV5Zv+MwGDTos\ndBSnHj+QxAFNCiYaBjASwRoK+fQ6fteyRdjuRP8c5jA6xGkzeXtots9zwii1NMx6\nytdYZKfMhMgRURS1EYgcwXRqaZcrRgHuJ8wPxkffXLP1YTCuhD+sSWVw9L9WbtEA\nAACBAONnbPftExByqLxO/7C2q4NnZdh8dM9A6Z43DwSxM5Xlhol90RB//+dbSnyI\n6DL6G8K8GOQRSRBjVZ68i22/9WFSjEVuUwhk5MMZe8608EI06W0kjwClAqWeb52R\n5fViLx3bJz9MiZpwFJYmoPG+gRF5C4z9tgFPbGpmN+iFJ1MTAAAAgQDunhlhFfLY\n9MNQVd8CLG40+lHcA2PnUkuWmj4h7qRYJuzT+lIG3fUbfySscST0lEJplxrTM6nu\nzXv222E/V6LOC48ZfhUSmETLLmQU5jQlm9wLVjNvjLZ7tjfGoNOosldrJUo9Blin\n5l227kUgDlaEfQPUl8aZ/WGhVV5l8Va7KQAAAAAB\n-----END OPENSSH PRIVATE KEY-----\n",
            "private_key_pem": "-----BEGIN RSA PRIVATE KEY-----\nMIIEpQIBAAKCAQEA0/aXrxa/v5R5TIDmIrVLLKudO7Nt9wGP81Lp8SuoSQ3p/FsK\n8v2vN589YE81gnXS0Nl234qtQKElUvNskyWxipQC3l0zcc+VcEHW5zgenzTsEfGv\ntxvxjgBpDV+/r4+4bVcbkUeJchJ8D2htszgb3Aq4Ydd2RjoTq12voX1gvP3SZfQU\ngcYb6smXN9wsjbW0VkKgxswCSXprpB15g4LxpjJcyTPz/1IOtX0ntpbXdgbEoQkF\nDtmbg3Y0+h98sfOmKLMXodni9n6WAxh75y1Jmw+0D8gGd2tEqEtwMtKdvfMdZDiH\n4df3vnR3BsQER2nx0ifAZNH4hS/kAE5q2F0vCwIDAQABAoIBAQCgILx6s27sZlg0\nqXQyaE+AUa2Y+nZqki2TnuHJJjgd6HsKACWHaIrENHKDnZNJGYXH7WFWg0dbeeHe\nhrNRfrpffG2mWzaQFkhI5BRb3ROVJr/o1nLunBeiNUEnr1v6X1Lul03mNOrq2HgM\nk9G8APlbBGZC1Ckv6JQPc9lI4JUCcEZAkuWAXeZLQ5F6di9B6lEvbvwMpaRe8G74\nWBUmlX1E2vu63EgxRz+7nxkAievv0Hgu5KO9kZArBt65qrUXYV2es3wA5xIxlEEg\n+SJk3pjk36ufavcZc/goKdg/AqOx9KstraNXvtvq1Sem5wtV+deXsHl/nHeuLozZ\nbVVTwuLhAoGBAONnbPftExByqLxO/7C2q4NnZdh8dM9A6Z43DwSxM5Xlhol90RB/\n/+dbSnyI6DL6G8K8GOQRSRBjVZ68i22/9WFSjEVuUwhk5MMZe8608EI06W0kjwCl\nAqWeb52R5fViLx3bJz9MiZpwFJYmoPG+gRF5C4z9tgFPbGpmN+iFJ1MTAoGBAO6e\nGWEV8tj0w1BV3wIsbjT6UdwDY+dSS5aaPiHupFgm7NP6Ugbd9Rt/JKxxJPSUQmmX\nGtMzqe7Ne/bbYT9Xos4Ljxl+FRKYRMsuZBTmNCWb3AtWM2+Mtnu2N8ag06iyV2sl\nSj0GWKfmXbbuRSAOVoR9A9SXxpn9YaFVXmXxVrspAoGBANR660KtbkbMHAX3+snv\npUre7jbd83dEPAXthEbqHD1PfeoyeYplT4OptWuvsOcQ86d9gfR4gkCh0HrFybH+\nzxTkwNSPRV5uh6IUya5XOrdiIUouAsCjblm6NKiSjsA9wbCv+XgX1+tKFrJF3dSE\nIK1m4PgYiFupDrBMWqkU4a2pAoGATEVUr2eonBiAZalNAxDYmS56A+1BfascZiMf\nQRFajqLCiG820OMZeZSGUGhJ+7N4FvApruCQrLgZq6orx2dnrpybPPbEHZF2S8uk\nSdnbSTosd6MyBbHgkmKIKYE2pnF659Cfjin9JI3J3rMCfWCX3vlmxAlPfeEz17HF\n3qfppSECgYEAg6b0dnv1ETLCTR4sPnmfM5xf7j2YfpMBV5Zv+MwGDTosdBSnHj+Q\nxAFNCiYaBjASwRoK+fQ6fteyRdjuRP8c5jA6xGkzeXtots9zwii1NMx6ytdYZKfM\nhMgRURS1EYgcwXRqaZcrRgHuJ8wPxkffXLP1YTCuhD+sSWVw9L9WbtE=\n-----END RSA PRIVATE KEY-----\n",
            "private_key_pem_pkcs8": "-----BEGIN PRIVATE KEY-----\nMIIEvwIBADANBgkqhkiG9w0BAQEFAASCBKkwggSlAgEAAoIBAQDT9pevFr+/lHlM\ngOYitUssq507s233AY/zUunxK6hJDen8Wwry/a83nz1gTzWCddLQ2Xbfiq1AoSVS\n82yTJbGKlALeXTNxz5VwQdbnOB6fNOwR8a+3G/GOAGkNX7+vj7htVxuRR4lyEnwP\naG2zOBvcCrhh13ZGOhOrXa+hfWC8/dJl9BSBxhvqyZc33CyNtbRWQqDGzAJJemuk\nHXmDgvGmMlzJM/P/Ug61fSe2ltd2BsShCQUO2ZuDdjT6H3yx86Yosxeh2eL2fpYD\nGHvnLUmbD7QPyAZ3a0SoS3Ay0p298x1kOIfh1/e+dHcGxARHafHSJ8Bk0fiFL+QA\nTmrYXS8LAgMBAAECggEBAKAgvHqzbuxmWDSpdDJoT4BRrZj6dmqSLZOe4ckmOB3o\newoAJYdoisQ0coOdk0kZhcftYVaDR1t54d6Gs1F+ul98baZbNpAWSEjkFFvdE5Um\nv+jWcu6cF6I1QSevW/pfUu6XTeY06urYeAyT0bwA+VsEZkLUKS/olA9z2UjglQJw\nRkCS5YBd5ktDkXp2L0HqUS9u/AylpF7wbvhYFSaVfUTa+7rcSDFHP7ufGQCJ6+/Q\neC7ko72RkCsG3rmqtRdhXZ6zfADnEjGUQSD5ImTemOTfq59q9xlz+Cgp2D8Co7H0\nqy2to1e+2+rVJ6bnC1X515eweX+cd64ujNltVVPC4uECgYEA42ds9+0TEHKovE7/\nsLarg2dl2Hx0z0DpnjcPBLEzleWGiX3REH//51tKfIjoMvobwrwY5BFJEGNVnryL\nbb/1YVKMRW5TCGTkwxl7zrTwQjTpbSSPAKUCpZ5vnZHl9WIvHdsnP0yJmnAUliag\n8b6BEXkLjP22AU9samY36IUnUxMCgYEA7p4ZYRXy2PTDUFXfAixuNPpR3ANj51JL\nlpo+Ie6kWCbs0/pSBt31G38krHEk9JRCaZca0zOp7s179tthP1eizguPGX4VEphE\nyy5kFOY0JZvcC1Yzb4y2e7Y3xqDTqLJXayVKPQZYp+Zdtu5FIA5WhH0D1JfGmf1h\noVVeZfFWuykCgYEA1HrrQq1uRswcBff6ye+lSt7uNt3zd0Q8Be2ERuocPU996jJ5\nimVPg6m1a6+w5xDzp32B9HiCQKHQesXJsf7PFOTA1I9FXm6HohTJrlc6t2IhSi4C\nwKNuWbo0qJKOwD3BsK/5eBfX60oWskXd1IQgrWbg+BiIW6kOsExaqRThrakCgYBM\nRVSvZ6icGIBlqU0DENiZLnoD7UF9qxxmIx9BEVqOosKIbzbQ4xl5lIZQaEn7s3gW\n8Cmu4JCsuBmrqivHZ2eunJs89sQdkXZLy6RJ2dtJOix3ozIFseCSYogpgTamcXrn\n0J+OKf0kjcneswJ9YJfe+WbECU994TPXscXep+mlIQKBgQCDpvR2e/URMsJNHiw+\neZ8znF/uPZh+kwFXlm/4zAYNOix0FKceP5DEAU0KJhoGMBLBGgr59Dp+17JF2O5E\n/xzmMDrEaTN5e2i2z3PCKLU0zHrK11hkp8yEyBFRFLURiBzBdGpplytGAe4nzA/G\nR99cs/VhMK6EP6xJZXD0v1Zu0Q==\n-----END PRIVATE KEY-----\n",
            "public_key_fingerprint_md5": "43:8d:3a:f9:e6:88:a3:0b:ec:1c:48:38:7e:82:32:a0",
            "public_key_fingerprint_sha256": "SHA256:1+je9/g01QsjUGL7N7YVT4hVv8us6jDyuABzEu+RcEY",
            "public_key_openssh": "ssh-rsa AAAAB3NzaC1yc2EAAAADAQABAAABAQDT9pevFr+/lHlMgOYitUssq507s233AY/zUunxK6hJDen8Wwry/a83nz1gTzWCddLQ2Xbfiq1AoSVS82yTJbGKlALeXTNxz5VwQdbnOB6fNOwR8a+3G/GOAGkNX7+vj7htVxuRR4lyEnwPaG2zOBvcCrhh13ZGOhOrXa+hfWC8/dJl9BSBxhvqyZc33CyNtbRWQqDGzAJJemukHXmDgvGmMlzJM/P/Ug61fSe2ltd2BsShCQUO2ZuDdjT6H3yx86Yosxeh2eL2fpYDGHvnLUmbD7QPyAZ3a0SoS3Ay0p298x1kOIfh1/e+dHcGxARHafHSJ8Bk0fiFL+QATmrYXS8L\n",
            "public_key_pem": "-----BEGIN PUBLIC KEY-----\nMIIBIjANBgkqhkiG9w0BAQEFAAOCAQ8AMIIBCgKCAQEA0/aXrxa/v5R5TIDmIrVL\nLKudO7Nt9wGP81Lp8SuoSQ3p/FsK8v2vN589YE81gnXS0Nl234qtQKElUvNskyWx\nipQC3l0zcc+VcEHW5zgenzTsEfGvtxvxjgBpDV+/r4+4bVcbkUeJchJ8D2htszgb\n3Aq4Ydd2RjoTq12voX1gvP3SZfQUgcYb6smXN9wsjbW0VkKgxswCSXprpB15g4Lx\npjJcyTPz/1IOtX0ntpbXdgbEoQkFDtmbg3Y0+h98sfOmKLMXodni9n6WAxh75y1J\nmw+0D8gGd2tEqEtwMtKdvfMdZDiH4df3vnR3BsQER2nx0ifAZNH4hS/kAE5q2F0v\nCwIDAQAB\n-----END PUBLIC KEY-----\n",
            "rsa_bits": 2048
          },
          "sensitive_attributes": [
            [
              {
                "type": "get_attr",
                "value": "private_key_pem"
              }
            ],
            [
              {
                "type": "get_attr",
                "value": "private_key_openssh"
              }
            ],
            [
              {
                "type": "get_attr",
                "value": "private_key_pem_pkcs8"
              }
            ]
          ]
        }
      ]
    },
    {
      "module": "module.admin.module.cabal_method[\"delete_folder\"]",
      "mode": "data",
      "type": "aws_s3_object",
      "name": "lambda_function_hash",
      "provider": "provider[\"registry.terraform.io/hashicorp/aws\"]",
      "instances": [
        {
          "schema_version": 0,
          "attributes": {
            "arn": "arn:aws:s3:::admin.cabalmail.email/lambda/delete_folder.zip.base64sha256",
            "body": "X7q3BDTyOLDDtw5RFYPSgHsnXTba2WhNaFcfCvEk7/U=",
            "bucket": "admin.cabalmail.email",
            "bucket_key_enabled": false,
            "cache_control": "",
            "checksum_crc32": "",
            "checksum_crc32c": "",
            "checksum_crc64nvme": "",
            "checksum_mode": null,
            "checksum_sha1": "",
            "checksum_sha256": "",
            "content_disposition": "",
            "content_encoding": "",
            "content_language": "",
            "content_length": 44,
            "content_type": "text/plain",
            "etag": "4601204f7b1a753a5de4b366ba465c60",
            "expiration": "",
            "expires": "",
            "id": "admin.cabalmail.email/lambda/delete_folder.zip.base64sha256",
            "key": "lambda/delete_folder.zip.base64sha256",
            "last_modified": "Sun, 15 Feb 2026 16:28:53 UTC",
            "metadata": {},
            "object_lock_legal_hold_status": "",
            "object_lock_mode": "",
            "object_lock_retain_until_date": "",
            "range": null,
            "server_side_encryption": "AES256",
            "sse_kms_key_id": "",
            "storage_class": "STANDARD",
            "tags": {},
            "version_id": "",
            "website_redirect_location": ""
          },
          "sensitive_attributes": []
        }
      ]
    },
    {
      "module": "module.admin.module.cabal_method[\"delete_folder\"]",
      "mode": "managed",
      "type": "aws_api_gateway_resource",
      "name": "api_call",
      "provider": "provider[\"registry.terraform.io/hashicorp/aws\"]",
      "instances": [
        {
          "schema_version": 0,
          "attributes": {
            "id": "h9z990",
            "parent_id": "ouau5wwocd",
            "path": "/delete_folder",
            "path_part": "delete_folder",
            "rest_api_id": "on3fpyd717"
          },
          "sensitive_attributes": [],
          "private": "bnVsbA==",
          "dependencies": [
            "module.admin.aws_api_gateway_rest_api.gateway",
            "module.admin.data.aws_s3_objects.check",
            "module.bucket.aws_s3_bucket.this"
          ],
          "create_before_destroy": true
        }
      ]
    },
    {
      "module": "module.admin.module.cabal_method[\"delete_folder\"]",
      "mode": "managed",
      "type": "aws_cloudwatch_log_group",
      "name": "lambda_log",
      "provider": "provider[\"registry.terraform.io/hashicorp/aws\"]",
      "instances": [
        {
          "schema_version": 0,
          "attributes": {
            "arn": "arn:aws:logs:us-east-1:175059541256:log-group:/cabal/lambda/delete_folder",
            "id": "/cabal/lambda/delete_folder",
            "kms_key_id": "",
            "log_group_class": "STANDARD",
            "name": "/cabal/lambda/delete_folder",
            "name_prefix": "",
            "retention_in_days": 14,
            "skip_destroy": false,
            "tags": null,
            "tags_all": {
              "environment": "development",
              "managed_by_terraform": "y",
              "terraform_repo": "https://github.com/cabalmail/cabal-infra"
            }
          },
          "sensitive_attributes": [],
          "private": "bnVsbA==",
          "dependencies": [
            "module.admin.data.aws_s3_objects.check",
            "module.bucket.aws_s3_bucket.this"
          ],
          "create_before_destroy": true
        }
      ]
    },
    {
      "module": "module.admin.module.cabal_method[\"delete_folder\"]",
      "mode": "managed",
      "type": "aws_iam_role",
      "name": "lambda",
      "provider": "provider[\"registry.terraform.io/hashicorp/aws\"]",
      "instances": [
        {
          "schema_version": 0,
          "attributes": {
            "arn": "arn:aws:iam::175059541256:role/delete_folder_role",
            "assume_role_policy": "{\"Statement\":[{\"Action\":\"sts:AssumeRole\",\"Effect\":\"Allow\",\"Principal\":{\"Service\":\"lambda.amazonaws.com\"},\"Sid\":\"deletefolderSid\"}],\"Version\":\"2012-10-17\"}",
            "create_date": "2026-02-15T16:32:12Z",
            "description": "",
            "force_detach_policies": false,
            "id": "delete_folder_role",
            "inline_policy": [],
            "managed_policy_arns": [],
            "max_session_duration": 3600,
            "name": "delete_folder_role",
            "name_prefix": "",
            "path": "/",
            "permissions_boundary": "",
            "tags": null,
            "tags_all": {
              "environment": "development",
              "managed_by_terraform": "y",
              "terraform_repo": "https://github.com/cabalmail/cabal-infra"
            },
            "unique_id": "AROASRQS4TUEJF4API3LW"
          },
          "sensitive_attributes": [],
          "private": "bnVsbA==",
          "dependencies": [
            "module.admin.data.aws_s3_objects.check",
            "module.bucket.aws_s3_bucket.this"
          ],
          "create_before_destroy": true
        }
      ]
    },
    {
      "module": "module.admin.module.cabal_method[\"delete_folder\"]",
      "mode": "managed",
      "type": "aws_iam_role_policy",
      "name": "lambda",
      "provider": "provider[\"registry.terraform.io/hashicorp/aws\"]",
      "instances": [
        {
          "schema_version": 0,
          "attributes": {
            "id": "delete_folder_role:delete_folder_policy",
            "name": "delete_folder_policy",
            "name_prefix": "",
            "policy": "{\"Version\":\"2012-10-17\",\"Statement\":[{\"Action\":[\"ssm:DescribeParameters\"],\"Effect\":\"Allow\",\"Resource\":\"arn:aws:ssm:us-east-1:175059541256:*\"},{\"Action\":[\"ssm:GetParameter\"],\"Effect\":\"Allow\",\"Resource\":\"arn:aws:ssm:us-east-1:175059541256:parameter/cabal/master_password\"},{\"Action\":[\"s3:ListBucket\"],\"Effect\":\"Allow\",\"Resource\":\"arn:aws:s3:::cache.cabalmail.email\"},{\"Action\":[\"s3:PutObject\",\"s3:GetObject\"],\"Effect\":\"Allow\",\"Resource\":\"arn:aws:s3:::cache.cabalmail.email/*\"},{\"Action\":[\"ssm:StartSession\",\"ssm:SendCommand\"],\"Effect\":\"Allow\",\"Resource\":\"arn:aws:ec2:us-east-1:175059541256:instance/*\"},{\"Action\":\"ssm:SendCommand\",\"Effect\":\"Allow\",\"Resource\":\"arn:aws:ssm:us-east-1:175059541256:document/cabal_chef_document\"},{\"Action\":\"route53:ChangeResourceRecordSets\",\"Effect\":\"Allow\",\"Resource\":[\"arn:aws:route53:::hostedzone/Z08991561DT3P59F9ALJA\"]},{\"Action\":[\"logs:CreateLogStream\",\"logs:PutLogEvents\"],\"Effect\":\"Allow\",\"Resource\":[\"arn:aws:logs:us-east-1:175059541256:log-group:/aws/lambda/delete_folder:*\"]},{\"Action\":[\"dynamodb:BatchGetItem\",\"dynamodb:DeleteItem\",\"dynamodb:DescribeTable\",\"dynamodb:GetItem\",\"dynamodb:ListTables\",\"dynamodb:Query\",\"dynamodb:Scan\",\"dynamodb:PutItem\",\"dynamodb:ListTagsOfResource\",\"dynamodb:ListGlobalTables\",\"dynamodb:DescribeGlobalTable\"],\"Effect\":\"Allow\",\"Resource\":[\"arn:aws:dynamodb:us-east-1:175059541256:table/cabal-addresses\"]}]}",
            "role": "delete_folder_role"
          },
          "sensitive_attributes": [],
          "private": "bnVsbA==",
          "dependencies": [
            "module.admin.data.aws_caller_identity.current",
            "module.admin.data.aws_s3_objects.check",
            "module.admin.module.cabal_method.aws_cloudwatch_log_group.lambda_log",
            "module.admin.module.cabal_method.aws_iam_role.lambda",
            "module.admin.module.cabal_method.aws_lambda_function.api_call",
            "module.admin.module.cabal_method.data.aws_s3_object.lambda_function_hash",
            "module.bucket.aws_s3_bucket.this",
            "module.domains.aws_route53_zone.mail_dns",
            "module.lambda_layers.aws_lambda_layer_version.layer",
            "module.lambda_layers.data.aws_s3_object.lambda_layer_hash",
            "module.lambda_layers.data.aws_s3_objects.check"
          ],
          "create_before_destroy": true
        }
      ]
    },
    {
      "module": "module.admin.module.cabal_method[\"delete_folder\"]",
      "mode": "managed",
      "type": "aws_lambda_function",
      "name": "api_call",
      "provider": "provider[\"registry.terraform.io/hashicorp/aws\"]",
      "instances": [
        {
          "schema_version": 0,
          "attributes": {
            "architectures": [
              "arm64"
            ],
            "arn": "arn:aws:lambda:us-east-1:175059541256:function:delete_folder",
            "code_sha256": "X7q3BDTyOLDDtw5RFYPSgHsnXTba2WhNaFcfCvEk7/U=",
            "code_signing_config_arn": "",
            "dead_letter_config": [],
            "description": "",
            "environment": [
              {
                "variables": {
                  "CONTROL_DOMAIN": "cabalmail.email",
                  "DOMAINS": "{\"cabalmail.io\":\"Z08991561DT3P59F9ALJA\"}"
                }
              }
            ],
            "ephemeral_storage": [
              {
                "size": 512
              }
            ],
            "file_system_config": [],
            "filename": null,
            "function_name": "delete_folder",
            "handler": "function.handler",
            "id": "delete_folder",
            "image_config": [],
            "image_uri": "",
            "invoke_arn": "arn:aws:apigateway:us-east-1:lambda:path/2015-03-31/functions/arn:aws:lambda:us-east-1:175059541256:function:delete_folder/invocations",
            "kms_key_arn": "",
            "last_modified": "2026-02-15T16:32:31.316+0000",
            "layers": [
              "arn:aws:lambda:us-east-1:175059541256:layer:python:47"
            ],
            "logging_config": [
              {
                "application_log_level": "",
                "log_format": "Text",
                "log_group": "/cabal/lambda/delete_folder",
                "system_log_level": ""
              }
            ],
            "memory_size": 128,
            "package_type": "Zip",
            "publish": false,
            "qualified_arn": "arn:aws:lambda:us-east-1:175059541256:function:delete_folder:$LATEST",
            "qualified_invoke_arn": "arn:aws:apigateway:us-east-1:lambda:path/2015-03-31/functions/arn:aws:lambda:us-east-1:175059541256:function:delete_folder:$LATEST/invocations",
            "replace_security_groups_on_destroy": null,
            "replacement_security_group_ids": null,
            "reserved_concurrent_executions": -1,
            "role": "arn:aws:iam::175059541256:role/delete_folder_role",
            "runtime": "python3.13",
            "s3_bucket": "admin.cabalmail.email",
            "s3_key": "lambda/delete_folder.zip",
            "s3_object_version": null,
            "signing_job_arn": "",
            "signing_profile_version_arn": "",
            "skip_destroy": false,
            "snap_start": [],
            "source_code_hash": "X7q3BDTyOLDDtw5RFYPSgHsnXTba2WhNaFcfCvEk7/U=",
            "source_code_size": 561,
            "tags": null,
            "tags_all": {
              "environment": "development",
              "managed_by_terraform": "y",
              "terraform_repo": "https://github.com/cabalmail/cabal-infra"
            },
            "timeout": 30,
            "timeouts": null,
            "tracing_config": [
              {
                "mode": "PassThrough"
              }
            ],
            "version": "$LATEST",
            "vpc_config": []
          },
          "sensitive_attributes": [],
          "private": "eyJlMmJmYjczMC1lY2FhLTExZTYtOGY4OC0zNDM2M2JjN2M0YzAiOnsiY3JlYXRlIjo2MDAwMDAwMDAwMDAsImRlbGV0ZSI6NjAwMDAwMDAwMDAwLCJ1cGRhdGUiOjYwMDAwMDAwMDAwMH19",
          "dependencies": [
            "module.admin.data.aws_s3_objects.check",
            "module.admin.module.cabal_method.aws_cloudwatch_log_group.lambda_log",
            "module.admin.module.cabal_method.aws_iam_role.lambda",
            "module.admin.module.cabal_method.data.aws_s3_object.lambda_function_hash",
            "module.bucket.aws_s3_bucket.this",
            "module.domains.aws_route53_zone.mail_dns",
            "module.lambda_layers.aws_lambda_layer_version.layer",
            "module.lambda_layers.data.aws_s3_object.lambda_layer_hash",
            "module.lambda_layers.data.aws_s3_objects.check"
          ],
          "create_before_destroy": true
        }
      ]
    },
    {
      "module": "module.admin.module.cabal_method[\"fetch_attachment\"]",
      "mode": "data",
      "type": "aws_s3_object",
      "name": "lambda_function_hash",
      "provider": "provider[\"registry.terraform.io/hashicorp/aws\"]",
      "instances": [
        {
          "schema_version": 0,
          "attributes": {
            "arn": "arn:aws:s3:::admin.cabalmail.email/lambda/fetch_attachment.zip.base64sha256",
            "body": "Kry+bwqC6jfCtAzSXrFApOeQhm664DMJ2sQ7tuO88WU=",
            "bucket": "admin.cabalmail.email",
            "bucket_key_enabled": false,
            "cache_control": "",
            "checksum_crc32": "",
            "checksum_crc32c": "",
            "checksum_crc64nvme": "",
            "checksum_mode": null,
            "checksum_sha1": "",
            "checksum_sha256": "",
            "content_disposition": "",
            "content_encoding": "",
            "content_language": "",
            "content_length": 44,
            "content_type": "text/plain",
            "etag": "a6bf3f25518960d9c96f7fc83bb04589",
            "expiration": "",
            "expires": "",
            "id": "admin.cabalmail.email/lambda/fetch_attachment.zip.base64sha256",
            "key": "lambda/fetch_attachment.zip.base64sha256",
            "last_modified": "Sun, 15 Feb 2026 16:28:55 UTC",
            "metadata": {},
            "object_lock_legal_hold_status": "",
            "object_lock_mode": "",
            "object_lock_retain_until_date": "",
            "range": null,
            "server_side_encryption": "AES256",
            "sse_kms_key_id": "",
            "storage_class": "STANDARD",
            "tags": {},
            "version_id": "",
            "website_redirect_location": ""
          },
          "sensitive_attributes": []
        }
      ]
    },
    {
      "module": "module.admin.module.cabal_method[\"fetch_attachment\"]",
      "mode": "managed",
      "type": "aws_api_gateway_resource",
      "name": "api_call",
      "provider": "provider[\"registry.terraform.io/hashicorp/aws\"]",
      "instances": [
        {
          "schema_version": 0,
          "attributes": {
            "id": "fafpse",
            "parent_id": "ouau5wwocd",
            "path": "/fetch_attachment",
            "path_part": "fetch_attachment",
            "rest_api_id": "on3fpyd717"
          },
          "sensitive_attributes": [],
          "private": "bnVsbA==",
          "dependencies": [
            "module.admin.aws_api_gateway_rest_api.gateway",
            "module.admin.data.aws_s3_objects.check",
            "module.bucket.aws_s3_bucket.this"
          ],
          "create_before_destroy": true
        }
      ]
    },
    {
      "module": "module.admin.module.cabal_method[\"fetch_attachment\"]",
      "mode": "managed",
      "type": "aws_cloudwatch_log_group",
      "name": "lambda_log",
      "provider": "provider[\"registry.terraform.io/hashicorp/aws\"]",
      "instances": [
        {
          "schema_version": 0,
          "attributes": {
            "arn": "arn:aws:logs:us-east-1:175059541256:log-group:/cabal/lambda/fetch_attachment",
            "id": "/cabal/lambda/fetch_attachment",
            "kms_key_id": "",
            "log_group_class": "STANDARD",
            "name": "/cabal/lambda/fetch_attachment",
            "name_prefix": "",
            "retention_in_days": 14,
            "skip_destroy": false,
            "tags": null,
            "tags_all": {
              "environment": "development",
              "managed_by_terraform": "y",
              "terraform_repo": "https://github.com/cabalmail/cabal-infra"
            }
          },
          "sensitive_attributes": [],
          "private": "bnVsbA==",
          "dependencies": [
            "module.admin.data.aws_s3_objects.check",
            "module.bucket.aws_s3_bucket.this"
          ],
          "create_before_destroy": true
        }
      ]
    },
    {
      "module": "module.admin.module.cabal_method[\"fetch_attachment\"]",
      "mode": "managed",
      "type": "aws_iam_role",
      "name": "lambda",
      "provider": "provider[\"registry.terraform.io/hashicorp/aws\"]",
      "instances": [
        {
          "schema_version": 0,
          "attributes": {
            "arn": "arn:aws:iam::175059541256:role/fetch_attachment_role",
            "assume_role_policy": "{\"Statement\":[{\"Action\":\"sts:AssumeRole\",\"Effect\":\"Allow\",\"Principal\":{\"Service\":\"lambda.amazonaws.com\"},\"Sid\":\"fetchattachmentSid\"}],\"Version\":\"2012-10-17\"}",
            "create_date": "2026-02-15T16:32:11Z",
            "description": "",
            "force_detach_policies": false,
            "id": "fetch_attachment_role",
            "inline_policy": [],
            "managed_policy_arns": [],
            "max_session_duration": 3600,
            "name": "fetch_attachment_role",
            "name_prefix": "",
            "path": "/",
            "permissions_boundary": "",
            "tags": null,
            "tags_all": {
              "environment": "development",
              "managed_by_terraform": "y",
              "terraform_repo": "https://github.com/cabalmail/cabal-infra"
            },
            "unique_id": "AROASRQS4TUEJMIRQ6UO6"
          },
          "sensitive_attributes": [],
          "private": "bnVsbA==",
          "dependencies": [
            "module.admin.data.aws_s3_objects.check",
            "module.bucket.aws_s3_bucket.this"
          ],
          "create_before_destroy": true
        }
      ]
    },
    {
      "module": "module.admin.module.cabal_method[\"fetch_attachment\"]",
      "mode": "managed",
      "type": "aws_iam_role_policy",
      "name": "lambda",
      "provider": "provider[\"registry.terraform.io/hashicorp/aws\"]",
      "instances": [
        {
          "schema_version": 0,
          "attributes": {
            "id": "fetch_attachment_role:fetch_attachment_policy",
            "name": "fetch_attachment_policy",
            "name_prefix": "",
            "policy": "{\"Version\":\"2012-10-17\",\"Statement\":[{\"Action\":[\"ssm:DescribeParameters\"],\"Effect\":\"Allow\",\"Resource\":\"arn:aws:ssm:us-east-1:175059541256:*\"},{\"Action\":[\"ssm:GetParameter\"],\"Effect\":\"Allow\",\"Resource\":\"arn:aws:ssm:us-east-1:175059541256:parameter/cabal/master_password\"},{\"Action\":[\"s3:ListBucket\"],\"Effect\":\"Allow\",\"Resource\":\"arn:aws:s3:::cache.cabalmail.email\"},{\"Action\":[\"s3:PutObject\",\"s3:GetObject\"],\"Effect\":\"Allow\",\"Resource\":\"arn:aws:s3:::cache.cabalmail.email/*\"},{\"Action\":[\"ssm:StartSession\",\"ssm:SendCommand\"],\"Effect\":\"Allow\",\"Resource\":\"arn:aws:ec2:us-east-1:175059541256:instance/*\"},{\"Action\":\"ssm:SendCommand\",\"Effect\":\"Allow\",\"Resource\":\"arn:aws:ssm:us-east-1:175059541256:document/cabal_chef_document\"},{\"Action\":\"route53:ChangeResourceRecordSets\",\"Effect\":\"Allow\",\"Resource\":[\"arn:aws:route53:::hostedzone/Z08991561DT3P59F9ALJA\"]},{\"Action\":[\"logs:CreateLogStream\",\"logs:PutLogEvents\"],\"Effect\":\"Allow\",\"Resource\":[\"arn:aws:logs:us-east-1:175059541256:log-group:/aws/lambda/fetch_attachment:*\"]},{\"Action\":[\"dynamodb:BatchGetItem\",\"dynamodb:DeleteItem\",\"dynamodb:DescribeTable\",\"dynamodb:GetItem\",\"dynamodb:ListTables\",\"dynamodb:Query\",\"dynamodb:Scan\",\"dynamodb:PutItem\",\"dynamodb:ListTagsOfResource\",\"dynamodb:ListGlobalTables\",\"dynamodb:DescribeGlobalTable\"],\"Effect\":\"Allow\",\"Resource\":[\"arn:aws:dynamodb:us-east-1:175059541256:table/cabal-addresses\"]}]}",
            "role": "fetch_attachment_role"
          },
          "sensitive_attributes": [],
          "private": "bnVsbA==",
          "dependencies": [
            "module.admin.data.aws_caller_identity.current",
            "module.admin.data.aws_s3_objects.check",
            "module.admin.module.cabal_method.aws_cloudwatch_log_group.lambda_log",
            "module.admin.module.cabal_method.aws_iam_role.lambda",
            "module.admin.module.cabal_method.aws_lambda_function.api_call",
            "module.admin.module.cabal_method.data.aws_s3_object.lambda_function_hash",
            "module.bucket.aws_s3_bucket.this",
            "module.domains.aws_route53_zone.mail_dns",
            "module.lambda_layers.aws_lambda_layer_version.layer",
            "module.lambda_layers.data.aws_s3_object.lambda_layer_hash",
            "module.lambda_layers.data.aws_s3_objects.check"
          ],
          "create_before_destroy": true
        }
      ]
    },
    {
      "module": "module.admin.module.cabal_method[\"fetch_attachment\"]",
      "mode": "managed",
      "type": "aws_lambda_function",
      "name": "api_call",
      "provider": "provider[\"registry.terraform.io/hashicorp/aws\"]",
      "instances": [
        {
          "schema_version": 0,
          "attributes": {
            "architectures": [
              "arm64"
            ],
            "arn": "arn:aws:lambda:us-east-1:175059541256:function:fetch_attachment",
            "code_sha256": "Kry+bwqC6jfCtAzSXrFApOeQhm664DMJ2sQ7tuO88WU=",
            "code_signing_config_arn": "",
            "dead_letter_config": [],
            "description": "",
            "environment": [
              {
                "variables": {
                  "CONTROL_DOMAIN": "cabalmail.email",
                  "DOMAINS": "{\"cabalmail.io\":\"Z08991561DT3P59F9ALJA\"}"
                }
              }
            ],
            "ephemeral_storage": [
              {
                "size": 512
              }
            ],
            "file_system_config": [],
            "filename": null,
            "function_name": "fetch_attachment",
            "handler": "function.handler",
            "id": "fetch_attachment",
            "image_config": [],
            "image_uri": "",
            "invoke_arn": "arn:aws:apigateway:us-east-1:lambda:path/2015-03-31/functions/arn:aws:lambda:us-east-1:175059541256:function:fetch_attachment/invocations",
            "kms_key_arn": "",
            "last_modified": "2026-02-15T16:32:43.930+0000",
            "layers": [
              "arn:aws:lambda:us-east-1:175059541256:layer:python:47"
            ],
            "logging_config": [
              {
                "application_log_level": "",
                "log_format": "Text",
                "log_group": "/cabal/lambda/fetch_attachment",
                "system_log_level": ""
              }
            ],
            "memory_size": 1024,
            "package_type": "Zip",
            "publish": false,
            "qualified_arn": "arn:aws:lambda:us-east-1:175059541256:function:fetch_attachment:$LATEST",
            "qualified_invoke_arn": "arn:aws:apigateway:us-east-1:lambda:path/2015-03-31/functions/arn:aws:lambda:us-east-1:175059541256:function:fetch_attachment:$LATEST/invocations",
            "replace_security_groups_on_destroy": null,
            "replacement_security_group_ids": null,
            "reserved_concurrent_executions": -1,
            "role": "arn:aws:iam::175059541256:role/fetch_attachment_role",
            "runtime": "python3.13",
            "s3_bucket": "admin.cabalmail.email",
            "s3_key": "lambda/fetch_attachment.zip",
            "s3_object_version": null,
            "signing_job_arn": "",
            "signing_profile_version_arn": "",
            "skip_destroy": false,
            "snap_start": [],
            "source_code_hash": "Kry+bwqC6jfCtAzSXrFApOeQhm664DMJ2sQ7tuO88WU=",
            "source_code_size": 778,
            "tags": null,
            "tags_all": {
              "environment": "development",
              "managed_by_terraform": "y",
              "terraform_repo": "https://github.com/cabalmail/cabal-infra"
            },
            "timeout": 30,
            "timeouts": null,
            "tracing_config": [
              {
                "mode": "PassThrough"
              }
            ],
            "version": "$LATEST",
            "vpc_config": []
          },
          "sensitive_attributes": [],
          "private": "eyJlMmJmYjczMC1lY2FhLTExZTYtOGY4OC0zNDM2M2JjN2M0YzAiOnsiY3JlYXRlIjo2MDAwMDAwMDAwMDAsImRlbGV0ZSI6NjAwMDAwMDAwMDAwLCJ1cGRhdGUiOjYwMDAwMDAwMDAwMH19",
          "dependencies": [
            "module.admin.data.aws_s3_objects.check",
            "module.admin.module.cabal_method.aws_cloudwatch_log_group.lambda_log",
            "module.admin.module.cabal_method.aws_iam_role.lambda",
            "module.admin.module.cabal_method.data.aws_s3_object.lambda_function_hash",
            "module.bucket.aws_s3_bucket.this",
            "module.domains.aws_route53_zone.mail_dns",
            "module.lambda_layers.aws_lambda_layer_version.layer",
            "module.lambda_layers.data.aws_s3_object.lambda_layer_hash",
            "module.lambda_layers.data.aws_s3_objects.check"
          ],
          "create_before_destroy": true
        }
      ]
    },
    {
      "module": "module.admin.module.cabal_method[\"fetch_bimi\"]",
      "mode": "data",
      "type": "aws_s3_object",
      "name": "lambda_function_hash",
      "provider": "provider[\"registry.terraform.io/hashicorp/aws\"]",
      "instances": [
        {
          "schema_version": 0,
          "attributes": {
            "arn": "arn:aws:s3:::admin.cabalmail.email/lambda/fetch_bimi.zip.base64sha256",
            "body": "N/+NVXdN/6lhQHdOk/NyYGakuH2ZALm4ss5dqfr0o1c=",
            "bucket": "admin.cabalmail.email",
            "bucket_key_enabled": false,
            "cache_control": "",
            "checksum_crc32": "",
            "checksum_crc32c": "",
            "checksum_crc64nvme": "",
            "checksum_mode": null,
            "checksum_sha1": "",
            "checksum_sha256": "",
            "content_disposition": "",
            "content_encoding": "",
            "content_language": "",
            "content_length": 44,
            "content_type": "text/plain",
            "etag": "e2ff36373ce18128ac91c5fd1883f3d7",
            "expiration": "",
            "expires": "",
            "id": "admin.cabalmail.email/lambda/fetch_bimi.zip.base64sha256",
            "key": "lambda/fetch_bimi.zip.base64sha256",
            "last_modified": "Sun, 15 Feb 2026 16:28:57 UTC",
            "metadata": {},
            "object_lock_legal_hold_status": "",
            "object_lock_mode": "",
            "object_lock_retain_until_date": "",
            "range": null,
            "server_side_encryption": "AES256",
            "sse_kms_key_id": "",
            "storage_class": "STANDARD",
            "tags": {},
            "version_id": "",
            "website_redirect_location": ""
          },
          "sensitive_attributes": []
        }
      ]
    },
    {
      "module": "module.admin.module.cabal_method[\"fetch_bimi\"]",
      "mode": "managed",
      "type": "aws_api_gateway_resource",
      "name": "api_call",
      "provider": "provider[\"registry.terraform.io/hashicorp/aws\"]",
      "instances": [
        {
          "schema_version": 0,
          "attributes": {
            "id": "qbxjpb",
            "parent_id": "ouau5wwocd",
            "path": "/fetch_bimi",
            "path_part": "fetch_bimi",
            "rest_api_id": "on3fpyd717"
          },
          "sensitive_attributes": [],
          "private": "bnVsbA==",
          "dependencies": [
            "module.admin.aws_api_gateway_rest_api.gateway",
            "module.admin.data.aws_s3_objects.check",
            "module.bucket.aws_s3_bucket.this"
          ],
          "create_before_destroy": true
        }
      ]
    },
    {
      "module": "module.admin.module.cabal_method[\"fetch_bimi\"]",
      "mode": "managed",
      "type": "aws_cloudwatch_log_group",
      "name": "lambda_log",
      "provider": "provider[\"registry.terraform.io/hashicorp/aws\"]",
      "instances": [
        {
          "schema_version": 0,
          "attributes": {
            "arn": "arn:aws:logs:us-east-1:175059541256:log-group:/cabal/lambda/fetch_bimi",
            "id": "/cabal/lambda/fetch_bimi",
            "kms_key_id": "",
            "log_group_class": "STANDARD",
            "name": "/cabal/lambda/fetch_bimi",
            "name_prefix": "",
            "retention_in_days": 14,
            "skip_destroy": false,
            "tags": null,
            "tags_all": {
              "environment": "development",
              "managed_by_terraform": "y",
              "terraform_repo": "https://github.com/cabalmail/cabal-infra"
            }
          },
          "sensitive_attributes": [],
          "private": "bnVsbA==",
          "dependencies": [
            "module.admin.data.aws_s3_objects.check",
            "module.bucket.aws_s3_bucket.this"
          ],
          "create_before_destroy": true
        }
      ]
    },
    {
      "module": "module.admin.module.cabal_method[\"fetch_bimi\"]",
      "mode": "managed",
      "type": "aws_iam_role",
      "name": "lambda",
      "provider": "provider[\"registry.terraform.io/hashicorp/aws\"]",
      "instances": [
        {
          "schema_version": 0,
          "attributes": {
            "arn": "arn:aws:iam::175059541256:role/fetch_bimi_role",
            "assume_role_policy": "{\"Statement\":[{\"Action\":\"sts:AssumeRole\",\"Effect\":\"Allow\",\"Principal\":{\"Service\":\"lambda.amazonaws.com\"},\"Sid\":\"fetchbimiSid\"}],\"Version\":\"2012-10-17\"}",
            "create_date": "2026-02-15T16:32:11Z",
            "description": "",
            "force_detach_policies": false,
            "id": "fetch_bimi_role",
            "inline_policy": [],
            "managed_policy_arns": [],
            "max_session_duration": 3600,
            "name": "fetch_bimi_role",
            "name_prefix": "",
            "path": "/",
            "permissions_boundary": "",
            "tags": null,
            "tags_all": {
              "environment": "development",
              "managed_by_terraform": "y",
              "terraform_repo": "https://github.com/cabalmail/cabal-infra"
            },
            "unique_id": "AROASRQS4TUEKYMD25YTX"
          },
          "sensitive_attributes": [],
          "private": "bnVsbA==",
          "dependencies": [
            "module.admin.data.aws_s3_objects.check",
            "module.bucket.aws_s3_bucket.this"
          ],
          "create_before_destroy": true
        }
      ]
    },
    {
      "module": "module.admin.module.cabal_method[\"fetch_bimi\"]",
      "mode": "managed",
      "type": "aws_iam_role_policy",
      "name": "lambda",
      "provider": "provider[\"registry.terraform.io/hashicorp/aws\"]",
      "instances": [
        {
          "schema_version": 0,
          "attributes": {
            "id": "fetch_bimi_role:fetch_bimi_policy",
            "name": "fetch_bimi_policy",
            "name_prefix": "",
            "policy": "{\"Version\":\"2012-10-17\",\"Statement\":[{\"Action\":[\"ssm:DescribeParameters\"],\"Effect\":\"Allow\",\"Resource\":\"arn:aws:ssm:us-east-1:175059541256:*\"},{\"Action\":[\"ssm:GetParameter\"],\"Effect\":\"Allow\",\"Resource\":\"arn:aws:ssm:us-east-1:175059541256:parameter/cabal/master_password\"},{\"Action\":[\"s3:ListBucket\"],\"Effect\":\"Allow\",\"Resource\":\"arn:aws:s3:::cache.cabalmail.email\"},{\"Action\":[\"s3:PutObject\",\"s3:GetObject\"],\"Effect\":\"Allow\",\"Resource\":\"arn:aws:s3:::cache.cabalmail.email/*\"},{\"Action\":[\"ssm:StartSession\",\"ssm:SendCommand\"],\"Effect\":\"Allow\",\"Resource\":\"arn:aws:ec2:us-east-1:175059541256:instance/*\"},{\"Action\":\"ssm:SendCommand\",\"Effect\":\"Allow\",\"Resource\":\"arn:aws:ssm:us-east-1:175059541256:document/cabal_chef_document\"},{\"Action\":\"route53:ChangeResourceRecordSets\",\"Effect\":\"Allow\",\"Resource\":[\"arn:aws:route53:::hostedzone/Z08991561DT3P59F9ALJA\"]},{\"Action\":[\"logs:CreateLogStream\",\"logs:PutLogEvents\"],\"Effect\":\"Allow\",\"Resource\":[\"arn:aws:logs:us-east-1:175059541256:log-group:/aws/lambda/fetch_bimi:*\"]},{\"Action\":[\"dynamodb:BatchGetItem\",\"dynamodb:DeleteItem\",\"dynamodb:DescribeTable\",\"dynamodb:GetItem\",\"dynamodb:ListTables\",\"dynamodb:Query\",\"dynamodb:Scan\",\"dynamodb:PutItem\",\"dynamodb:ListTagsOfResource\",\"dynamodb:ListGlobalTables\",\"dynamodb:DescribeGlobalTable\"],\"Effect\":\"Allow\",\"Resource\":[\"arn:aws:dynamodb:us-east-1:175059541256:table/cabal-addresses\"]}]}",
            "role": "fetch_bimi_role"
          },
          "sensitive_attributes": [],
          "private": "bnVsbA==",
          "dependencies": [
            "module.admin.data.aws_caller_identity.current",
            "module.admin.data.aws_s3_objects.check",
            "module.admin.module.cabal_method.aws_cloudwatch_log_group.lambda_log",
            "module.admin.module.cabal_method.aws_iam_role.lambda",
            "module.admin.module.cabal_method.aws_lambda_function.api_call",
            "module.admin.module.cabal_method.data.aws_s3_object.lambda_function_hash",
            "module.bucket.aws_s3_bucket.this",
            "module.domains.aws_route53_zone.mail_dns",
            "module.lambda_layers.aws_lambda_layer_version.layer",
            "module.lambda_layers.data.aws_s3_object.lambda_layer_hash",
            "module.lambda_layers.data.aws_s3_objects.check"
          ],
          "create_before_destroy": true
        }
      ]
    },
    {
      "module": "module.admin.module.cabal_method[\"fetch_bimi\"]",
      "mode": "managed",
      "type": "aws_lambda_function",
      "name": "api_call",
      "provider": "provider[\"registry.terraform.io/hashicorp/aws\"]",
      "instances": [
        {
          "schema_version": 0,
          "attributes": {
            "architectures": [
              "arm64"
            ],
            "arn": "arn:aws:lambda:us-east-1:175059541256:function:fetch_bimi",
            "code_sha256": "N/+NVXdN/6lhQHdOk/NyYGakuH2ZALm4ss5dqfr0o1c=",
            "code_signing_config_arn": "",
            "dead_letter_config": [],
            "description": "",
            "environment": [
              {
                "variables": {
                  "CONTROL_DOMAIN": "cabalmail.email",
                  "DOMAINS": "{\"cabalmail.io\":\"Z08991561DT3P59F9ALJA\"}"
                }
              }
            ],
            "ephemeral_storage": [
              {
                "size": 512
              }
            ],
            "file_system_config": [],
            "filename": null,
            "function_name": "fetch_bimi",
            "handler": "function.handler",
            "id": "fetch_bimi",
            "image_config": [],
            "image_uri": "",
            "invoke_arn": "arn:aws:apigateway:us-east-1:lambda:path/2015-03-31/functions/arn:aws:lambda:us-east-1:175059541256:function:fetch_bimi/invocations",
            "kms_key_arn": "",
            "last_modified": "2026-02-15T16:32:20.118+0000",
            "layers": [
              "arn:aws:lambda:us-east-1:175059541256:layer:python:47"
            ],
            "logging_config": [
              {
                "application_log_level": "",
                "log_format": "Text",
                "log_group": "/cabal/lambda/fetch_bimi",
                "system_log_level": ""
              }
            ],
            "memory_size": 1024,
            "package_type": "Zip",
            "publish": false,
            "qualified_arn": "arn:aws:lambda:us-east-1:175059541256:function:fetch_bimi:$LATEST",
            "qualified_invoke_arn": "arn:aws:apigateway:us-east-1:lambda:path/2015-03-31/functions/arn:aws:lambda:us-east-1:175059541256:function:fetch_bimi:$LATEST/invocations",
            "replace_security_groups_on_destroy": null,
            "replacement_security_group_ids": null,
            "reserved_concurrent_executions": -1,
            "role": "arn:aws:iam::175059541256:role/fetch_bimi_role",
            "runtime": "python3.13",
            "s3_bucket": "admin.cabalmail.email",
            "s3_key": "lambda/fetch_bimi.zip",
            "s3_object_version": null,
            "signing_job_arn": "",
            "signing_profile_version_arn": "",
            "skip_destroy": false,
            "snap_start": [],
            "source_code_hash": "N/+NVXdN/6lhQHdOk/NyYGakuH2ZALm4ss5dqfr0o1c=",
            "source_code_size": 694,
            "tags": null,
            "tags_all": {
              "environment": "development",
              "managed_by_terraform": "y",
              "terraform_repo": "https://github.com/cabalmail/cabal-infra"
            },
            "timeout": 30,
            "timeouts": null,
            "tracing_config": [
              {
                "mode": "PassThrough"
              }
            ],
            "version": "$LATEST",
            "vpc_config": []
          },
          "sensitive_attributes": [],
          "private": "eyJlMmJmYjczMC1lY2FhLTExZTYtOGY4OC0zNDM2M2JjN2M0YzAiOnsiY3JlYXRlIjo2MDAwMDAwMDAwMDAsImRlbGV0ZSI6NjAwMDAwMDAwMDAwLCJ1cGRhdGUiOjYwMDAwMDAwMDAwMH19",
          "dependencies": [
            "module.admin.data.aws_s3_objects.check",
            "module.admin.module.cabal_method.aws_cloudwatch_log_group.lambda_log",
            "module.admin.module.cabal_method.aws_iam_role.lambda",
            "module.admin.module.cabal_method.data.aws_s3_object.lambda_function_hash",
            "module.bucket.aws_s3_bucket.this",
            "module.domains.aws_route53_zone.mail_dns",
            "module.lambda_layers.aws_lambda_layer_version.layer",
            "module.lambda_layers.data.aws_s3_object.lambda_layer_hash",
            "module.lambda_layers.data.aws_s3_objects.check"
          ],
          "create_before_destroy": true
        }
      ]
    },
    {
      "module": "module.admin.module.cabal_method[\"fetch_inline_image\"]",
      "mode": "data",
      "type": "aws_s3_object",
      "name": "lambda_function_hash",
      "provider": "provider[\"registry.terraform.io/hashicorp/aws\"]",
      "instances": [
        {
          "schema_version": 0,
          "attributes": {
            "arn": "arn:aws:s3:::admin.cabalmail.email/lambda/fetch_inline_image.zip.base64sha256",
            "body": "OK4VJt1Ssl8Nko3KRK0HIwZN/F2pF+4/XAyzFo8NBME=",
            "bucket": "admin.cabalmail.email",
            "bucket_key_enabled": false,
            "cache_control": "",
            "checksum_crc32": "",
            "checksum_crc32c": "",
            "checksum_crc64nvme": "",
            "checksum_mode": null,
            "checksum_sha1": "",
            "checksum_sha256": "",
            "content_disposition": "",
            "content_encoding": "",
            "content_language": "",
            "content_length": 44,
            "content_type": "text/plain",
            "etag": "3f217f92928f0b3e7b63f46b612abfbd",
            "expiration": "",
            "expires": "",
            "id": "admin.cabalmail.email/lambda/fetch_inline_image.zip.base64sha256",
            "key": "lambda/fetch_inline_image.zip.base64sha256",
            "last_modified": "Sun, 15 Feb 2026 16:29:00 UTC",
            "metadata": {},
            "object_lock_legal_hold_status": "",
            "object_lock_mode": "",
            "object_lock_retain_until_date": "",
            "range": null,
            "server_side_encryption": "AES256",
            "sse_kms_key_id": "",
            "storage_class": "STANDARD",
            "tags": {},
            "version_id": "",
            "website_redirect_location": ""
          },
          "sensitive_attributes": []
        }
      ]
    },
    {
      "module": "module.admin.module.cabal_method[\"fetch_inline_image\"]",
      "mode": "managed",
      "type": "aws_api_gateway_resource",
      "name": "api_call",
      "provider": "provider[\"registry.terraform.io/hashicorp/aws\"]",
      "instances": [
        {
          "schema_version": 0,
          "attributes": {
            "id": "2ht2x5",
            "parent_id": "ouau5wwocd",
            "path": "/fetch_inline_image",
            "path_part": "fetch_inline_image",
            "rest_api_id": "on3fpyd717"
          },
          "sensitive_attributes": [],
          "private": "bnVsbA==",
          "dependencies": [
            "module.admin.aws_api_gateway_rest_api.gateway",
            "module.admin.data.aws_s3_objects.check",
            "module.bucket.aws_s3_bucket.this"
          ],
          "create_before_destroy": true
        }
      ]
    },
    {
      "module": "module.admin.module.cabal_method[\"fetch_inline_image\"]",
      "mode": "managed",
      "type": "aws_cloudwatch_log_group",
      "name": "lambda_log",
      "provider": "provider[\"registry.terraform.io/hashicorp/aws\"]",
      "instances": [
        {
          "schema_version": 0,
          "attributes": {
            "arn": "arn:aws:logs:us-east-1:175059541256:log-group:/cabal/lambda/fetch_inline_image",
            "id": "/cabal/lambda/fetch_inline_image",
            "kms_key_id": "",
            "log_group_class": "STANDARD",
            "name": "/cabal/lambda/fetch_inline_image",
            "name_prefix": "",
            "retention_in_days": 14,
            "skip_destroy": false,
            "tags": null,
            "tags_all": {
              "environment": "development",
              "managed_by_terraform": "y",
              "terraform_repo": "https://github.com/cabalmail/cabal-infra"
            }
          },
          "sensitive_attributes": [],
          "private": "bnVsbA==",
          "dependencies": [
            "module.admin.data.aws_s3_objects.check",
            "module.bucket.aws_s3_bucket.this"
          ],
          "create_before_destroy": true
        }
      ]
    },
    {
      "module": "module.admin.module.cabal_method[\"fetch_inline_image\"]",
      "mode": "managed",
      "type": "aws_iam_role",
      "name": "lambda",
      "provider": "provider[\"registry.terraform.io/hashicorp/aws\"]",
      "instances": [
        {
          "schema_version": 0,
          "attributes": {
            "arn": "arn:aws:iam::175059541256:role/fetch_inline_image_role",
            "assume_role_policy": "{\"Statement\":[{\"Action\":\"sts:AssumeRole\",\"Effect\":\"Allow\",\"Principal\":{\"Service\":\"lambda.amazonaws.com\"},\"Sid\":\"fetchinlineimageSid\"}],\"Version\":\"2012-10-17\"}",
            "create_date": "2026-02-15T16:32:12Z",
            "description": "",
            "force_detach_policies": false,
            "id": "fetch_inline_image_role",
            "inline_policy": [],
            "managed_policy_arns": [],
            "max_session_duration": 3600,
            "name": "fetch_inline_image_role",
            "name_prefix": "",
            "path": "/",
            "permissions_boundary": "",
            "tags": null,
            "tags_all": {
              "environment": "development",
              "managed_by_terraform": "y",
              "terraform_repo": "https://github.com/cabalmail/cabal-infra"
            },
            "unique_id": "AROASRQS4TUENTDQUCATD"
          },
          "sensitive_attributes": [],
          "private": "bnVsbA==",
          "dependencies": [
            "module.admin.data.aws_s3_objects.check",
            "module.bucket.aws_s3_bucket.this"
          ],
          "create_before_destroy": true
        }
      ]
    },
    {
      "module": "module.admin.module.cabal_method[\"fetch_inline_image\"]",
      "mode": "managed",
      "type": "aws_iam_role_policy",
      "name": "lambda",
      "provider": "provider[\"registry.terraform.io/hashicorp/aws\"]",
      "instances": [
        {
          "schema_version": 0,
          "attributes": {
            "id": "fetch_inline_image_role:fetch_inline_image_policy",
            "name": "fetch_inline_image_policy",
            "name_prefix": "",
            "policy": "{\"Version\":\"2012-10-17\",\"Statement\":[{\"Action\":[\"ssm:DescribeParameters\"],\"Effect\":\"Allow\",\"Resource\":\"arn:aws:ssm:us-east-1:175059541256:*\"},{\"Action\":[\"ssm:GetParameter\"],\"Effect\":\"Allow\",\"Resource\":\"arn:aws:ssm:us-east-1:175059541256:parameter/cabal/master_password\"},{\"Action\":[\"s3:ListBucket\"],\"Effect\":\"Allow\",\"Resource\":\"arn:aws:s3:::cache.cabalmail.email\"},{\"Action\":[\"s3:PutObject\",\"s3:GetObject\"],\"Effect\":\"Allow\",\"Resource\":\"arn:aws:s3:::cache.cabalmail.email/*\"},{\"Action\":[\"ssm:StartSession\",\"ssm:SendCommand\"],\"Effect\":\"Allow\",\"Resource\":\"arn:aws:ec2:us-east-1:175059541256:instance/*\"},{\"Action\":\"ssm:SendCommand\",\"Effect\":\"Allow\",\"Resource\":\"arn:aws:ssm:us-east-1:175059541256:document/cabal_chef_document\"},{\"Action\":\"route53:ChangeResourceRecordSets\",\"Effect\":\"Allow\",\"Resource\":[\"arn:aws:route53:::hostedzone/Z08991561DT3P59F9ALJA\"]},{\"Action\":[\"logs:CreateLogStream\",\"logs:PutLogEvents\"],\"Effect\":\"Allow\",\"Resource\":[\"arn:aws:logs:us-east-1:175059541256:log-group:/aws/lambda/fetch_inline_image:*\"]},{\"Action\":[\"dynamodb:BatchGetItem\",\"dynamodb:DeleteItem\",\"dynamodb:DescribeTable\",\"dynamodb:GetItem\",\"dynamodb:ListTables\",\"dynamodb:Query\",\"dynamodb:Scan\",\"dynamodb:PutItem\",\"dynamodb:ListTagsOfResource\",\"dynamodb:ListGlobalTables\",\"dynamodb:DescribeGlobalTable\"],\"Effect\":\"Allow\",\"Resource\":[\"arn:aws:dynamodb:us-east-1:175059541256:table/cabal-addresses\"]}]}",
            "role": "fetch_inline_image_role"
          },
          "sensitive_attributes": [],
          "private": "bnVsbA==",
          "dependencies": [
            "module.admin.data.aws_caller_identity.current",
            "module.admin.data.aws_s3_objects.check",
            "module.admin.module.cabal_method.aws_cloudwatch_log_group.lambda_log",
            "module.admin.module.cabal_method.aws_iam_role.lambda",
            "module.admin.module.cabal_method.aws_lambda_function.api_call",
            "module.admin.module.cabal_method.data.aws_s3_object.lambda_function_hash",
            "module.bucket.aws_s3_bucket.this",
            "module.domains.aws_route53_zone.mail_dns",
            "module.lambda_layers.aws_lambda_layer_version.layer",
            "module.lambda_layers.data.aws_s3_object.lambda_layer_hash",
            "module.lambda_layers.data.aws_s3_objects.check"
          ],
          "create_before_destroy": true
        }
      ]
    },
    {
      "module": "module.admin.module.cabal_method[\"fetch_inline_image\"]",
      "mode": "managed",
      "type": "aws_lambda_function",
      "name": "api_call",
      "provider": "provider[\"registry.terraform.io/hashicorp/aws\"]",
      "instances": [
        {
          "schema_version": 0,
          "attributes": {
            "architectures": [
              "arm64"
            ],
            "arn": "arn:aws:lambda:us-east-1:175059541256:function:fetch_inline_image",
            "code_sha256": "OK4VJt1Ssl8Nko3KRK0HIwZN/F2pF+4/XAyzFo8NBME=",
            "code_signing_config_arn": "",
            "dead_letter_config": [],
            "description": "",
            "environment": [
              {
                "variables": {
                  "CONTROL_DOMAIN": "cabalmail.email",
                  "DOMAINS": "{\"cabalmail.io\":\"Z08991561DT3P59F9ALJA\"}"
                }
              }
            ],
            "ephemeral_storage": [
              {
                "size": 512
              }
            ],
            "file_system_config": [],
            "filename": null,
            "function_name": "fetch_inline_image",
            "handler": "function.handler",
            "id": "fetch_inline_image",
            "image_config": [],
            "image_uri": "",
            "invoke_arn": "arn:aws:apigateway:us-east-1:lambda:path/2015-03-31/functions/arn:aws:lambda:us-east-1:175059541256:function:fetch_inline_image/invocations",
            "kms_key_arn": "",
            "last_modified": "2026-02-15T16:32:45.916+0000",
            "layers": [
              "arn:aws:lambda:us-east-1:175059541256:layer:python:47"
            ],
            "logging_config": [
              {
                "application_log_level": "",
                "log_format": "Text",
                "log_group": "/cabal/lambda/fetch_inline_image",
                "system_log_level": ""
              }
            ],
            "memory_size": 1024,
            "package_type": "Zip",
            "publish": false,
            "qualified_arn": "arn:aws:lambda:us-east-1:175059541256:function:fetch_inline_image:$LATEST",
            "qualified_invoke_arn": "arn:aws:apigateway:us-east-1:lambda:path/2015-03-31/functions/arn:aws:lambda:us-east-1:175059541256:function:fetch_inline_image:$LATEST/invocations",
            "replace_security_groups_on_destroy": null,
            "replacement_security_group_ids": null,
            "reserved_concurrent_executions": -1,
            "role": "arn:aws:iam::175059541256:role/fetch_inline_image_role",
            "runtime": "python3.13",
            "s3_bucket": "admin.cabalmail.email",
            "s3_key": "lambda/fetch_inline_image.zip",
            "s3_object_version": null,
            "signing_job_arn": "",
            "signing_profile_version_arn": "",
            "skip_destroy": false,
            "snap_start": [],
            "source_code_hash": "OK4VJt1Ssl8Nko3KRK0HIwZN/F2pF+4/XAyzFo8NBME=",
            "source_code_size": 785,
            "tags": null,
            "tags_all": {
              "environment": "development",
              "managed_by_terraform": "y",
              "terraform_repo": "https://github.com/cabalmail/cabal-infra"
            },
            "timeout": 30,
            "timeouts": null,
            "tracing_config": [
              {
                "mode": "PassThrough"
              }
            ],
            "version": "$LATEST",
            "vpc_config": []
          },
          "sensitive_attributes": [],
          "private": "eyJlMmJmYjczMC1lY2FhLTExZTYtOGY4OC0zNDM2M2JjN2M0YzAiOnsiY3JlYXRlIjo2MDAwMDAwMDAwMDAsImRlbGV0ZSI6NjAwMDAwMDAwMDAwLCJ1cGRhdGUiOjYwMDAwMDAwMDAwMH19",
          "dependencies": [
            "module.admin.data.aws_s3_objects.check",
            "module.admin.module.cabal_method.aws_cloudwatch_log_group.lambda_log",
            "module.admin.module.cabal_method.aws_iam_role.lambda",
            "module.admin.module.cabal_method.data.aws_s3_object.lambda_function_hash",
            "module.bucket.aws_s3_bucket.this",
            "module.domains.aws_route53_zone.mail_dns",
            "module.lambda_layers.aws_lambda_layer_version.layer",
            "module.lambda_layers.data.aws_s3_object.lambda_layer_hash",
            "module.lambda_layers.data.aws_s3_objects.check"
          ],
          "create_before_destroy": true
        }
      ]
    },
    {
      "module": "module.admin.module.cabal_method[\"fetch_message\"]",
      "mode": "data",
      "type": "aws_s3_object",
      "name": "lambda_function_hash",
      "provider": "provider[\"registry.terraform.io/hashicorp/aws\"]",
      "instances": [
        {
          "schema_version": 0,
          "attributes": {
            "arn": "arn:aws:s3:::admin.cabalmail.email/lambda/fetch_message.zip.base64sha256",
            "body": "baNMXvMJacd5HCoAadou9ugnHA9jBjpK6Tnrd0NNN/8=",
            "bucket": "admin.cabalmail.email",
            "bucket_key_enabled": false,
            "cache_control": "",
            "checksum_crc32": "",
            "checksum_crc32c": "",
            "checksum_crc64nvme": "",
            "checksum_mode": null,
            "checksum_sha1": "",
            "checksum_sha256": "",
            "content_disposition": "",
            "content_encoding": "",
            "content_language": "",
            "content_length": 44,
            "content_type": "text/plain",
            "etag": "37977a84e94f096ef5cc61c8eaa1d33d",
            "expiration": "",
            "expires": "",
            "id": "admin.cabalmail.email/lambda/fetch_message.zip.base64sha256",
            "key": "lambda/fetch_message.zip.base64sha256",
            "last_modified": "Sun, 15 Feb 2026 16:29:02 UTC",
            "metadata": {},
            "object_lock_legal_hold_status": "",
            "object_lock_mode": "",
            "object_lock_retain_until_date": "",
            "range": null,
            "server_side_encryption": "AES256",
            "sse_kms_key_id": "",
            "storage_class": "STANDARD",
            "tags": {},
            "version_id": "",
            "website_redirect_location": ""
          },
          "sensitive_attributes": []
        }
      ]
    },
    {
      "module": "module.admin.module.cabal_method[\"fetch_message\"]",
      "mode": "managed",
      "type": "aws_api_gateway_resource",
      "name": "api_call",
      "provider": "provider[\"registry.terraform.io/hashicorp/aws\"]",
      "instances": [
        {
          "schema_version": 0,
          "attributes": {
            "id": "avu0k1",
            "parent_id": "ouau5wwocd",
            "path": "/fetch_message",
            "path_part": "fetch_message",
            "rest_api_id": "on3fpyd717"
          },
          "sensitive_attributes": [],
          "private": "bnVsbA==",
          "dependencies": [
            "module.admin.aws_api_gateway_rest_api.gateway",
            "module.admin.data.aws_s3_objects.check",
            "module.bucket.aws_s3_bucket.this"
          ],
          "create_before_destroy": true
        }
      ]
    },
    {
      "module": "module.admin.module.cabal_method[\"fetch_message\"]",
      "mode": "managed",
      "type": "aws_cloudwatch_log_group",
      "name": "lambda_log",
      "provider": "provider[\"registry.terraform.io/hashicorp/aws\"]",
      "instances": [
        {
          "schema_version": 0,
          "attributes": {
            "arn": "arn:aws:logs:us-east-1:175059541256:log-group:/cabal/lambda/fetch_message",
            "id": "/cabal/lambda/fetch_message",
            "kms_key_id": "",
            "log_group_class": "STANDARD",
            "name": "/cabal/lambda/fetch_message",
            "name_prefix": "",
            "retention_in_days": 14,
            "skip_destroy": false,
            "tags": null,
            "tags_all": {
              "environment": "development",
              "managed_by_terraform": "y",
              "terraform_repo": "https://github.com/cabalmail/cabal-infra"
            }
          },
          "sensitive_attributes": [],
          "private": "bnVsbA==",
          "dependencies": [
            "module.admin.data.aws_s3_objects.check",
            "module.bucket.aws_s3_bucket.this"
          ],
          "create_before_destroy": true
        }
      ]
    },
    {
      "module": "module.admin.module.cabal_method[\"fetch_message\"]",
      "mode": "managed",
      "type": "aws_iam_role",
      "name": "lambda",
      "provider": "provider[\"registry.terraform.io/hashicorp/aws\"]",
      "instances": [
        {
          "schema_version": 0,
          "attributes": {
            "arn": "arn:aws:iam::175059541256:role/fetch_message_role",
            "assume_role_policy": "{\"Statement\":[{\"Action\":\"sts:AssumeRole\",\"Effect\":\"Allow\",\"Principal\":{\"Service\":\"lambda.amazonaws.com\"},\"Sid\":\"fetchmessageSid\"}],\"Version\":\"2012-10-17\"}",
            "create_date": "2026-02-15T16:32:14Z",
            "description": "",
            "force_detach_policies": false,
            "id": "fetch_message_role",
            "inline_policy": [],
            "managed_policy_arns": [],
            "max_session_duration": 3600,
            "name": "fetch_message_role",
            "name_prefix": "",
            "path": "/",
            "permissions_boundary": "",
            "tags": null,
            "tags_all": {
              "environment": "development",
              "managed_by_terraform": "y",
              "terraform_repo": "https://github.com/cabalmail/cabal-infra"
            },
            "unique_id": "AROASRQS4TUECIBRLRPOW"
          },
          "sensitive_attributes": [],
          "private": "bnVsbA==",
          "dependencies": [
            "module.admin.data.aws_s3_objects.check",
            "module.bucket.aws_s3_bucket.this"
          ],
          "create_before_destroy": true
        }
      ]
    },
    {
      "module": "module.admin.module.cabal_method[\"fetch_message\"]",
      "mode": "managed",
      "type": "aws_iam_role_policy",
      "name": "lambda",
      "provider": "provider[\"registry.terraform.io/hashicorp/aws\"]",
      "instances": [
        {
          "schema_version": 0,
          "attributes": {
            "id": "fetch_message_role:fetch_message_policy",
            "name": "fetch_message_policy",
            "name_prefix": "",
            "policy": "{\"Version\":\"2012-10-17\",\"Statement\":[{\"Action\":[\"ssm:DescribeParameters\"],\"Effect\":\"Allow\",\"Resource\":\"arn:aws:ssm:us-east-1:175059541256:*\"},{\"Action\":[\"ssm:GetParameter\"],\"Effect\":\"Allow\",\"Resource\":\"arn:aws:ssm:us-east-1:175059541256:parameter/cabal/master_password\"},{\"Action\":[\"s3:ListBucket\"],\"Effect\":\"Allow\",\"Resource\":\"arn:aws:s3:::cache.cabalmail.email\"},{\"Action\":[\"s3:PutObject\",\"s3:GetObject\"],\"Effect\":\"Allow\",\"Resource\":\"arn:aws:s3:::cache.cabalmail.email/*\"},{\"Action\":[\"ssm:StartSession\",\"ssm:SendCommand\"],\"Effect\":\"Allow\",\"Resource\":\"arn:aws:ec2:us-east-1:175059541256:instance/*\"},{\"Action\":\"ssm:SendCommand\",\"Effect\":\"Allow\",\"Resource\":\"arn:aws:ssm:us-east-1:175059541256:document/cabal_chef_document\"},{\"Action\":\"route53:ChangeResourceRecordSets\",\"Effect\":\"Allow\",\"Resource\":[\"arn:aws:route53:::hostedzone/Z08991561DT3P59F9ALJA\"]},{\"Action\":[\"logs:CreateLogStream\",\"logs:PutLogEvents\"],\"Effect\":\"Allow\",\"Resource\":[\"arn:aws:logs:us-east-1:175059541256:log-group:/aws/lambda/fetch_message:*\"]},{\"Action\":[\"dynamodb:BatchGetItem\",\"dynamodb:DeleteItem\",\"dynamodb:DescribeTable\",\"dynamodb:GetItem\",\"dynamodb:ListTables\",\"dynamodb:Query\",\"dynamodb:Scan\",\"dynamodb:PutItem\",\"dynamodb:ListTagsOfResource\",\"dynamodb:ListGlobalTables\",\"dynamodb:DescribeGlobalTable\"],\"Effect\":\"Allow\",\"Resource\":[\"arn:aws:dynamodb:us-east-1:175059541256:table/cabal-addresses\"]}]}",
            "role": "fetch_message_role"
          },
          "sensitive_attributes": [],
          "private": "bnVsbA==",
          "dependencies": [
            "module.admin.data.aws_caller_identity.current",
            "module.admin.data.aws_s3_objects.check",
            "module.admin.module.cabal_method.aws_cloudwatch_log_group.lambda_log",
            "module.admin.module.cabal_method.aws_iam_role.lambda",
            "module.admin.module.cabal_method.aws_lambda_function.api_call",
            "module.admin.module.cabal_method.data.aws_s3_object.lambda_function_hash",
            "module.bucket.aws_s3_bucket.this",
            "module.domains.aws_route53_zone.mail_dns",
            "module.lambda_layers.aws_lambda_layer_version.layer",
            "module.lambda_layers.data.aws_s3_object.lambda_layer_hash",
            "module.lambda_layers.data.aws_s3_objects.check"
          ],
          "create_before_destroy": true
        }
      ]
    },
    {
      "module": "module.admin.module.cabal_method[\"fetch_message\"]",
      "mode": "managed",
      "type": "aws_lambda_function",
      "name": "api_call",
      "provider": "provider[\"registry.terraform.io/hashicorp/aws\"]",
      "instances": [
        {
          "schema_version": 0,
          "attributes": {
            "architectures": [
              "arm64"
            ],
            "arn": "arn:aws:lambda:us-east-1:175059541256:function:fetch_message",
            "code_sha256": "baNMXvMJacd5HCoAadou9ugnHA9jBjpK6Tnrd0NNN/8=",
            "code_signing_config_arn": "",
            "dead_letter_config": [],
            "description": "",
            "environment": [
              {
                "variables": {
                  "CONTROL_DOMAIN": "cabalmail.email",
                  "DOMAINS": "{\"cabalmail.io\":\"Z08991561DT3P59F9ALJA\"}"
                }
              }
            ],
            "ephemeral_storage": [
              {
                "size": 512
              }
            ],
            "file_system_config": [],
            "filename": null,
            "function_name": "fetch_message",
            "handler": "function.handler",
            "id": "fetch_message",
            "image_config": [],
            "image_uri": "",
            "invoke_arn": "arn:aws:apigateway:us-east-1:lambda:path/2015-03-31/functions/arn:aws:lambda:us-east-1:175059541256:function:fetch_message/invocations",
            "kms_key_arn": "",
            "last_modified": "2026-02-15T16:32:28.647+0000",
            "layers": [
              "arn:aws:lambda:us-east-1:175059541256:layer:python:47"
            ],
            "logging_config": [
              {
                "application_log_level": "",
                "log_format": "Text",
                "log_group": "/cabal/lambda/fetch_message",
                "system_log_level": ""
              }
            ],
            "memory_size": 1024,
            "package_type": "Zip",
            "publish": false,
            "qualified_arn": "arn:aws:lambda:us-east-1:175059541256:function:fetch_message:$LATEST",
            "qualified_invoke_arn": "arn:aws:apigateway:us-east-1:lambda:path/2015-03-31/functions/arn:aws:lambda:us-east-1:175059541256:function:fetch_message:$LATEST/invocations",
            "replace_security_groups_on_destroy": null,
            "replacement_security_group_ids": null,
            "reserved_concurrent_executions": -1,
            "role": "arn:aws:iam::175059541256:role/fetch_message_role",
            "runtime": "python3.13",
            "s3_bucket": "admin.cabalmail.email",
            "s3_key": "lambda/fetch_message.zip",
            "s3_object_version": null,
            "signing_job_arn": "",
            "signing_profile_version_arn": "",
            "skip_destroy": false,
            "snap_start": [],
            "source_code_hash": "baNMXvMJacd5HCoAadou9ugnHA9jBjpK6Tnrd0NNN/8=",
            "source_code_size": 1116,
            "tags": null,
            "tags_all": {
              "environment": "development",
              "managed_by_terraform": "y",
              "terraform_repo": "https://github.com/cabalmail/cabal-infra"
            },
            "timeout": 30,
            "timeouts": null,
            "tracing_config": [
              {
                "mode": "PassThrough"
              }
            ],
            "version": "$LATEST",
            "vpc_config": []
          },
          "sensitive_attributes": [],
          "private": "eyJlMmJmYjczMC1lY2FhLTExZTYtOGY4OC0zNDM2M2JjN2M0YzAiOnsiY3JlYXRlIjo2MDAwMDAwMDAwMDAsImRlbGV0ZSI6NjAwMDAwMDAwMDAwLCJ1cGRhdGUiOjYwMDAwMDAwMDAwMH19",
          "dependencies": [
            "module.admin.data.aws_s3_objects.check",
            "module.admin.module.cabal_method.aws_cloudwatch_log_group.lambda_log",
            "module.admin.module.cabal_method.aws_iam_role.lambda",
            "module.admin.module.cabal_method.data.aws_s3_object.lambda_function_hash",
            "module.bucket.aws_s3_bucket.this",
            "module.domains.aws_route53_zone.mail_dns",
            "module.lambda_layers.aws_lambda_layer_version.layer",
            "module.lambda_layers.data.aws_s3_object.lambda_layer_hash",
            "module.lambda_layers.data.aws_s3_objects.check"
          ],
          "create_before_destroy": true
        }
      ]
    },
    {
      "module": "module.admin.module.cabal_method[\"list\"]",
      "mode": "data",
      "type": "aws_s3_object",
      "name": "lambda_function_hash",
      "provider": "provider[\"registry.terraform.io/hashicorp/aws\"]",
      "instances": [
        {
          "schema_version": 0,
          "attributes": {
            "arn": "arn:aws:s3:::admin.cabalmail.email/lambda/list.zip.base64sha256",
            "body": "53cLEM/9PlXp3mdXiC+JfcoNnFxu9FVmmB09cHRDwiE=",
            "bucket": "admin.cabalmail.email",
            "bucket_key_enabled": false,
            "cache_control": "",
            "checksum_crc32": "",
            "checksum_crc32c": "",
            "checksum_crc64nvme": "",
            "checksum_mode": null,
            "checksum_sha1": "",
            "checksum_sha256": "",
            "content_disposition": "",
            "content_encoding": "",
            "content_language": "",
            "content_length": 44,
            "content_type": "text/plain",
            "etag": "420991c6edf74549859b2ccf2826031c",
            "expiration": "",
            "expires": "",
            "id": "admin.cabalmail.email/lambda/list.zip.base64sha256",
            "key": "lambda/list.zip.base64sha256",
            "last_modified": "Sun, 15 Feb 2026 16:26:55 UTC",
            "metadata": {},
            "object_lock_legal_hold_status": "",
            "object_lock_mode": "",
            "object_lock_retain_until_date": "",
            "range": null,
            "server_side_encryption": "AES256",
            "sse_kms_key_id": "",
            "storage_class": "STANDARD",
            "tags": {},
            "version_id": "",
            "website_redirect_location": ""
          },
          "sensitive_attributes": []
        }
      ]
    },
    {
      "module": "module.admin.module.cabal_method[\"list\"]",
      "mode": "managed",
      "type": "aws_api_gateway_resource",
      "name": "api_call",
      "provider": "provider[\"registry.terraform.io/hashicorp/aws\"]",
      "instances": [
        {
          "schema_version": 0,
          "attributes": {
            "id": "uej7eh",
            "parent_id": "ouau5wwocd",
            "path": "/list",
            "path_part": "list",
            "rest_api_id": "on3fpyd717"
          },
          "sensitive_attributes": [],
          "private": "bnVsbA==",
          "dependencies": [
            "module.admin.aws_api_gateway_rest_api.gateway",
            "module.admin.data.aws_s3_objects.check",
            "module.bucket.aws_s3_bucket.this"
          ],
          "create_before_destroy": true
        }
      ]
    },
    {
      "module": "module.admin.module.cabal_method[\"list\"]",
      "mode": "managed",
      "type": "aws_cloudwatch_log_group",
      "name": "lambda_log",
      "provider": "provider[\"registry.terraform.io/hashicorp/aws\"]",
      "instances": [
        {
          "schema_version": 0,
          "attributes": {
            "arn": "arn:aws:logs:us-east-1:175059541256:log-group:/cabal/lambda/list",
            "id": "/cabal/lambda/list",
            "kms_key_id": "",
            "log_group_class": "STANDARD",
            "name": "/cabal/lambda/list",
            "name_prefix": "",
            "retention_in_days": 14,
            "skip_destroy": false,
            "tags": null,
            "tags_all": {
              "environment": "development",
              "managed_by_terraform": "y",
              "terraform_repo": "https://github.com/cabalmail/cabal-infra"
            }
          },
          "sensitive_attributes": [],
          "private": "bnVsbA==",
          "dependencies": [
            "module.admin.data.aws_s3_objects.check",
            "module.bucket.aws_s3_bucket.this"
          ],
          "create_before_destroy": true
        }
      ]
    },
    {
      "module": "module.admin.module.cabal_method[\"list\"]",
      "mode": "managed",
      "type": "aws_iam_role",
      "name": "lambda",
      "provider": "provider[\"registry.terraform.io/hashicorp/aws\"]",
      "instances": [
        {
          "schema_version": 0,
          "attributes": {
            "arn": "arn:aws:iam::175059541256:role/list_role",
            "assume_role_policy": "{\"Statement\":[{\"Action\":\"sts:AssumeRole\",\"Effect\":\"Allow\",\"Principal\":{\"Service\":\"lambda.amazonaws.com\"},\"Sid\":\"listSid\"}],\"Version\":\"2012-10-17\"}",
            "create_date": "2026-02-15T16:32:12Z",
            "description": "",
            "force_detach_policies": false,
            "id": "list_role",
            "inline_policy": [],
            "managed_policy_arns": [],
            "max_session_duration": 3600,
            "name": "list_role",
            "name_prefix": "",
            "path": "/",
            "permissions_boundary": "",
            "tags": null,
            "tags_all": {
              "environment": "development",
              "managed_by_terraform": "y",
              "terraform_repo": "https://github.com/cabalmail/cabal-infra"
            },
            "unique_id": "AROASRQS4TUEKBX5B63MH"
          },
          "sensitive_attributes": [],
          "private": "bnVsbA==",
          "dependencies": [
            "module.admin.data.aws_s3_objects.check",
            "module.bucket.aws_s3_bucket.this"
          ],
          "create_before_destroy": true
        }
      ]
    },
    {
      "module": "module.admin.module.cabal_method[\"list\"]",
      "mode": "managed",
      "type": "aws_iam_role_policy",
      "name": "lambda",
      "provider": "provider[\"registry.terraform.io/hashicorp/aws\"]",
      "instances": [
        {
          "schema_version": 0,
          "attributes": {
            "id": "list_role:list_policy",
            "name": "list_policy",
            "name_prefix": "",
            "policy": "{\"Version\":\"2012-10-17\",\"Statement\":[{\"Action\":[\"ssm:DescribeParameters\"],\"Effect\":\"Allow\",\"Resource\":\"arn:aws:ssm:us-east-1:175059541256:*\"},{\"Action\":[\"ssm:GetParameter\"],\"Effect\":\"Allow\",\"Resource\":\"arn:aws:ssm:us-east-1:175059541256:parameter/cabal/master_password\"},{\"Action\":[\"s3:ListBucket\"],\"Effect\":\"Allow\",\"Resource\":\"arn:aws:s3:::cache.cabalmail.email\"},{\"Action\":[\"s3:PutObject\",\"s3:GetObject\"],\"Effect\":\"Allow\",\"Resource\":\"arn:aws:s3:::cache.cabalmail.email/*\"},{\"Action\":[\"ssm:StartSession\",\"ssm:SendCommand\"],\"Effect\":\"Allow\",\"Resource\":\"arn:aws:ec2:us-east-1:175059541256:instance/*\"},{\"Action\":\"ssm:SendCommand\",\"Effect\":\"Allow\",\"Resource\":\"arn:aws:ssm:us-east-1:175059541256:document/cabal_chef_document\"},{\"Action\":\"route53:ChangeResourceRecordSets\",\"Effect\":\"Allow\",\"Resource\":[\"arn:aws:route53:::hostedzone/Z08991561DT3P59F9ALJA\"]},{\"Action\":[\"logs:CreateLogStream\",\"logs:PutLogEvents\"],\"Effect\":\"Allow\",\"Resource\":[\"arn:aws:logs:us-east-1:175059541256:log-group:/aws/lambda/list:*\"]},{\"Action\":[\"dynamodb:BatchGetItem\",\"dynamodb:DeleteItem\",\"dynamodb:DescribeTable\",\"dynamodb:GetItem\",\"dynamodb:ListTables\",\"dynamodb:Query\",\"dynamodb:Scan\",\"dynamodb:PutItem\",\"dynamodb:ListTagsOfResource\",\"dynamodb:ListGlobalTables\",\"dynamodb:DescribeGlobalTable\"],\"Effect\":\"Allow\",\"Resource\":[\"arn:aws:dynamodb:us-east-1:175059541256:table/cabal-addresses\"]}]}",
            "role": "list_role"
          },
          "sensitive_attributes": [],
          "private": "bnVsbA==",
          "dependencies": [
            "module.admin.data.aws_caller_identity.current",
            "module.admin.data.aws_s3_objects.check",
            "module.admin.module.cabal_method.aws_cloudwatch_log_group.lambda_log",
            "module.admin.module.cabal_method.aws_iam_role.lambda",
            "module.admin.module.cabal_method.aws_lambda_function.api_call",
            "module.admin.module.cabal_method.data.aws_s3_object.lambda_function_hash",
            "module.bucket.aws_s3_bucket.this",
            "module.domains.aws_route53_zone.mail_dns",
            "module.lambda_layers.aws_lambda_layer_version.layer",
            "module.lambda_layers.data.aws_s3_object.lambda_layer_hash",
            "module.lambda_layers.data.aws_s3_objects.check"
          ],
          "create_before_destroy": true
        }
      ]
    },
    {
      "module": "module.admin.module.cabal_method[\"list\"]",
      "mode": "managed",
      "type": "aws_lambda_function",
      "name": "api_call",
      "provider": "provider[\"registry.terraform.io/hashicorp/aws\"]",
      "instances": [
        {
          "schema_version": 0,
          "attributes": {
            "architectures": [
              "arm64"
            ],
            "arn": "arn:aws:lambda:us-east-1:175059541256:function:list",
            "code_sha256": "53cLEM/9PlXp3mdXiC+JfcoNnFxu9FVmmB09cHRDwiE=",
            "code_signing_config_arn": "",
            "dead_letter_config": [],
            "description": "",
            "environment": [
              {
                "variables": {
                  "CONTROL_DOMAIN": "cabalmail.email",
                  "DOMAINS": "{\"cabalmail.io\":\"Z08991561DT3P59F9ALJA\"}"
                }
              }
            ],
            "ephemeral_storage": [
              {
                "size": 512
              }
            ],
            "file_system_config": [],
            "filename": null,
            "function_name": "list",
            "handler": "index.handler",
            "id": "list",
            "image_config": [],
            "image_uri": "",
            "invoke_arn": "arn:aws:apigateway:us-east-1:lambda:path/2015-03-31/functions/arn:aws:lambda:us-east-1:175059541256:function:list/invocations",
            "kms_key_arn": "",
            "last_modified": "2026-02-15T16:32:37.483+0000",
            "layers": [
              "arn:aws:lambda:us-east-1:175059541256:layer:nodejs:12"
            ],
            "logging_config": [
              {
                "application_log_level": "",
                "log_format": "Text",
                "log_group": "/cabal/lambda/list",
                "system_log_level": ""
              }
            ],
            "memory_size": 128,
            "package_type": "Zip",
            "publish": false,
            "qualified_arn": "arn:aws:lambda:us-east-1:175059541256:function:list:$LATEST",
            "qualified_invoke_arn": "arn:aws:apigateway:us-east-1:lambda:path/2015-03-31/functions/arn:aws:lambda:us-east-1:175059541256:function:list:$LATEST/invocations",
            "replace_security_groups_on_destroy": null,
            "replacement_security_group_ids": null,
            "reserved_concurrent_executions": -1,
            "role": "arn:aws:iam::175059541256:role/list_role",
            "runtime": "nodejs20.x",
            "s3_bucket": "admin.cabalmail.email",
            "s3_key": "lambda/list.zip",
            "s3_object_version": null,
            "signing_job_arn": "",
            "signing_profile_version_arn": "",
            "skip_destroy": false,
            "snap_start": [],
            "source_code_hash": "53cLEM/9PlXp3mdXiC+JfcoNnFxu9FVmmB09cHRDwiE=",
            "source_code_size": 811,
            "tags": null,
            "tags_all": {
              "environment": "development",
              "managed_by_terraform": "y",
              "terraform_repo": "https://github.com/cabalmail/cabal-infra"
            },
            "timeout": 30,
            "timeouts": null,
            "tracing_config": [
              {
                "mode": "PassThrough"
              }
            ],
            "version": "$LATEST",
            "vpc_config": []
          },
          "sensitive_attributes": [],
          "private": "eyJlMmJmYjczMC1lY2FhLTExZTYtOGY4OC0zNDM2M2JjN2M0YzAiOnsiY3JlYXRlIjo2MDAwMDAwMDAwMDAsImRlbGV0ZSI6NjAwMDAwMDAwMDAwLCJ1cGRhdGUiOjYwMDAwMDAwMDAwMH19",
          "dependencies": [
            "module.admin.data.aws_s3_objects.check",
            "module.admin.module.cabal_method.aws_cloudwatch_log_group.lambda_log",
            "module.admin.module.cabal_method.aws_iam_role.lambda",
            "module.admin.module.cabal_method.data.aws_s3_object.lambda_function_hash",
            "module.bucket.aws_s3_bucket.this",
            "module.domains.aws_route53_zone.mail_dns",
            "module.lambda_layers.aws_lambda_layer_version.layer",
            "module.lambda_layers.data.aws_s3_object.lambda_layer_hash",
            "module.lambda_layers.data.aws_s3_objects.check"
          ],
          "create_before_destroy": true
        }
      ]
    },
    {
      "module": "module.admin.module.cabal_method[\"list_attachments\"]",
      "mode": "data",
      "type": "aws_s3_object",
      "name": "lambda_function_hash",
      "provider": "provider[\"registry.terraform.io/hashicorp/aws\"]",
      "instances": [
        {
          "schema_version": 0,
          "attributes": {
            "arn": "arn:aws:s3:::admin.cabalmail.email/lambda/list_attachments.zip.base64sha256",
            "body": "rgF5nQ5J9yJYbqo5wYSzvUru6PEbTblC6CW3wTofonM=",
            "bucket": "admin.cabalmail.email",
            "bucket_key_enabled": false,
            "cache_control": "",
            "checksum_crc32": "",
            "checksum_crc32c": "",
            "checksum_crc64nvme": "",
            "checksum_mode": null,
            "checksum_sha1": "",
            "checksum_sha256": "",
            "content_disposition": "",
            "content_encoding": "",
            "content_language": "",
            "content_length": 44,
            "content_type": "text/plain",
            "etag": "a3a6bc7781b459675dc85652861ad6d5",
            "expiration": "",
            "expires": "",
            "id": "admin.cabalmail.email/lambda/list_attachments.zip.base64sha256",
            "key": "lambda/list_attachments.zip.base64sha256",
            "last_modified": "Sun, 15 Feb 2026 16:29:04 UTC",
            "metadata": {},
            "object_lock_legal_hold_status": "",
            "object_lock_mode": "",
            "object_lock_retain_until_date": "",
            "range": null,
            "server_side_encryption": "AES256",
            "sse_kms_key_id": "",
            "storage_class": "STANDARD",
            "tags": {},
            "version_id": "",
            "website_redirect_location": ""
          },
          "sensitive_attributes": []
        }
      ]
    },
    {
      "module": "module.admin.module.cabal_method[\"list_attachments\"]",
      "mode": "managed",
      "type": "aws_api_gateway_resource",
      "name": "api_call",
      "provider": "provider[\"registry.terraform.io/hashicorp/aws\"]",
      "instances": [
        {
          "schema_version": 0,
          "attributes": {
            "id": "ba6isb",
            "parent_id": "ouau5wwocd",
            "path": "/list_attachments",
            "path_part": "list_attachments",
            "rest_api_id": "on3fpyd717"
          },
          "sensitive_attributes": [],
          "private": "bnVsbA==",
          "dependencies": [
            "module.admin.aws_api_gateway_rest_api.gateway",
            "module.admin.data.aws_s3_objects.check",
            "module.bucket.aws_s3_bucket.this"
          ],
          "create_before_destroy": true
        }
      ]
    },
    {
      "module": "module.admin.module.cabal_method[\"list_attachments\"]",
      "mode": "managed",
      "type": "aws_cloudwatch_log_group",
      "name": "lambda_log",
      "provider": "provider[\"registry.terraform.io/hashicorp/aws\"]",
      "instances": [
        {
          "schema_version": 0,
          "attributes": {
            "arn": "arn:aws:logs:us-east-1:175059541256:log-group:/cabal/lambda/list_attachments",
            "id": "/cabal/lambda/list_attachments",
            "kms_key_id": "",
            "log_group_class": "STANDARD",
            "name": "/cabal/lambda/list_attachments",
            "name_prefix": "",
            "retention_in_days": 14,
            "skip_destroy": false,
            "tags": null,
            "tags_all": {
              "environment": "development",
              "managed_by_terraform": "y",
              "terraform_repo": "https://github.com/cabalmail/cabal-infra"
            }
          },
          "sensitive_attributes": [],
          "private": "bnVsbA==",
          "dependencies": [
            "module.admin.data.aws_s3_objects.check",
            "module.bucket.aws_s3_bucket.this"
          ],
          "create_before_destroy": true
        }
      ]
    },
    {
      "module": "module.admin.module.cabal_method[\"list_attachments\"]",
      "mode": "managed",
      "type": "aws_iam_role",
      "name": "lambda",
      "provider": "provider[\"registry.terraform.io/hashicorp/aws\"]",
      "instances": [
        {
          "schema_version": 0,
          "attributes": {
            "arn": "arn:aws:iam::175059541256:role/list_attachments_role",
            "assume_role_policy": "{\"Statement\":[{\"Action\":\"sts:AssumeRole\",\"Effect\":\"Allow\",\"Principal\":{\"Service\":\"lambda.amazonaws.com\"},\"Sid\":\"listattachmentsSid\"}],\"Version\":\"2012-10-17\"}",
            "create_date": "2026-02-15T16:32:13Z",
            "description": "",
            "force_detach_policies": false,
            "id": "list_attachments_role",
            "inline_policy": [],
            "managed_policy_arns": [],
            "max_session_duration": 3600,
            "name": "list_attachments_role",
            "name_prefix": "",
            "path": "/",
            "permissions_boundary": "",
            "tags": null,
            "tags_all": {
              "environment": "development",
              "managed_by_terraform": "y",
              "terraform_repo": "https://github.com/cabalmail/cabal-infra"
            },
            "unique_id": "AROASRQS4TUED222QOIPK"
          },
          "sensitive_attributes": [],
          "private": "bnVsbA==",
          "dependencies": [
            "module.admin.data.aws_s3_objects.check",
            "module.bucket.aws_s3_bucket.this"
          ],
          "create_before_destroy": true
        }
      ]
    },
    {
      "module": "module.admin.module.cabal_method[\"list_attachments\"]",
      "mode": "managed",
      "type": "aws_iam_role_policy",
      "name": "lambda",
      "provider": "provider[\"registry.terraform.io/hashicorp/aws\"]",
      "instances": [
        {
          "schema_version": 0,
          "attributes": {
            "id": "list_attachments_role:list_attachments_policy",
            "name": "list_attachments_policy",
            "name_prefix": "",
            "policy": "{\"Version\":\"2012-10-17\",\"Statement\":[{\"Action\":[\"ssm:DescribeParameters\"],\"Effect\":\"Allow\",\"Resource\":\"arn:aws:ssm:us-east-1:175059541256:*\"},{\"Action\":[\"ssm:GetParameter\"],\"Effect\":\"Allow\",\"Resource\":\"arn:aws:ssm:us-east-1:175059541256:parameter/cabal/master_password\"},{\"Action\":[\"s3:ListBucket\"],\"Effect\":\"Allow\",\"Resource\":\"arn:aws:s3:::cache.cabalmail.email\"},{\"Action\":[\"s3:PutObject\",\"s3:GetObject\"],\"Effect\":\"Allow\",\"Resource\":\"arn:aws:s3:::cache.cabalmail.email/*\"},{\"Action\":[\"ssm:StartSession\",\"ssm:SendCommand\"],\"Effect\":\"Allow\",\"Resource\":\"arn:aws:ec2:us-east-1:175059541256:instance/*\"},{\"Action\":\"ssm:SendCommand\",\"Effect\":\"Allow\",\"Resource\":\"arn:aws:ssm:us-east-1:175059541256:document/cabal_chef_document\"},{\"Action\":\"route53:ChangeResourceRecordSets\",\"Effect\":\"Allow\",\"Resource\":[\"arn:aws:route53:::hostedzone/Z08991561DT3P59F9ALJA\"]},{\"Action\":[\"logs:CreateLogStream\",\"logs:PutLogEvents\"],\"Effect\":\"Allow\",\"Resource\":[\"arn:aws:logs:us-east-1:175059541256:log-group:/aws/lambda/list_attachments:*\"]},{\"Action\":[\"dynamodb:BatchGetItem\",\"dynamodb:DeleteItem\",\"dynamodb:DescribeTable\",\"dynamodb:GetItem\",\"dynamodb:ListTables\",\"dynamodb:Query\",\"dynamodb:Scan\",\"dynamodb:PutItem\",\"dynamodb:ListTagsOfResource\",\"dynamodb:ListGlobalTables\",\"dynamodb:DescribeGlobalTable\"],\"Effect\":\"Allow\",\"Resource\":[\"arn:aws:dynamodb:us-east-1:175059541256:table/cabal-addresses\"]}]}",
            "role": "list_attachments_role"
          },
          "sensitive_attributes": [],
          "private": "bnVsbA==",
          "dependencies": [
            "module.admin.data.aws_caller_identity.current",
            "module.admin.data.aws_s3_objects.check",
            "module.admin.module.cabal_method.aws_cloudwatch_log_group.lambda_log",
            "module.admin.module.cabal_method.aws_iam_role.lambda",
            "module.admin.module.cabal_method.aws_lambda_function.api_call",
            "module.admin.module.cabal_method.data.aws_s3_object.lambda_function_hash",
            "module.bucket.aws_s3_bucket.this",
            "module.domains.aws_route53_zone.mail_dns",
            "module.lambda_layers.aws_lambda_layer_version.layer",
            "module.lambda_layers.data.aws_s3_object.lambda_layer_hash",
            "module.lambda_layers.data.aws_s3_objects.check"
          ],
          "create_before_destroy": true
        }
      ]
    },
    {
      "module": "module.admin.module.cabal_method[\"list_attachments\"]",
      "mode": "managed",
      "type": "aws_lambda_function",
      "name": "api_call",
      "provider": "provider[\"registry.terraform.io/hashicorp/aws\"]",
      "instances": [
        {
          "schema_version": 0,
          "attributes": {
            "architectures": [
              "arm64"
            ],
            "arn": "arn:aws:lambda:us-east-1:175059541256:function:list_attachments",
            "code_sha256": "rgF5nQ5J9yJYbqo5wYSzvUru6PEbTblC6CW3wTofonM=",
            "code_signing_config_arn": "",
            "dead_letter_config": [],
            "description": "",
            "environment": [
              {
                "variables": {
                  "CONTROL_DOMAIN": "cabalmail.email",
                  "DOMAINS": "{\"cabalmail.io\":\"Z08991561DT3P59F9ALJA\"}"
                }
              }
            ],
            "ephemeral_storage": [
              {
                "size": 512
              }
            ],
            "file_system_config": [],
            "filename": null,
            "function_name": "list_attachments",
            "handler": "function.handler",
            "id": "list_attachments",
            "image_config": [],
            "image_uri": "",
            "invoke_arn": "arn:aws:apigateway:us-east-1:lambda:path/2015-03-31/functions/arn:aws:lambda:us-east-1:175059541256:function:list_attachments/invocations",
            "kms_key_arn": "",
            "last_modified": "2026-02-15T16:32:48.729+0000",
            "layers": [
              "arn:aws:lambda:us-east-1:175059541256:layer:python:47"
            ],
            "logging_config": [
              {
                "application_log_level": "",
                "log_format": "Text",
                "log_group": "/cabal/lambda/list_attachments",
                "system_log_level": ""
              }
            ],
            "memory_size": 1024,
            "package_type": "Zip",
            "publish": false,
            "qualified_arn": "arn:aws:lambda:us-east-1:175059541256:function:list_attachments:$LATEST",
            "qualified_invoke_arn": "arn:aws:apigateway:us-east-1:lambda:path/2015-03-31/functions/arn:aws:lambda:us-east-1:175059541256:function:list_attachments:$LATEST/invocations",
            "replace_security_groups_on_destroy": null,
            "replacement_security_group_ids": null,
            "reserved_concurrent_executions": -1,
            "role": "arn:aws:iam::175059541256:role/list_attachments_role",
            "runtime": "python3.13",
            "s3_bucket": "admin.cabalmail.email",
            "s3_key": "lambda/list_attachments.zip",
            "s3_object_version": null,
            "signing_job_arn": "",
            "signing_profile_version_arn": "",
            "skip_destroy": false,
            "snap_start": [],
            "source_code_hash": "rgF5nQ5J9yJYbqo5wYSzvUru6PEbTblC6CW3wTofonM=",
            "source_code_size": 713,
            "tags": null,
            "tags_all": {
              "environment": "development",
              "managed_by_terraform": "y",
              "terraform_repo": "https://github.com/cabalmail/cabal-infra"
            },
            "timeout": 30,
            "timeouts": null,
            "tracing_config": [
              {
                "mode": "PassThrough"
              }
            ],
            "version": "$LATEST",
            "vpc_config": []
          },
          "sensitive_attributes": [],
          "private": "eyJlMmJmYjczMC1lY2FhLTExZTYtOGY4OC0zNDM2M2JjN2M0YzAiOnsiY3JlYXRlIjo2MDAwMDAwMDAwMDAsImRlbGV0ZSI6NjAwMDAwMDAwMDAwLCJ1cGRhdGUiOjYwMDAwMDAwMDAwMH19",
          "dependencies": [
            "module.admin.data.aws_s3_objects.check",
            "module.admin.module.cabal_method.aws_cloudwatch_log_group.lambda_log",
            "module.admin.module.cabal_method.aws_iam_role.lambda",
            "module.admin.module.cabal_method.data.aws_s3_object.lambda_function_hash",
            "module.bucket.aws_s3_bucket.this",
            "module.domains.aws_route53_zone.mail_dns",
            "module.lambda_layers.aws_lambda_layer_version.layer",
            "module.lambda_layers.data.aws_s3_object.lambda_layer_hash",
            "module.lambda_layers.data.aws_s3_objects.check"
          ],
          "create_before_destroy": true
        }
      ]
    },
    {
      "module": "module.admin.module.cabal_method[\"list_envelopes\"]",
      "mode": "data",
      "type": "aws_s3_object",
      "name": "lambda_function_hash",
      "provider": "provider[\"registry.terraform.io/hashicorp/aws\"]",
      "instances": [
        {
          "schema_version": 0,
          "attributes": {
            "arn": "arn:aws:s3:::admin.cabalmail.email/lambda/list_envelopes.zip.base64sha256",
            "body": "EKLh3Vvsn7v3PME5uqhos/IIuZ77R4dgV3fByE0Nq6c=",
            "bucket": "admin.cabalmail.email",
            "bucket_key_enabled": false,
            "cache_control": "",
            "checksum_crc32": "",
            "checksum_crc32c": "",
            "checksum_crc64nvme": "",
            "checksum_mode": null,
            "checksum_sha1": "",
            "checksum_sha256": "",
            "content_disposition": "",
            "content_encoding": "",
            "content_language": "",
            "content_length": 44,
            "content_type": "text/plain",
            "etag": "080d1bec9e3be315f39e73e6e2038a75",
            "expiration": "",
            "expires": "",
            "id": "admin.cabalmail.email/lambda/list_envelopes.zip.base64sha256",
            "key": "lambda/list_envelopes.zip.base64sha256",
            "last_modified": "Sun, 15 Feb 2026 16:29:06 UTC",
            "metadata": {},
            "object_lock_legal_hold_status": "",
            "object_lock_mode": "",
            "object_lock_retain_until_date": "",
            "range": null,
            "server_side_encryption": "AES256",
            "sse_kms_key_id": "",
            "storage_class": "STANDARD",
            "tags": {},
            "version_id": "",
            "website_redirect_location": ""
          },
          "sensitive_attributes": []
        }
      ]
    },
    {
      "module": "module.admin.module.cabal_method[\"list_envelopes\"]",
      "mode": "managed",
      "type": "aws_api_gateway_resource",
      "name": "api_call",
      "provider": "provider[\"registry.terraform.io/hashicorp/aws\"]",
      "instances": [
        {
          "schema_version": 0,
          "attributes": {
            "id": "sa5lii",
            "parent_id": "ouau5wwocd",
            "path": "/list_envelopes",
            "path_part": "list_envelopes",
            "rest_api_id": "on3fpyd717"
          },
          "sensitive_attributes": [],
          "private": "bnVsbA==",
          "dependencies": [
            "module.admin.aws_api_gateway_rest_api.gateway",
            "module.admin.data.aws_s3_objects.check",
            "module.bucket.aws_s3_bucket.this"
          ],
          "create_before_destroy": true
        }
      ]
    },
    {
      "module": "module.admin.module.cabal_method[\"list_envelopes\"]",
      "mode": "managed",
      "type": "aws_cloudwatch_log_group",
      "name": "lambda_log",
      "provider": "provider[\"registry.terraform.io/hashicorp/aws\"]",
      "instances": [
        {
          "schema_version": 0,
          "attributes": {
            "arn": "arn:aws:logs:us-east-1:175059541256:log-group:/cabal/lambda/list_envelopes",
            "id": "/cabal/lambda/list_envelopes",
            "kms_key_id": "",
            "log_group_class": "STANDARD",
            "name": "/cabal/lambda/list_envelopes",
            "name_prefix": "",
            "retention_in_days": 14,
            "skip_destroy": false,
            "tags": null,
            "tags_all": {
              "environment": "development",
              "managed_by_terraform": "y",
              "terraform_repo": "https://github.com/cabalmail/cabal-infra"
            }
          },
          "sensitive_attributes": [],
          "private": "bnVsbA==",
          "dependencies": [
            "module.admin.data.aws_s3_objects.check",
            "module.bucket.aws_s3_bucket.this"
          ],
          "create_before_destroy": true
        }
      ]
    },
    {
      "module": "module.admin.module.cabal_method[\"list_envelopes\"]",
      "mode": "managed",
      "type": "aws_iam_role",
      "name": "lambda",
      "provider": "provider[\"registry.terraform.io/hashicorp/aws\"]",
      "instances": [
        {
          "schema_version": 0,
          "attributes": {
            "arn": "arn:aws:iam::175059541256:role/list_envelopes_role",
            "assume_role_policy": "{\"Statement\":[{\"Action\":\"sts:AssumeRole\",\"Effect\":\"Allow\",\"Principal\":{\"Service\":\"lambda.amazonaws.com\"},\"Sid\":\"listenvelopesSid\"}],\"Version\":\"2012-10-17\"}",
            "create_date": "2026-02-15T16:32:13Z",
            "description": "",
            "force_detach_policies": false,
            "id": "list_envelopes_role",
            "inline_policy": [],
            "managed_policy_arns": [],
            "max_session_duration": 3600,
            "name": "list_envelopes_role",
            "name_prefix": "",
            "path": "/",
            "permissions_boundary": "",
            "tags": null,
            "tags_all": {
              "environment": "development",
              "managed_by_terraform": "y",
              "terraform_repo": "https://github.com/cabalmail/cabal-infra"
            },
            "unique_id": "AROASRQS4TUEDQCJHPMAA"
          },
          "sensitive_attributes": [],
          "private": "bnVsbA==",
          "dependencies": [
            "module.admin.data.aws_s3_objects.check",
            "module.bucket.aws_s3_bucket.this"
          ],
          "create_before_destroy": true
        }
      ]
    },
    {
      "module": "module.admin.module.cabal_method[\"list_envelopes\"]",
      "mode": "managed",
      "type": "aws_iam_role_policy",
      "name": "lambda",
      "provider": "provider[\"registry.terraform.io/hashicorp/aws\"]",
      "instances": [
        {
          "schema_version": 0,
          "attributes": {
            "id": "list_envelopes_role:list_envelopes_policy",
            "name": "list_envelopes_policy",
            "name_prefix": "",
            "policy": "{\"Version\":\"2012-10-17\",\"Statement\":[{\"Action\":[\"ssm:DescribeParameters\"],\"Effect\":\"Allow\",\"Resource\":\"arn:aws:ssm:us-east-1:175059541256:*\"},{\"Action\":[\"ssm:GetParameter\"],\"Effect\":\"Allow\",\"Resource\":\"arn:aws:ssm:us-east-1:175059541256:parameter/cabal/master_password\"},{\"Action\":[\"s3:ListBucket\"],\"Effect\":\"Allow\",\"Resource\":\"arn:aws:s3:::cache.cabalmail.email\"},{\"Action\":[\"s3:PutObject\",\"s3:GetObject\"],\"Effect\":\"Allow\",\"Resource\":\"arn:aws:s3:::cache.cabalmail.email/*\"},{\"Action\":[\"ssm:StartSession\",\"ssm:SendCommand\"],\"Effect\":\"Allow\",\"Resource\":\"arn:aws:ec2:us-east-1:175059541256:instance/*\"},{\"Action\":\"ssm:SendCommand\",\"Effect\":\"Allow\",\"Resource\":\"arn:aws:ssm:us-east-1:175059541256:document/cabal_chef_document\"},{\"Action\":\"route53:ChangeResourceRecordSets\",\"Effect\":\"Allow\",\"Resource\":[\"arn:aws:route53:::hostedzone/Z08991561DT3P59F9ALJA\"]},{\"Action\":[\"logs:CreateLogStream\",\"logs:PutLogEvents\"],\"Effect\":\"Allow\",\"Resource\":[\"arn:aws:logs:us-east-1:175059541256:log-group:/aws/lambda/list_envelopes:*\"]},{\"Action\":[\"dynamodb:BatchGetItem\",\"dynamodb:DeleteItem\",\"dynamodb:DescribeTable\",\"dynamodb:GetItem\",\"dynamodb:ListTables\",\"dynamodb:Query\",\"dynamodb:Scan\",\"dynamodb:PutItem\",\"dynamodb:ListTagsOfResource\",\"dynamodb:ListGlobalTables\",\"dynamodb:DescribeGlobalTable\"],\"Effect\":\"Allow\",\"Resource\":[\"arn:aws:dynamodb:us-east-1:175059541256:table/cabal-addresses\"]}]}",
            "role": "list_envelopes_role"
          },
          "sensitive_attributes": [],
          "private": "bnVsbA==",
          "dependencies": [
            "module.admin.data.aws_caller_identity.current",
            "module.admin.data.aws_s3_objects.check",
            "module.admin.module.cabal_method.aws_cloudwatch_log_group.lambda_log",
            "module.admin.module.cabal_method.aws_iam_role.lambda",
            "module.admin.module.cabal_method.aws_lambda_function.api_call",
            "module.admin.module.cabal_method.data.aws_s3_object.lambda_function_hash",
            "module.bucket.aws_s3_bucket.this",
            "module.domains.aws_route53_zone.mail_dns",
            "module.lambda_layers.aws_lambda_layer_version.layer",
            "module.lambda_layers.data.aws_s3_object.lambda_layer_hash",
            "module.lambda_layers.data.aws_s3_objects.check"
          ],
          "create_before_destroy": true
        }
      ]
    },
    {
      "module": "module.admin.module.cabal_method[\"list_envelopes\"]",
      "mode": "managed",
      "type": "aws_lambda_function",
      "name": "api_call",
      "provider": "provider[\"registry.terraform.io/hashicorp/aws\"]",
      "instances": [
        {
          "schema_version": 0,
          "attributes": {
            "architectures": [
              "arm64"
            ],
            "arn": "arn:aws:lambda:us-east-1:175059541256:function:list_envelopes",
            "code_sha256": "EKLh3Vvsn7v3PME5uqhos/IIuZ77R4dgV3fByE0Nq6c=",
            "code_signing_config_arn": "",
            "dead_letter_config": [],
            "description": "",
            "environment": [
              {
                "variables": {
                  "CONTROL_DOMAIN": "cabalmail.email",
                  "DOMAINS": "{\"cabalmail.io\":\"Z08991561DT3P59F9ALJA\"}"
                }
              }
            ],
            "ephemeral_storage": [
              {
                "size": 512
              }
            ],
            "file_system_config": [],
            "filename": null,
            "function_name": "list_envelopes",
            "handler": "function.handler",
            "id": "list_envelopes",
            "image_config": [],
            "image_uri": "",
            "invoke_arn": "arn:aws:apigateway:us-east-1:lambda:path/2015-03-31/functions/arn:aws:lambda:us-east-1:175059541256:function:list_envelopes/invocations",
            "kms_key_arn": "",
            "last_modified": "2026-02-15T16:32:30.459+0000",
            "layers": [
              "arn:aws:lambda:us-east-1:175059541256:layer:python:47"
            ],
            "logging_config": [
              {
                "application_log_level": "",
                "log_format": "Text",
                "log_group": "/cabal/lambda/list_envelopes",
                "system_log_level": ""
              }
            ],
            "memory_size": 128,
            "package_type": "Zip",
            "publish": false,
            "qualified_arn": "arn:aws:lambda:us-east-1:175059541256:function:list_envelopes:$LATEST",
            "qualified_invoke_arn": "arn:aws:apigateway:us-east-1:lambda:path/2015-03-31/functions/arn:aws:lambda:us-east-1:175059541256:function:list_envelopes:$LATEST/invocations",
            "replace_security_groups_on_destroy": null,
            "replacement_security_group_ids": null,
            "reserved_concurrent_executions": -1,
            "role": "arn:aws:iam::175059541256:role/list_envelopes_role",
            "runtime": "python3.13",
            "s3_bucket": "admin.cabalmail.email",
            "s3_key": "lambda/list_envelopes.zip",
            "s3_object_version": null,
            "signing_job_arn": "",
            "signing_profile_version_arn": "",
            "skip_destroy": false,
            "snap_start": [],
            "source_code_hash": "EKLh3Vvsn7v3PME5uqhos/IIuZ77R4dgV3fByE0Nq6c=",
            "source_code_size": 1316,
            "tags": null,
            "tags_all": {
              "environment": "development",
              "managed_by_terraform": "y",
              "terraform_repo": "https://github.com/cabalmail/cabal-infra"
            },
            "timeout": 30,
            "timeouts": null,
            "tracing_config": [
              {
                "mode": "PassThrough"
              }
            ],
            "version": "$LATEST",
            "vpc_config": []
          },
          "sensitive_attributes": [],
          "private": "eyJlMmJmYjczMC1lY2FhLTExZTYtOGY4OC0zNDM2M2JjN2M0YzAiOnsiY3JlYXRlIjo2MDAwMDAwMDAwMDAsImRlbGV0ZSI6NjAwMDAwMDAwMDAwLCJ1cGRhdGUiOjYwMDAwMDAwMDAwMH19",
          "dependencies": [
            "module.admin.data.aws_s3_objects.check",
            "module.admin.module.cabal_method.aws_cloudwatch_log_group.lambda_log",
            "module.admin.module.cabal_method.aws_iam_role.lambda",
            "module.admin.module.cabal_method.data.aws_s3_object.lambda_function_hash",
            "module.bucket.aws_s3_bucket.this",
            "module.domains.aws_route53_zone.mail_dns",
            "module.lambda_layers.aws_lambda_layer_version.layer",
            "module.lambda_layers.data.aws_s3_object.lambda_layer_hash",
            "module.lambda_layers.data.aws_s3_objects.check"
          ],
          "create_before_destroy": true
        }
      ]
    },
    {
      "module": "module.admin.module.cabal_method[\"list_folders\"]",
      "mode": "data",
      "type": "aws_s3_object",
      "name": "lambda_function_hash",
      "provider": "provider[\"registry.terraform.io/hashicorp/aws\"]",
      "instances": [
        {
          "schema_version": 0,
          "attributes": {
            "arn": "arn:aws:s3:::admin.cabalmail.email/lambda/list_folders.zip.base64sha256",
            "body": "zSSqPeU/eRPcKgl6SibZ3uzeMrjGboP/eigGZDLLuPY=",
            "bucket": "admin.cabalmail.email",
            "bucket_key_enabled": false,
            "cache_control": "",
            "checksum_crc32": "",
            "checksum_crc32c": "",
            "checksum_crc64nvme": "",
            "checksum_mode": null,
            "checksum_sha1": "",
            "checksum_sha256": "",
            "content_disposition": "",
            "content_encoding": "",
            "content_language": "",
            "content_length": 44,
            "content_type": "text/plain",
            "etag": "6eb570e61c25d9fca5b005a108f25f48",
            "expiration": "",
            "expires": "",
            "id": "admin.cabalmail.email/lambda/list_folders.zip.base64sha256",
            "key": "lambda/list_folders.zip.base64sha256",
            "last_modified": "Sun, 15 Feb 2026 16:29:09 UTC",
            "metadata": {},
            "object_lock_legal_hold_status": "",
            "object_lock_mode": "",
            "object_lock_retain_until_date": "",
            "range": null,
            "server_side_encryption": "AES256",
            "sse_kms_key_id": "",
            "storage_class": "STANDARD",
            "tags": {},
            "version_id": "",
            "website_redirect_location": ""
          },
          "sensitive_attributes": []
        }
      ]
    },
    {
      "module": "module.admin.module.cabal_method[\"list_folders\"]",
      "mode": "managed",
      "type": "aws_api_gateway_resource",
      "name": "api_call",
      "provider": "provider[\"registry.terraform.io/hashicorp/aws\"]",
      "instances": [
        {
          "schema_version": 0,
          "attributes": {
            "id": "03enwc",
            "parent_id": "ouau5wwocd",
            "path": "/list_folders",
            "path_part": "list_folders",
            "rest_api_id": "on3fpyd717"
          },
          "sensitive_attributes": [],
          "private": "bnVsbA==",
          "dependencies": [
            "module.admin.aws_api_gateway_rest_api.gateway",
            "module.admin.data.aws_s3_objects.check",
            "module.bucket.aws_s3_bucket.this"
          ],
          "create_before_destroy": true
        }
      ]
    },
    {
      "module": "module.admin.module.cabal_method[\"list_folders\"]",
      "mode": "managed",
      "type": "aws_cloudwatch_log_group",
      "name": "lambda_log",
      "provider": "provider[\"registry.terraform.io/hashicorp/aws\"]",
      "instances": [
        {
          "schema_version": 0,
          "attributes": {
            "arn": "arn:aws:logs:us-east-1:175059541256:log-group:/cabal/lambda/list_folders",
            "id": "/cabal/lambda/list_folders",
            "kms_key_id": "",
            "log_group_class": "STANDARD",
            "name": "/cabal/lambda/list_folders",
            "name_prefix": "",
            "retention_in_days": 14,
            "skip_destroy": false,
            "tags": null,
            "tags_all": {
              "environment": "development",
              "managed_by_terraform": "y",
              "terraform_repo": "https://github.com/cabalmail/cabal-infra"
            }
          },
          "sensitive_attributes": [],
          "private": "bnVsbA==",
          "dependencies": [
            "module.admin.data.aws_s3_objects.check",
            "module.bucket.aws_s3_bucket.this"
          ],
          "create_before_destroy": true
        }
      ]
    },
    {
      "module": "module.admin.module.cabal_method[\"list_folders\"]",
      "mode": "managed",
      "type": "aws_iam_role",
      "name": "lambda",
      "provider": "provider[\"registry.terraform.io/hashicorp/aws\"]",
      "instances": [
        {
          "schema_version": 0,
          "attributes": {
            "arn": "arn:aws:iam::175059541256:role/list_folders_role",
            "assume_role_policy": "{\"Statement\":[{\"Action\":\"sts:AssumeRole\",\"Effect\":\"Allow\",\"Principal\":{\"Service\":\"lambda.amazonaws.com\"},\"Sid\":\"listfoldersSid\"}],\"Version\":\"2012-10-17\"}",
            "create_date": "2026-02-15T16:32:12Z",
            "description": "",
            "force_detach_policies": false,
            "id": "list_folders_role",
            "inline_policy": [],
            "managed_policy_arns": [],
            "max_session_duration": 3600,
            "name": "list_folders_role",
            "name_prefix": "",
            "path": "/",
            "permissions_boundary": "",
            "tags": null,
            "tags_all": {
              "environment": "development",
              "managed_by_terraform": "y",
              "terraform_repo": "https://github.com/cabalmail/cabal-infra"
            },
            "unique_id": "AROASRQS4TUEL4D4GMB2W"
          },
          "sensitive_attributes": [],
          "private": "bnVsbA==",
          "dependencies": [
            "module.admin.data.aws_s3_objects.check",
            "module.bucket.aws_s3_bucket.this"
          ],
          "create_before_destroy": true
        }
      ]
    },
    {
      "module": "module.admin.module.cabal_method[\"list_folders\"]",
      "mode": "managed",
      "type": "aws_iam_role_policy",
      "name": "lambda",
      "provider": "provider[\"registry.terraform.io/hashicorp/aws\"]",
      "instances": [
        {
          "schema_version": 0,
          "attributes": {
            "id": "list_folders_role:list_folders_policy",
            "name": "list_folders_policy",
            "name_prefix": "",
            "policy": "{\"Version\":\"2012-10-17\",\"Statement\":[{\"Action\":[\"ssm:DescribeParameters\"],\"Effect\":\"Allow\",\"Resource\":\"arn:aws:ssm:us-east-1:175059541256:*\"},{\"Action\":[\"ssm:GetParameter\"],\"Effect\":\"Allow\",\"Resource\":\"arn:aws:ssm:us-east-1:175059541256:parameter/cabal/master_password\"},{\"Action\":[\"s3:ListBucket\"],\"Effect\":\"Allow\",\"Resource\":\"arn:aws:s3:::cache.cabalmail.email\"},{\"Action\":[\"s3:PutObject\",\"s3:GetObject\"],\"Effect\":\"Allow\",\"Resource\":\"arn:aws:s3:::cache.cabalmail.email/*\"},{\"Action\":[\"ssm:StartSession\",\"ssm:SendCommand\"],\"Effect\":\"Allow\",\"Resource\":\"arn:aws:ec2:us-east-1:175059541256:instance/*\"},{\"Action\":\"ssm:SendCommand\",\"Effect\":\"Allow\",\"Resource\":\"arn:aws:ssm:us-east-1:175059541256:document/cabal_chef_document\"},{\"Action\":\"route53:ChangeResourceRecordSets\",\"Effect\":\"Allow\",\"Resource\":[\"arn:aws:route53:::hostedzone/Z08991561DT3P59F9ALJA\"]},{\"Action\":[\"logs:CreateLogStream\",\"logs:PutLogEvents\"],\"Effect\":\"Allow\",\"Resource\":[\"arn:aws:logs:us-east-1:175059541256:log-group:/aws/lambda/list_folders:*\"]},{\"Action\":[\"dynamodb:BatchGetItem\",\"dynamodb:DeleteItem\",\"dynamodb:DescribeTable\",\"dynamodb:GetItem\",\"dynamodb:ListTables\",\"dynamodb:Query\",\"dynamodb:Scan\",\"dynamodb:PutItem\",\"dynamodb:ListTagsOfResource\",\"dynamodb:ListGlobalTables\",\"dynamodb:DescribeGlobalTable\"],\"Effect\":\"Allow\",\"Resource\":[\"arn:aws:dynamodb:us-east-1:175059541256:table/cabal-addresses\"]}]}",
            "role": "list_folders_role"
          },
          "sensitive_attributes": [],
          "private": "bnVsbA==",
          "dependencies": [
            "module.admin.data.aws_caller_identity.current",
            "module.admin.data.aws_s3_objects.check",
            "module.admin.module.cabal_method.aws_cloudwatch_log_group.lambda_log",
            "module.admin.module.cabal_method.aws_iam_role.lambda",
            "module.admin.module.cabal_method.aws_lambda_function.api_call",
            "module.admin.module.cabal_method.data.aws_s3_object.lambda_function_hash",
            "module.bucket.aws_s3_bucket.this",
            "module.domains.aws_route53_zone.mail_dns",
            "module.lambda_layers.aws_lambda_layer_version.layer",
            "module.lambda_layers.data.aws_s3_object.lambda_layer_hash",
            "module.lambda_layers.data.aws_s3_objects.check"
          ],
          "create_before_destroy": true
        }
      ]
    },
    {
      "module": "module.admin.module.cabal_method[\"list_folders\"]",
      "mode": "managed",
      "type": "aws_lambda_function",
      "name": "api_call",
      "provider": "provider[\"registry.terraform.io/hashicorp/aws\"]",
      "instances": [
        {
          "schema_version": 0,
          "attributes": {
            "architectures": [
              "arm64"
            ],
            "arn": "arn:aws:lambda:us-east-1:175059541256:function:list_folders",
            "code_sha256": "zSSqPeU/eRPcKgl6SibZ3uzeMrjGboP/eigGZDLLuPY=",
            "code_signing_config_arn": "",
            "dead_letter_config": [],
            "description": "",
            "environment": [
              {
                "variables": {
                  "CONTROL_DOMAIN": "cabalmail.email",
                  "DOMAINS": "{\"cabalmail.io\":\"Z08991561DT3P59F9ALJA\"}"
                }
              }
            ],
            "ephemeral_storage": [
              {
                "size": 512
              }
            ],
            "file_system_config": [],
            "filename": null,
            "function_name": "list_folders",
            "handler": "function.handler",
            "id": "list_folders",
            "image_config": [],
            "image_uri": "",
            "invoke_arn": "arn:aws:apigateway:us-east-1:lambda:path/2015-03-31/functions/arn:aws:lambda:us-east-1:175059541256:function:list_folders/invocations",
            "kms_key_arn": "",
            "last_modified": "2026-02-15T16:32:43.773+0000",
            "layers": [
              "arn:aws:lambda:us-east-1:175059541256:layer:python:47"
            ],
            "logging_config": [
              {
                "application_log_level": "",
                "log_format": "Text",
                "log_group": "/cabal/lambda/list_folders",
                "system_log_level": ""
              }
            ],
            "memory_size": 128,
            "package_type": "Zip",
            "publish": false,
            "qualified_arn": "arn:aws:lambda:us-east-1:175059541256:function:list_folders:$LATEST",
            "qualified_invoke_arn": "arn:aws:apigateway:us-east-1:lambda:path/2015-03-31/functions/arn:aws:lambda:us-east-1:175059541256:function:list_folders:$LATEST/invocations",
            "replace_security_groups_on_destroy": null,
            "replacement_security_group_ids": null,
            "reserved_concurrent_executions": -1,
            "role": "arn:aws:iam::175059541256:role/list_folders_role",
            "runtime": "python3.13",
            "s3_bucket": "admin.cabalmail.email",
            "s3_key": "lambda/list_folders.zip",
            "s3_object_version": null,
            "signing_job_arn": "",
            "signing_profile_version_arn": "",
            "skip_destroy": false,
            "snap_start": [],
            "source_code_hash": "zSSqPeU/eRPcKgl6SibZ3uzeMrjGboP/eigGZDLLuPY=",
            "source_code_size": 571,
            "tags": null,
            "tags_all": {
              "environment": "development",
              "managed_by_terraform": "y",
              "terraform_repo": "https://github.com/cabalmail/cabal-infra"
            },
            "timeout": 30,
            "timeouts": null,
            "tracing_config": [
              {
                "mode": "PassThrough"
              }
            ],
            "version": "$LATEST",
            "vpc_config": []
          },
          "sensitive_attributes": [],
          "private": "eyJlMmJmYjczMC1lY2FhLTExZTYtOGY4OC0zNDM2M2JjN2M0YzAiOnsiY3JlYXRlIjo2MDAwMDAwMDAwMDAsImRlbGV0ZSI6NjAwMDAwMDAwMDAwLCJ1cGRhdGUiOjYwMDAwMDAwMDAwMH19",
          "dependencies": [
            "module.admin.data.aws_s3_objects.check",
            "module.admin.module.cabal_method.aws_cloudwatch_log_group.lambda_log",
            "module.admin.module.cabal_method.aws_iam_role.lambda",
            "module.admin.module.cabal_method.data.aws_s3_object.lambda_function_hash",
            "module.bucket.aws_s3_bucket.this",
            "module.domains.aws_route53_zone.mail_dns",
            "module.lambda_layers.aws_lambda_layer_version.layer",
            "module.lambda_layers.data.aws_s3_object.lambda_layer_hash",
            "module.lambda_layers.data.aws_s3_objects.check"
          ],
          "create_before_destroy": true
        }
      ]
    },
    {
      "module": "module.admin.module.cabal_method[\"list_messages\"]",
      "mode": "data",
      "type": "aws_s3_object",
      "name": "lambda_function_hash",
      "provider": "provider[\"registry.terraform.io/hashicorp/aws\"]",
      "instances": [
        {
          "schema_version": 0,
          "attributes": {
            "arn": "arn:aws:s3:::admin.cabalmail.email/lambda/list_messages.zip.base64sha256",
            "body": "wfZoj9kqyVM2yGERIQ29Nqxih3QMhpjrU+D+YWhCCgQ=",
            "bucket": "admin.cabalmail.email",
            "bucket_key_enabled": false,
            "cache_control": "",
            "checksum_crc32": "",
            "checksum_crc32c": "",
            "checksum_crc64nvme": "",
            "checksum_mode": null,
            "checksum_sha1": "",
            "checksum_sha256": "",
            "content_disposition": "",
            "content_encoding": "",
            "content_language": "",
            "content_length": 44,
            "content_type": "text/plain",
            "etag": "e271a1ab1ed465f122a5bee1f3def098",
            "expiration": "",
            "expires": "",
            "id": "admin.cabalmail.email/lambda/list_messages.zip.base64sha256",
            "key": "lambda/list_messages.zip.base64sha256",
            "last_modified": "Sun, 15 Feb 2026 16:29:11 UTC",
            "metadata": {},
            "object_lock_legal_hold_status": "",
            "object_lock_mode": "",
            "object_lock_retain_until_date": "",
            "range": null,
            "server_side_encryption": "AES256",
            "sse_kms_key_id": "",
            "storage_class": "STANDARD",
            "tags": {},
            "version_id": "",
            "website_redirect_location": ""
          },
          "sensitive_attributes": []
        }
      ]
    },
    {
      "module": "module.admin.module.cabal_method[\"list_messages\"]",
      "mode": "managed",
      "type": "aws_api_gateway_resource",
      "name": "api_call",
      "provider": "provider[\"registry.terraform.io/hashicorp/aws\"]",
      "instances": [
        {
          "schema_version": 0,
          "attributes": {
            "id": "g5fjjq",
            "parent_id": "ouau5wwocd",
            "path": "/list_messages",
            "path_part": "list_messages",
            "rest_api_id": "on3fpyd717"
          },
          "sensitive_attributes": [],
          "private": "bnVsbA==",
          "dependencies": [
            "module.admin.aws_api_gateway_rest_api.gateway",
            "module.admin.data.aws_s3_objects.check",
            "module.bucket.aws_s3_bucket.this"
          ],
          "create_before_destroy": true
        }
      ]
    },
    {
      "module": "module.admin.module.cabal_method[\"list_messages\"]",
      "mode": "managed",
      "type": "aws_cloudwatch_log_group",
      "name": "lambda_log",
      "provider": "provider[\"registry.terraform.io/hashicorp/aws\"]",
      "instances": [
        {
          "schema_version": 0,
          "attributes": {
            "arn": "arn:aws:logs:us-east-1:175059541256:log-group:/cabal/lambda/list_messages",
            "id": "/cabal/lambda/list_messages",
            "kms_key_id": "",
            "log_group_class": "STANDARD",
            "name": "/cabal/lambda/list_messages",
            "name_prefix": "",
            "retention_in_days": 14,
            "skip_destroy": false,
            "tags": null,
            "tags_all": {
              "environment": "development",
              "managed_by_terraform": "y",
              "terraform_repo": "https://github.com/cabalmail/cabal-infra"
            }
          },
          "sensitive_attributes": [],
          "private": "bnVsbA==",
          "dependencies": [
            "module.admin.data.aws_s3_objects.check",
            "module.bucket.aws_s3_bucket.this"
          ],
          "create_before_destroy": true
        }
      ]
    },
    {
      "module": "module.admin.module.cabal_method[\"list_messages\"]",
      "mode": "managed",
      "type": "aws_iam_role",
      "name": "lambda",
      "provider": "provider[\"registry.terraform.io/hashicorp/aws\"]",
      "instances": [
        {
          "schema_version": 0,
          "attributes": {
            "arn": "arn:aws:iam::175059541256:role/list_messages_role",
            "assume_role_policy": "{\"Statement\":[{\"Action\":\"sts:AssumeRole\",\"Effect\":\"Allow\",\"Principal\":{\"Service\":\"lambda.amazonaws.com\"},\"Sid\":\"listmessagesSid\"}],\"Version\":\"2012-10-17\"}",
            "create_date": "2026-02-15T16:32:11Z",
            "description": "",
            "force_detach_policies": false,
            "id": "list_messages_role",
            "inline_policy": [],
            "managed_policy_arns": [],
            "max_session_duration": 3600,
            "name": "list_messages_role",
            "name_prefix": "",
            "path": "/",
            "permissions_boundary": "",
            "tags": null,
            "tags_all": {
              "environment": "development",
              "managed_by_terraform": "y",
              "terraform_repo": "https://github.com/cabalmail/cabal-infra"
            },
            "unique_id": "AROASRQS4TUEP2KMKIMXM"
          },
          "sensitive_attributes": [],
          "private": "bnVsbA==",
          "dependencies": [
            "module.admin.data.aws_s3_objects.check",
            "module.bucket.aws_s3_bucket.this"
          ],
          "create_before_destroy": true
        }
      ]
    },
    {
      "module": "module.admin.module.cabal_method[\"list_messages\"]",
      "mode": "managed",
      "type": "aws_iam_role_policy",
      "name": "lambda",
      "provider": "provider[\"registry.terraform.io/hashicorp/aws\"]",
      "instances": [
        {
          "schema_version": 0,
          "attributes": {
            "id": "list_messages_role:list_messages_policy",
            "name": "list_messages_policy",
            "name_prefix": "",
            "policy": "{\"Version\":\"2012-10-17\",\"Statement\":[{\"Action\":[\"ssm:DescribeParameters\"],\"Effect\":\"Allow\",\"Resource\":\"arn:aws:ssm:us-east-1:175059541256:*\"},{\"Action\":[\"ssm:GetParameter\"],\"Effect\":\"Allow\",\"Resource\":\"arn:aws:ssm:us-east-1:175059541256:parameter/cabal/master_password\"},{\"Action\":[\"s3:ListBucket\"],\"Effect\":\"Allow\",\"Resource\":\"arn:aws:s3:::cache.cabalmail.email\"},{\"Action\":[\"s3:PutObject\",\"s3:GetObject\"],\"Effect\":\"Allow\",\"Resource\":\"arn:aws:s3:::cache.cabalmail.email/*\"},{\"Action\":[\"ssm:StartSession\",\"ssm:SendCommand\"],\"Effect\":\"Allow\",\"Resource\":\"arn:aws:ec2:us-east-1:175059541256:instance/*\"},{\"Action\":\"ssm:SendCommand\",\"Effect\":\"Allow\",\"Resource\":\"arn:aws:ssm:us-east-1:175059541256:document/cabal_chef_document\"},{\"Action\":\"route53:ChangeResourceRecordSets\",\"Effect\":\"Allow\",\"Resource\":[\"arn:aws:route53:::hostedzone/Z08991561DT3P59F9ALJA\"]},{\"Action\":[\"logs:CreateLogStream\",\"logs:PutLogEvents\"],\"Effect\":\"Allow\",\"Resource\":[\"arn:aws:logs:us-east-1:175059541256:log-group:/aws/lambda/list_messages:*\"]},{\"Action\":[\"dynamodb:BatchGetItem\",\"dynamodb:DeleteItem\",\"dynamodb:DescribeTable\",\"dynamodb:GetItem\",\"dynamodb:ListTables\",\"dynamodb:Query\",\"dynamodb:Scan\",\"dynamodb:PutItem\",\"dynamodb:ListTagsOfResource\",\"dynamodb:ListGlobalTables\",\"dynamodb:DescribeGlobalTable\"],\"Effect\":\"Allow\",\"Resource\":[\"arn:aws:dynamodb:us-east-1:175059541256:table/cabal-addresses\"]}]}",
            "role": "list_messages_role"
          },
          "sensitive_attributes": [],
          "private": "bnVsbA==",
          "dependencies": [
            "module.admin.data.aws_caller_identity.current",
            "module.admin.data.aws_s3_objects.check",
            "module.admin.module.cabal_method.aws_cloudwatch_log_group.lambda_log",
            "module.admin.module.cabal_method.aws_iam_role.lambda",
            "module.admin.module.cabal_method.aws_lambda_function.api_call",
            "module.admin.module.cabal_method.data.aws_s3_object.lambda_function_hash",
            "module.bucket.aws_s3_bucket.this",
            "module.domains.aws_route53_zone.mail_dns",
            "module.lambda_layers.aws_lambda_layer_version.layer",
            "module.lambda_layers.data.aws_s3_object.lambda_layer_hash",
            "module.lambda_layers.data.aws_s3_objects.check"
          ],
          "create_before_destroy": true
        }
      ]
    },
    {
      "module": "module.admin.module.cabal_method[\"list_messages\"]",
      "mode": "managed",
      "type": "aws_lambda_function",
      "name": "api_call",
      "provider": "provider[\"registry.terraform.io/hashicorp/aws\"]",
      "instances": [
        {
          "schema_version": 0,
          "attributes": {
            "architectures": [
              "arm64"
            ],
            "arn": "arn:aws:lambda:us-east-1:175059541256:function:list_messages",
            "code_sha256": "wfZoj9kqyVM2yGERIQ29Nqxih3QMhpjrU+D+YWhCCgQ=",
            "code_signing_config_arn": "",
            "dead_letter_config": [],
            "description": "",
            "environment": [
              {
                "variables": {
                  "CONTROL_DOMAIN": "cabalmail.email",
                  "DOMAINS": "{\"cabalmail.io\":\"Z08991561DT3P59F9ALJA\"}"
                }
              }
            ],
            "ephemeral_storage": [
              {
                "size": 512
              }
            ],
            "file_system_config": [],
            "filename": null,
            "function_name": "list_messages",
            "handler": "function.handler",
            "id": "list_messages",
            "image_config": [],
            "image_uri": "",
            "invoke_arn": "arn:aws:apigateway:us-east-1:lambda:path/2015-03-31/functions/arn:aws:lambda:us-east-1:175059541256:function:list_messages/invocations",
            "kms_key_arn": "",
            "last_modified": "2026-02-15T16:32:39.823+0000",
            "layers": [
              "arn:aws:lambda:us-east-1:175059541256:layer:python:47"
            ],
            "logging_config": [
              {
                "application_log_level": "",
                "log_format": "Text",
                "log_group": "/cabal/lambda/list_messages",
                "system_log_level": ""
              }
            ],
            "memory_size": 128,
            "package_type": "Zip",
            "publish": false,
            "qualified_arn": "arn:aws:lambda:us-east-1:175059541256:function:list_messages:$LATEST",
            "qualified_invoke_arn": "arn:aws:apigateway:us-east-1:lambda:path/2015-03-31/functions/arn:aws:lambda:us-east-1:175059541256:function:list_messages:$LATEST/invocations",
            "replace_security_groups_on_destroy": null,
            "replacement_security_group_ids": null,
            "reserved_concurrent_executions": -1,
            "role": "arn:aws:iam::175059541256:role/list_messages_role",
            "runtime": "python3.13",
            "s3_bucket": "admin.cabalmail.email",
            "s3_key": "lambda/list_messages.zip",
            "s3_object_version": null,
            "signing_job_arn": "",
            "signing_profile_version_arn": "",
            "skip_destroy": false,
            "snap_start": [],
            "source_code_hash": "wfZoj9kqyVM2yGERIQ29Nqxih3QMhpjrU+D+YWhCCgQ=",
            "source_code_size": 624,
            "tags": null,
            "tags_all": {
              "environment": "development",
              "managed_by_terraform": "y",
              "terraform_repo": "https://github.com/cabalmail/cabal-infra"
            },
            "timeout": 30,
            "timeouts": null,
            "tracing_config": [
              {
                "mode": "PassThrough"
              }
            ],
            "version": "$LATEST",
            "vpc_config": []
          },
          "sensitive_attributes": [],
          "private": "eyJlMmJmYjczMC1lY2FhLTExZTYtOGY4OC0zNDM2M2JjN2M0YzAiOnsiY3JlYXRlIjo2MDAwMDAwMDAwMDAsImRlbGV0ZSI6NjAwMDAwMDAwMDAwLCJ1cGRhdGUiOjYwMDAwMDAwMDAwMH19",
          "dependencies": [
            "module.admin.data.aws_s3_objects.check",
            "module.admin.module.cabal_method.aws_cloudwatch_log_group.lambda_log",
            "module.admin.module.cabal_method.aws_iam_role.lambda",
            "module.admin.module.cabal_method.data.aws_s3_object.lambda_function_hash",
            "module.bucket.aws_s3_bucket.this",
            "module.domains.aws_route53_zone.mail_dns",
            "module.lambda_layers.aws_lambda_layer_version.layer",
            "module.lambda_layers.data.aws_s3_object.lambda_layer_hash",
            "module.lambda_layers.data.aws_s3_objects.check"
          ],
          "create_before_destroy": true
        }
      ]
    },
    {
      "module": "module.admin.module.cabal_method[\"move_messages\"]",
      "mode": "data",
      "type": "aws_s3_object",
      "name": "lambda_function_hash",
      "provider": "provider[\"registry.terraform.io/hashicorp/aws\"]",
      "instances": [
        {
          "schema_version": 0,
          "attributes": {
            "arn": "arn:aws:s3:::admin.cabalmail.email/lambda/move_messages.zip.base64sha256",
            "body": "kqThxm+//fcBrFqH8EprB4AENg/rRdAKDXTm9rcXpKc=",
            "bucket": "admin.cabalmail.email",
            "bucket_key_enabled": false,
            "cache_control": "",
            "checksum_crc32": "",
            "checksum_crc32c": "",
            "checksum_crc64nvme": "",
            "checksum_mode": null,
            "checksum_sha1": "",
            "checksum_sha256": "",
            "content_disposition": "",
            "content_encoding": "",
            "content_language": "",
            "content_length": 44,
            "content_type": "text/plain",
            "etag": "53e4176258164bc5c015b33e64da7ddc",
            "expiration": "",
            "expires": "",
            "id": "admin.cabalmail.email/lambda/move_messages.zip.base64sha256",
            "key": "lambda/move_messages.zip.base64sha256",
            "last_modified": "Sun, 15 Feb 2026 16:29:13 UTC",
            "metadata": {},
            "object_lock_legal_hold_status": "",
            "object_lock_mode": "",
            "object_lock_retain_until_date": "",
            "range": null,
            "server_side_encryption": "AES256",
            "sse_kms_key_id": "",
            "storage_class": "STANDARD",
            "tags": {},
            "version_id": "",
            "website_redirect_location": ""
          },
          "sensitive_attributes": []
        }
      ]
    },
    {
      "module": "module.admin.module.cabal_method[\"move_messages\"]",
      "mode": "managed",
      "type": "aws_api_gateway_resource",
      "name": "api_call",
      "provider": "provider[\"registry.terraform.io/hashicorp/aws\"]",
      "instances": [
        {
          "schema_version": 0,
          "attributes": {
            "id": "tawoca",
            "parent_id": "ouau5wwocd",
            "path": "/move_messages",
            "path_part": "move_messages",
            "rest_api_id": "on3fpyd717"
          },
          "sensitive_attributes": [],
          "private": "bnVsbA==",
          "dependencies": [
            "module.admin.aws_api_gateway_rest_api.gateway",
            "module.admin.data.aws_s3_objects.check",
            "module.bucket.aws_s3_bucket.this"
          ],
          "create_before_destroy": true
        }
      ]
    },
    {
      "module": "module.admin.module.cabal_method[\"move_messages\"]",
      "mode": "managed",
      "type": "aws_cloudwatch_log_group",
      "name": "lambda_log",
      "provider": "provider[\"registry.terraform.io/hashicorp/aws\"]",
      "instances": [
        {
          "schema_version": 0,
          "attributes": {
            "arn": "arn:aws:logs:us-east-1:175059541256:log-group:/cabal/lambda/move_messages",
            "id": "/cabal/lambda/move_messages",
            "kms_key_id": "",
            "log_group_class": "STANDARD",
            "name": "/cabal/lambda/move_messages",
            "name_prefix": "",
            "retention_in_days": 14,
            "skip_destroy": false,
            "tags": null,
            "tags_all": {
              "environment": "development",
              "managed_by_terraform": "y",
              "terraform_repo": "https://github.com/cabalmail/cabal-infra"
            }
          },
          "sensitive_attributes": [],
          "private": "bnVsbA==",
          "dependencies": [
            "module.admin.data.aws_s3_objects.check",
            "module.bucket.aws_s3_bucket.this"
          ],
          "create_before_destroy": true
        }
      ]
    },
    {
      "module": "module.admin.module.cabal_method[\"move_messages\"]",
      "mode": "managed",
      "type": "aws_iam_role",
      "name": "lambda",
      "provider": "provider[\"registry.terraform.io/hashicorp/aws\"]",
      "instances": [
        {
          "schema_version": 0,
          "attributes": {
            "arn": "arn:aws:iam::175059541256:role/move_messages_role",
            "assume_role_policy": "{\"Statement\":[{\"Action\":\"sts:AssumeRole\",\"Effect\":\"Allow\",\"Principal\":{\"Service\":\"lambda.amazonaws.com\"},\"Sid\":\"movemessagesSid\"}],\"Version\":\"2012-10-17\"}",
            "create_date": "2026-02-15T16:32:12Z",
            "description": "",
            "force_detach_policies": false,
            "id": "move_messages_role",
            "inline_policy": [],
            "managed_policy_arns": [],
            "max_session_duration": 3600,
            "name": "move_messages_role",
            "name_prefix": "",
            "path": "/",
            "permissions_boundary": "",
            "tags": null,
            "tags_all": {
              "environment": "development",
              "managed_by_terraform": "y",
              "terraform_repo": "https://github.com/cabalmail/cabal-infra"
            },
            "unique_id": "AROASRQS4TUEIPXYXWIEW"
          },
          "sensitive_attributes": [],
          "private": "bnVsbA==",
          "dependencies": [
            "module.admin.data.aws_s3_objects.check",
            "module.bucket.aws_s3_bucket.this"
          ],
          "create_before_destroy": true
        }
      ]
    },
    {
      "module": "module.admin.module.cabal_method[\"move_messages\"]",
      "mode": "managed",
      "type": "aws_iam_role_policy",
      "name": "lambda",
      "provider": "provider[\"registry.terraform.io/hashicorp/aws\"]",
      "instances": [
        {
          "schema_version": 0,
          "attributes": {
            "id": "move_messages_role:move_messages_policy",
            "name": "move_messages_policy",
            "name_prefix": "",
            "policy": "{\"Version\":\"2012-10-17\",\"Statement\":[{\"Action\":[\"ssm:DescribeParameters\"],\"Effect\":\"Allow\",\"Resource\":\"arn:aws:ssm:us-east-1:175059541256:*\"},{\"Action\":[\"ssm:GetParameter\"],\"Effect\":\"Allow\",\"Resource\":\"arn:aws:ssm:us-east-1:175059541256:parameter/cabal/master_password\"},{\"Action\":[\"s3:ListBucket\"],\"Effect\":\"Allow\",\"Resource\":\"arn:aws:s3:::cache.cabalmail.email\"},{\"Action\":[\"s3:PutObject\",\"s3:GetObject\"],\"Effect\":\"Allow\",\"Resource\":\"arn:aws:s3:::cache.cabalmail.email/*\"},{\"Action\":[\"ssm:StartSession\",\"ssm:SendCommand\"],\"Effect\":\"Allow\",\"Resource\":\"arn:aws:ec2:us-east-1:175059541256:instance/*\"},{\"Action\":\"ssm:SendCommand\",\"Effect\":\"Allow\",\"Resource\":\"arn:aws:ssm:us-east-1:175059541256:document/cabal_chef_document\"},{\"Action\":\"route53:ChangeResourceRecordSets\",\"Effect\":\"Allow\",\"Resource\":[\"arn:aws:route53:::hostedzone/Z08991561DT3P59F9ALJA\"]},{\"Action\":[\"logs:CreateLogStream\",\"logs:PutLogEvents\"],\"Effect\":\"Allow\",\"Resource\":[\"arn:aws:logs:us-east-1:175059541256:log-group:/aws/lambda/move_messages:*\"]},{\"Action\":[\"dynamodb:BatchGetItem\",\"dynamodb:DeleteItem\",\"dynamodb:DescribeTable\",\"dynamodb:GetItem\",\"dynamodb:ListTables\",\"dynamodb:Query\",\"dynamodb:Scan\",\"dynamodb:PutItem\",\"dynamodb:ListTagsOfResource\",\"dynamodb:ListGlobalTables\",\"dynamodb:DescribeGlobalTable\"],\"Effect\":\"Allow\",\"Resource\":[\"arn:aws:dynamodb:us-east-1:175059541256:table/cabal-addresses\"]}]}",
            "role": "move_messages_role"
          },
          "sensitive_attributes": [],
          "private": "bnVsbA==",
          "dependencies": [
            "module.admin.data.aws_caller_identity.current",
            "module.admin.data.aws_s3_objects.check",
            "module.admin.module.cabal_method.aws_cloudwatch_log_group.lambda_log",
            "module.admin.module.cabal_method.aws_iam_role.lambda",
            "module.admin.module.cabal_method.aws_lambda_function.api_call",
            "module.admin.module.cabal_method.data.aws_s3_object.lambda_function_hash",
            "module.bucket.aws_s3_bucket.this",
            "module.domains.aws_route53_zone.mail_dns",
            "module.lambda_layers.aws_lambda_layer_version.layer",
            "module.lambda_layers.data.aws_s3_object.lambda_layer_hash",
            "module.lambda_layers.data.aws_s3_objects.check"
          ],
          "create_before_destroy": true
        }
      ]
    },
    {
      "module": "module.admin.module.cabal_method[\"move_messages\"]",
      "mode": "managed",
      "type": "aws_lambda_function",
      "name": "api_call",
      "provider": "provider[\"registry.terraform.io/hashicorp/aws\"]",
      "instances": [
        {
          "schema_version": 0,
          "attributes": {
            "architectures": [
              "arm64"
            ],
            "arn": "arn:aws:lambda:us-east-1:175059541256:function:move_messages",
            "code_sha256": "kqThxm+//fcBrFqH8EprB4AENg/rRdAKDXTm9rcXpKc=",
            "code_signing_config_arn": "",
            "dead_letter_config": [],
            "description": "",
            "environment": [
              {
                "variables": {
                  "CONTROL_DOMAIN": "cabalmail.email",
                  "DOMAINS": "{\"cabalmail.io\":\"Z08991561DT3P59F9ALJA\"}"
                }
              }
            ],
            "ephemeral_storage": [
              {
                "size": 512
              }
            ],
            "file_system_config": [],
            "filename": null,
            "function_name": "move_messages",
            "handler": "function.handler",
            "id": "move_messages",
            "image_config": [],
            "image_uri": "",
            "invoke_arn": "arn:aws:apigateway:us-east-1:lambda:path/2015-03-31/functions/arn:aws:lambda:us-east-1:175059541256:function:move_messages/invocations",
            "kms_key_arn": "",
            "last_modified": "2026-02-15T16:32:27.109+0000",
            "layers": [
              "arn:aws:lambda:us-east-1:175059541256:layer:python:47"
            ],
            "logging_config": [
              {
                "application_log_level": "",
                "log_format": "Text",
                "log_group": "/cabal/lambda/move_messages",
                "system_log_level": ""
              }
            ],
            "memory_size": 128,
            "package_type": "Zip",
            "publish": false,
            "qualified_arn": "arn:aws:lambda:us-east-1:175059541256:function:move_messages:$LATEST",
            "qualified_invoke_arn": "arn:aws:apigateway:us-east-1:lambda:path/2015-03-31/functions/arn:aws:lambda:us-east-1:175059541256:function:move_messages:$LATEST/invocations",
            "replace_security_groups_on_destroy": null,
            "replacement_security_group_ids": null,
            "reserved_concurrent_executions": -1,
            "role": "arn:aws:iam::175059541256:role/move_messages_role",
            "runtime": "python3.13",
            "s3_bucket": "admin.cabalmail.email",
            "s3_key": "lambda/move_messages.zip",
            "s3_object_version": null,
            "signing_job_arn": "",
            "signing_profile_version_arn": "",
            "skip_destroy": false,
            "snap_start": [],
            "source_code_hash": "kqThxm+//fcBrFqH8EprB4AENg/rRdAKDXTm9rcXpKc=",
            "source_code_size": 646,
            "tags": null,
            "tags_all": {
              "environment": "development",
              "managed_by_terraform": "y",
              "terraform_repo": "https://github.com/cabalmail/cabal-infra"
            },
            "timeout": 30,
            "timeouts": null,
            "tracing_config": [
              {
                "mode": "PassThrough"
              }
            ],
            "version": "$LATEST",
            "vpc_config": []
          },
          "sensitive_attributes": [],
          "private": "eyJlMmJmYjczMC1lY2FhLTExZTYtOGY4OC0zNDM2M2JjN2M0YzAiOnsiY3JlYXRlIjo2MDAwMDAwMDAwMDAsImRlbGV0ZSI6NjAwMDAwMDAwMDAwLCJ1cGRhdGUiOjYwMDAwMDAwMDAwMH19",
          "dependencies": [
            "module.admin.data.aws_s3_objects.check",
            "module.admin.module.cabal_method.aws_cloudwatch_log_group.lambda_log",
            "module.admin.module.cabal_method.aws_iam_role.lambda",
            "module.admin.module.cabal_method.data.aws_s3_object.lambda_function_hash",
            "module.bucket.aws_s3_bucket.this",
            "module.domains.aws_route53_zone.mail_dns",
            "module.lambda_layers.aws_lambda_layer_version.layer",
            "module.lambda_layers.data.aws_s3_object.lambda_layer_hash",
            "module.lambda_layers.data.aws_s3_objects.check"
          ],
          "create_before_destroy": true
        }
      ]
    },
    {
      "module": "module.admin.module.cabal_method[\"new\"]",
      "mode": "data",
      "type": "aws_s3_object",
      "name": "lambda_function_hash",
      "provider": "provider[\"registry.terraform.io/hashicorp/aws\"]",
      "instances": [
        {
          "schema_version": 0,
          "attributes": {
            "arn": "arn:aws:s3:::admin.cabalmail.email/lambda/new.zip.base64sha256",
            "body": "w38U+3LKMlBQYSNUvqE2FzTmVPiykJoa6BlD3Oz/47Q=",
            "bucket": "admin.cabalmail.email",
            "bucket_key_enabled": false,
            "cache_control": "",
            "checksum_crc32": "",
            "checksum_crc32c": "",
            "checksum_crc64nvme": "",
            "checksum_mode": null,
            "checksum_sha1": "",
            "checksum_sha256": "",
            "content_disposition": "",
            "content_encoding": "",
            "content_language": "",
            "content_length": 44,
            "content_type": "text/plain",
            "etag": "561d8ad72961a4204389969a4c80e9e4",
            "expiration": "",
            "expires": "",
            "id": "admin.cabalmail.email/lambda/new.zip.base64sha256",
            "key": "lambda/new.zip.base64sha256",
            "last_modified": "Sun, 15 Feb 2026 16:26:57 UTC",
            "metadata": {},
            "object_lock_legal_hold_status": "",
            "object_lock_mode": "",
            "object_lock_retain_until_date": "",
            "range": null,
            "server_side_encryption": "AES256",
            "sse_kms_key_id": "",
            "storage_class": "STANDARD",
            "tags": {},
            "version_id": "",
            "website_redirect_location": ""
          },
          "sensitive_attributes": []
        }
      ]
    },
    {
      "module": "module.admin.module.cabal_method[\"new\"]",
      "mode": "managed",
      "type": "aws_api_gateway_resource",
      "name": "api_call",
      "provider": "provider[\"registry.terraform.io/hashicorp/aws\"]",
      "instances": [
        {
          "schema_version": 0,
          "attributes": {
            "id": "uux5kv",
            "parent_id": "ouau5wwocd",
            "path": "/new",
            "path_part": "new",
            "rest_api_id": "on3fpyd717"
          },
          "sensitive_attributes": [],
          "private": "bnVsbA==",
          "dependencies": [
            "module.admin.aws_api_gateway_rest_api.gateway",
            "module.admin.data.aws_s3_objects.check",
            "module.bucket.aws_s3_bucket.this"
          ],
          "create_before_destroy": true
        }
      ]
    },
    {
      "module": "module.admin.module.cabal_method[\"new\"]",
      "mode": "managed",
      "type": "aws_cloudwatch_log_group",
      "name": "lambda_log",
      "provider": "provider[\"registry.terraform.io/hashicorp/aws\"]",
      "instances": [
        {
          "schema_version": 0,
          "attributes": {
            "arn": "arn:aws:logs:us-east-1:175059541256:log-group:/cabal/lambda/new",
            "id": "/cabal/lambda/new",
            "kms_key_id": "",
            "log_group_class": "STANDARD",
            "name": "/cabal/lambda/new",
            "name_prefix": "",
            "retention_in_days": 14,
            "skip_destroy": false,
            "tags": null,
            "tags_all": {
              "environment": "development",
              "managed_by_terraform": "y",
              "terraform_repo": "https://github.com/cabalmail/cabal-infra"
            }
          },
          "sensitive_attributes": [],
          "private": "bnVsbA==",
          "dependencies": [
            "module.admin.data.aws_s3_objects.check",
            "module.bucket.aws_s3_bucket.this"
          ],
          "create_before_destroy": true
        }
      ]
    },
    {
      "module": "module.admin.module.cabal_method[\"new\"]",
      "mode": "managed",
      "type": "aws_iam_role",
      "name": "lambda",
      "provider": "provider[\"registry.terraform.io/hashicorp/aws\"]",
      "instances": [
        {
          "schema_version": 0,
          "attributes": {
            "arn": "arn:aws:iam::175059541256:role/new_role",
            "assume_role_policy": "{\"Statement\":[{\"Action\":\"sts:AssumeRole\",\"Effect\":\"Allow\",\"Principal\":{\"Service\":\"lambda.amazonaws.com\"},\"Sid\":\"newSid\"}],\"Version\":\"2012-10-17\"}",
            "create_date": "2026-02-15T16:32:14Z",
            "description": "",
            "force_detach_policies": false,
            "id": "new_role",
            "inline_policy": [],
            "managed_policy_arns": [],
            "max_session_duration": 3600,
            "name": "new_role",
            "name_prefix": "",
            "path": "/",
            "permissions_boundary": "",
            "tags": null,
            "tags_all": {
              "environment": "development",
              "managed_by_terraform": "y",
              "terraform_repo": "https://github.com/cabalmail/cabal-infra"
            },
            "unique_id": "AROASRQS4TUELJBJZ624Q"
          },
          "sensitive_attributes": [],
          "private": "bnVsbA==",
          "dependencies": [
            "module.admin.data.aws_s3_objects.check",
            "module.bucket.aws_s3_bucket.this"
          ],
          "create_before_destroy": true
        }
      ]
    },
    {
      "module": "module.admin.module.cabal_method[\"new\"]",
      "mode": "managed",
      "type": "aws_iam_role_policy",
      "name": "lambda",
      "provider": "provider[\"registry.terraform.io/hashicorp/aws\"]",
      "instances": [
        {
          "schema_version": 0,
          "attributes": {
            "id": "new_role:new_policy",
            "name": "new_policy",
            "name_prefix": "",
            "policy": "{\"Version\":\"2012-10-17\",\"Statement\":[{\"Action\":[\"ssm:DescribeParameters\"],\"Effect\":\"Allow\",\"Resource\":\"arn:aws:ssm:us-east-1:175059541256:*\"},{\"Action\":[\"ssm:GetParameter\"],\"Effect\":\"Allow\",\"Resource\":\"arn:aws:ssm:us-east-1:175059541256:parameter/cabal/master_password\"},{\"Action\":[\"s3:ListBucket\"],\"Effect\":\"Allow\",\"Resource\":\"arn:aws:s3:::cache.cabalmail.email\"},{\"Action\":[\"s3:PutObject\",\"s3:GetObject\"],\"Effect\":\"Allow\",\"Resource\":\"arn:aws:s3:::cache.cabalmail.email/*\"},{\"Action\":[\"ssm:StartSession\",\"ssm:SendCommand\"],\"Effect\":\"Allow\",\"Resource\":\"arn:aws:ec2:us-east-1:175059541256:instance/*\"},{\"Action\":\"ssm:SendCommand\",\"Effect\":\"Allow\",\"Resource\":\"arn:aws:ssm:us-east-1:175059541256:document/cabal_chef_document\"},{\"Action\":\"route53:ChangeResourceRecordSets\",\"Effect\":\"Allow\",\"Resource\":[\"arn:aws:route53:::hostedzone/Z08991561DT3P59F9ALJA\"]},{\"Action\":[\"logs:CreateLogStream\",\"logs:PutLogEvents\"],\"Effect\":\"Allow\",\"Resource\":[\"arn:aws:logs:us-east-1:175059541256:log-group:/aws/lambda/new:*\"]},{\"Action\":[\"dynamodb:BatchGetItem\",\"dynamodb:DeleteItem\",\"dynamodb:DescribeTable\",\"dynamodb:GetItem\",\"dynamodb:ListTables\",\"dynamodb:Query\",\"dynamodb:Scan\",\"dynamodb:PutItem\",\"dynamodb:ListTagsOfResource\",\"dynamodb:ListGlobalTables\",\"dynamodb:DescribeGlobalTable\"],\"Effect\":\"Allow\",\"Resource\":[\"arn:aws:dynamodb:us-east-1:175059541256:table/cabal-addresses\"]}]}",
            "role": "new_role"
          },
          "sensitive_attributes": [],
          "private": "bnVsbA==",
          "dependencies": [
            "module.admin.data.aws_caller_identity.current",
            "module.admin.data.aws_s3_objects.check",
            "module.admin.module.cabal_method.aws_cloudwatch_log_group.lambda_log",
            "module.admin.module.cabal_method.aws_iam_role.lambda",
            "module.admin.module.cabal_method.aws_lambda_function.api_call",
            "module.admin.module.cabal_method.data.aws_s3_object.lambda_function_hash",
            "module.bucket.aws_s3_bucket.this",
            "module.domains.aws_route53_zone.mail_dns",
            "module.lambda_layers.aws_lambda_layer_version.layer",
            "module.lambda_layers.data.aws_s3_object.lambda_layer_hash",
            "module.lambda_layers.data.aws_s3_objects.check"
          ],
          "create_before_destroy": true
        }
      ]
    },
    {
      "module": "module.admin.module.cabal_method[\"new\"]",
      "mode": "managed",
      "type": "aws_lambda_function",
      "name": "api_call",
      "provider": "provider[\"registry.terraform.io/hashicorp/aws\"]",
      "instances": [
        {
          "schema_version": 0,
          "attributes": {
            "architectures": [
              "arm64"
            ],
            "arn": "arn:aws:lambda:us-east-1:175059541256:function:new",
            "code_sha256": "w38U+3LKMlBQYSNUvqE2FzTmVPiykJoa6BlD3Oz/47Q=",
            "code_signing_config_arn": "",
            "dead_letter_config": [],
            "description": "",
            "environment": [
              {
                "variables": {
                  "CONTROL_DOMAIN": "cabalmail.email",
                  "DOMAINS": "{\"cabalmail.io\":\"Z08991561DT3P59F9ALJA\"}"
                }
              }
            ],
            "ephemeral_storage": [
              {
                "size": 512
              }
            ],
            "file_system_config": [],
            "filename": null,
            "function_name": "new",
            "handler": "index.handler",
            "id": "new",
            "image_config": [],
            "image_uri": "",
            "invoke_arn": "arn:aws:apigateway:us-east-1:lambda:path/2015-03-31/functions/arn:aws:lambda:us-east-1:175059541256:function:new/invocations",
            "kms_key_arn": "",
            "last_modified": "2026-02-15T16:32:36.979+0000",
            "layers": [
              "arn:aws:lambda:us-east-1:175059541256:layer:nodejs:12"
            ],
            "logging_config": [
              {
                "application_log_level": "",
                "log_format": "Text",
                "log_group": "/cabal/lambda/new",
                "system_log_level": ""
              }
            ],
            "memory_size": 128,
            "package_type": "Zip",
            "publish": false,
            "qualified_arn": "arn:aws:lambda:us-east-1:175059541256:function:new:$LATEST",
            "qualified_invoke_arn": "arn:aws:apigateway:us-east-1:lambda:path/2015-03-31/functions/arn:aws:lambda:us-east-1:175059541256:function:new:$LATEST/invocations",
            "replace_security_groups_on_destroy": null,
            "replacement_security_group_ids": null,
            "reserved_concurrent_executions": -1,
            "role": "arn:aws:iam::175059541256:role/new_role",
            "runtime": "nodejs20.x",
            "s3_bucket": "admin.cabalmail.email",
            "s3_key": "lambda/new.zip",
            "s3_object_version": null,
            "signing_job_arn": "",
            "signing_profile_version_arn": "",
            "skip_destroy": false,
            "snap_start": [],
            "source_code_hash": "w38U+3LKMlBQYSNUvqE2FzTmVPiykJoa6BlD3Oz/47Q=",
            "source_code_size": 1666,
            "tags": null,
            "tags_all": {
              "environment": "development",
              "managed_by_terraform": "y",
              "terraform_repo": "https://github.com/cabalmail/cabal-infra"
            },
            "timeout": 30,
            "timeouts": null,
            "tracing_config": [
              {
                "mode": "PassThrough"
              }
            ],
            "version": "$LATEST",
            "vpc_config": []
          },
          "sensitive_attributes": [],
          "private": "eyJlMmJmYjczMC1lY2FhLTExZTYtOGY4OC0zNDM2M2JjN2M0YzAiOnsiY3JlYXRlIjo2MDAwMDAwMDAwMDAsImRlbGV0ZSI6NjAwMDAwMDAwMDAwLCJ1cGRhdGUiOjYwMDAwMDAwMDAwMH19",
          "dependencies": [
            "module.admin.data.aws_s3_objects.check",
            "module.admin.module.cabal_method.aws_cloudwatch_log_group.lambda_log",
            "module.admin.module.cabal_method.aws_iam_role.lambda",
            "module.admin.module.cabal_method.data.aws_s3_object.lambda_function_hash",
            "module.bucket.aws_s3_bucket.this",
            "module.domains.aws_route53_zone.mail_dns",
            "module.lambda_layers.aws_lambda_layer_version.layer",
            "module.lambda_layers.data.aws_s3_object.lambda_layer_hash",
            "module.lambda_layers.data.aws_s3_objects.check"
          ],
          "create_before_destroy": true
        }
      ]
    },
    {
      "module": "module.admin.module.cabal_method[\"new_folder\"]",
      "mode": "data",
      "type": "aws_s3_object",
      "name": "lambda_function_hash",
      "provider": "provider[\"registry.terraform.io/hashicorp/aws\"]",
      "instances": [
        {
          "schema_version": 0,
          "attributes": {
            "arn": "arn:aws:s3:::admin.cabalmail.email/lambda/new_folder.zip.base64sha256",
            "body": "+GB9rs2wTv8iI48I1Gju+6uHAV5HUyaqBa4IF/nQtWw=",
            "bucket": "admin.cabalmail.email",
            "bucket_key_enabled": false,
            "cache_control": "",
            "checksum_crc32": "",
            "checksum_crc32c": "",
            "checksum_crc64nvme": "",
            "checksum_mode": null,
            "checksum_sha1": "",
            "checksum_sha256": "",
            "content_disposition": "",
            "content_encoding": "",
            "content_language": "",
            "content_length": 44,
            "content_type": "text/plain",
            "etag": "02592bebf25513e4f070b6510ce51c41",
            "expiration": "",
            "expires": "",
            "id": "admin.cabalmail.email/lambda/new_folder.zip.base64sha256",
            "key": "lambda/new_folder.zip.base64sha256",
            "last_modified": "Sun, 15 Feb 2026 16:29:15 UTC",
            "metadata": {},
            "object_lock_legal_hold_status": "",
            "object_lock_mode": "",
            "object_lock_retain_until_date": "",
            "range": null,
            "server_side_encryption": "AES256",
            "sse_kms_key_id": "",
            "storage_class": "STANDARD",
            "tags": {},
            "version_id": "",
            "website_redirect_location": ""
          },
          "sensitive_attributes": []
        }
      ]
    },
    {
      "module": "module.admin.module.cabal_method[\"new_folder\"]",
      "mode": "managed",
      "type": "aws_api_gateway_resource",
      "name": "api_call",
      "provider": "provider[\"registry.terraform.io/hashicorp/aws\"]",
      "instances": [
        {
          "schema_version": 0,
          "attributes": {
            "id": "u29wni",
            "parent_id": "ouau5wwocd",
            "path": "/new_folder",
            "path_part": "new_folder",
            "rest_api_id": "on3fpyd717"
          },
          "sensitive_attributes": [],
          "private": "bnVsbA==",
          "dependencies": [
            "module.admin.aws_api_gateway_rest_api.gateway",
            "module.admin.data.aws_s3_objects.check",
            "module.bucket.aws_s3_bucket.this"
          ],
          "create_before_destroy": true
        }
      ]
    },
    {
      "module": "module.admin.module.cabal_method[\"new_folder\"]",
      "mode": "managed",
      "type": "aws_cloudwatch_log_group",
      "name": "lambda_log",
      "provider": "provider[\"registry.terraform.io/hashicorp/aws\"]",
      "instances": [
        {
          "schema_version": 0,
          "attributes": {
            "arn": "arn:aws:logs:us-east-1:175059541256:log-group:/cabal/lambda/new_folder",
            "id": "/cabal/lambda/new_folder",
            "kms_key_id": "",
            "log_group_class": "STANDARD",
            "name": "/cabal/lambda/new_folder",
            "name_prefix": "",
            "retention_in_days": 14,
            "skip_destroy": false,
            "tags": null,
            "tags_all": {
              "environment": "development",
              "managed_by_terraform": "y",
              "terraform_repo": "https://github.com/cabalmail/cabal-infra"
            }
          },
          "sensitive_attributes": [],
          "private": "bnVsbA==",
          "dependencies": [
            "module.admin.data.aws_s3_objects.check",
            "module.bucket.aws_s3_bucket.this"
          ],
          "create_before_destroy": true
        }
      ]
    },
    {
      "module": "module.admin.module.cabal_method[\"new_folder\"]",
      "mode": "managed",
      "type": "aws_iam_role",
      "name": "lambda",
      "provider": "provider[\"registry.terraform.io/hashicorp/aws\"]",
      "instances": [
        {
          "schema_version": 0,
          "attributes": {
            "arn": "arn:aws:iam::175059541256:role/new_folder_role",
            "assume_role_policy": "{\"Statement\":[{\"Action\":\"sts:AssumeRole\",\"Effect\":\"Allow\",\"Principal\":{\"Service\":\"lambda.amazonaws.com\"},\"Sid\":\"newfolderSid\"}],\"Version\":\"2012-10-17\"}",
            "create_date": "2026-02-15T16:32:13Z",
            "description": "",
            "force_detach_policies": false,
            "id": "new_folder_role",
            "inline_policy": [],
            "managed_policy_arns": [],
            "max_session_duration": 3600,
            "name": "new_folder_role",
            "name_prefix": "",
            "path": "/",
            "permissions_boundary": "",
            "tags": null,
            "tags_all": {
              "environment": "development",
              "managed_by_terraform": "y",
              "terraform_repo": "https://github.com/cabalmail/cabal-infra"
            },
            "unique_id": "AROASRQS4TUEIBHEYOPMI"
          },
          "sensitive_attributes": [],
          "private": "bnVsbA==",
          "dependencies": [
            "module.admin.data.aws_s3_objects.check",
            "module.bucket.aws_s3_bucket.this"
          ],
          "create_before_destroy": true
        }
      ]
    },
    {
      "module": "module.admin.module.cabal_method[\"new_folder\"]",
      "mode": "managed",
      "type": "aws_iam_role_policy",
      "name": "lambda",
      "provider": "provider[\"registry.terraform.io/hashicorp/aws\"]",
      "instances": [
        {
          "schema_version": 0,
          "attributes": {
            "id": "new_folder_role:new_folder_policy",
            "name": "new_folder_policy",
            "name_prefix": "",
            "policy": "{\"Version\":\"2012-10-17\",\"Statement\":[{\"Action\":[\"ssm:DescribeParameters\"],\"Effect\":\"Allow\",\"Resource\":\"arn:aws:ssm:us-east-1:175059541256:*\"},{\"Action\":[\"ssm:GetParameter\"],\"Effect\":\"Allow\",\"Resource\":\"arn:aws:ssm:us-east-1:175059541256:parameter/cabal/master_password\"},{\"Action\":[\"s3:ListBucket\"],\"Effect\":\"Allow\",\"Resource\":\"arn:aws:s3:::cache.cabalmail.email\"},{\"Action\":[\"s3:PutObject\",\"s3:GetObject\"],\"Effect\":\"Allow\",\"Resource\":\"arn:aws:s3:::cache.cabalmail.email/*\"},{\"Action\":[\"ssm:StartSession\",\"ssm:SendCommand\"],\"Effect\":\"Allow\",\"Resource\":\"arn:aws:ec2:us-east-1:175059541256:instance/*\"},{\"Action\":\"ssm:SendCommand\",\"Effect\":\"Allow\",\"Resource\":\"arn:aws:ssm:us-east-1:175059541256:document/cabal_chef_document\"},{\"Action\":\"route53:ChangeResourceRecordSets\",\"Effect\":\"Allow\",\"Resource\":[\"arn:aws:route53:::hostedzone/Z08991561DT3P59F9ALJA\"]},{\"Action\":[\"logs:CreateLogStream\",\"logs:PutLogEvents\"],\"Effect\":\"Allow\",\"Resource\":[\"arn:aws:logs:us-east-1:175059541256:log-group:/aws/lambda/new_folder:*\"]},{\"Action\":[\"dynamodb:BatchGetItem\",\"dynamodb:DeleteItem\",\"dynamodb:DescribeTable\",\"dynamodb:GetItem\",\"dynamodb:ListTables\",\"dynamodb:Query\",\"dynamodb:Scan\",\"dynamodb:PutItem\",\"dynamodb:ListTagsOfResource\",\"dynamodb:ListGlobalTables\",\"dynamodb:DescribeGlobalTable\"],\"Effect\":\"Allow\",\"Resource\":[\"arn:aws:dynamodb:us-east-1:175059541256:table/cabal-addresses\"]}]}",
            "role": "new_folder_role"
          },
          "sensitive_attributes": [],
          "private": "bnVsbA==",
          "dependencies": [
            "module.admin.data.aws_caller_identity.current",
            "module.admin.data.aws_s3_objects.check",
            "module.admin.module.cabal_method.aws_cloudwatch_log_group.lambda_log",
            "module.admin.module.cabal_method.aws_iam_role.lambda",
            "module.admin.module.cabal_method.aws_lambda_function.api_call",
            "module.admin.module.cabal_method.data.aws_s3_object.lambda_function_hash",
            "module.bucket.aws_s3_bucket.this",
            "module.domains.aws_route53_zone.mail_dns",
            "module.lambda_layers.aws_lambda_layer_version.layer",
            "module.lambda_layers.data.aws_s3_object.lambda_layer_hash",
            "module.lambda_layers.data.aws_s3_objects.check"
          ],
          "create_before_destroy": true
        }
      ]
    },
    {
      "module": "module.admin.module.cabal_method[\"new_folder\"]",
      "mode": "managed",
      "type": "aws_lambda_function",
      "name": "api_call",
      "provider": "provider[\"registry.terraform.io/hashicorp/aws\"]",
      "instances": [
        {
          "schema_version": 0,
          "attributes": {
            "architectures": [
              "arm64"
            ],
            "arn": "arn:aws:lambda:us-east-1:175059541256:function:new_folder",
            "code_sha256": "+GB9rs2wTv8iI48I1Gju+6uHAV5HUyaqBa4IF/nQtWw=",
            "code_signing_config_arn": "",
            "dead_letter_config": [],
            "description": "",
            "environment": [
              {
                "variables": {
                  "CONTROL_DOMAIN": "cabalmail.email",
                  "DOMAINS": "{\"cabalmail.io\":\"Z08991561DT3P59F9ALJA\"}"
                }
              }
            ],
            "ephemeral_storage": [
              {
                "size": 512
              }
            ],
            "file_system_config": [],
            "filename": null,
            "function_name": "new_folder",
            "handler": "function.handler",
            "id": "new_folder",
            "image_config": [],
            "image_uri": "",
            "invoke_arn": "arn:aws:apigateway:us-east-1:lambda:path/2015-03-31/functions/arn:aws:lambda:us-east-1:175059541256:function:new_folder/invocations",
            "kms_key_arn": "",
            "last_modified": "2026-02-15T16:32:34.955+0000",
            "layers": [
              "arn:aws:lambda:us-east-1:175059541256:layer:python:47"
            ],
            "logging_config": [
              {
                "application_log_level": "",
                "log_format": "Text",
                "log_group": "/cabal/lambda/new_folder",
                "system_log_level": ""
              }
            ],
            "memory_size": 128,
            "package_type": "Zip",
            "publish": false,
            "qualified_arn": "arn:aws:lambda:us-east-1:175059541256:function:new_folder:$LATEST",
            "qualified_invoke_arn": "arn:aws:apigateway:us-east-1:lambda:path/2015-03-31/functions/arn:aws:lambda:us-east-1:175059541256:function:new_folder:$LATEST/invocations",
            "replace_security_groups_on_destroy": null,
            "replacement_security_group_ids": null,
            "reserved_concurrent_executions": -1,
            "role": "arn:aws:iam::175059541256:role/new_folder_role",
            "runtime": "python3.13",
            "s3_bucket": "admin.cabalmail.email",
            "s3_key": "lambda/new_folder.zip",
            "s3_object_version": null,
            "signing_job_arn": "",
            "signing_profile_version_arn": "",
            "skip_destroy": false,
            "snap_start": [],
            "source_code_hash": "+GB9rs2wTv8iI48I1Gju+6uHAV5HUyaqBa4IF/nQtWw=",
            "source_code_size": 598,
            "tags": null,
            "tags_all": {
              "environment": "development",
              "managed_by_terraform": "y",
              "terraform_repo": "https://github.com/cabalmail/cabal-infra"
            },
            "timeout": 30,
            "timeouts": null,
            "tracing_config": [
              {
                "mode": "PassThrough"
              }
            ],
            "version": "$LATEST",
            "vpc_config": []
          },
          "sensitive_attributes": [],
          "private": "eyJlMmJmYjczMC1lY2FhLTExZTYtOGY4OC0zNDM2M2JjN2M0YzAiOnsiY3JlYXRlIjo2MDAwMDAwMDAwMDAsImRlbGV0ZSI6NjAwMDAwMDAwMDAwLCJ1cGRhdGUiOjYwMDAwMDAwMDAwMH19",
          "dependencies": [
            "module.admin.data.aws_s3_objects.check",
            "module.admin.module.cabal_method.aws_cloudwatch_log_group.lambda_log",
            "module.admin.module.cabal_method.aws_iam_role.lambda",
            "module.admin.module.cabal_method.data.aws_s3_object.lambda_function_hash",
            "module.bucket.aws_s3_bucket.this",
            "module.domains.aws_route53_zone.mail_dns",
            "module.lambda_layers.aws_lambda_layer_version.layer",
            "module.lambda_layers.data.aws_s3_object.lambda_layer_hash",
            "module.lambda_layers.data.aws_s3_objects.check"
          ],
          "create_before_destroy": true
        }
      ]
    },
    {
      "module": "module.admin.module.cabal_method[\"revoke\"]",
      "mode": "data",
      "type": "aws_s3_object",
      "name": "lambda_function_hash",
      "provider": "provider[\"registry.terraform.io/hashicorp/aws\"]",
      "instances": [
        {
          "schema_version": 0,
          "attributes": {
            "arn": "arn:aws:s3:::admin.cabalmail.email/lambda/revoke.zip.base64sha256",
            "body": "mT7uwWvoEXYKTPyX7RrOeDcvZcTsjSqT5tADS4chDkk=",
            "bucket": "admin.cabalmail.email",
            "bucket_key_enabled": false,
            "cache_control": "",
            "checksum_crc32": "",
            "checksum_crc32c": "",
            "checksum_crc64nvme": "",
            "checksum_mode": null,
            "checksum_sha1": "",
            "checksum_sha256": "",
            "content_disposition": "",
            "content_encoding": "",
            "content_language": "",
            "content_length": 44,
            "content_type": "text/plain",
            "etag": "834dbee5213993239f6e783f7b3c1cc1",
            "expiration": "",
            "expires": "",
            "id": "admin.cabalmail.email/lambda/revoke.zip.base64sha256",
            "key": "lambda/revoke.zip.base64sha256",
            "last_modified": "Sun, 15 Feb 2026 16:27:13 UTC",
            "metadata": {},
            "object_lock_legal_hold_status": "",
            "object_lock_mode": "",
            "object_lock_retain_until_date": "",
            "range": null,
            "server_side_encryption": "AES256",
            "sse_kms_key_id": "",
            "storage_class": "STANDARD",
            "tags": {},
            "version_id": "",
            "website_redirect_location": ""
          },
          "sensitive_attributes": []
        }
      ]
    },
    {
      "module": "module.admin.module.cabal_method[\"revoke\"]",
      "mode": "managed",
      "type": "aws_api_gateway_resource",
      "name": "api_call",
      "provider": "provider[\"registry.terraform.io/hashicorp/aws\"]",
      "instances": [
        {
          "schema_version": 0,
          "attributes": {
            "id": "9awyh1",
            "parent_id": "ouau5wwocd",
            "path": "/revoke",
            "path_part": "revoke",
            "rest_api_id": "on3fpyd717"
          },
          "sensitive_attributes": [],
          "private": "bnVsbA==",
          "dependencies": [
            "module.admin.aws_api_gateway_rest_api.gateway",
            "module.admin.data.aws_s3_objects.check",
            "module.bucket.aws_s3_bucket.this"
          ],
          "create_before_destroy": true
        }
      ]
    },
    {
      "module": "module.admin.module.cabal_method[\"revoke\"]",
      "mode": "managed",
      "type": "aws_cloudwatch_log_group",
      "name": "lambda_log",
      "provider": "provider[\"registry.terraform.io/hashicorp/aws\"]",
      "instances": [
        {
          "schema_version": 0,
          "attributes": {
            "arn": "arn:aws:logs:us-east-1:175059541256:log-group:/cabal/lambda/revoke",
            "id": "/cabal/lambda/revoke",
            "kms_key_id": "",
            "log_group_class": "STANDARD",
            "name": "/cabal/lambda/revoke",
            "name_prefix": "",
            "retention_in_days": 14,
            "skip_destroy": false,
            "tags": null,
            "tags_all": {
              "environment": "development",
              "managed_by_terraform": "y",
              "terraform_repo": "https://github.com/cabalmail/cabal-infra"
            }
          },
          "sensitive_attributes": [],
          "private": "bnVsbA==",
          "dependencies": [
            "module.admin.data.aws_s3_objects.check",
            "module.bucket.aws_s3_bucket.this"
          ],
          "create_before_destroy": true
        }
      ]
    },
    {
      "module": "module.admin.module.cabal_method[\"revoke\"]",
      "mode": "managed",
      "type": "aws_iam_role",
      "name": "lambda",
      "provider": "provider[\"registry.terraform.io/hashicorp/aws\"]",
      "instances": [
        {
          "schema_version": 0,
          "attributes": {
            "arn": "arn:aws:iam::175059541256:role/revoke_role",
            "assume_role_policy": "{\"Statement\":[{\"Action\":\"sts:AssumeRole\",\"Effect\":\"Allow\",\"Principal\":{\"Service\":\"lambda.amazonaws.com\"},\"Sid\":\"revokeSid\"}],\"Version\":\"2012-10-17\"}",
            "create_date": "2026-02-15T16:32:13Z",
            "description": "",
            "force_detach_policies": false,
            "id": "revoke_role",
            "inline_policy": [],
            "managed_policy_arns": [],
            "max_session_duration": 3600,
            "name": "revoke_role",
            "name_prefix": "",
            "path": "/",
            "permissions_boundary": "",
            "tags": null,
            "tags_all": {
              "environment": "development",
              "managed_by_terraform": "y",
              "terraform_repo": "https://github.com/cabalmail/cabal-infra"
            },
            "unique_id": "AROASRQS4TUEBGGXIIW37"
          },
          "sensitive_attributes": [],
          "private": "bnVsbA==",
          "dependencies": [
            "module.admin.data.aws_s3_objects.check",
            "module.bucket.aws_s3_bucket.this"
          ],
          "create_before_destroy": true
        }
      ]
    },
    {
      "module": "module.admin.module.cabal_method[\"revoke\"]",
      "mode": "managed",
      "type": "aws_iam_role_policy",
      "name": "lambda",
      "provider": "provider[\"registry.terraform.io/hashicorp/aws\"]",
      "instances": [
        {
          "schema_version": 0,
          "attributes": {
            "id": "revoke_role:revoke_policy",
            "name": "revoke_policy",
            "name_prefix": "",
            "policy": "{\"Version\":\"2012-10-17\",\"Statement\":[{\"Action\":[\"ssm:DescribeParameters\"],\"Effect\":\"Allow\",\"Resource\":\"arn:aws:ssm:us-east-1:175059541256:*\"},{\"Action\":[\"ssm:GetParameter\"],\"Effect\":\"Allow\",\"Resource\":\"arn:aws:ssm:us-east-1:175059541256:parameter/cabal/master_password\"},{\"Action\":[\"s3:ListBucket\"],\"Effect\":\"Allow\",\"Resource\":\"arn:aws:s3:::cache.cabalmail.email\"},{\"Action\":[\"s3:PutObject\",\"s3:GetObject\"],\"Effect\":\"Allow\",\"Resource\":\"arn:aws:s3:::cache.cabalmail.email/*\"},{\"Action\":[\"ssm:StartSession\",\"ssm:SendCommand\"],\"Effect\":\"Allow\",\"Resource\":\"arn:aws:ec2:us-east-1:175059541256:instance/*\"},{\"Action\":\"ssm:SendCommand\",\"Effect\":\"Allow\",\"Resource\":\"arn:aws:ssm:us-east-1:175059541256:document/cabal_chef_document\"},{\"Action\":\"route53:ChangeResourceRecordSets\",\"Effect\":\"Allow\",\"Resource\":[\"arn:aws:route53:::hostedzone/Z08991561DT3P59F9ALJA\"]},{\"Action\":[\"logs:CreateLogStream\",\"logs:PutLogEvents\"],\"Effect\":\"Allow\",\"Resource\":[\"arn:aws:logs:us-east-1:175059541256:log-group:/aws/lambda/revoke:*\"]},{\"Action\":[\"dynamodb:BatchGetItem\",\"dynamodb:DeleteItem\",\"dynamodb:DescribeTable\",\"dynamodb:GetItem\",\"dynamodb:ListTables\",\"dynamodb:Query\",\"dynamodb:Scan\",\"dynamodb:PutItem\",\"dynamodb:ListTagsOfResource\",\"dynamodb:ListGlobalTables\",\"dynamodb:DescribeGlobalTable\"],\"Effect\":\"Allow\",\"Resource\":[\"arn:aws:dynamodb:us-east-1:175059541256:table/cabal-addresses\"]}]}",
            "role": "revoke_role"
          },
          "sensitive_attributes": [],
          "private": "bnVsbA==",
          "dependencies": [
            "module.admin.data.aws_caller_identity.current",
            "module.admin.data.aws_s3_objects.check",
            "module.admin.module.cabal_method.aws_cloudwatch_log_group.lambda_log",
            "module.admin.module.cabal_method.aws_iam_role.lambda",
            "module.admin.module.cabal_method.aws_lambda_function.api_call",
            "module.admin.module.cabal_method.data.aws_s3_object.lambda_function_hash",
            "module.bucket.aws_s3_bucket.this",
            "module.domains.aws_route53_zone.mail_dns",
            "module.lambda_layers.aws_lambda_layer_version.layer",
            "module.lambda_layers.data.aws_s3_object.lambda_layer_hash",
            "module.lambda_layers.data.aws_s3_objects.check"
          ],
          "create_before_destroy": true
        }
      ]
    },
    {
      "module": "module.admin.module.cabal_method[\"revoke\"]",
      "mode": "managed",
      "type": "aws_lambda_function",
      "name": "api_call",
      "provider": "provider[\"registry.terraform.io/hashicorp/aws\"]",
      "instances": [
        {
          "schema_version": 0,
          "attributes": {
            "architectures": [
              "arm64"
            ],
            "arn": "arn:aws:lambda:us-east-1:175059541256:function:revoke",
            "code_sha256": "mT7uwWvoEXYKTPyX7RrOeDcvZcTsjSqT5tADS4chDkk=",
            "code_signing_config_arn": "",
            "dead_letter_config": [],
            "description": "",
            "environment": [
              {
                "variables": {
                  "CONTROL_DOMAIN": "cabalmail.email",
                  "DOMAINS": "{\"cabalmail.io\":\"Z08991561DT3P59F9ALJA\"}"
                }
              }
            ],
            "ephemeral_storage": [
              {
                "size": 512
              }
            ],
            "file_system_config": [],
            "filename": null,
            "function_name": "revoke",
            "handler": "index.handler",
            "id": "revoke",
            "image_config": [],
            "image_uri": "",
            "invoke_arn": "arn:aws:apigateway:us-east-1:lambda:path/2015-03-31/functions/arn:aws:lambda:us-east-1:175059541256:function:revoke/invocations",
            "kms_key_arn": "",
            "last_modified": "2026-02-15T16:32:41.324+0000",
            "layers": [
              "arn:aws:lambda:us-east-1:175059541256:layer:nodejs:12"
            ],
            "logging_config": [
              {
                "application_log_level": "",
                "log_format": "Text",
                "log_group": "/cabal/lambda/revoke",
                "system_log_level": ""
              }
            ],
            "memory_size": 128,
            "package_type": "Zip",
            "publish": false,
            "qualified_arn": "arn:aws:lambda:us-east-1:175059541256:function:revoke:$LATEST",
            "qualified_invoke_arn": "arn:aws:apigateway:us-east-1:lambda:path/2015-03-31/functions/arn:aws:lambda:us-east-1:175059541256:function:revoke:$LATEST/invocations",
            "replace_security_groups_on_destroy": null,
            "replacement_security_group_ids": null,
            "reserved_concurrent_executions": -1,
            "role": "arn:aws:iam::175059541256:role/revoke_role",
            "runtime": "nodejs20.x",
            "s3_bucket": "admin.cabalmail.email",
            "s3_key": "lambda/revoke.zip",
            "s3_object_version": null,
            "signing_job_arn": "",
            "signing_profile_version_arn": "",
            "skip_destroy": false,
            "snap_start": [],
            "source_code_hash": "mT7uwWvoEXYKTPyX7RrOeDcvZcTsjSqT5tADS4chDkk=",
            "source_code_size": 1601,
            "tags": null,
            "tags_all": {
              "environment": "development",
              "managed_by_terraform": "y",
              "terraform_repo": "https://github.com/cabalmail/cabal-infra"
            },
            "timeout": 30,
            "timeouts": null,
            "tracing_config": [
              {
                "mode": "PassThrough"
              }
            ],
            "version": "$LATEST",
            "vpc_config": []
          },
          "sensitive_attributes": [],
          "private": "eyJlMmJmYjczMC1lY2FhLTExZTYtOGY4OC0zNDM2M2JjN2M0YzAiOnsiY3JlYXRlIjo2MDAwMDAwMDAwMDAsImRlbGV0ZSI6NjAwMDAwMDAwMDAwLCJ1cGRhdGUiOjYwMDAwMDAwMDAwMH19",
          "dependencies": [
            "module.admin.data.aws_s3_objects.check",
            "module.admin.module.cabal_method.aws_cloudwatch_log_group.lambda_log",
            "module.admin.module.cabal_method.aws_iam_role.lambda",
            "module.admin.module.cabal_method.data.aws_s3_object.lambda_function_hash",
            "module.bucket.aws_s3_bucket.this",
            "module.domains.aws_route53_zone.mail_dns",
            "module.lambda_layers.aws_lambda_layer_version.layer",
            "module.lambda_layers.data.aws_s3_object.lambda_layer_hash",
            "module.lambda_layers.data.aws_s3_objects.check"
          ],
          "create_before_destroy": true
        }
      ]
    },
    {
      "module": "module.admin.module.cabal_method[\"send\"]",
      "mode": "data",
      "type": "aws_s3_object",
      "name": "lambda_function_hash",
      "provider": "provider[\"registry.terraform.io/hashicorp/aws\"]",
      "instances": [
        {
          "schema_version": 0,
          "attributes": {
            "arn": "arn:aws:s3:::admin.cabalmail.email/lambda/send.zip.base64sha256",
            "body": "qXnRin25xGcxTw12pkqK+Bmp5tAVv9sKdfNWoufiUEM=",
            "bucket": "admin.cabalmail.email",
            "bucket_key_enabled": false,
            "cache_control": "",
            "checksum_crc32": "",
            "checksum_crc32c": "",
            "checksum_crc64nvme": "",
            "checksum_mode": null,
            "checksum_sha1": "",
            "checksum_sha256": "",
            "content_disposition": "",
            "content_encoding": "",
            "content_language": "",
            "content_length": 44,
            "content_type": "text/plain",
            "etag": "7b809232172710d56585affa2646619b",
            "expiration": "",
            "expires": "",
            "id": "admin.cabalmail.email/lambda/send.zip.base64sha256",
            "key": "lambda/send.zip.base64sha256",
            "last_modified": "Sun, 15 Feb 2026 16:29:21 UTC",
            "metadata": {},
            "object_lock_legal_hold_status": "",
            "object_lock_mode": "",
            "object_lock_retain_until_date": "",
            "range": null,
            "server_side_encryption": "AES256",
            "sse_kms_key_id": "",
            "storage_class": "STANDARD",
            "tags": {},
            "version_id": "",
            "website_redirect_location": ""
          },
          "sensitive_attributes": []
        }
      ]
    },
    {
      "module": "module.admin.module.cabal_method[\"send\"]",
      "mode": "managed",
      "type": "aws_api_gateway_resource",
      "name": "api_call",
      "provider": "provider[\"registry.terraform.io/hashicorp/aws\"]",
      "instances": [
        {
          "schema_version": 0,
          "attributes": {
            "id": "l4adil",
            "parent_id": "ouau5wwocd",
            "path": "/send",
            "path_part": "send",
            "rest_api_id": "on3fpyd717"
          },
          "sensitive_attributes": [],
          "private": "bnVsbA==",
          "dependencies": [
            "module.admin.aws_api_gateway_rest_api.gateway",
            "module.admin.data.aws_s3_objects.check",
            "module.bucket.aws_s3_bucket.this"
          ],
          "create_before_destroy": true
        }
      ]
    },
    {
      "module": "module.admin.module.cabal_method[\"send\"]",
      "mode": "managed",
      "type": "aws_cloudwatch_log_group",
      "name": "lambda_log",
      "provider": "provider[\"registry.terraform.io/hashicorp/aws\"]",
      "instances": [
        {
          "schema_version": 0,
          "attributes": {
            "arn": "arn:aws:logs:us-east-1:175059541256:log-group:/cabal/lambda/send",
            "id": "/cabal/lambda/send",
            "kms_key_id": "",
            "log_group_class": "STANDARD",
            "name": "/cabal/lambda/send",
            "name_prefix": "",
            "retention_in_days": 14,
            "skip_destroy": false,
            "tags": null,
            "tags_all": {
              "environment": "development",
              "managed_by_terraform": "y",
              "terraform_repo": "https://github.com/cabalmail/cabal-infra"
            }
          },
          "sensitive_attributes": [],
          "private": "bnVsbA==",
          "dependencies": [
            "module.admin.data.aws_s3_objects.check",
            "module.bucket.aws_s3_bucket.this"
          ],
          "create_before_destroy": true
        }
      ]
    },
    {
      "module": "module.admin.module.cabal_method[\"send\"]",
      "mode": "managed",
      "type": "aws_iam_role",
      "name": "lambda",
      "provider": "provider[\"registry.terraform.io/hashicorp/aws\"]",
      "instances": [
        {
          "schema_version": 0,
          "attributes": {
            "arn": "arn:aws:iam::175059541256:role/send_role",
            "assume_role_policy": "{\"Statement\":[{\"Action\":\"sts:AssumeRole\",\"Effect\":\"Allow\",\"Principal\":{\"Service\":\"lambda.amazonaws.com\"},\"Sid\":\"sendSid\"}],\"Version\":\"2012-10-17\"}",
            "create_date": "2026-02-15T16:32:13Z",
            "description": "",
            "force_detach_policies": false,
            "id": "send_role",
            "inline_policy": [],
            "managed_policy_arns": [],
            "max_session_duration": 3600,
            "name": "send_role",
            "name_prefix": "",
            "path": "/",
            "permissions_boundary": "",
            "tags": null,
            "tags_all": {
              "environment": "development",
              "managed_by_terraform": "y",
              "terraform_repo": "https://github.com/cabalmail/cabal-infra"
            },
            "unique_id": "AROASRQS4TUENMHTDOOFO"
          },
          "sensitive_attributes": [],
          "private": "bnVsbA==",
          "dependencies": [
            "module.admin.data.aws_s3_objects.check",
            "module.bucket.aws_s3_bucket.this"
          ],
          "create_before_destroy": true
        }
      ]
    },
    {
      "module": "module.admin.module.cabal_method[\"send\"]",
      "mode": "managed",
      "type": "aws_iam_role_policy",
      "name": "lambda",
      "provider": "provider[\"registry.terraform.io/hashicorp/aws\"]",
      "instances": [
        {
          "schema_version": 0,
          "attributes": {
            "id": "send_role:send_policy",
            "name": "send_policy",
            "name_prefix": "",
            "policy": "{\"Version\":\"2012-10-17\",\"Statement\":[{\"Action\":[\"ssm:DescribeParameters\"],\"Effect\":\"Allow\",\"Resource\":\"arn:aws:ssm:us-east-1:175059541256:*\"},{\"Action\":[\"ssm:GetParameter\"],\"Effect\":\"Allow\",\"Resource\":\"arn:aws:ssm:us-east-1:175059541256:parameter/cabal/master_password\"},{\"Action\":[\"s3:ListBucket\"],\"Effect\":\"Allow\",\"Resource\":\"arn:aws:s3:::cache.cabalmail.email\"},{\"Action\":[\"s3:PutObject\",\"s3:GetObject\"],\"Effect\":\"Allow\",\"Resource\":\"arn:aws:s3:::cache.cabalmail.email/*\"},{\"Action\":[\"ssm:StartSession\",\"ssm:SendCommand\"],\"Effect\":\"Allow\",\"Resource\":\"arn:aws:ec2:us-east-1:175059541256:instance/*\"},{\"Action\":\"ssm:SendCommand\",\"Effect\":\"Allow\",\"Resource\":\"arn:aws:ssm:us-east-1:175059541256:document/cabal_chef_document\"},{\"Action\":\"route53:ChangeResourceRecordSets\",\"Effect\":\"Allow\",\"Resource\":[\"arn:aws:route53:::hostedzone/Z08991561DT3P59F9ALJA\"]},{\"Action\":[\"logs:CreateLogStream\",\"logs:PutLogEvents\"],\"Effect\":\"Allow\",\"Resource\":[\"arn:aws:logs:us-east-1:175059541256:log-group:/aws/lambda/send:*\"]},{\"Action\":[\"dynamodb:BatchGetItem\",\"dynamodb:DeleteItem\",\"dynamodb:DescribeTable\",\"dynamodb:GetItem\",\"dynamodb:ListTables\",\"dynamodb:Query\",\"dynamodb:Scan\",\"dynamodb:PutItem\",\"dynamodb:ListTagsOfResource\",\"dynamodb:ListGlobalTables\",\"dynamodb:DescribeGlobalTable\"],\"Effect\":\"Allow\",\"Resource\":[\"arn:aws:dynamodb:us-east-1:175059541256:table/cabal-addresses\"]}]}",
            "role": "send_role"
          },
          "sensitive_attributes": [],
          "private": "bnVsbA==",
          "dependencies": [
            "module.admin.data.aws_caller_identity.current",
            "module.admin.data.aws_s3_objects.check",
            "module.admin.module.cabal_method.aws_cloudwatch_log_group.lambda_log",
            "module.admin.module.cabal_method.aws_iam_role.lambda",
            "module.admin.module.cabal_method.aws_lambda_function.api_call",
            "module.admin.module.cabal_method.data.aws_s3_object.lambda_function_hash",
            "module.bucket.aws_s3_bucket.this",
            "module.domains.aws_route53_zone.mail_dns",
            "module.lambda_layers.aws_lambda_layer_version.layer",
            "module.lambda_layers.data.aws_s3_object.lambda_layer_hash",
            "module.lambda_layers.data.aws_s3_objects.check"
          ],
          "create_before_destroy": true
        }
      ]
    },
    {
      "module": "module.admin.module.cabal_method[\"send\"]",
      "mode": "managed",
      "type": "aws_lambda_function",
      "name": "api_call",
      "provider": "provider[\"registry.terraform.io/hashicorp/aws\"]",
      "instances": [
        {
          "schema_version": 0,
          "attributes": {
            "architectures": [
              "arm64"
            ],
            "arn": "arn:aws:lambda:us-east-1:175059541256:function:send",
            "code_sha256": "qXnRin25xGcxTw12pkqK+Bmp5tAVv9sKdfNWoufiUEM=",
            "code_signing_config_arn": "",
            "dead_letter_config": [],
            "description": "",
            "environment": [
              {
                "variables": {
                  "CONTROL_DOMAIN": "cabalmail.email",
                  "DOMAINS": "{\"cabalmail.io\":\"Z08991561DT3P59F9ALJA\"}"
                }
              }
            ],
            "ephemeral_storage": [
              {
                "size": 512
              }
            ],
            "file_system_config": [],
            "filename": null,
            "function_name": "send",
            "handler": "function.handler",
            "id": "send",
            "image_config": [],
            "image_uri": "",
            "invoke_arn": "arn:aws:apigateway:us-east-1:lambda:path/2015-03-31/functions/arn:aws:lambda:us-east-1:175059541256:function:send/invocations",
            "kms_key_arn": "",
            "last_modified": "2026-02-15T16:32:33.399+0000",
            "layers": [
              "arn:aws:lambda:us-east-1:175059541256:layer:python:47"
            ],
            "logging_config": [
              {
                "application_log_level": "",
                "log_format": "Text",
                "log_group": "/cabal/lambda/send",
                "system_log_level": ""
              }
            ],
            "memory_size": 128,
            "package_type": "Zip",
            "publish": false,
            "qualified_arn": "arn:aws:lambda:us-east-1:175059541256:function:send:$LATEST",
            "qualified_invoke_arn": "arn:aws:apigateway:us-east-1:lambda:path/2015-03-31/functions/arn:aws:lambda:us-east-1:175059541256:function:send:$LATEST/invocations",
            "replace_security_groups_on_destroy": null,
            "replacement_security_group_ids": null,
            "reserved_concurrent_executions": -1,
            "role": "arn:aws:iam::175059541256:role/send_role",
            "runtime": "python3.13",
            "s3_bucket": "admin.cabalmail.email",
            "s3_key": "lambda/send.zip",
            "s3_object_version": null,
            "signing_job_arn": "",
            "signing_profile_version_arn": "",
            "skip_destroy": false,
            "snap_start": [],
            "source_code_hash": "qXnRin25xGcxTw12pkqK+Bmp5tAVv9sKdfNWoufiUEM=",
            "source_code_size": 1824,
            "tags": null,
            "tags_all": {
              "environment": "development",
              "managed_by_terraform": "y",
              "terraform_repo": "https://github.com/cabalmail/cabal-infra"
            },
            "timeout": 30,
            "timeouts": null,
            "tracing_config": [
              {
                "mode": "PassThrough"
              }
            ],
            "version": "$LATEST",
            "vpc_config": []
          },
          "sensitive_attributes": [],
          "private": "eyJlMmJmYjczMC1lY2FhLTExZTYtOGY4OC0zNDM2M2JjN2M0YzAiOnsiY3JlYXRlIjo2MDAwMDAwMDAwMDAsImRlbGV0ZSI6NjAwMDAwMDAwMDAwLCJ1cGRhdGUiOjYwMDAwMDAwMDAwMH19",
          "dependencies": [
            "module.admin.data.aws_s3_objects.check",
            "module.admin.module.cabal_method.aws_cloudwatch_log_group.lambda_log",
            "module.admin.module.cabal_method.aws_iam_role.lambda",
            "module.admin.module.cabal_method.data.aws_s3_object.lambda_function_hash",
            "module.bucket.aws_s3_bucket.this",
            "module.domains.aws_route53_zone.mail_dns",
            "module.lambda_layers.aws_lambda_layer_version.layer",
            "module.lambda_layers.data.aws_s3_object.lambda_layer_hash",
            "module.lambda_layers.data.aws_s3_objects.check"
          ],
          "create_before_destroy": true
        }
      ]
    },
    {
      "module": "module.admin.module.cabal_method[\"set_flag\"]",
      "mode": "data",
      "type": "aws_s3_object",
      "name": "lambda_function_hash",
      "provider": "provider[\"registry.terraform.io/hashicorp/aws\"]",
      "instances": [
        {
          "schema_version": 0,
          "attributes": {
            "arn": "arn:aws:s3:::admin.cabalmail.email/lambda/set_flag.zip.base64sha256",
            "body": "O3cqZLbA1FvpAxWfxRpWCGL9ZaYKr0k8HpjYRkZ6DoE=",
            "bucket": "admin.cabalmail.email",
            "bucket_key_enabled": false,
            "cache_control": "",
            "checksum_crc32": "",
            "checksum_crc32c": "",
            "checksum_crc64nvme": "",
            "checksum_mode": null,
            "checksum_sha1": "",
            "checksum_sha256": "",
            "content_disposition": "",
            "content_encoding": "",
            "content_language": "",
            "content_length": 44,
            "content_type": "text/plain",
            "etag": "8149ac071feed3863298e2877b162a06",
            "expiration": "",
            "expires": "",
            "id": "admin.cabalmail.email/lambda/set_flag.zip.base64sha256",
            "key": "lambda/set_flag.zip.base64sha256",
            "last_modified": "Sun, 15 Feb 2026 16:29:23 UTC",
            "metadata": {},
            "object_lock_legal_hold_status": "",
            "object_lock_mode": "",
            "object_lock_retain_until_date": "",
            "range": null,
            "server_side_encryption": "AES256",
            "sse_kms_key_id": "",
            "storage_class": "STANDARD",
            "tags": {},
            "version_id": "",
            "website_redirect_location": ""
          },
          "sensitive_attributes": []
        }
      ]
    },
    {
      "module": "module.admin.module.cabal_method[\"set_flag\"]",
      "mode": "managed",
      "type": "aws_api_gateway_resource",
      "name": "api_call",
      "provider": "provider[\"registry.terraform.io/hashicorp/aws\"]",
      "instances": [
        {
          "schema_version": 0,
          "attributes": {
            "id": "j9qose",
            "parent_id": "ouau5wwocd",
            "path": "/set_flag",
            "path_part": "set_flag",
            "rest_api_id": "on3fpyd717"
          },
          "sensitive_attributes": [],
          "private": "bnVsbA==",
          "dependencies": [
            "module.admin.aws_api_gateway_rest_api.gateway",
            "module.admin.data.aws_s3_objects.check",
            "module.bucket.aws_s3_bucket.this"
          ],
          "create_before_destroy": true
        }
      ]
    },
    {
      "module": "module.admin.module.cabal_method[\"set_flag\"]",
      "mode": "managed",
      "type": "aws_cloudwatch_log_group",
      "name": "lambda_log",
      "provider": "provider[\"registry.terraform.io/hashicorp/aws\"]",
      "instances": [
        {
          "schema_version": 0,
          "attributes": {
            "arn": "arn:aws:logs:us-east-1:175059541256:log-group:/cabal/lambda/set_flag",
            "id": "/cabal/lambda/set_flag",
            "kms_key_id": "",
            "log_group_class": "STANDARD",
            "name": "/cabal/lambda/set_flag",
            "name_prefix": "",
            "retention_in_days": 14,
            "skip_destroy": false,
            "tags": null,
            "tags_all": {
              "environment": "development",
              "managed_by_terraform": "y",
              "terraform_repo": "https://github.com/cabalmail/cabal-infra"
            }
          },
          "sensitive_attributes": [],
          "private": "bnVsbA==",
          "dependencies": [
            "module.admin.data.aws_s3_objects.check",
            "module.bucket.aws_s3_bucket.this"
          ],
          "create_before_destroy": true
        }
      ]
    },
    {
      "module": "module.admin.module.cabal_method[\"set_flag\"]",
      "mode": "managed",
      "type": "aws_iam_role",
      "name": "lambda",
      "provider": "provider[\"registry.terraform.io/hashicorp/aws\"]",
      "instances": [
        {
          "schema_version": 0,
          "attributes": {
            "arn": "arn:aws:iam::175059541256:role/set_flag_role",
            "assume_role_policy": "{\"Statement\":[{\"Action\":\"sts:AssumeRole\",\"Effect\":\"Allow\",\"Principal\":{\"Service\":\"lambda.amazonaws.com\"},\"Sid\":\"setflagSid\"}],\"Version\":\"2012-10-17\"}",
            "create_date": "2026-02-15T16:32:13Z",
            "description": "",
            "force_detach_policies": false,
            "id": "set_flag_role",
            "inline_policy": [],
            "managed_policy_arns": [],
            "max_session_duration": 3600,
            "name": "set_flag_role",
            "name_prefix": "",
            "path": "/",
            "permissions_boundary": "",
            "tags": null,
            "tags_all": {
              "environment": "development",
              "managed_by_terraform": "y",
              "terraform_repo": "https://github.com/cabalmail/cabal-infra"
            },
            "unique_id": "AROASRQS4TUEPVYTUXWLB"
          },
          "sensitive_attributes": [],
          "private": "bnVsbA==",
          "dependencies": [
            "module.admin.data.aws_s3_objects.check",
            "module.bucket.aws_s3_bucket.this"
          ],
          "create_before_destroy": true
        }
      ]
    },
    {
      "module": "module.admin.module.cabal_method[\"set_flag\"]",
      "mode": "managed",
      "type": "aws_iam_role_policy",
      "name": "lambda",
      "provider": "provider[\"registry.terraform.io/hashicorp/aws\"]",
      "instances": [
        {
          "schema_version": 0,
          "attributes": {
            "id": "set_flag_role:set_flag_policy",
            "name": "set_flag_policy",
            "name_prefix": "",
            "policy": "{\"Version\":\"2012-10-17\",\"Statement\":[{\"Action\":[\"ssm:DescribeParameters\"],\"Effect\":\"Allow\",\"Resource\":\"arn:aws:ssm:us-east-1:175059541256:*\"},{\"Action\":[\"ssm:GetParameter\"],\"Effect\":\"Allow\",\"Resource\":\"arn:aws:ssm:us-east-1:175059541256:parameter/cabal/master_password\"},{\"Action\":[\"s3:ListBucket\"],\"Effect\":\"Allow\",\"Resource\":\"arn:aws:s3:::cache.cabalmail.email\"},{\"Action\":[\"s3:PutObject\",\"s3:GetObject\"],\"Effect\":\"Allow\",\"Resource\":\"arn:aws:s3:::cache.cabalmail.email/*\"},{\"Action\":[\"ssm:StartSession\",\"ssm:SendCommand\"],\"Effect\":\"Allow\",\"Resource\":\"arn:aws:ec2:us-east-1:175059541256:instance/*\"},{\"Action\":\"ssm:SendCommand\",\"Effect\":\"Allow\",\"Resource\":\"arn:aws:ssm:us-east-1:175059541256:document/cabal_chef_document\"},{\"Action\":\"route53:ChangeResourceRecordSets\",\"Effect\":\"Allow\",\"Resource\":[\"arn:aws:route53:::hostedzone/Z08991561DT3P59F9ALJA\"]},{\"Action\":[\"logs:CreateLogStream\",\"logs:PutLogEvents\"],\"Effect\":\"Allow\",\"Resource\":[\"arn:aws:logs:us-east-1:175059541256:log-group:/aws/lambda/set_flag:*\"]},{\"Action\":[\"dynamodb:BatchGetItem\",\"dynamodb:DeleteItem\",\"dynamodb:DescribeTable\",\"dynamodb:GetItem\",\"dynamodb:ListTables\",\"dynamodb:Query\",\"dynamodb:Scan\",\"dynamodb:PutItem\",\"dynamodb:ListTagsOfResource\",\"dynamodb:ListGlobalTables\",\"dynamodb:DescribeGlobalTable\"],\"Effect\":\"Allow\",\"Resource\":[\"arn:aws:dynamodb:us-east-1:175059541256:table/cabal-addresses\"]}]}",
            "role": "set_flag_role"
          },
          "sensitive_attributes": [],
          "private": "bnVsbA==",
          "dependencies": [
            "module.admin.data.aws_caller_identity.current",
            "module.admin.data.aws_s3_objects.check",
            "module.admin.module.cabal_method.aws_cloudwatch_log_group.lambda_log",
            "module.admin.module.cabal_method.aws_iam_role.lambda",
            "module.admin.module.cabal_method.aws_lambda_function.api_call",
            "module.admin.module.cabal_method.data.aws_s3_object.lambda_function_hash",
            "module.bucket.aws_s3_bucket.this",
            "module.domains.aws_route53_zone.mail_dns",
            "module.lambda_layers.aws_lambda_layer_version.layer",
            "module.lambda_layers.data.aws_s3_object.lambda_layer_hash",
            "module.lambda_layers.data.aws_s3_objects.check"
          ],
          "create_before_destroy": true
        }
      ]
    },
    {
      "module": "module.admin.module.cabal_method[\"set_flag\"]",
      "mode": "managed",
      "type": "aws_lambda_function",
      "name": "api_call",
      "provider": "provider[\"registry.terraform.io/hashicorp/aws\"]",
      "instances": [
        {
          "schema_version": 0,
          "attributes": {
            "architectures": [
              "arm64"
            ],
            "arn": "arn:aws:lambda:us-east-1:175059541256:function:set_flag",
            "code_sha256": "O3cqZLbA1FvpAxWfxRpWCGL9ZaYKr0k8HpjYRkZ6DoE=",
            "code_signing_config_arn": "",
            "dead_letter_config": [],
            "description": "",
            "environment": [
              {
                "variables": {
                  "CONTROL_DOMAIN": "cabalmail.email",
                  "DOMAINS": "{\"cabalmail.io\":\"Z08991561DT3P59F9ALJA\"}"
                }
              }
            ],
            "ephemeral_storage": [
              {
                "size": 512
              }
            ],
            "file_system_config": [],
            "filename": null,
            "function_name": "set_flag",
            "handler": "function.handler",
            "id": "set_flag",
            "image_config": [],
            "image_uri": "",
            "invoke_arn": "arn:aws:apigateway:us-east-1:lambda:path/2015-03-31/functions/arn:aws:lambda:us-east-1:175059541256:function:set_flag/invocations",
            "kms_key_arn": "",
            "last_modified": "2026-02-15T16:32:37.696+0000",
            "layers": [
              "arn:aws:lambda:us-east-1:175059541256:layer:python:47"
            ],
            "logging_config": [
              {
                "application_log_level": "",
                "log_format": "Text",
                "log_group": "/cabal/lambda/set_flag",
                "system_log_level": ""
              }
            ],
            "memory_size": 128,
            "package_type": "Zip",
            "publish": false,
            "qualified_arn": "arn:aws:lambda:us-east-1:175059541256:function:set_flag:$LATEST",
            "qualified_invoke_arn": "arn:aws:apigateway:us-east-1:lambda:path/2015-03-31/functions/arn:aws:lambda:us-east-1:175059541256:function:set_flag:$LATEST/invocations",
            "replace_security_groups_on_destroy": null,
            "replacement_security_group_ids": null,
            "reserved_concurrent_executions": -1,
            "role": "arn:aws:iam::175059541256:role/set_flag_role",
            "runtime": "python3.13",
            "s3_bucket": "admin.cabalmail.email",
            "s3_key": "lambda/set_flag.zip",
            "s3_object_version": null,
            "signing_job_arn": "",
            "signing_profile_version_arn": "",
            "skip_destroy": false,
            "snap_start": [],
            "source_code_hash": "O3cqZLbA1FvpAxWfxRpWCGL9ZaYKr0k8HpjYRkZ6DoE=",
            "source_code_size": 664,
            "tags": null,
            "tags_all": {
              "environment": "development",
              "managed_by_terraform": "y",
              "terraform_repo": "https://github.com/cabalmail/cabal-infra"
            },
            "timeout": 30,
            "timeouts": null,
            "tracing_config": [
              {
                "mode": "PassThrough"
              }
            ],
            "version": "$LATEST",
            "vpc_config": []
          },
          "sensitive_attributes": [],
          "private": "eyJlMmJmYjczMC1lY2FhLTExZTYtOGY4OC0zNDM2M2JjN2M0YzAiOnsiY3JlYXRlIjo2MDAwMDAwMDAwMDAsImRlbGV0ZSI6NjAwMDAwMDAwMDAwLCJ1cGRhdGUiOjYwMDAwMDAwMDAwMH19",
          "dependencies": [
            "module.admin.data.aws_s3_objects.check",
            "module.admin.module.cabal_method.aws_cloudwatch_log_group.lambda_log",
            "module.admin.module.cabal_method.aws_iam_role.lambda",
            "module.admin.module.cabal_method.data.aws_s3_object.lambda_function_hash",
            "module.bucket.aws_s3_bucket.this",
            "module.domains.aws_route53_zone.mail_dns",
            "module.lambda_layers.aws_lambda_layer_version.layer",
            "module.lambda_layers.data.aws_s3_object.lambda_layer_hash",
            "module.lambda_layers.data.aws_s3_objects.check"
          ],
          "create_before_destroy": true
        }
      ]
    },
    {
      "module": "module.admin.module.cabal_method[\"subscribe_folder\"]",
      "mode": "data",
      "type": "aws_s3_object",
      "name": "lambda_function_hash",
      "provider": "provider[\"registry.terraform.io/hashicorp/aws\"]",
      "instances": [
        {
          "schema_version": 0,
          "attributes": {
            "arn": "arn:aws:s3:::admin.cabalmail.email/lambda/subscribe_folder.zip.base64sha256",
            "body": "JxI2264kjiBY9BLvVvJQrE7tiWZVRrEpuMWi16S6288=",
            "bucket": "admin.cabalmail.email",
            "bucket_key_enabled": false,
            "cache_control": "",
            "checksum_crc32": "",
            "checksum_crc32c": "",
            "checksum_crc64nvme": "",
            "checksum_mode": null,
            "checksum_sha1": "",
            "checksum_sha256": "",
            "content_disposition": "",
            "content_encoding": "",
            "content_language": "",
            "content_length": 44,
            "content_type": "text/plain",
            "etag": "90295946f85997dc1e83d1987b577a43",
            "expiration": "",
            "expires": "",
            "id": "admin.cabalmail.email/lambda/subscribe_folder.zip.base64sha256",
            "key": "lambda/subscribe_folder.zip.base64sha256",
            "last_modified": "Sun, 15 Feb 2026 16:29:25 UTC",
            "metadata": {},
            "object_lock_legal_hold_status": "",
            "object_lock_mode": "",
            "object_lock_retain_until_date": "",
            "range": null,
            "server_side_encryption": "AES256",
            "sse_kms_key_id": "",
            "storage_class": "STANDARD",
            "tags": {},
            "version_id": "",
            "website_redirect_location": ""
          },
          "sensitive_attributes": []
        }
      ]
    },
    {
      "module": "module.admin.module.cabal_method[\"subscribe_folder\"]",
      "mode": "managed",
      "type": "aws_api_gateway_resource",
      "name": "api_call",
      "provider": "provider[\"registry.terraform.io/hashicorp/aws\"]",
      "instances": [
        {
          "schema_version": 0,
          "attributes": {
            "id": "g0y300",
            "parent_id": "ouau5wwocd",
            "path": "/subscribe_folder",
            "path_part": "subscribe_folder",
            "rest_api_id": "on3fpyd717"
          },
          "sensitive_attributes": [],
          "private": "bnVsbA==",
          "dependencies": [
            "module.admin.aws_api_gateway_rest_api.gateway",
            "module.admin.data.aws_s3_objects.check",
            "module.bucket.aws_s3_bucket.this"
          ],
          "create_before_destroy": true
        }
      ]
    },
    {
      "module": "module.admin.module.cabal_method[\"subscribe_folder\"]",
      "mode": "managed",
      "type": "aws_cloudwatch_log_group",
      "name": "lambda_log",
      "provider": "provider[\"registry.terraform.io/hashicorp/aws\"]",
      "instances": [
        {
          "schema_version": 0,
          "attributes": {
            "arn": "arn:aws:logs:us-east-1:175059541256:log-group:/cabal/lambda/subscribe_folder",
            "id": "/cabal/lambda/subscribe_folder",
            "kms_key_id": "",
            "log_group_class": "STANDARD",
            "name": "/cabal/lambda/subscribe_folder",
            "name_prefix": "",
            "retention_in_days": 14,
            "skip_destroy": false,
            "tags": null,
            "tags_all": {
              "environment": "development",
              "managed_by_terraform": "y",
              "terraform_repo": "https://github.com/cabalmail/cabal-infra"
            }
          },
          "sensitive_attributes": [],
          "private": "bnVsbA==",
          "dependencies": [
            "module.admin.data.aws_s3_objects.check",
            "module.bucket.aws_s3_bucket.this"
          ],
          "create_before_destroy": true
        }
      ]
    },
    {
      "module": "module.admin.module.cabal_method[\"subscribe_folder\"]",
      "mode": "managed",
      "type": "aws_iam_role",
      "name": "lambda",
      "provider": "provider[\"registry.terraform.io/hashicorp/aws\"]",
      "instances": [
        {
          "schema_version": 0,
          "attributes": {
            "arn": "arn:aws:iam::175059541256:role/subscribe_folder_role",
            "assume_role_policy": "{\"Statement\":[{\"Action\":\"sts:AssumeRole\",\"Effect\":\"Allow\",\"Principal\":{\"Service\":\"lambda.amazonaws.com\"},\"Sid\":\"subscribefolderSid\"}],\"Version\":\"2012-10-17\"}",
            "create_date": "2026-02-15T16:32:12Z",
            "description": "",
            "force_detach_policies": false,
            "id": "subscribe_folder_role",
            "inline_policy": [],
            "managed_policy_arns": [],
            "max_session_duration": 3600,
            "name": "subscribe_folder_role",
            "name_prefix": "",
            "path": "/",
            "permissions_boundary": "",
            "tags": null,
            "tags_all": {
              "environment": "development",
              "managed_by_terraform": "y",
              "terraform_repo": "https://github.com/cabalmail/cabal-infra"
            },
            "unique_id": "AROASRQS4TUEO2EZ4EFBL"
          },
          "sensitive_attributes": [],
          "private": "bnVsbA==",
          "dependencies": [
            "module.admin.data.aws_s3_objects.check",
            "module.bucket.aws_s3_bucket.this"
          ],
          "create_before_destroy": true
        }
      ]
    },
    {
      "module": "module.admin.module.cabal_method[\"subscribe_folder\"]",
      "mode": "managed",
      "type": "aws_iam_role_policy",
      "name": "lambda",
      "provider": "provider[\"registry.terraform.io/hashicorp/aws\"]",
      "instances": [
        {
          "schema_version": 0,
          "attributes": {
            "id": "subscribe_folder_role:subscribe_folder_policy",
            "name": "subscribe_folder_policy",
            "name_prefix": "",
            "policy": "{\"Version\":\"2012-10-17\",\"Statement\":[{\"Action\":[\"ssm:DescribeParameters\"],\"Effect\":\"Allow\",\"Resource\":\"arn:aws:ssm:us-east-1:175059541256:*\"},{\"Action\":[\"ssm:GetParameter\"],\"Effect\":\"Allow\",\"Resource\":\"arn:aws:ssm:us-east-1:175059541256:parameter/cabal/master_password\"},{\"Action\":[\"s3:ListBucket\"],\"Effect\":\"Allow\",\"Resource\":\"arn:aws:s3:::cache.cabalmail.email\"},{\"Action\":[\"s3:PutObject\",\"s3:GetObject\"],\"Effect\":\"Allow\",\"Resource\":\"arn:aws:s3:::cache.cabalmail.email/*\"},{\"Action\":[\"ssm:StartSession\",\"ssm:SendCommand\"],\"Effect\":\"Allow\",\"Resource\":\"arn:aws:ec2:us-east-1:175059541256:instance/*\"},{\"Action\":\"ssm:SendCommand\",\"Effect\":\"Allow\",\"Resource\":\"arn:aws:ssm:us-east-1:175059541256:document/cabal_chef_document\"},{\"Action\":\"route53:ChangeResourceRecordSets\",\"Effect\":\"Allow\",\"Resource\":[\"arn:aws:route53:::hostedzone/Z08991561DT3P59F9ALJA\"]},{\"Action\":[\"logs:CreateLogStream\",\"logs:PutLogEvents\"],\"Effect\":\"Allow\",\"Resource\":[\"arn:aws:logs:us-east-1:175059541256:log-group:/aws/lambda/subscribe_folder:*\"]},{\"Action\":[\"dynamodb:BatchGetItem\",\"dynamodb:DeleteItem\",\"dynamodb:DescribeTable\",\"dynamodb:GetItem\",\"dynamodb:ListTables\",\"dynamodb:Query\",\"dynamodb:Scan\",\"dynamodb:PutItem\",\"dynamodb:ListTagsOfResource\",\"dynamodb:ListGlobalTables\",\"dynamodb:DescribeGlobalTable\"],\"Effect\":\"Allow\",\"Resource\":[\"arn:aws:dynamodb:us-east-1:175059541256:table/cabal-addresses\"]}]}",
            "role": "subscribe_folder_role"
          },
          "sensitive_attributes": [],
          "private": "bnVsbA==",
          "dependencies": [
            "module.admin.data.aws_caller_identity.current",
            "module.admin.data.aws_s3_objects.check",
            "module.admin.module.cabal_method.aws_cloudwatch_log_group.lambda_log",
            "module.admin.module.cabal_method.aws_iam_role.lambda",
            "module.admin.module.cabal_method.aws_lambda_function.api_call",
            "module.admin.module.cabal_method.data.aws_s3_object.lambda_function_hash",
            "module.bucket.aws_s3_bucket.this",
            "module.domains.aws_route53_zone.mail_dns",
            "module.lambda_layers.aws_lambda_layer_version.layer",
            "module.lambda_layers.data.aws_s3_object.lambda_layer_hash",
            "module.lambda_layers.data.aws_s3_objects.check"
          ],
          "create_before_destroy": true
        }
      ]
    },
    {
      "module": "module.admin.module.cabal_method[\"subscribe_folder\"]",
      "mode": "managed",
      "type": "aws_lambda_function",
      "name": "api_call",
      "provider": "provider[\"registry.terraform.io/hashicorp/aws\"]",
      "instances": [
        {
          "schema_version": 0,
          "attributes": {
            "architectures": [
              "arm64"
            ],
            "arn": "arn:aws:lambda:us-east-1:175059541256:function:subscribe_folder",
            "code_sha256": "JxI2264kjiBY9BLvVvJQrE7tiWZVRrEpuMWi16S6288=",
            "code_signing_config_arn": "",
            "dead_letter_config": [],
            "description": "",
            "environment": [
              {
                "variables": {
                  "CONTROL_DOMAIN": "cabalmail.email",
                  "DOMAINS": "{\"cabalmail.io\":\"Z08991561DT3P59F9ALJA\"}"
                }
              }
            ],
            "ephemeral_storage": [
              {
                "size": 512
              }
            ],
            "file_system_config": [],
            "filename": null,
            "function_name": "subscribe_folder",
            "handler": "function.handler",
            "id": "subscribe_folder",
            "image_config": [],
            "image_uri": "",
            "invoke_arn": "arn:aws:apigateway:us-east-1:lambda:path/2015-03-31/functions/arn:aws:lambda:us-east-1:175059541256:function:subscribe_folder/invocations",
            "kms_key_arn": "",
            "last_modified": "2026-02-15T16:32:22.258+0000",
            "layers": [
              "arn:aws:lambda:us-east-1:175059541256:layer:python:47"
            ],
            "logging_config": [
              {
                "application_log_level": "",
                "log_format": "Text",
                "log_group": "/cabal/lambda/subscribe_folder",
                "system_log_level": ""
              }
            ],
            "memory_size": 128,
            "package_type": "Zip",
            "publish": false,
            "qualified_arn": "arn:aws:lambda:us-east-1:175059541256:function:subscribe_folder:$LATEST",
            "qualified_invoke_arn": "arn:aws:apigateway:us-east-1:lambda:path/2015-03-31/functions/arn:aws:lambda:us-east-1:175059541256:function:subscribe_folder:$LATEST/invocations",
            "replace_security_groups_on_destroy": null,
            "replacement_security_group_ids": null,
            "reserved_concurrent_executions": -1,
            "role": "arn:aws:iam::175059541256:role/subscribe_folder_role",
            "runtime": "python3.13",
            "s3_bucket": "admin.cabalmail.email",
            "s3_key": "lambda/subscribe_folder.zip",
            "s3_object_version": null,
            "signing_job_arn": "",
            "signing_profile_version_arn": "",
            "skip_destroy": false,
            "snap_start": [],
            "source_code_hash": "JxI2264kjiBY9BLvVvJQrE7tiWZVRrEpuMWi16S6288=",
            "source_code_size": 512,
            "tags": null,
            "tags_all": {
              "environment": "development",
              "managed_by_terraform": "y",
              "terraform_repo": "https://github.com/cabalmail/cabal-infra"
            },
            "timeout": 30,
            "timeouts": null,
            "tracing_config": [
              {
                "mode": "PassThrough"
              }
            ],
            "version": "$LATEST",
            "vpc_config": []
          },
          "sensitive_attributes": [],
          "private": "eyJlMmJmYjczMC1lY2FhLTExZTYtOGY4OC0zNDM2M2JjN2M0YzAiOnsiY3JlYXRlIjo2MDAwMDAwMDAwMDAsImRlbGV0ZSI6NjAwMDAwMDAwMDAwLCJ1cGRhdGUiOjYwMDAwMDAwMDAwMH19",
          "dependencies": [
            "module.admin.data.aws_s3_objects.check",
            "module.admin.module.cabal_method.aws_cloudwatch_log_group.lambda_log",
            "module.admin.module.cabal_method.aws_iam_role.lambda",
            "module.admin.module.cabal_method.data.aws_s3_object.lambda_function_hash",
            "module.bucket.aws_s3_bucket.this",
            "module.domains.aws_route53_zone.mail_dns",
            "module.lambda_layers.aws_lambda_layer_version.layer",
            "module.lambda_layers.data.aws_s3_object.lambda_layer_hash",
            "module.lambda_layers.data.aws_s3_objects.check"
          ],
          "create_before_destroy": true
        }
      ]
    },
    {
      "module": "module.admin.module.cabal_method[\"unsubscribe_folder\"]",
      "mode": "data",
      "type": "aws_s3_object",
      "name": "lambda_function_hash",
      "provider": "provider[\"registry.terraform.io/hashicorp/aws\"]",
      "instances": [
        {
          "schema_version": 0,
          "attributes": {
            "arn": "arn:aws:s3:::admin.cabalmail.email/lambda/unsubscribe_folder.zip.base64sha256",
            "body": "bvUpOohEyZvcjNHfIyb5wzE7u+tygKZ4SadO6/ovfPY=",
            "bucket": "admin.cabalmail.email",
            "bucket_key_enabled": false,
            "cache_control": "",
            "checksum_crc32": "",
            "checksum_crc32c": "",
            "checksum_crc64nvme": "",
            "checksum_mode": null,
            "checksum_sha1": "",
            "checksum_sha256": "",
            "content_disposition": "",
            "content_encoding": "",
            "content_language": "",
            "content_length": 44,
            "content_type": "text/plain",
            "etag": "5eb6fae05a1f5b4a71b05631657590b4",
            "expiration": "",
            "expires": "",
            "id": "admin.cabalmail.email/lambda/unsubscribe_folder.zip.base64sha256",
            "key": "lambda/unsubscribe_folder.zip.base64sha256",
            "last_modified": "Sun, 15 Feb 2026 16:29:28 UTC",
            "metadata": {},
            "object_lock_legal_hold_status": "",
            "object_lock_mode": "",
            "object_lock_retain_until_date": "",
            "range": null,
            "server_side_encryption": "AES256",
            "sse_kms_key_id": "",
            "storage_class": "STANDARD",
            "tags": {},
            "version_id": "",
            "website_redirect_location": ""
          },
          "sensitive_attributes": []
        }
      ]
    },
    {
      "module": "module.admin.module.cabal_method[\"unsubscribe_folder\"]",
      "mode": "managed",
      "type": "aws_api_gateway_resource",
      "name": "api_call",
      "provider": "provider[\"registry.terraform.io/hashicorp/aws\"]",
      "instances": [
        {
          "schema_version": 0,
          "attributes": {
            "id": "5467ne",
            "parent_id": "ouau5wwocd",
            "path": "/unsubscribe_folder",
            "path_part": "unsubscribe_folder",
            "rest_api_id": "on3fpyd717"
          },
          "sensitive_attributes": [],
          "private": "bnVsbA==",
          "dependencies": [
            "module.admin.aws_api_gateway_rest_api.gateway",
            "module.admin.data.aws_s3_objects.check",
            "module.bucket.aws_s3_bucket.this"
          ],
          "create_before_destroy": true
        }
      ]
    },
    {
      "module": "module.admin.module.cabal_method[\"unsubscribe_folder\"]",
      "mode": "managed",
      "type": "aws_cloudwatch_log_group",
      "name": "lambda_log",
      "provider": "provider[\"registry.terraform.io/hashicorp/aws\"]",
      "instances": [
        {
          "schema_version": 0,
          "attributes": {
            "arn": "arn:aws:logs:us-east-1:175059541256:log-group:/cabal/lambda/unsubscribe_folder",
            "id": "/cabal/lambda/unsubscribe_folder",
            "kms_key_id": "",
            "log_group_class": "STANDARD",
            "name": "/cabal/lambda/unsubscribe_folder",
            "name_prefix": "",
            "retention_in_days": 14,
            "skip_destroy": false,
            "tags": null,
            "tags_all": {
              "environment": "development",
              "managed_by_terraform": "y",
              "terraform_repo": "https://github.com/cabalmail/cabal-infra"
            }
          },
          "sensitive_attributes": [],
          "private": "bnVsbA==",
          "dependencies": [
            "module.admin.data.aws_s3_objects.check",
            "module.bucket.aws_s3_bucket.this"
          ],
          "create_before_destroy": true
        }
      ]
    },
    {
      "module": "module.admin.module.cabal_method[\"unsubscribe_folder\"]",
      "mode": "managed",
      "type": "aws_iam_role",
      "name": "lambda",
      "provider": "provider[\"registry.terraform.io/hashicorp/aws\"]",
      "instances": [
        {
          "schema_version": 0,
          "attributes": {
            "arn": "arn:aws:iam::175059541256:role/unsubscribe_folder_role",
            "assume_role_policy": "{\"Statement\":[{\"Action\":\"sts:AssumeRole\",\"Effect\":\"Allow\",\"Principal\":{\"Service\":\"lambda.amazonaws.com\"},\"Sid\":\"unsubscribefolderSid\"}],\"Version\":\"2012-10-17\"}",
            "create_date": "2026-02-15T16:32:13Z",
            "description": "",
            "force_detach_policies": false,
            "id": "unsubscribe_folder_role",
            "inline_policy": [],
            "managed_policy_arns": [],
            "max_session_duration": 3600,
            "name": "unsubscribe_folder_role",
            "name_prefix": "",
            "path": "/",
            "permissions_boundary": "",
            "tags": null,
            "tags_all": {
              "environment": "development",
              "managed_by_terraform": "y",
              "terraform_repo": "https://github.com/cabalmail/cabal-infra"
            },
            "unique_id": "AROASRQS4TUEJXHV3YJI4"
          },
          "sensitive_attributes": [],
          "private": "bnVsbA==",
          "dependencies": [
            "module.admin.data.aws_s3_objects.check",
            "module.bucket.aws_s3_bucket.this"
          ],
          "create_before_destroy": true
        }
      ]
    },
    {
      "module": "module.admin.module.cabal_method[\"unsubscribe_folder\"]",
      "mode": "managed",
      "type": "aws_iam_role_policy",
      "name": "lambda",
      "provider": "provider[\"registry.terraform.io/hashicorp/aws\"]",
      "instances": [
        {
          "schema_version": 0,
          "attributes": {
            "id": "unsubscribe_folder_role:unsubscribe_folder_policy",
            "name": "unsubscribe_folder_policy",
            "name_prefix": "",
            "policy": "{\"Version\":\"2012-10-17\",\"Statement\":[{\"Action\":[\"ssm:DescribeParameters\"],\"Effect\":\"Allow\",\"Resource\":\"arn:aws:ssm:us-east-1:175059541256:*\"},{\"Action\":[\"ssm:GetParameter\"],\"Effect\":\"Allow\",\"Resource\":\"arn:aws:ssm:us-east-1:175059541256:parameter/cabal/master_password\"},{\"Action\":[\"s3:ListBucket\"],\"Effect\":\"Allow\",\"Resource\":\"arn:aws:s3:::cache.cabalmail.email\"},{\"Action\":[\"s3:PutObject\",\"s3:GetObject\"],\"Effect\":\"Allow\",\"Resource\":\"arn:aws:s3:::cache.cabalmail.email/*\"},{\"Action\":[\"ssm:StartSession\",\"ssm:SendCommand\"],\"Effect\":\"Allow\",\"Resource\":\"arn:aws:ec2:us-east-1:175059541256:instance/*\"},{\"Action\":\"ssm:SendCommand\",\"Effect\":\"Allow\",\"Resource\":\"arn:aws:ssm:us-east-1:175059541256:document/cabal_chef_document\"},{\"Action\":\"route53:ChangeResourceRecordSets\",\"Effect\":\"Allow\",\"Resource\":[\"arn:aws:route53:::hostedzone/Z08991561DT3P59F9ALJA\"]},{\"Action\":[\"logs:CreateLogStream\",\"logs:PutLogEvents\"],\"Effect\":\"Allow\",\"Resource\":[\"arn:aws:logs:us-east-1:175059541256:log-group:/aws/lambda/unsubscribe_folder:*\"]},{\"Action\":[\"dynamodb:BatchGetItem\",\"dynamodb:DeleteItem\",\"dynamodb:DescribeTable\",\"dynamodb:GetItem\",\"dynamodb:ListTables\",\"dynamodb:Query\",\"dynamodb:Scan\",\"dynamodb:PutItem\",\"dynamodb:ListTagsOfResource\",\"dynamodb:ListGlobalTables\",\"dynamodb:DescribeGlobalTable\"],\"Effect\":\"Allow\",\"Resource\":[\"arn:aws:dynamodb:us-east-1:175059541256:table/cabal-addresses\"]}]}",
            "role": "unsubscribe_folder_role"
          },
          "sensitive_attributes": [],
          "private": "bnVsbA==",
          "dependencies": [
            "module.admin.data.aws_caller_identity.current",
            "module.admin.data.aws_s3_objects.check",
            "module.admin.module.cabal_method.aws_cloudwatch_log_group.lambda_log",
            "module.admin.module.cabal_method.aws_iam_role.lambda",
            "module.admin.module.cabal_method.aws_lambda_function.api_call",
            "module.admin.module.cabal_method.data.aws_s3_object.lambda_function_hash",
            "module.bucket.aws_s3_bucket.this",
            "module.domains.aws_route53_zone.mail_dns",
            "module.lambda_layers.aws_lambda_layer_version.layer",
            "module.lambda_layers.data.aws_s3_object.lambda_layer_hash",
            "module.lambda_layers.data.aws_s3_objects.check"
          ],
          "create_before_destroy": true
        }
      ]
    },
    {
      "module": "module.admin.module.cabal_method[\"unsubscribe_folder\"]",
      "mode": "managed",
      "type": "aws_lambda_function",
      "name": "api_call",
      "provider": "provider[\"registry.terraform.io/hashicorp/aws\"]",
      "instances": [
        {
          "schema_version": 0,
          "attributes": {
            "architectures": [
              "arm64"
            ],
            "arn": "arn:aws:lambda:us-east-1:175059541256:function:unsubscribe_folder",
            "code_sha256": "bvUpOohEyZvcjNHfIyb5wzE7u+tygKZ4SadO6/ovfPY=",
            "code_signing_config_arn": "",
            "dead_letter_config": [],
            "description": "",
            "environment": [
              {
                "variables": {
                  "CONTROL_DOMAIN": "cabalmail.email",
                  "DOMAINS": "{\"cabalmail.io\":\"Z08991561DT3P59F9ALJA\"}"
                }
              }
            ],
            "ephemeral_storage": [
              {
                "size": 512
              }
            ],
            "file_system_config": [],
            "filename": null,
            "function_name": "unsubscribe_folder",
            "handler": "function.handler",
            "id": "unsubscribe_folder",
            "image_config": [],
            "image_uri": "",
            "invoke_arn": "arn:aws:apigateway:us-east-1:lambda:path/2015-03-31/functions/arn:aws:lambda:us-east-1:175059541256:function:unsubscribe_folder/invocations",
            "kms_key_arn": "",
            "last_modified": "2026-02-15T16:32:43.447+0000",
            "layers": [
              "arn:aws:lambda:us-east-1:175059541256:layer:python:47"
            ],
            "logging_config": [
              {
                "application_log_level": "",
                "log_format": "Text",
                "log_group": "/cabal/lambda/unsubscribe_folder",
                "system_log_level": ""
              }
            ],
            "memory_size": 128,
            "package_type": "Zip",
            "publish": false,
            "qualified_arn": "arn:aws:lambda:us-east-1:175059541256:function:unsubscribe_folder:$LATEST",
            "qualified_invoke_arn": "arn:aws:apigateway:us-east-1:lambda:path/2015-03-31/functions/arn:aws:lambda:us-east-1:175059541256:function:unsubscribe_folder:$LATEST/invocations",
            "replace_security_groups_on_destroy": null,
            "replacement_security_group_ids": null,
            "reserved_concurrent_executions": -1,
            "role": "arn:aws:iam::175059541256:role/unsubscribe_folder_role",
            "runtime": "python3.13",
            "s3_bucket": "admin.cabalmail.email",
            "s3_key": "lambda/unsubscribe_folder.zip",
            "s3_object_version": null,
            "signing_job_arn": "",
            "signing_profile_version_arn": "",
            "skip_destroy": false,
            "snap_start": [],
            "source_code_hash": "bvUpOohEyZvcjNHfIyb5wzE7u+tygKZ4SadO6/ovfPY=",
            "source_code_size": 517,
            "tags": null,
            "tags_all": {
              "environment": "development",
              "managed_by_terraform": "y",
              "terraform_repo": "https://github.com/cabalmail/cabal-infra"
            },
            "timeout": 30,
            "timeouts": null,
            "tracing_config": [
              {
                "mode": "PassThrough"
              }
            ],
            "version": "$LATEST",
            "vpc_config": []
          },
          "sensitive_attributes": [],
          "private": "eyJlMmJmYjczMC1lY2FhLTExZTYtOGY4OC0zNDM2M2JjN2M0YzAiOnsiY3JlYXRlIjo2MDAwMDAwMDAwMDAsImRlbGV0ZSI6NjAwMDAwMDAwMDAwLCJ1cGRhdGUiOjYwMDAwMDAwMDAwMH19",
          "dependencies": [
            "module.admin.data.aws_s3_objects.check",
            "module.admin.module.cabal_method.aws_cloudwatch_log_group.lambda_log",
            "module.admin.module.cabal_method.aws_iam_role.lambda",
            "module.admin.module.cabal_method.data.aws_s3_object.lambda_function_hash",
            "module.bucket.aws_s3_bucket.this",
            "module.domains.aws_route53_zone.mail_dns",
            "module.lambda_layers.aws_lambda_layer_version.layer",
            "module.lambda_layers.data.aws_s3_object.lambda_layer_hash",
            "module.lambda_layers.data.aws_s3_objects.check"
          ],
          "create_before_destroy": true
        }
      ]
    },
    {
      "module": "module.backup[0]",
      "mode": "managed",
      "type": "aws_backup_plan",
      "name": "backup",
      "provider": "provider[\"registry.terraform.io/hashicorp/aws\"]",
      "instances": [
        {
          "schema_version": 1,
          "attributes": {
            "advanced_backup_setting": [],
            "arn": "arn:aws:backup:us-east-1:175059541256:backup-plan:21db3d03-f2bc-4b56-be1f-ad58b81ce6af",
            "id": "21db3d03-f2bc-4b56-be1f-ad58b81ce6af",
            "name": "cabal-backup-plan",
            "rule": [
              {
                "completion_window": 180,
                "copy_action": [],
                "enable_continuous_backup": false,
                "lifecycle": [],
                "recovery_point_tags": null,
                "rule_name": "cabal-backup-plan-rule",
                "schedule": "cron(0 0 * * ? *)",
                "schedule_expression_timezone": "Etc/UTC",
                "start_window": 60,
                "target_vault_name": "cabal-backup"
              }
            ],
            "tags": null,
            "tags_all": {
              "environment": "development",
              "managed_by_terraform": "y",
              "terraform_repo": "https://github.com/cabalmail/cabal-infra"
            },
            "version": "NDY0MDIzZDAtOWYxNi00OGY1LWE1MTUtNGUwYTk3NjhkMDEw"
          },
          "sensitive_attributes": [],
          "private": "eyJzY2hlbWFfdmVyc2lvbiI6IjEifQ==",
          "dependencies": [
            "module.backup.aws_backup_vault.backup"
          ]
        }
      ]
    },
    {
      "module": "module.backup[0]",
      "mode": "managed",
      "type": "aws_backup_selection",
      "name": "backup",
      "provider": "provider[\"registry.terraform.io/hashicorp/aws\"]",
      "instances": [
        {
          "schema_version": 0,
          "attributes": {
            "condition": [
              {
                "string_equals": [],
                "string_like": [],
                "string_not_equals": [],
                "string_not_like": []
              }
            ],
            "iam_role_arn": "arn:aws:iam::175059541256:role/cabal-backup-role",
            "id": "2ff72114-4d64-430b-972e-99e876067c75",
            "name": "cabal-backup",
            "not_resources": [],
            "plan_id": "21db3d03-f2bc-4b56-be1f-ad58b81ce6af",
            "resources": [
              "arn:aws:dynamodb:us-east-1:175059541256:table/cabal-addresses",
              "arn:aws:elasticfilesystem:us-east-1:175059541256:file-system/fs-056c4459b19f62204"
            ],
            "selection_tag": []
          },
          "sensitive_attributes": [],
          "private": "bnVsbA==",
          "dependencies": [
            "module.backup.aws_backup_plan.backup",
            "module.backup.aws_backup_vault.backup",
            "module.backup.aws_iam_role.backup",
            "module.efs.aws_efs_file_system.mailstore",
            "module.table.aws_dynamodb_table.addresses"
          ]
        }
      ]
    },
    {
      "module": "module.backup[0]",
      "mode": "managed",
      "type": "aws_backup_vault",
      "name": "backup",
      "provider": "provider[\"registry.terraform.io/hashicorp/aws\"]",
      "instances": [
        {
          "schema_version": 0,
          "attributes": {
            "arn": "arn:aws:backup:us-east-1:175059541256:backup-vault:cabal-backup",
            "force_destroy": false,
            "id": "cabal-backup",
            "kms_key_arn": "arn:aws:kms:us-east-1:175059541256:key/03291175-2610-47c9-921e-18b9c24283b8",
            "name": "cabal-backup",
            "recovery_points": 0,
            "tags": null,
            "tags_all": {
              "environment": "development",
              "managed_by_terraform": "y",
              "terraform_repo": "https://github.com/cabalmail/cabal-infra"
            },
            "timeouts": null
          },
          "sensitive_attributes": [],
          "private": "eyJlMmJmYjczMC1lY2FhLTExZTYtOGY4OC0zNDM2M2JjN2M0YzAiOnsiZGVsZXRlIjo2MDAwMDAwMDAwMDB9fQ=="
        }
      ]
    },
    {
      "module": "module.backup[0]",
      "mode": "managed",
      "type": "aws_iam_role",
      "name": "backup",
      "provider": "provider[\"registry.terraform.io/hashicorp/aws\"]",
      "instances": [
        {
          "schema_version": 0,
          "attributes": {
            "arn": "arn:aws:iam::175059541256:role/cabal-backup-role",
            "assume_role_policy": "{\"Statement\":[{\"Action\":[\"sts:AssumeRole\"],\"Effect\":\"allow\",\"Principal\":{\"Service\":[\"backup.amazonaws.com\"]}}],\"Version\":\"2012-10-17\"}",
            "create_date": "2026-02-15T16:31:19Z",
            "description": "",
            "force_detach_policies": false,
            "id": "cabal-backup-role",
            "inline_policy": [],
            "managed_policy_arns": [],
            "max_session_duration": 3600,
            "name": "cabal-backup-role",
            "name_prefix": "",
            "path": "/",
            "permissions_boundary": "",
            "tags": null,
            "tags_all": {
              "environment": "development",
              "managed_by_terraform": "y",
              "terraform_repo": "https://github.com/cabalmail/cabal-infra"
            },
            "unique_id": "AROASRQS4TUEOW4PNQ6LR"
          },
          "sensitive_attributes": [],
          "private": "bnVsbA=="
        }
      ]
    },
    {
      "module": "module.backup[0]",
      "mode": "managed",
      "type": "aws_iam_role_policy_attachment",
      "name": "backup",
      "provider": "provider[\"registry.terraform.io/hashicorp/aws\"]",
      "instances": [
        {
          "schema_version": 0,
          "attributes": {
            "id": "cabal-backup-role-20260215163150541500000006",
            "policy_arn": "arn:aws:iam::aws:policy/service-role/AWSBackupServiceRolePolicyForBackup",
            "role": "cabal-backup-role"
          },
          "sensitive_attributes": [],
          "private": "bnVsbA==",
          "dependencies": [
            "module.backup.aws_iam_role.backup"
          ]
        }
      ]
    },
    {
      "module": "module.bucket",
      "mode": "data",
      "type": "aws_iam_policy_document",
      "name": "s3_policy",
      "provider": "provider[\"registry.terraform.io/hashicorp/aws\"]",
      "instances": [
        {
          "schema_version": 0,
          "attributes": {
            "id": "3548101626",
            "json": "{\n  \"Version\": \"2012-10-17\",\n  \"Statement\": [\n    {\n      \"Effect\": \"Allow\",\n      \"Action\": \"s3:GetObject\",\n      \"Resource\": \"arn:aws:s3:::admin.cabalmail.email/*\",\n      \"Principal\": {\n        \"AWS\": \"arn:aws:iam::cloudfront:user/CloudFront Origin Access Identity E3V58XTJCWVK8Z\"\n      }\n    }\n  ]\n}",
            "minified_json": "{\"Version\":\"2012-10-17\",\"Statement\":[{\"Effect\":\"Allow\",\"Action\":\"s3:GetObject\",\"Resource\":\"arn:aws:s3:::admin.cabalmail.email/*\",\"Principal\":{\"AWS\":\"arn:aws:iam::cloudfront:user/CloudFront Origin Access Identity E3V58XTJCWVK8Z\"}}]}",
            "override_json": null,
            "override_policy_documents": null,
            "policy_id": null,
            "source_json": null,
            "source_policy_documents": null,
            "statement": [
              {
                "actions": [
                  "s3:GetObject"
                ],
                "condition": [],
                "effect": "Allow",
                "not_actions": [],
                "not_principals": [],
                "not_resources": [],
                "principals": [
                  {
                    "identifiers": [
                      "arn:aws:iam::cloudfront:user/CloudFront Origin Access Identity E3V58XTJCWVK8Z"
                    ],
                    "type": "AWS"
                  }
                ],
                "resources": [
                  "arn:aws:s3:::admin.cabalmail.email/*"
                ],
                "sid": ""
              }
            ],
            "version": "2012-10-17"
          },
          "sensitive_attributes": []
        }
      ]
    },
    {
      "module": "module.bucket",
      "mode": "managed",
      "type": "aws_cloudfront_origin_access_identity",
      "name": "origin",
      "provider": "provider[\"registry.terraform.io/hashicorp/aws\"]",
      "instances": [
        {
          "schema_version": 0,
          "attributes": {
            "arn": "arn:aws:cloudfront::175059541256:origin-access-identity/E3V58XTJCWVK8Z",
            "caller_reference": "terraform-20260215163118536200000001",
            "cloudfront_access_identity_path": "origin-access-identity/cloudfront/E3V58XTJCWVK8Z",
            "comment": "Static admin website",
            "etag": "ETVPDKIKX0DER",
            "iam_arn": "arn:aws:iam::cloudfront:user/CloudFront Origin Access Identity E3V58XTJCWVK8Z",
            "id": "E3V58XTJCWVK8Z",
            "s3_canonical_user_id": "83e4ad7fde718a42851271b5a3b87e18ccd96d56641027c3c3943e84d4544a2e48c385586eadf1a26f7620dabbec4fc3"
          },
          "sensitive_attributes": [],
          "private": "bnVsbA=="
        }
      ]
    },
    {
      "module": "module.bucket",
      "mode": "managed",
      "type": "aws_s3_bucket",
      "name": "this",
      "provider": "provider[\"registry.terraform.io/hashicorp/aws\"]",
      "instances": [
        {
          "schema_version": 0,
          "attributes": {
            "acceleration_status": "",
            "acl": null,
            "arn": "arn:aws:s3:::admin.cabalmail.email",
            "bucket": "admin.cabalmail.email",
            "bucket_domain_name": "admin.cabalmail.email.s3.amazonaws.com",
            "bucket_prefix": "",
            "bucket_regional_domain_name": "admin.cabalmail.email.s3.us-east-1.amazonaws.com",
            "cors_rule": [],
            "force_destroy": false,
            "grant": [
              {
                "id": "1421b4574a94d6960747dad1ac99c13f57bfd26cda581112e357d7b6bb30fd91",
                "permissions": [
                  "FULL_CONTROL"
                ],
                "type": "CanonicalUser",
                "uri": ""
              }
            ],
            "hosted_zone_id": "Z3AQBSTGFYJSTF",
            "id": "admin.cabalmail.email",
            "lifecycle_rule": [],
            "logging": [],
            "object_lock_configuration": [],
            "object_lock_enabled": false,
            "policy": "",
            "region": "us-east-1",
            "replication_configuration": [],
            "request_payer": "BucketOwner",
            "server_side_encryption_configuration": [
              {
                "rule": [
                  {
                    "apply_server_side_encryption_by_default": [
                      {
                        "kms_master_key_id": "",
                        "sse_algorithm": "AES256"
                      }
                    ],
                    "bucket_key_enabled": false
                  }
                ]
              }
            ],
            "tags": {},
            "tags_all": {
              "environment": "development",
              "managed_by_terraform": "y",
              "terraform_repo": "https://github.com/cabalmail/cabal-infra"
            },
            "timeouts": null,
            "versioning": [
              {
                "enabled": false,
                "mfa_delete": false
              }
            ],
            "website": [],
            "website_domain": null,
            "website_endpoint": null
          },
          "sensitive_attributes": [],
          "private": "eyJlMmJmYjczMC1lY2FhLTExZTYtOGY4OC0zNDM2M2JjN2M0YzAiOnsiY3JlYXRlIjoxMjAwMDAwMDAwMDAwLCJkZWxldGUiOjM2MDAwMDAwMDAwMDAsInJlYWQiOjEyMDAwMDAwMDAwMDAsInVwZGF0ZSI6MTIwMDAwMDAwMDAwMH19",
          "create_before_destroy": true
        }
      ]
    },
    {
      "module": "module.bucket",
      "mode": "managed",
      "type": "aws_s3_bucket_policy",
      "name": "react_policy",
      "provider": "provider[\"registry.terraform.io/hashicorp/aws\"]",
      "instances": [
        {
          "schema_version": 0,
          "attributes": {
            "bucket": "admin.cabalmail.email",
            "id": "admin.cabalmail.email",
            "policy": "{\"Statement\":[{\"Action\":\"s3:GetObject\",\"Effect\":\"Allow\",\"Principal\":{\"AWS\":\"arn:aws:iam::cloudfront:user/CloudFront Origin Access Identity E3V58XTJCWVK8Z\"},\"Resource\":\"arn:aws:s3:::admin.cabalmail.email/*\"}],\"Version\":\"2012-10-17\"}"
          },
          "sensitive_attributes": [],
          "private": "bnVsbA==",
          "dependencies": [
            "module.bucket.aws_cloudfront_origin_access_identity.origin",
            "module.bucket.data.aws_iam_policy_document.s3_policy"
          ]
        }
      ]
    },
    {
      "module": "module.bucket",
      "mode": "managed",
      "type": "aws_s3_bucket_public_access_block",
      "name": "react_access",
      "provider": "provider[\"registry.terraform.io/hashicorp/aws\"]",
      "instances": [
        {
          "schema_version": 0,
          "attributes": {
            "block_public_acls": true,
            "block_public_policy": true,
            "bucket": "admin.cabalmail.email",
            "id": "admin.cabalmail.email",
            "ignore_public_acls": true,
            "restrict_public_buckets": true
          },
          "sensitive_attributes": [],
          "private": "bnVsbA=="
        }
      ]
    },
    {
      "module": "module.bucket",
      "mode": "managed",
      "type": "aws_s3_bucket_website_configuration",
      "name": "react_app_website",
      "provider": "provider[\"registry.terraform.io/hashicorp/aws\"]",
      "instances": [
        {
          "schema_version": 0,
          "attributes": {
            "bucket": "admin.cabalmail.email",
            "error_document": [
              {
                "key": "error.html"
              }
            ],
            "expected_bucket_owner": "",
            "id": "admin.cabalmail.email",
            "index_document": [
              {
                "suffix": "index.html"
              }
            ],
            "redirect_all_requests_to": [],
            "routing_rule": [],
            "routing_rules": "",
            "website_domain": "s3-website-us-east-1.amazonaws.com",
            "website_endpoint": "admin.cabalmail.email.s3-website-us-east-1.amazonaws.com"
          },
          "sensitive_attributes": [],
          "private": "bnVsbA=="
        }
      ]
    },
    {
      "module": "module.cert",
      "mode": "managed",
      "type": "acme_registration",
      "name": "reg",
      "provider": "module.cert.provider[\"registry.terraform.io/vancluever/acme\"]",
      "instances": [
        {
          "schema_version": 1,
          "attributes": {
            "account_key_pem": "-----BEGIN RSA PRIVATE KEY-----\nMIIJKQIBAAKCAgEAxC0CkqKhiwHditBXthfkYuQEZP+P9/O3H6pmpFekN0cmGP1o\ntrEI3pK76BlIzd1QH/K9SPFDsTqtDeKkvWAWLVcp3SlxnD25ii8GBPJ2Mzuua5zs\nHd/bTTiMKJNmBwyBR2Zk52VJY+gfAHMJ8PxyGO3yq4jVhSOsoG4PjcRgwwM5QsNJ\ncsaKUy7HgPKQl2czfjL+FRQ/K6SEwtC5vToqs1z1Dv5JX89X4IHfsD/8QCa6lTRC\n6N1QlGi1zZit3ygqAAHqQvLb0xvo0Nzqr3lVgcUG+zHhl+rpkPViO2jb3BlQ/npk\nvqGimhKJQ3IQ9LwJoVDCeL3ZBH+YrUSTVsdektynY+6ffr9mgMPPNHP0/fWvepNv\n082umZ3vUxisXN3weTxwgRGzVIDQjOC5DXkyyTB8fTDzFwu0qdp8zj+eCgHHdtjl\ntIzy+rcR+SHIv48JzzQ3cah/ZlEB5S9Y0vkZ4Z0xGQaaleWXwMVIxDC0RjE84y+g\n5igwxjS0jsxpBKdMKGsTmZT1cZj0+W4M0Vn57SZ3PLNMHgMkyonRYJUR+cC1btHd\nBZc9P7EBzcoLfgS2N8lBoVBAW7lz8TJ54havtc6QyJyk0e5n85myGQjR1UZanB5U\nEU/hgqkmOk/V/NOsAzSb3xcTfrp3P5RXjpA3gFavxrgGvhQRkdlYgEYx3jECAwEA\nAQKCAgBG10IglZ3kRq4r3IRv+zy8AT8dAbSJg3bTdoNOQV/JnmXBjHDt2Awt46r7\na3YA8TRn9Q4pcwZQz7GCXB/FSxd3FAzIEpk2JIwFvGleC/hnE9wufCI/v4C/5/Wl\nCWVEkl103SL+9HKGI2JelSw329GP8w04qFcClxlVbaksNogCo/1fgInbapq04yWk\nCPPx2JCdt+hM0Fznc6eFej44ePLGhoDwAx+X+5XuOrf+O3zp5ZJnItIuqQzaKt3L\n+qB+/0/7ZLWlq3F6UI/ILJ6K8zPPgsi8mQywAWKKuDHa5kjOuE2pN6V9uXywSpVK\nx7wbxHNtz24Kj/P4TeNiXmseYSxjFnUFNLcsNWU1FnkrcDMrbvpXy0816Nc1TuZx\nlN4j3a8A7fczmdKV1tIttRVFzMysqlycdP2yIDoUl6l+TPd7gNskZOTGTYjDiYSg\nz0cmoRPBP5PzVPYkCQlvbiStb5svNWggEhO4Qg+5jzPxGZ8Llo/uDONeiA0G/9J2\nuP3+FzGsAzPCPaSivIX3QhwQiX1DDeA7xkessA5P0nFLeoTmKMLVDtabOx96RAc6\nuSZIDZx1foJJfZ82VFfL5OmdRY5nYsabvEfgK4bPp7FkJ3Fe8M96kwV7YUQ12+2g\nKY/7NpSnXUgMIshh27eseeTzJbcSEQGHRflC6nKffFbOnpLc4QKCAQEA4NvAPM9O\nDe54s2HOxWtCEZNEEPRY5E9tyCadwC/vy0+3R6aUMzUjlk1PEqJAWjBDpGgbT/PR\ngUyMT99n0zzsnzv0RGA3goazD+xkqhrXmuOTTrN0Mhm6T9XuKw774UusUDaCyft/\n3Yo+PCpFJzUzigFN6psHasUtx5bxapbssfRcu4mZJ76ao3Fk97YCVDcPfrs/wLJX\n5Rvb7BCETce9aTJD22/G9y1azpHEuFaOf4fmMoV4F+ewIjlL3vXrQ0HsBTezlmiK\nA/Ax93rhomCB39S27dfPt2U+WHvgq+k98Tpbc9JKosLJtM55HlcwvzZgqZh7k4GB\nKag4QT+Ww3/b3QKCAQEA31hU56g+OvCz+YOCLl6DKf3lD1VIPkZVVCc+3IYcP549\nzX/Pen8livQJm/OXrvA/Epw3SPhx2UiVz1iwibJCqEmOC8eA9AUSePSeI5vBfDnE\nLc4I6zqLMa6LkCzl3cDv/9DstRWH5U7fHvFdE2dDDb3m88q/37cyQmS+KgSOEcXs\nYzGWfUdzaBUNVTlg/qVJJPC8jt87RUTWz2n0tKtjdeXjOfkWtnIvkmVRebbTkdpo\nk2JQNM/2g/kc07nwpb2Q1PzDNwwCedQUSxUk1C10WQTEIGkP6jmDNHAnEV8pYnpU\nzrRn9wvhkPfj4287R9yK1J8W90FnieI+aTDUVk6gZQKCAQEAuqvUaOdVDl3GWG0/\nYkeL/tk6LbUcwtVp9zqPxchGE4wnRNV2vRhFZfbiST7nm7frv+YpnnN0nxn0di6q\nnAQ9EGiOfeE+1B6NMw/19f34tf5uAW0bbqhLMxIP+jEjTEMtVx4Z8CLZYQruZbZV\n2JnjIpO4oqZ3Pt1ZBxQ5cVrAP2/1OD+gJQ2ohT2TK84vGsjnFTfQUmH8dBhvuAdy\nPrwuc9Gl4dtm2zcM5ua+4KYDAL7KjXCeZYITiCX25a9U0247yY0XiytYQLK8WI7s\nGIhz6WVHRCbgq4jifETDHRSyNrxSxdFz4rFBENhEVrrdnjA/iSwskyV1HCcqJIjs\n2XohBQKCAQBO6ROegZfzFSZRawBsx6HKDVWH9FbBAfKV+APCwHNsmsk1OQoiOpgW\nHyDiA8+81E9EkQMLehQnc/jSOICvNddNRCe2y7cpAD3FlI/m/tn+vR4uHNST36xc\nUlInD2Xr0oY5OSTY2hGYmCRG93ouJ9bOHSFjU2g1b7GHObbie5eCeg6KAXQtMTh6\nNq3uRYaakeVk8tV8GS0EzUykHciCqOdMOXvt+K7oqTFbpQaDXXAk4Sj/ocW60xtD\nB5oCyHhY5sAsMF38rfaV+rNsz7yiZqjr5r4wwU4JMGbF+TYkch3aGGSsX5s38u+w\nW5UdvygPvMEkXE0t8OLXGaN5YPI0yDTtAoIBAQCk+Xoql8TDkZPxuCQShaHL0X4t\nmf/i3wg3KdZ+m1hEcky1Dfhr6UA+d2Wh/N1i22dDww9rMTkz5YlRv0TlCbVLxSoU\nKj5BwouzLIHgbCk65DhOO8sJWchxsXqvJAUhshLHVdfDXrbFbkrQDx9QNbRKgdgo\nB1KfqG76UObtJ9cwuOYw4JRlVZNrsAd/5/523uLgsiGK6CuQRkHZhEfs/64VzJIL\nn1dNr+1KpwYCvgV0avFLP9+pcAMIbMirqdWzZFp1LIwRDxxB5pEHHInWQEHUzwdy\n0UzZ+GM9rnho14C9FVelilK8sMpOhehuW29vu29CJbFhmNk4lWgb6IOzmBKb\n-----END RSA PRIVATE KEY-----\n",
            "email_address": "dev@letsencrypt.cabalmail.com",
            "external_account_binding": [],
            "id": "https://acme-v02.api.letsencrypt.org/acme/acct/3066621716",
            "registration_url": "https://acme-v02.api.letsencrypt.org/acme/acct/3066621716"
          },
          "sensitive_attributes": [
            [
              {
                "type": "get_attr",
                "value": "account_key_pem"
              }
            ]
          ],
          "private": "eyJzY2hlbWFfdmVyc2lvbiI6IjEifQ==",
          "dependencies": [
            "module.cert.tls_private_key.key"
          ],
          "create_before_destroy": true
        }
      ]
    },
    {
      "module": "module.cert",
      "mode": "managed",
      "type": "aws_acm_certificate",
      "name": "cert",
      "provider": "provider[\"registry.terraform.io/hashicorp/aws\"]",
      "instances": [
        {
          "schema_version": 0,
          "attributes": {
            "arn": "arn:aws:acm:us-east-1:175059541256:certificate/b3fa6715-3261-472d-aa28-8a17abb2d81f",
            "certificate_authority_arn": "",
            "certificate_body": null,
            "certificate_chain": null,
            "domain_name": "*.cabalmail.email",
            "domain_validation_options": [
              {
                "domain_name": "*.cabalmail.email",
                "resource_record_name": "_c0d567bfd63b98ee4882a4b9dab7a9e8.cabalmail.email.",
                "resource_record_type": "CNAME",
                "resource_record_value": "_92d247e7fb89d40c318807358498108f.sxgfwvgjsz.acm-validations.aws."
              }
            ],
            "early_renewal_duration": "",
            "id": "arn:aws:acm:us-east-1:175059541256:certificate/b3fa6715-3261-472d-aa28-8a17abb2d81f",
            "key_algorithm": "RSA_2048",
            "not_after": "",
            "not_before": "",
            "options": [
              {
                "certificate_transparency_logging_preference": "ENABLED"
              }
            ],
            "pending_renewal": false,
            "private_key": null,
            "renewal_eligibility": "INELIGIBLE",
            "renewal_summary": [],
            "status": "PENDING_VALIDATION",
            "subject_alternative_names": [
              "*.cabalmail.email"
            ],
            "tags": {
              "Name": "cabal-nlb"
            },
            "tags_all": {
              "Name": "cabal-nlb",
              "environment": "development",
              "managed_by_terraform": "y",
              "terraform_repo": "https://github.com/cabalmail/cabal-infra"
            },
            "type": "AMAZON_ISSUED",
            "validation_emails": [],
            "validation_method": "DNS",
            "validation_option": []
          },
          "sensitive_attributes": [
            [
              {
                "type": "get_attr",
                "value": "private_key"
              }
            ]
          ],
          "private": "bnVsbA==",
          "create_before_destroy": true
        }
      ]
    },
    {
      "module": "module.cert",
      "mode": "managed",
      "type": "aws_route53_record",
      "name": "cert",
      "provider": "provider[\"registry.terraform.io/hashicorp/aws\"]",
      "instances": [
        {
          "index_key": "*.cabalmail.email",
          "schema_version": 2,
          "attributes": {
            "alias": [],
            "allow_overwrite": true,
            "cidr_routing_policy": [],
            "failover_routing_policy": [],
            "fqdn": "_c0d567bfd63b98ee4882a4b9dab7a9e8.cabalmail.email",
            "geolocation_routing_policy": [],
            "geoproximity_routing_policy": [],
            "health_check_id": "",
            "id": "Z01789542KDCG9LP41DJ7__c0d567bfd63b98ee4882a4b9dab7a9e8.cabalmail.email._CNAME",
            "latency_routing_policy": [],
            "multivalue_answer_routing_policy": false,
            "name": "_c0d567bfd63b98ee4882a4b9dab7a9e8.cabalmail.email",
            "records": [
              "_92d247e7fb89d40c318807358498108f.sxgfwvgjsz.acm-validations.aws."
            ],
            "set_identifier": "",
            "timeouts": null,
            "ttl": 60,
            "type": "CNAME",
            "weighted_routing_policy": [],
            "zone_id": "Z01789542KDCG9LP41DJ7"
          },
          "sensitive_attributes": [],
          "private": "eyJlMmJmYjczMC1lY2FhLTExZTYtOGY4OC0zNDM2M2JjN2M0YzAiOnsiY3JlYXRlIjoxODAwMDAwMDAwMDAwLCJkZWxldGUiOjE4MDAwMDAwMDAwMDAsInVwZGF0ZSI6MTgwMDAwMDAwMDAwMH0sInNjaGVtYV92ZXJzaW9uIjoiMiJ9",
          "dependencies": [
            "data.terraform_remote_state.zone",
            "module.cert.aws_acm_certificate.cert"
          ],
          "create_before_destroy": true
        }
      ]
    },
    {
      "module": "module.cert",
      "mode": "managed",
      "type": "aws_ssm_parameter",
      "name": "cabal_private_key",
      "provider": "provider[\"registry.terraform.io/hashicorp/aws\"]",
      "instances": [
        {
          "schema_version": 0,
          "attributes": {
            "allowed_pattern": "",
            "arn": "arn:aws:ssm:us-east-1:175059541256:parameter/cabal/control_domain_ssl_key",
            "data_type": "text",
            "description": "Cabal SSL Key",
            "has_value_wo": null,
            "id": "/cabal/control_domain_ssl_key",
            "insecure_value": null,
            "key_id": "alias/aws/ssm",
            "name": "/cabal/control_domain_ssl_key",
            "overwrite": null,
            "tags": null,
            "tags_all": {
              "environment": "development",
              "managed_by_terraform": "y",
              "terraform_repo": "https://github.com/cabalmail/cabal-infra"
            },
            "tier": "Standard",
            "type": "SecureString",
            "value": "-----BEGIN RSA PRIVATE KEY-----\nMIIEogIBAAKCAQEAtM2LyoK158H7Sn65zOyqNYSVSWrQkK/xHKXLjciY9S2VkN/g\n9iKRCUj3lWs5ED9V/0nKYIfAypdn1hM1XOdgPZSvzqoWrUWqKkoMx/FcpWH0B4ws\nPf4nomEqKO0GbX+cK7cg/mOeNgrXwUMrM8lZN9QSaRJmL0Yx4j1t+zTynASdQkO3\nSoxeLn50r3yskY3DBD4qyrvi2Q9JvrXJo722mtJY9wsspVT9onRiLOv3LluZ1/cq\n4WakPuu5dNDSiNmA5jcfAX40hX/n9Ew3MSGIosZood3rB/aBKN/g7O+x2VDBHPn0\nGSp7DD7PPVxIo525mRJJ8ACz4QvzihRGoVUB6wIDAQABAoIBAH0CVXI6uA06+UWD\no3HF/NWuCw5NFVHE5J/bHoe0t9VlpDEcKk3kjoVt9wlPro/GSu6NFalyk2FAGCJS\n+6V1sPxDDt+EiNNbBJHiyz1/a4BJ3tFNINXoIX1LUzwizjvtbIxpPR3GwQA6tPzC\nNV/ECrToI6aUeySakykLMjzrWgd2m5PIUP8b/EF836xUrjDL+rrUYGwVfvYRSIp3\nlqyKCVJaq0ApfHc/GsiTq78qoE9MUggVBDmvGoIOYBt27Hlewrqw7L29b+zT5goI\nmytBULs+yJBr1uSMOa+DOE/SnlNBWPVtgyoMNfbq91xYDn3S6uiQ+mqu3HkaBFIx\nVjNuDcECgYEA3zOmyiXiOSgO69f+V0RdvPA2YrpicerQNEZ+w8XgeZs5caxr3SYo\nUnrqnpk+wpBf90CxZhf34WZ/fOO5EGKRvDpuKeRoQyuPc8MYiOut9TwjqgnT0kCP\nhQUb7vU3A9fhytgMAXF0mEAnU7Bc+d1zkm09PceLhtPbPRrUf8bBZssCgYEAz17x\n9akQHLB3EIVv0nW717DFqEEJvIZQrFrL+UAZ2Q+Br5Zj9rKvKxjQD134LbgqTfag\nR3JZFSF9WSkG8g/jwjMZsA4NF31/scR6O1HfR5pSKOgjGC77M18hwfZ8CrL9nl/I\n9OaGtMN839Fn5kkY6XawoVwsKlh35SZdnCwmTWECgYAuJdHATeDeDGg5XukZRetT\nmx7DfuHHx9LQXBrtg0YMHonb9NhAWxlPJFbJ/8k4FP2ic1+6Sg5YLgcB3VtwBdE3\n56TLSIw+Bw2b06SI+qF26L4+89U1zV9fE1VZLJ35T3NBqzWgPsLqj6kR5o7yolS4\n25kj4tP4Rmk30wpIeOGXzQKBgBGS6Ep7Y2QrCEwcItfhJmQnFPknWd3iPB//Kd4b\nspUUnVb2Fc6oYfPzDF7hBdFKFDu7NOYZKLeDuQ2/TllhQ1oH3ptu9WkSN6onDnzM\neXGmAGR7F85K3PsDiubXLrfxZ1DuqScoCi5zirelFXsMotHWPy3Nk+iayr5eu/wq\nOazBAoGANrYc5T0hxPW4iLVeJYFlkEfqso0Dd8wOrmSoLbLk5B2JDrHv2HGreFp9\nF9eh1+bb1upkGrcxO3yn0UFSayZFfMRGmuX77OAcNqMQifkUSiMhKdcHJ9WJ3Mi0\nIvc9zmckR29sg34DVfkFUJavdi2lDPu9VvqtMGhFyU+VkciXoXw=\n-----END RSA PRIVATE KEY-----\n",
            "value_wo": null,
            "value_wo_version": null,
            "version": 1
          },
          "sensitive_attributes": [
            [
              {
                "type": "get_attr",
                "value": "value_wo"
              }
            ],
            [
              {
                "type": "get_attr",
                "value": "value"
              }
            ]
          ],
          "private": "bnVsbA==",
          "dependencies": [
            "module.cert.tls_private_key.pk"
          ],
          "create_before_destroy": true
        }
      ]
    },
    {
      "module": "module.cert",
      "mode": "managed",
      "type": "tls_cert_request",
      "name": "csr",
      "provider": "provider[\"registry.terraform.io/hashicorp/tls\"]",
      "instances": [
        {
          "schema_version": 0,
          "attributes": {
            "cert_request_pem": "-----BEGIN CERTIFICATE REQUEST-----\nMIICjjCCAXYCAQAwGjEYMBYGA1UEAxMPY2FiYWxtYWlsLmVtYWlsMIIBIjANBgkq\nhkiG9w0BAQEFAAOCAQ8AMIIBCgKCAQEAtM2LyoK158H7Sn65zOyqNYSVSWrQkK/x\nHKXLjciY9S2VkN/g9iKRCUj3lWs5ED9V/0nKYIfAypdn1hM1XOdgPZSvzqoWrUWq\nKkoMx/FcpWH0B4wsPf4nomEqKO0GbX+cK7cg/mOeNgrXwUMrM8lZN9QSaRJmL0Yx\n4j1t+zTynASdQkO3SoxeLn50r3yskY3DBD4qyrvi2Q9JvrXJo722mtJY9wsspVT9\nonRiLOv3LluZ1/cq4WakPuu5dNDSiNmA5jcfAX40hX/n9Ew3MSGIosZood3rB/aB\nKN/g7O+x2VDBHPn0GSp7DD7PPVxIo525mRJJ8ACz4QvzihRGoVUB6wIDAQABoC8w\nLQYJKoZIhvcNAQkOMSAwHjAcBgNVHREEFTATghEqLmNhYmFsbWFpbC5lbWFpbDAN\nBgkqhkiG9w0BAQsFAAOCAQEAfGMBjTyjFIkm9ScdGRDIAopBPQBpcoD7aeHNGAMn\noWDGkG1/kLIHuIeyAFJ3j6l6p2SZo8zzcjZoU0KwzMXoZJtTMve/RQtQp9L4JnUe\nZBHJkdFxNBCRUI3yV//iIShhlUpeEGZnOEy/GptIkez2yePz+0bVVz7GGZTRnvjM\n29qRWP+J0+4JvtTTa8ta8DGvdZOWjtq5ZcWGAk4KzV+l9Nw+Zr33T0Ihu1nOoPXN\nU0zAP7nh2YFFMsjTk9X07D3WSDyyhP4ajwXeE67ZJt8dobfqFE2RtP2PmmDv3HTT\nRDBdEWbqlmD+G0iEg8zcSemqZtEMPaytcAFtUtJE6QyLdg==\n-----END CERTIFICATE REQUEST-----\n",
            "dns_names": [
              "*.cabalmail.email"
            ],
            "id": "6acfcee8dec679f0ff3dc9483952ebdba85d0fa0",
            "ip_addresses": null,
            "key_algorithm": "RSA",
            "private_key_pem": "-----BEGIN RSA PRIVATE KEY-----\nMIIEogIBAAKCAQEAtM2LyoK158H7Sn65zOyqNYSVSWrQkK/xHKXLjciY9S2VkN/g\n9iKRCUj3lWs5ED9V/0nKYIfAypdn1hM1XOdgPZSvzqoWrUWqKkoMx/FcpWH0B4ws\nPf4nomEqKO0GbX+cK7cg/mOeNgrXwUMrM8lZN9QSaRJmL0Yx4j1t+zTynASdQkO3\nSoxeLn50r3yskY3DBD4qyrvi2Q9JvrXJo722mtJY9wsspVT9onRiLOv3LluZ1/cq\n4WakPuu5dNDSiNmA5jcfAX40hX/n9Ew3MSGIosZood3rB/aBKN/g7O+x2VDBHPn0\nGSp7DD7PPVxIo525mRJJ8ACz4QvzihRGoVUB6wIDAQABAoIBAH0CVXI6uA06+UWD\no3HF/NWuCw5NFVHE5J/bHoe0t9VlpDEcKk3kjoVt9wlPro/GSu6NFalyk2FAGCJS\n+6V1sPxDDt+EiNNbBJHiyz1/a4BJ3tFNINXoIX1LUzwizjvtbIxpPR3GwQA6tPzC\nNV/ECrToI6aUeySakykLMjzrWgd2m5PIUP8b/EF836xUrjDL+rrUYGwVfvYRSIp3\nlqyKCVJaq0ApfHc/GsiTq78qoE9MUggVBDmvGoIOYBt27Hlewrqw7L29b+zT5goI\nmytBULs+yJBr1uSMOa+DOE/SnlNBWPVtgyoMNfbq91xYDn3S6uiQ+mqu3HkaBFIx\nVjNuDcECgYEA3zOmyiXiOSgO69f+V0RdvPA2YrpicerQNEZ+w8XgeZs5caxr3SYo\nUnrqnpk+wpBf90CxZhf34WZ/fOO5EGKRvDpuKeRoQyuPc8MYiOut9TwjqgnT0kCP\nhQUb7vU3A9fhytgMAXF0mEAnU7Bc+d1zkm09PceLhtPbPRrUf8bBZssCgYEAz17x\n9akQHLB3EIVv0nW717DFqEEJvIZQrFrL+UAZ2Q+Br5Zj9rKvKxjQD134LbgqTfag\nR3JZFSF9WSkG8g/jwjMZsA4NF31/scR6O1HfR5pSKOgjGC77M18hwfZ8CrL9nl/I\n9OaGtMN839Fn5kkY6XawoVwsKlh35SZdnCwmTWECgYAuJdHATeDeDGg5XukZRetT\nmx7DfuHHx9LQXBrtg0YMHonb9NhAWxlPJFbJ/8k4FP2ic1+6Sg5YLgcB3VtwBdE3\n56TLSIw+Bw2b06SI+qF26L4+89U1zV9fE1VZLJ35T3NBqzWgPsLqj6kR5o7yolS4\n25kj4tP4Rmk30wpIeOGXzQKBgBGS6Ep7Y2QrCEwcItfhJmQnFPknWd3iPB//Kd4b\nspUUnVb2Fc6oYfPzDF7hBdFKFDu7NOYZKLeDuQ2/TllhQ1oH3ptu9WkSN6onDnzM\neXGmAGR7F85K3PsDiubXLrfxZ1DuqScoCi5zirelFXsMotHWPy3Nk+iayr5eu/wq\nOazBAoGANrYc5T0hxPW4iLVeJYFlkEfqso0Dd8wOrmSoLbLk5B2JDrHv2HGreFp9\nF9eh1+bb1upkGrcxO3yn0UFSayZFfMRGmuX77OAcNqMQifkUSiMhKdcHJ9WJ3Mi0\nIvc9zmckR29sg34DVfkFUJavdi2lDPu9VvqtMGhFyU+VkciXoXw=\n-----END RSA PRIVATE KEY-----\n",
            "subject": [
              {
                "common_name": "cabalmail.email",
                "country": null,
                "locality": null,
                "organization": null,
                "organizational_unit": null,
                "postal_code": null,
                "province": null,
                "serial_number": null,
                "street_address": null
              }
            ],
            "uris": null
          },
          "sensitive_attributes": [
            [
              {
                "type": "get_attr",
                "value": "private_key_pem"
              }
            ]
          ],
          "dependencies": [
            "module.cert.tls_private_key.pk"
          ],
          "create_before_destroy": true
        }
      ]
    },
    {
      "module": "module.cert",
      "mode": "managed",
      "type": "tls_private_key",
      "name": "key",
      "provider": "provider[\"registry.terraform.io/hashicorp/tls\"]",
      "instances": [
        {
          "schema_version": 1,
          "attributes": {
            "algorithm": "RSA",
            "ecdsa_curve": "P224",
            "id": "2b34291d035ecbbba51ae76aa9a8ed01c0b6fa0c",
            "private_key_openssh": "-----BEGIN OPENSSH PRIVATE KEY-----\nb3BlbnNzaC1rZXktdjEAAAAABG5vbmUAAAAEbm9uZQAAAAAAAAABAAACFwAAAAdz\nc2gtcnNhAAAAAwEAAQAAAgEAxC0CkqKhiwHditBXthfkYuQEZP+P9/O3H6pmpFek\nN0cmGP1otrEI3pK76BlIzd1QH/K9SPFDsTqtDeKkvWAWLVcp3SlxnD25ii8GBPJ2\nMzuua5zsHd/bTTiMKJNmBwyBR2Zk52VJY+gfAHMJ8PxyGO3yq4jVhSOsoG4PjcRg\nwwM5QsNJcsaKUy7HgPKQl2czfjL+FRQ/K6SEwtC5vToqs1z1Dv5JX89X4IHfsD/8\nQCa6lTRC6N1QlGi1zZit3ygqAAHqQvLb0xvo0Nzqr3lVgcUG+zHhl+rpkPViO2jb\n3BlQ/npkvqGimhKJQ3IQ9LwJoVDCeL3ZBH+YrUSTVsdektynY+6ffr9mgMPPNHP0\n/fWvepNv082umZ3vUxisXN3weTxwgRGzVIDQjOC5DXkyyTB8fTDzFwu0qdp8zj+e\nCgHHdtjltIzy+rcR+SHIv48JzzQ3cah/ZlEB5S9Y0vkZ4Z0xGQaaleWXwMVIxDC0\nRjE84y+g5igwxjS0jsxpBKdMKGsTmZT1cZj0+W4M0Vn57SZ3PLNMHgMkyonRYJUR\n+cC1btHdBZc9P7EBzcoLfgS2N8lBoVBAW7lz8TJ54havtc6QyJyk0e5n85myGQjR\n1UZanB5UEU/hgqkmOk/V/NOsAzSb3xcTfrp3P5RXjpA3gFavxrgGvhQRkdlYgEYx\n3jEAAAc4B2EmAgdhJgIAAAAHc3NoLXJzYQAAAgEAxC0CkqKhiwHditBXthfkYuQE\nZP+P9/O3H6pmpFekN0cmGP1otrEI3pK76BlIzd1QH/K9SPFDsTqtDeKkvWAWLVcp\n3SlxnD25ii8GBPJ2Mzuua5zsHd/bTTiMKJNmBwyBR2Zk52VJY+gfAHMJ8PxyGO3y\nq4jVhSOsoG4PjcRgwwM5QsNJcsaKUy7HgPKQl2czfjL+FRQ/K6SEwtC5vToqs1z1\nDv5JX89X4IHfsD/8QCa6lTRC6N1QlGi1zZit3ygqAAHqQvLb0xvo0Nzqr3lVgcUG\n+zHhl+rpkPViO2jb3BlQ/npkvqGimhKJQ3IQ9LwJoVDCeL3ZBH+YrUSTVsdektyn\nY+6ffr9mgMPPNHP0/fWvepNv082umZ3vUxisXN3weTxwgRGzVIDQjOC5DXkyyTB8\nfTDzFwu0qdp8zj+eCgHHdtjltIzy+rcR+SHIv48JzzQ3cah/ZlEB5S9Y0vkZ4Z0x\nGQaaleWXwMVIxDC0RjE84y+g5igwxjS0jsxpBKdMKGsTmZT1cZj0+W4M0Vn57SZ3\nPLNMHgMkyonRYJUR+cC1btHdBZc9P7EBzcoLfgS2N8lBoVBAW7lz8TJ54havtc6Q\nyJyk0e5n85myGQjR1UZanB5UEU/hgqkmOk/V/NOsAzSb3xcTfrp3P5RXjpA3gFav\nxrgGvhQRkdlYgEYx3jEAAAADAQABAAACAEbXQiCVneRGrivchG/7PLwBPx0BtImD\ndtN2g05BX8meZcGMcO3YDC3jqvtrdgDxNGf1DilzBlDPsYJcH8VLF3cUDMgSmTYk\njAW8aV4L+GcT3C58Ij+/gL/n9aUJZUSSXXTdIv70coYjYl6VLDfb0Y/zDTioVwKX\nGVVtqSw2iAKj/V+AidtqmrTjJaQI8/HYkJ236EzQXOdzp4V6Pjh48saGgPADH5f7\nle46t/47fOnlkmci0i6pDNoq3cv6oH7/T/tktaWrcXpQj8gsnorzM8+CyLyZDLAB\nYoq4MdrmSM64Tak3pX25fLBKlUrHvBvEc23PbgqP8/hN42Jeax5hLGMWdQU0tyw1\nZTUWeStwMytu+lfLTzXo1zVO5nGU3iPdrwDt9zOZ0pXW0i21FUXMzKyqXJx0/bIg\nOhSXqX5M93uA2yRk5MZNiMOJhKDPRyahE8E/k/NU9iQJCW9uJK1vmy81aCASE7hC\nD7mPM/EZnwuWj+4M416IDQb/0na4/f4XMawDM8I9pKK8hfdCHBCJfUMN4DvGR6yw\nDk/ScUt6hOYowtUO1ps7H3pEBzq5JkgNnHV+gkl9nzZUV8vk6Z1Fjmdixpu8R+Ar\nhs+nsWQncV7wz3qTBXthRDXb7aApj/s2lKddSAwiyGHbt6x55PMltxIRAYdF+ULq\ncp98Vs6ektzhAAABAQCk+Xoql8TDkZPxuCQShaHL0X4tmf/i3wg3KdZ+m1hEcky1\nDfhr6UA+d2Wh/N1i22dDww9rMTkz5YlRv0TlCbVLxSoUKj5BwouzLIHgbCk65DhO\nO8sJWchxsXqvJAUhshLHVdfDXrbFbkrQDx9QNbRKgdgoB1KfqG76UObtJ9cwuOYw\n4JRlVZNrsAd/5/523uLgsiGK6CuQRkHZhEfs/64VzJILn1dNr+1KpwYCvgV0avFL\nP9+pcAMIbMirqdWzZFp1LIwRDxxB5pEHHInWQEHUzwdy0UzZ+GM9rnho14C9FVel\nilK8sMpOhehuW29vu29CJbFhmNk4lWgb6IOzmBKbAAABAQDg28A8z04N7nizYc7F\na0IRk0QQ9FjkT23IJp3AL+/LT7dHppQzNSOWTU8SokBaMEOkaBtP89GBTIxP32fT\nPOyfO/REYDeChrMP7GSqGtea45NOs3QyGbpP1e4rDvvhS6xQNoLJ+3/dij48KkUn\nNTOKAU3qmwdqxS3HlvFqluyx9Fy7iZknvpqjcWT3tgJUNw9+uz/AslflG9vsEIRN\nx71pMkPbb8b3LVrOkcS4Vo5/h+YyhXgX57AiOUve9etDQewFN7OWaIoD8DH3euGi\nYIHf1Lbt18+3ZT5Ye+Cr6T3xOltz0kqiwsm0znkeVzC/NmCpmHuTgYEpqDhBP5bD\nf9vdAAABAQDfWFTnqD468LP5g4IuXoMp/eUPVUg+RlVUJz7chhw/nj3Nf896fyWK\n9Amb85eu8D8SnDdI+HHZSJXPWLCJskKoSY4Lx4D0BRJ49J4jm8F8OcQtzgjrOosx\nrouQLOXdwO//0Oy1FYflTt8e8V0TZ0MNvebzyr/ftzJCZL4qBI4RxexjMZZ9R3No\nFQ1VOWD+pUkk8LyO3ztFRNbPafS0q2N15eM5+Ra2ci+SZVF5ttOR2miTYlA0z/aD\n+RzTufClvZDU/MM3DAJ51BRLFSTULXRZBMQgaQ/qOYM0cCcRXylielTOtGf3C+GQ\n9+PjbztH3IrUnxb3QWeJ4j5pMNRWTqBlAAAAAAEC\n-----END OPENSSH PRIVATE KEY-----\n",
            "private_key_pem": "-----BEGIN RSA PRIVATE KEY-----\nMIIJKQIBAAKCAgEAxC0CkqKhiwHditBXthfkYuQEZP+P9/O3H6pmpFekN0cmGP1o\ntrEI3pK76BlIzd1QH/K9SPFDsTqtDeKkvWAWLVcp3SlxnD25ii8GBPJ2Mzuua5zs\nHd/bTTiMKJNmBwyBR2Zk52VJY+gfAHMJ8PxyGO3yq4jVhSOsoG4PjcRgwwM5QsNJ\ncsaKUy7HgPKQl2czfjL+FRQ/K6SEwtC5vToqs1z1Dv5JX89X4IHfsD/8QCa6lTRC\n6N1QlGi1zZit3ygqAAHqQvLb0xvo0Nzqr3lVgcUG+zHhl+rpkPViO2jb3BlQ/npk\nvqGimhKJQ3IQ9LwJoVDCeL3ZBH+YrUSTVsdektynY+6ffr9mgMPPNHP0/fWvepNv\n082umZ3vUxisXN3weTxwgRGzVIDQjOC5DXkyyTB8fTDzFwu0qdp8zj+eCgHHdtjl\ntIzy+rcR+SHIv48JzzQ3cah/ZlEB5S9Y0vkZ4Z0xGQaaleWXwMVIxDC0RjE84y+g\n5igwxjS0jsxpBKdMKGsTmZT1cZj0+W4M0Vn57SZ3PLNMHgMkyonRYJUR+cC1btHd\nBZc9P7EBzcoLfgS2N8lBoVBAW7lz8TJ54havtc6QyJyk0e5n85myGQjR1UZanB5U\nEU/hgqkmOk/V/NOsAzSb3xcTfrp3P5RXjpA3gFavxrgGvhQRkdlYgEYx3jECAwEA\nAQKCAgBG10IglZ3kRq4r3IRv+zy8AT8dAbSJg3bTdoNOQV/JnmXBjHDt2Awt46r7\na3YA8TRn9Q4pcwZQz7GCXB/FSxd3FAzIEpk2JIwFvGleC/hnE9wufCI/v4C/5/Wl\nCWVEkl103SL+9HKGI2JelSw329GP8w04qFcClxlVbaksNogCo/1fgInbapq04yWk\nCPPx2JCdt+hM0Fznc6eFej44ePLGhoDwAx+X+5XuOrf+O3zp5ZJnItIuqQzaKt3L\n+qB+/0/7ZLWlq3F6UI/ILJ6K8zPPgsi8mQywAWKKuDHa5kjOuE2pN6V9uXywSpVK\nx7wbxHNtz24Kj/P4TeNiXmseYSxjFnUFNLcsNWU1FnkrcDMrbvpXy0816Nc1TuZx\nlN4j3a8A7fczmdKV1tIttRVFzMysqlycdP2yIDoUl6l+TPd7gNskZOTGTYjDiYSg\nz0cmoRPBP5PzVPYkCQlvbiStb5svNWggEhO4Qg+5jzPxGZ8Llo/uDONeiA0G/9J2\nuP3+FzGsAzPCPaSivIX3QhwQiX1DDeA7xkessA5P0nFLeoTmKMLVDtabOx96RAc6\nuSZIDZx1foJJfZ82VFfL5OmdRY5nYsabvEfgK4bPp7FkJ3Fe8M96kwV7YUQ12+2g\nKY/7NpSnXUgMIshh27eseeTzJbcSEQGHRflC6nKffFbOnpLc4QKCAQEA4NvAPM9O\nDe54s2HOxWtCEZNEEPRY5E9tyCadwC/vy0+3R6aUMzUjlk1PEqJAWjBDpGgbT/PR\ngUyMT99n0zzsnzv0RGA3goazD+xkqhrXmuOTTrN0Mhm6T9XuKw774UusUDaCyft/\n3Yo+PCpFJzUzigFN6psHasUtx5bxapbssfRcu4mZJ76ao3Fk97YCVDcPfrs/wLJX\n5Rvb7BCETce9aTJD22/G9y1azpHEuFaOf4fmMoV4F+ewIjlL3vXrQ0HsBTezlmiK\nA/Ax93rhomCB39S27dfPt2U+WHvgq+k98Tpbc9JKosLJtM55HlcwvzZgqZh7k4GB\nKag4QT+Ww3/b3QKCAQEA31hU56g+OvCz+YOCLl6DKf3lD1VIPkZVVCc+3IYcP549\nzX/Pen8livQJm/OXrvA/Epw3SPhx2UiVz1iwibJCqEmOC8eA9AUSePSeI5vBfDnE\nLc4I6zqLMa6LkCzl3cDv/9DstRWH5U7fHvFdE2dDDb3m88q/37cyQmS+KgSOEcXs\nYzGWfUdzaBUNVTlg/qVJJPC8jt87RUTWz2n0tKtjdeXjOfkWtnIvkmVRebbTkdpo\nk2JQNM/2g/kc07nwpb2Q1PzDNwwCedQUSxUk1C10WQTEIGkP6jmDNHAnEV8pYnpU\nzrRn9wvhkPfj4287R9yK1J8W90FnieI+aTDUVk6gZQKCAQEAuqvUaOdVDl3GWG0/\nYkeL/tk6LbUcwtVp9zqPxchGE4wnRNV2vRhFZfbiST7nm7frv+YpnnN0nxn0di6q\nnAQ9EGiOfeE+1B6NMw/19f34tf5uAW0bbqhLMxIP+jEjTEMtVx4Z8CLZYQruZbZV\n2JnjIpO4oqZ3Pt1ZBxQ5cVrAP2/1OD+gJQ2ohT2TK84vGsjnFTfQUmH8dBhvuAdy\nPrwuc9Gl4dtm2zcM5ua+4KYDAL7KjXCeZYITiCX25a9U0247yY0XiytYQLK8WI7s\nGIhz6WVHRCbgq4jifETDHRSyNrxSxdFz4rFBENhEVrrdnjA/iSwskyV1HCcqJIjs\n2XohBQKCAQBO6ROegZfzFSZRawBsx6HKDVWH9FbBAfKV+APCwHNsmsk1OQoiOpgW\nHyDiA8+81E9EkQMLehQnc/jSOICvNddNRCe2y7cpAD3FlI/m/tn+vR4uHNST36xc\nUlInD2Xr0oY5OSTY2hGYmCRG93ouJ9bOHSFjU2g1b7GHObbie5eCeg6KAXQtMTh6\nNq3uRYaakeVk8tV8GS0EzUykHciCqOdMOXvt+K7oqTFbpQaDXXAk4Sj/ocW60xtD\nB5oCyHhY5sAsMF38rfaV+rNsz7yiZqjr5r4wwU4JMGbF+TYkch3aGGSsX5s38u+w\nW5UdvygPvMEkXE0t8OLXGaN5YPI0yDTtAoIBAQCk+Xoql8TDkZPxuCQShaHL0X4t\nmf/i3wg3KdZ+m1hEcky1Dfhr6UA+d2Wh/N1i22dDww9rMTkz5YlRv0TlCbVLxSoU\nKj5BwouzLIHgbCk65DhOO8sJWchxsXqvJAUhshLHVdfDXrbFbkrQDx9QNbRKgdgo\nB1KfqG76UObtJ9cwuOYw4JRlVZNrsAd/5/523uLgsiGK6CuQRkHZhEfs/64VzJIL\nn1dNr+1KpwYCvgV0avFLP9+pcAMIbMirqdWzZFp1LIwRDxxB5pEHHInWQEHUzwdy\n0UzZ+GM9rnho14C9FVelilK8sMpOhehuW29vu29CJbFhmNk4lWgb6IOzmBKb\n-----END RSA PRIVATE KEY-----\n",
            "private_key_pem_pkcs8": "-----BEGIN PRIVATE KEY-----\nMIIJQwIBADANBgkqhkiG9w0BAQEFAASCCS0wggkpAgEAAoICAQDELQKSoqGLAd2K\n0Fe2F+Ri5ARk/4/387cfqmakV6Q3RyYY/Wi2sQjekrvoGUjN3VAf8r1I8UOxOq0N\n4qS9YBYtVyndKXGcPbmKLwYE8nYzO65rnOwd39tNOIwok2YHDIFHZmTnZUlj6B8A\ncwnw/HIY7fKriNWFI6ygbg+NxGDDAzlCw0lyxopTLseA8pCXZzN+Mv4VFD8rpITC\n0Lm9OiqzXPUO/klfz1fggd+wP/xAJrqVNELo3VCUaLXNmK3fKCoAAepC8tvTG+jQ\n3OqveVWBxQb7MeGX6umQ9WI7aNvcGVD+emS+oaKaEolDchD0vAmhUMJ4vdkEf5it\nRJNWx16S3Kdj7p9+v2aAw880c/T99a96k2/Tza6Zne9TGKxc3fB5PHCBEbNUgNCM\n4LkNeTLJMHx9MPMXC7Sp2nzOP54KAcd22OW0jPL6txH5Ici/jwnPNDdxqH9mUQHl\nL1jS+RnhnTEZBpqV5ZfAxUjEMLRGMTzjL6DmKDDGNLSOzGkEp0woaxOZlPVxmPT5\nbgzRWfntJnc8s0weAyTKidFglRH5wLVu0d0Flz0/sQHNygt+BLY3yUGhUEBbuXPx\nMnniFq+1zpDInKTR7mfzmbIZCNHVRlqcHlQRT+GCqSY6T9X806wDNJvfFxN+unc/\nlFeOkDeAVq/GuAa+FBGR2ViARjHeMQIDAQABAoICAEbXQiCVneRGrivchG/7PLwB\nPx0BtImDdtN2g05BX8meZcGMcO3YDC3jqvtrdgDxNGf1DilzBlDPsYJcH8VLF3cU\nDMgSmTYkjAW8aV4L+GcT3C58Ij+/gL/n9aUJZUSSXXTdIv70coYjYl6VLDfb0Y/z\nDTioVwKXGVVtqSw2iAKj/V+AidtqmrTjJaQI8/HYkJ236EzQXOdzp4V6Pjh48saG\ngPADH5f7le46t/47fOnlkmci0i6pDNoq3cv6oH7/T/tktaWrcXpQj8gsnorzM8+C\nyLyZDLABYoq4MdrmSM64Tak3pX25fLBKlUrHvBvEc23PbgqP8/hN42Jeax5hLGMW\ndQU0tyw1ZTUWeStwMytu+lfLTzXo1zVO5nGU3iPdrwDt9zOZ0pXW0i21FUXMzKyq\nXJx0/bIgOhSXqX5M93uA2yRk5MZNiMOJhKDPRyahE8E/k/NU9iQJCW9uJK1vmy81\naCASE7hCD7mPM/EZnwuWj+4M416IDQb/0na4/f4XMawDM8I9pKK8hfdCHBCJfUMN\n4DvGR6ywDk/ScUt6hOYowtUO1ps7H3pEBzq5JkgNnHV+gkl9nzZUV8vk6Z1Fjmdi\nxpu8R+Arhs+nsWQncV7wz3qTBXthRDXb7aApj/s2lKddSAwiyGHbt6x55PMltxIR\nAYdF+ULqcp98Vs6ektzhAoIBAQDg28A8z04N7nizYc7Fa0IRk0QQ9FjkT23IJp3A\nL+/LT7dHppQzNSOWTU8SokBaMEOkaBtP89GBTIxP32fTPOyfO/REYDeChrMP7GSq\nGtea45NOs3QyGbpP1e4rDvvhS6xQNoLJ+3/dij48KkUnNTOKAU3qmwdqxS3HlvFq\nluyx9Fy7iZknvpqjcWT3tgJUNw9+uz/AslflG9vsEIRNx71pMkPbb8b3LVrOkcS4\nVo5/h+YyhXgX57AiOUve9etDQewFN7OWaIoD8DH3euGiYIHf1Lbt18+3ZT5Ye+Cr\n6T3xOltz0kqiwsm0znkeVzC/NmCpmHuTgYEpqDhBP5bDf9vdAoIBAQDfWFTnqD46\n8LP5g4IuXoMp/eUPVUg+RlVUJz7chhw/nj3Nf896fyWK9Amb85eu8D8SnDdI+HHZ\nSJXPWLCJskKoSY4Lx4D0BRJ49J4jm8F8OcQtzgjrOosxrouQLOXdwO//0Oy1FYfl\nTt8e8V0TZ0MNvebzyr/ftzJCZL4qBI4RxexjMZZ9R3NoFQ1VOWD+pUkk8LyO3ztF\nRNbPafS0q2N15eM5+Ra2ci+SZVF5ttOR2miTYlA0z/aD+RzTufClvZDU/MM3DAJ5\n1BRLFSTULXRZBMQgaQ/qOYM0cCcRXylielTOtGf3C+GQ9+PjbztH3IrUnxb3QWeJ\n4j5pMNRWTqBlAoIBAQC6q9Ro51UOXcZYbT9iR4v+2TottRzC1Wn3Oo/FyEYTjCdE\n1Xa9GEVl9uJJPuebt+u/5imec3SfGfR2LqqcBD0QaI594T7UHo0zD/X1/fi1/m4B\nbRtuqEszEg/6MSNMQy1XHhnwItlhCu5ltlXYmeMik7iipnc+3VkHFDlxWsA/b/U4\nP6AlDaiFPZMrzi8ayOcVN9BSYfx0GG+4B3I+vC5z0aXh22bbNwzm5r7gpgMAvsqN\ncJ5lghOIJfblr1TTbjvJjReLK1hAsrxYjuwYiHPpZUdEJuCriOJ8RMMdFLI2vFLF\n0XPisUEQ2ERWut2eMD+JLCyTJXUcJyokiOzZeiEFAoIBAE7pE56Bl/MVJlFrAGzH\nocoNVYf0VsEB8pX4A8LAc2yayTU5CiI6mBYfIOIDz7zUT0SRAwt6FCdz+NI4gK81\n101EJ7bLtykAPcWUj+b+2f69Hi4c1JPfrFxSUicPZevShjk5JNjaEZiYJEb3ei4n\n1s4dIWNTaDVvsYc5tuJ7l4J6DooBdC0xOHo2re5FhpqR5WTy1XwZLQTNTKQdyIKo\n50w5e+34ruipMVulBoNdcCThKP+hxbrTG0MHmgLIeFjmwCwwXfyt9pX6s2zPvKJm\nqOvmvjDBTgkwZsX5NiRyHdoYZKxfmzfy77BblR2/KA+8wSRcTS3w4tcZo3lg8jTI\nNO0CggEBAKT5eiqXxMORk/G4JBKFocvRfi2Z/+LfCDcp1n6bWERyTLUN+GvpQD53\nZaH83WLbZ0PDD2sxOTPliVG/ROUJtUvFKhQqPkHCi7MsgeBsKTrkOE47ywlZyHGx\neq8kBSGyEsdV18NetsVuStAPH1A1tEqB2CgHUp+obvpQ5u0n1zC45jDglGVVk2uw\nB3/n/nbe4uCyIYroK5BGQdmER+z/rhXMkgufV02v7UqnBgK+BXRq8Us/36lwAwhs\nyKup1bNkWnUsjBEPHEHmkQccidZAQdTPB3LRTNn4Yz2ueGjXgL0VV6WKUrywyk6F\n6G5bb2+7b0IlsWGY2TiVaBvog7OYEps=\n-----END PRIVATE KEY-----\n",
            "public_key_fingerprint_md5": "d7:d3:0d:77:7e:28:d4:34:90:3c:52:06:28:e4:1e:de",
            "public_key_fingerprint_sha256": "SHA256:u2kBuBzrgNp1wUZmil21aVPKwXHIVjmcLu6D3mgnmaM",
            "public_key_openssh": "ssh-rsa AAAAB3NzaC1yc2EAAAADAQABAAACAQDELQKSoqGLAd2K0Fe2F+Ri5ARk/4/387cfqmakV6Q3RyYY/Wi2sQjekrvoGUjN3VAf8r1I8UOxOq0N4qS9YBYtVyndKXGcPbmKLwYE8nYzO65rnOwd39tNOIwok2YHDIFHZmTnZUlj6B8Acwnw/HIY7fKriNWFI6ygbg+NxGDDAzlCw0lyxopTLseA8pCXZzN+Mv4VFD8rpITC0Lm9OiqzXPUO/klfz1fggd+wP/xAJrqVNELo3VCUaLXNmK3fKCoAAepC8tvTG+jQ3OqveVWBxQb7MeGX6umQ9WI7aNvcGVD+emS+oaKaEolDchD0vAmhUMJ4vdkEf5itRJNWx16S3Kdj7p9+v2aAw880c/T99a96k2/Tza6Zne9TGKxc3fB5PHCBEbNUgNCM4LkNeTLJMHx9MPMXC7Sp2nzOP54KAcd22OW0jPL6txH5Ici/jwnPNDdxqH9mUQHlL1jS+RnhnTEZBpqV5ZfAxUjEMLRGMTzjL6DmKDDGNLSOzGkEp0woaxOZlPVxmPT5bgzRWfntJnc8s0weAyTKidFglRH5wLVu0d0Flz0/sQHNygt+BLY3yUGhUEBbuXPxMnniFq+1zpDInKTR7mfzmbIZCNHVRlqcHlQRT+GCqSY6T9X806wDNJvfFxN+unc/lFeOkDeAVq/GuAa+FBGR2ViARjHeMQ==\n",
            "public_key_pem": "-----BEGIN PUBLIC KEY-----\nMIICIjANBgkqhkiG9w0BAQEFAAOCAg8AMIICCgKCAgEAxC0CkqKhiwHditBXthfk\nYuQEZP+P9/O3H6pmpFekN0cmGP1otrEI3pK76BlIzd1QH/K9SPFDsTqtDeKkvWAW\nLVcp3SlxnD25ii8GBPJ2Mzuua5zsHd/bTTiMKJNmBwyBR2Zk52VJY+gfAHMJ8Pxy\nGO3yq4jVhSOsoG4PjcRgwwM5QsNJcsaKUy7HgPKQl2czfjL+FRQ/K6SEwtC5vToq\ns1z1Dv5JX89X4IHfsD/8QCa6lTRC6N1QlGi1zZit3ygqAAHqQvLb0xvo0Nzqr3lV\ngcUG+zHhl+rpkPViO2jb3BlQ/npkvqGimhKJQ3IQ9LwJoVDCeL3ZBH+YrUSTVsde\nktynY+6ffr9mgMPPNHP0/fWvepNv082umZ3vUxisXN3weTxwgRGzVIDQjOC5DXky\nyTB8fTDzFwu0qdp8zj+eCgHHdtjltIzy+rcR+SHIv48JzzQ3cah/ZlEB5S9Y0vkZ\n4Z0xGQaaleWXwMVIxDC0RjE84y+g5igwxjS0jsxpBKdMKGsTmZT1cZj0+W4M0Vn5\n7SZ3PLNMHgMkyonRYJUR+cC1btHdBZc9P7EBzcoLfgS2N8lBoVBAW7lz8TJ54hav\ntc6QyJyk0e5n85myGQjR1UZanB5UEU/hgqkmOk/V/NOsAzSb3xcTfrp3P5RXjpA3\ngFavxrgGvhQRkdlYgEYx3jECAwEAAQ==\n-----END PUBLIC KEY-----\n",
            "rsa_bits": 4096
          },
          "sensitive_attributes": [
            [
              {
                "type": "get_attr",
                "value": "private_key_pem_pkcs8"
              }
            ],
            [
              {
                "type": "get_attr",
                "value": "private_key_pem"
              }
            ],
            [
              {
                "type": "get_attr",
                "value": "private_key_openssh"
              }
            ]
          ],
          "create_before_destroy": true
        }
      ]
    },
    {
      "module": "module.cert",
      "mode": "managed",
      "type": "tls_private_key",
      "name": "pk",
      "provider": "provider[\"registry.terraform.io/hashicorp/tls\"]",
      "instances": [
        {
          "schema_version": 1,
          "attributes": {
            "algorithm": "RSA",
            "ecdsa_curve": "P224",
            "id": "bba524298e3b24286108b9e63763d13de1d0c227",
            "private_key_openssh": "-----BEGIN OPENSSH PRIVATE KEY-----\nb3BlbnNzaC1rZXktdjEAAAAABG5vbmUAAAAEbm9uZQAAAAAAAAABAAABFwAAAAdz\nc2gtcnNhAAAAAwEAAQAAAQEAtM2LyoK158H7Sn65zOyqNYSVSWrQkK/xHKXLjciY\n9S2VkN/g9iKRCUj3lWs5ED9V/0nKYIfAypdn1hM1XOdgPZSvzqoWrUWqKkoMx/Fc\npWH0B4wsPf4nomEqKO0GbX+cK7cg/mOeNgrXwUMrM8lZN9QSaRJmL0Yx4j1t+zTy\nnASdQkO3SoxeLn50r3yskY3DBD4qyrvi2Q9JvrXJo722mtJY9wsspVT9onRiLOv3\nLluZ1/cq4WakPuu5dNDSiNmA5jcfAX40hX/n9Ew3MSGIosZood3rB/aBKN/g7O+x\n2VDBHPn0GSp7DD7PPVxIo525mRJJ8ACz4QvzihRGoVUB6wAAA7g8oAvHPKALxwAA\nAAdzc2gtcnNhAAABAQC0zYvKgrXnwftKfrnM7Ko1hJVJatCQr/EcpcuNyJj1LZWQ\n3+D2IpEJSPeVazkQP1X/Scpgh8DKl2fWEzVc52A9lK/OqhatRaoqSgzH8VylYfQH\njCw9/ieiYSoo7QZtf5wrtyD+Y542CtfBQyszyVk31BJpEmYvRjHiPW37NPKcBJ1C\nQ7dKjF4ufnSvfKyRjcMEPirKu+LZD0m+tcmjvbaa0lj3CyylVP2idGIs6/cuW5nX\n9yrhZqQ+67l00NKI2YDmNx8BfjSFf+f0TDcxIYiixmih3esH9oEo3+Ds77HZUMEc\n+fQZKnsMPs89XEijnbmZEknwALPhC/OKFEahVQHrAAAAAwEAAQAAAQB9AlVyOrgN\nOvlFg6NxxfzVrgsOTRVRxOSf2x6HtLfVZaQxHCpN5I6FbfcJT66PxkrujRWpcpNh\nQBgiUvuldbD8Qw7fhIjTWwSR4ss9f2uASd7RTSDV6CF9S1M8Is477WyMaT0dxsEA\nOrT8wjVfxAq06COmlHskmpMpCzI861oHdpuTyFD/G/xBfN+sVK4wy/q61GBsFX72\nEUiKd5asiglSWqtAKXx3PxrIk6u/KqBPTFIIFQQ5rxqCDmAbdux5XsK6sOy9vW/s\n0+YKCJsrQVC7PsiQa9bkjDmvgzhP0p5TQVj1bYMqDDX26vdcWA590urokPpqrtx5\nGgRSMVYzbg3BAAAAgDa2HOU9IcT1uIi1XiWBZZBH6rKNA3fMDq5kqC2y5OQdiQ6x\n79hxq3hafRfXodfm29bqZBq3MTt8p9FBUmsmRXzERprl++zgHDajEIn5FEojISnX\nByfVidzItCL3Pc5nJEdvbIN+A1X5BVCWr3YtpQz7vVb6rTBoRclPlZHIl6F8AAAA\ngQDfM6bKJeI5KA7r1/5XRF288DZiumJx6tA0Rn7DxeB5mzlxrGvdJihSeuqemT7C\nkF/3QLFmF/fhZn9847kQYpG8Om4p5GhDK49zwxiI6631PCOqCdPSQI+FBRvu9TcD\n1+HK2AwBcXSYQCdTsFz53XOSbT09x4uG09s9GtR/xsFmywAAAIEAz17x9akQHLB3\nEIVv0nW717DFqEEJvIZQrFrL+UAZ2Q+Br5Zj9rKvKxjQD134LbgqTfagR3JZFSF9\nWSkG8g/jwjMZsA4NF31/scR6O1HfR5pSKOgjGC77M18hwfZ8CrL9nl/I9OaGtMN8\n39Fn5kkY6XawoVwsKlh35SZdnCwmTWEAAAAAAQID\n-----END OPENSSH PRIVATE KEY-----\n",
            "private_key_pem": "-----BEGIN RSA PRIVATE KEY-----\nMIIEogIBAAKCAQEAtM2LyoK158H7Sn65zOyqNYSVSWrQkK/xHKXLjciY9S2VkN/g\n9iKRCUj3lWs5ED9V/0nKYIfAypdn1hM1XOdgPZSvzqoWrUWqKkoMx/FcpWH0B4ws\nPf4nomEqKO0GbX+cK7cg/mOeNgrXwUMrM8lZN9QSaRJmL0Yx4j1t+zTynASdQkO3\nSoxeLn50r3yskY3DBD4qyrvi2Q9JvrXJo722mtJY9wsspVT9onRiLOv3LluZ1/cq\n4WakPuu5dNDSiNmA5jcfAX40hX/n9Ew3MSGIosZood3rB/aBKN/g7O+x2VDBHPn0\nGSp7DD7PPVxIo525mRJJ8ACz4QvzihRGoVUB6wIDAQABAoIBAH0CVXI6uA06+UWD\no3HF/NWuCw5NFVHE5J/bHoe0t9VlpDEcKk3kjoVt9wlPro/GSu6NFalyk2FAGCJS\n+6V1sPxDDt+EiNNbBJHiyz1/a4BJ3tFNINXoIX1LUzwizjvtbIxpPR3GwQA6tPzC\nNV/ECrToI6aUeySakykLMjzrWgd2m5PIUP8b/EF836xUrjDL+rrUYGwVfvYRSIp3\nlqyKCVJaq0ApfHc/GsiTq78qoE9MUggVBDmvGoIOYBt27Hlewrqw7L29b+zT5goI\nmytBULs+yJBr1uSMOa+DOE/SnlNBWPVtgyoMNfbq91xYDn3S6uiQ+mqu3HkaBFIx\nVjNuDcECgYEA3zOmyiXiOSgO69f+V0RdvPA2YrpicerQNEZ+w8XgeZs5caxr3SYo\nUnrqnpk+wpBf90CxZhf34WZ/fOO5EGKRvDpuKeRoQyuPc8MYiOut9TwjqgnT0kCP\nhQUb7vU3A9fhytgMAXF0mEAnU7Bc+d1zkm09PceLhtPbPRrUf8bBZssCgYEAz17x\n9akQHLB3EIVv0nW717DFqEEJvIZQrFrL+UAZ2Q+Br5Zj9rKvKxjQD134LbgqTfag\nR3JZFSF9WSkG8g/jwjMZsA4NF31/scR6O1HfR5pSKOgjGC77M18hwfZ8CrL9nl/I\n9OaGtMN839Fn5kkY6XawoVwsKlh35SZdnCwmTWECgYAuJdHATeDeDGg5XukZRetT\nmx7DfuHHx9LQXBrtg0YMHonb9NhAWxlPJFbJ/8k4FP2ic1+6Sg5YLgcB3VtwBdE3\n56TLSIw+Bw2b06SI+qF26L4+89U1zV9fE1VZLJ35T3NBqzWgPsLqj6kR5o7yolS4\n25kj4tP4Rmk30wpIeOGXzQKBgBGS6Ep7Y2QrCEwcItfhJmQnFPknWd3iPB//Kd4b\nspUUnVb2Fc6oYfPzDF7hBdFKFDu7NOYZKLeDuQ2/TllhQ1oH3ptu9WkSN6onDnzM\neXGmAGR7F85K3PsDiubXLrfxZ1DuqScoCi5zirelFXsMotHWPy3Nk+iayr5eu/wq\nOazBAoGANrYc5T0hxPW4iLVeJYFlkEfqso0Dd8wOrmSoLbLk5B2JDrHv2HGreFp9\nF9eh1+bb1upkGrcxO3yn0UFSayZFfMRGmuX77OAcNqMQifkUSiMhKdcHJ9WJ3Mi0\nIvc9zmckR29sg34DVfkFUJavdi2lDPu9VvqtMGhFyU+VkciXoXw=\n-----END RSA PRIVATE KEY-----\n",
            "private_key_pem_pkcs8": "-----BEGIN PRIVATE KEY-----\nMIIEvAIBADANBgkqhkiG9w0BAQEFAASCBKYwggSiAgEAAoIBAQC0zYvKgrXnwftK\nfrnM7Ko1hJVJatCQr/EcpcuNyJj1LZWQ3+D2IpEJSPeVazkQP1X/Scpgh8DKl2fW\nEzVc52A9lK/OqhatRaoqSgzH8VylYfQHjCw9/ieiYSoo7QZtf5wrtyD+Y542CtfB\nQyszyVk31BJpEmYvRjHiPW37NPKcBJ1CQ7dKjF4ufnSvfKyRjcMEPirKu+LZD0m+\ntcmjvbaa0lj3CyylVP2idGIs6/cuW5nX9yrhZqQ+67l00NKI2YDmNx8BfjSFf+f0\nTDcxIYiixmih3esH9oEo3+Ds77HZUMEc+fQZKnsMPs89XEijnbmZEknwALPhC/OK\nFEahVQHrAgMBAAECggEAfQJVcjq4DTr5RYOjccX81a4LDk0VUcTkn9seh7S31WWk\nMRwqTeSOhW33CU+uj8ZK7o0VqXKTYUAYIlL7pXWw/EMO34SI01sEkeLLPX9rgEne\n0U0g1eghfUtTPCLOO+1sjGk9HcbBADq0/MI1X8QKtOgjppR7JJqTKQsyPOtaB3ab\nk8hQ/xv8QXzfrFSuMMv6utRgbBV+9hFIineWrIoJUlqrQCl8dz8ayJOrvyqgT0xS\nCBUEOa8agg5gG3bseV7CurDsvb1v7NPmCgibK0FQuz7IkGvW5Iw5r4M4T9KeU0FY\n9W2DKgw19ur3XFgOfdLq6JD6aq7ceRoEUjFWM24NwQKBgQDfM6bKJeI5KA7r1/5X\nRF288DZiumJx6tA0Rn7DxeB5mzlxrGvdJihSeuqemT7CkF/3QLFmF/fhZn9847kQ\nYpG8Om4p5GhDK49zwxiI6631PCOqCdPSQI+FBRvu9TcD1+HK2AwBcXSYQCdTsFz5\n3XOSbT09x4uG09s9GtR/xsFmywKBgQDPXvH1qRAcsHcQhW/SdbvXsMWoQQm8hlCs\nWsv5QBnZD4GvlmP2sq8rGNAPXfgtuCpN9qBHclkVIX1ZKQbyD+PCMxmwDg0XfX+x\nxHo7Ud9HmlIo6CMYLvszXyHB9nwKsv2eX8j05oa0w3zf0WfmSRjpdrChXCwqWHfl\nJl2cLCZNYQKBgC4l0cBN4N4MaDle6RlF61ObHsN+4cfH0tBcGu2DRgweidv02EBb\nGU8kVsn/yTgU/aJzX7pKDlguBwHdW3AF0TfnpMtIjD4HDZvTpIj6oXbovj7z1TXN\nX18TVVksnflPc0GrNaA+wuqPqRHmjvKiVLjbmSPi0/hGaTfTCkh44ZfNAoGAEZLo\nSntjZCsITBwi1+EmZCcU+SdZ3eI8H/8p3huylRSdVvYVzqhh8/MMXuEF0UoUO7s0\n5hkot4O5Db9OWWFDWgfem271aRI3qicOfMx5caYAZHsXzkrc+wOK5tcut/FnUO6p\nJygKLnOKt6UVewyi0dY/Lc2T6JrKvl67/Co5rMECgYA2thzlPSHE9biItV4lgWWQ\nR+qyjQN3zA6uZKgtsuTkHYkOse/Ycat4Wn0X16HX5tvW6mQatzE7fKfRQVJrJkV8\nxEaa5fvs4Bw2oxCJ+RRKIyEp1wcn1YncyLQi9z3OZyRHb2yDfgNV+QVQlq92LaUM\n+71W+q0waEXJT5WRyJehfA==\n-----END PRIVATE KEY-----\n",
            "public_key_fingerprint_md5": "91:65:87:d5:bb:be:bf:da:fd:32:9a:bc:40:b4:98:33",
            "public_key_fingerprint_sha256": "SHA256:Dv30h01wfE3ovmibLaFAmp4ldpAhXa9xOBJVkZ5PTqU",
            "public_key_openssh": "ssh-rsa AAAAB3NzaC1yc2EAAAADAQABAAABAQC0zYvKgrXnwftKfrnM7Ko1hJVJatCQr/EcpcuNyJj1LZWQ3+D2IpEJSPeVazkQP1X/Scpgh8DKl2fWEzVc52A9lK/OqhatRaoqSgzH8VylYfQHjCw9/ieiYSoo7QZtf5wrtyD+Y542CtfBQyszyVk31BJpEmYvRjHiPW37NPKcBJ1CQ7dKjF4ufnSvfKyRjcMEPirKu+LZD0m+tcmjvbaa0lj3CyylVP2idGIs6/cuW5nX9yrhZqQ+67l00NKI2YDmNx8BfjSFf+f0TDcxIYiixmih3esH9oEo3+Ds77HZUMEc+fQZKnsMPs89XEijnbmZEknwALPhC/OKFEahVQHr\n",
            "public_key_pem": "-----BEGIN PUBLIC KEY-----\nMIIBIjANBgkqhkiG9w0BAQEFAAOCAQ8AMIIBCgKCAQEAtM2LyoK158H7Sn65zOyq\nNYSVSWrQkK/xHKXLjciY9S2VkN/g9iKRCUj3lWs5ED9V/0nKYIfAypdn1hM1XOdg\nPZSvzqoWrUWqKkoMx/FcpWH0B4wsPf4nomEqKO0GbX+cK7cg/mOeNgrXwUMrM8lZ\nN9QSaRJmL0Yx4j1t+zTynASdQkO3SoxeLn50r3yskY3DBD4qyrvi2Q9JvrXJo722\nmtJY9wsspVT9onRiLOv3LluZ1/cq4WakPuu5dNDSiNmA5jcfAX40hX/n9Ew3MSGI\nosZood3rB/aBKN/g7O+x2VDBHPn0GSp7DD7PPVxIo525mRJJ8ACz4QvzihRGoVUB\n6wIDAQAB\n-----END PUBLIC KEY-----\n",
            "rsa_bits": 2048
          },
          "sensitive_attributes": [
            [
              {
                "type": "get_attr",
                "value": "private_key_pem"
              }
            ],
            [
              {
                "type": "get_attr",
                "value": "private_key_openssh"
              }
            ],
            [
              {
                "type": "get_attr",
                "value": "private_key_pem_pkcs8"
              }
            ]
          ],
          "create_before_destroy": true
        }
      ]
    },
    {
      "module": "module.domains",
      "mode": "managed",
      "type": "aws_route53_zone",
      "name": "mail_dns",
      "provider": "provider[\"registry.terraform.io/hashicorp/aws\"]",
      "instances": [
        {
          "index_key": "cabalmail.io",
          "schema_version": 0,
          "attributes": {
            "arn": "arn:aws:route53:::hostedzone/Z08991561DT3P59F9ALJA",
            "comment": "Domain for cabalmail.io mail",
            "delegation_set_id": "",
            "force_destroy": true,
            "id": "Z08991561DT3P59F9ALJA",
            "name": "cabalmail.io",
            "name_servers": [
              "ns-1501.awsdns-59.org",
              "ns-1969.awsdns-54.co.uk",
              "ns-88.awsdns-11.com",
              "ns-933.awsdns-52.net"
            ],
            "primary_name_server": "ns-1969.awsdns-54.co.uk",
            "tags": null,
            "tags_all": {
              "environment": "development",
              "managed_by_terraform": "y",
              "terraform_repo": "https://github.com/cabalmail/cabal-infra"
            },
            "timeouts": null,
            "vpc": [],
            "zone_id": "Z08991561DT3P59F9ALJA"
          },
          "sensitive_attributes": [],
          "private": "eyJlMmJmYjczMC1lY2FhLTExZTYtOGY4OC0zNDM2M2JjN2M0YzAiOnsiY3JlYXRlIjoxODAwMDAwMDAwMDAwLCJkZWxldGUiOjE4MDAwMDAwMDAwMDAsInVwZGF0ZSI6MTgwMDAwMDAwMDAwMH19",
          "create_before_destroy": true
        }
      ]
    },
    {
      "module": "module.efs",
      "mode": "managed",
      "type": "aws_efs_file_system",
      "name": "mailstore",
      "provider": "provider[\"registry.terraform.io/hashicorp/aws\"]",
      "instances": [
        {
          "schema_version": 0,
          "attributes": {
            "arn": "arn:aws:elasticfilesystem:us-east-1:175059541256:file-system/fs-056c4459b19f62204",
            "availability_zone_id": "",
            "availability_zone_name": "",
            "creation_token": "terraform-20260215163131156000000003",
            "dns_name": "fs-056c4459b19f62204.efs.us-east-1.amazonaws.com",
            "encrypted": true,
            "id": "fs-056c4459b19f62204",
            "kms_key_id": "arn:aws:kms:us-east-1:175059541256:key/bc11670e-2572-415b-9c9b-b9a4742f5a3d",
            "lifecycle_policy": [
              {
                "transition_to_archive": "",
                "transition_to_ia": "AFTER_30_DAYS",
                "transition_to_primary_storage_class": ""
              }
            ],
            "name": "cabal-efs",
            "number_of_mount_targets": 0,
            "owner_id": "175059541256",
            "performance_mode": "generalPurpose",
            "protection": [
              {
                "replication_overwrite": "ENABLED"
              }
            ],
            "provisioned_throughput_in_mibps": 0,
            "size_in_bytes": [
              {
                "value": 6144,
                "value_in_ia": 0,
                "value_in_standard": 6144
              }
            ],
            "tags": {
              "Name": "cabal-efs"
            },
            "tags_all": {
              "Name": "cabal-efs",
              "environment": "development",
              "managed_by_terraform": "y",
              "terraform_repo": "https://github.com/cabalmail/cabal-infra"
            },
            "throughput_mode": "bursting"
          },
          "sensitive_attributes": [],
          "private": "bnVsbA==",
          "create_before_destroy": true
        }
      ]
    },
    {
      "module": "module.efs",
      "mode": "managed",
      "type": "aws_efs_mount_target",
      "name": "mailstore",
      "provider": "provider[\"registry.terraform.io/hashicorp/aws\"]",
      "instances": [
        {
          "index_key": 0,
          "schema_version": 0,
          "attributes": {
            "availability_zone_id": "use1-az6",
            "availability_zone_name": "us-east-1a",
            "dns_name": "fs-056c4459b19f62204.efs.us-east-1.amazonaws.com",
            "file_system_arn": "arn:aws:elasticfilesystem:us-east-1:175059541256:file-system/fs-056c4459b19f62204",
            "file_system_id": "fs-056c4459b19f62204",
            "id": "fsmt-072bc212d415be599",
            "ip_address": "10.2.43.155",
            "mount_target_dns_name": "us-east-1a.fs-056c4459b19f62204.efs.us-east-1.amazonaws.com",
            "network_interface_id": "eni-0f359a00a71673abc",
            "owner_id": "175059541256",
            "security_groups": [
              "sg-00eede16346a6be30"
            ],
            "subnet_id": "subnet-0e1594abd926a6161",
            "timeouts": null
          },
          "sensitive_attributes": [],
          "private": "eyJlMmJmYjczMC1lY2FhLTExZTYtOGY4OC0zNDM2M2JjN2M0YzAiOnsiY3JlYXRlIjoxODAwMDAwMDAwMDAwLCJkZWxldGUiOjYwMDAwMDAwMDAwMH19",
          "dependencies": [
            "module.efs.aws_efs_file_system.mailstore",
            "module.efs.aws_security_group.mailstore",
            "module.vpc.aws_subnet.private",
            "module.vpc.aws_vpc.network"
          ]
        }
      ]
    },
    {
      "module": "module.efs",
      "mode": "managed",
      "type": "aws_security_group",
      "name": "mailstore",
      "provider": "provider[\"registry.terraform.io/hashicorp/aws\"]",
      "instances": [
        {
          "schema_version": 1,
          "attributes": {
            "arn": "arn:aws:ec2:us-east-1:175059541256:security-group/sg-00eede16346a6be30",
            "description": "Allow EC2 instances to access the mailstore filesystem",
            "egress": [
              {
                "cidr_blocks": [
                  "10.2.0.0/16"
                ],
                "description": "Allow all outgoing",
                "from_port": 0,
                "ipv6_cidr_blocks": [],
                "prefix_list_ids": [],
                "protocol": "-1",
                "security_groups": [],
                "self": false,
                "to_port": 0
              }
            ],
            "id": "sg-00eede16346a6be30",
            "ingress": [
              {
                "cidr_blocks": [
                  "10.2.0.0/16"
                ],
                "description": "Allow EC2 instances to access the mailstore filesystem on port 2049",
                "from_port": 2049,
                "ipv6_cidr_blocks": [],
                "prefix_list_ids": [],
                "protocol": "tcp",
                "security_groups": [],
                "self": false,
                "to_port": 2049
              }
            ],
            "name": "cabal-efs-sg",
            "name_prefix": "",
            "owner_id": "175059541256",
            "revoke_rules_on_delete": false,
            "tags": null,
            "tags_all": {
              "environment": "development",
              "managed_by_terraform": "y",
              "terraform_repo": "https://github.com/cabalmail/cabal-infra"
            },
            "timeouts": null,
            "vpc_id": "vpc-0d564f40e37346183"
          },
          "sensitive_attributes": [],
          "private": "eyJlMmJmYjczMC1lY2FhLTExZTYtOGY4OC0zNDM2M2JjN2M0YzAiOnsiY3JlYXRlIjo2MDAwMDAwMDAwMDAsImRlbGV0ZSI6OTAwMDAwMDAwMDAwfSwic2NoZW1hX3ZlcnNpb24iOiIxIn0=",
          "dependencies": [
            "module.vpc.aws_vpc.network"
          ]
        }
      ]
    },
    {
      "module": "module.lambda_layers",
      "mode": "data",
      "type": "aws_s3_object",
      "name": "lambda_layer_hash",
      "provider": "provider[\"registry.terraform.io/hashicorp/aws\"]",
      "instances": [
        {
          "index_key": "nodejs",
          "schema_version": 0,
          "attributes": {
            "arn": "arn:aws:s3:::admin.cabalmail.email/lambda/nodejs.zip.base64sha256",
            "body": "+0FLrcFWTfH3WIuahQyx5eQWYOVDbgKnUX3ZvRfPUvg=",
            "bucket": "admin.cabalmail.email",
            "bucket_key_enabled": false,
            "cache_control": "",
            "checksum_crc32": "",
            "checksum_crc32c": "",
            "checksum_crc64nvme": "",
            "checksum_mode": null,
            "checksum_sha1": "",
            "checksum_sha256": "",
            "content_disposition": "",
            "content_encoding": "",
            "content_language": "",
            "content_length": 44,
            "content_type": "text/plain",
            "etag": "2dde6dc3cf5aa812e54fcc57b2593121",
            "expiration": "",
            "expires": "",
            "id": "admin.cabalmail.email//lambda/nodejs.zip.base64sha256",
            "key": "/lambda/nodejs.zip.base64sha256",
            "last_modified": "Sun, 15 Feb 2026 16:27:11 UTC",
            "metadata": {},
            "object_lock_legal_hold_status": "",
            "object_lock_mode": "",
            "object_lock_retain_until_date": "",
            "range": null,
            "server_side_encryption": "AES256",
            "sse_kms_key_id": "",
            "storage_class": "STANDARD",
            "tags": {},
            "version_id": "",
            "website_redirect_location": ""
          },
          "sensitive_attributes": []
        },
        {
          "index_key": "python",
          "schema_version": 0,
          "attributes": {
            "arn": "arn:aws:s3:::admin.cabalmail.email/lambda/python.zip.base64sha256",
            "body": "WphQQWqpEkfhdLe/z6ulQsEQqE2I7oRpzXqY2ekGbsM=",
            "bucket": "admin.cabalmail.email",
            "bucket_key_enabled": false,
            "cache_control": "",
            "checksum_crc32": "",
            "checksum_crc32c": "",
            "checksum_crc64nvme": "",
            "checksum_mode": null,
            "checksum_sha1": "",
            "checksum_sha256": "",
            "content_disposition": "",
            "content_encoding": "",
            "content_language": "",
            "content_length": 44,
            "content_type": "text/plain",
            "etag": "6c34b9cc1181b389747700ded84de9ed",
            "expiration": "",
            "expires": "",
            "id": "admin.cabalmail.email//lambda/python.zip.base64sha256",
            "key": "/lambda/python.zip.base64sha256",
            "last_modified": "Sun, 15 Feb 2026 16:29:18 UTC",
            "metadata": {},
            "object_lock_legal_hold_status": "",
            "object_lock_mode": "",
            "object_lock_retain_until_date": "",
            "range": null,
            "server_side_encryption": "AES256",
            "sse_kms_key_id": "",
            "storage_class": "STANDARD",
            "tags": {},
            "version_id": "",
            "website_redirect_location": ""
          },
          "sensitive_attributes": []
        }
      ]
    },
    {
      "module": "module.lambda_layers",
      "mode": "data",
      "type": "aws_s3_objects",
      "name": "check",
      "provider": "provider[\"registry.terraform.io/hashicorp/aws\"]",
      "instances": [
        {
          "index_key": "nodejs",
          "schema_version": 0,
          "attributes": {
            "bucket": "admin.cabalmail.email",
            "common_prefixes": [],
            "delimiter": null,
            "encoding_type": null,
            "fetch_owner": null,
            "id": "admin.cabalmail.email",
            "keys": [
              "lambda/nodejs.zip.base64sha256"
            ],
            "max_keys": 1000,
            "owners": [],
            "prefix": "lambda/nodejs.zip.base64sha256",
            "request_charged": "",
            "request_payer": null,
            "start_after": null
          },
          "sensitive_attributes": []
        },
        {
          "index_key": "python",
          "schema_version": 0,
          "attributes": {
            "bucket": "admin.cabalmail.email",
            "common_prefixes": [],
            "delimiter": null,
            "encoding_type": null,
            "fetch_owner": null,
            "id": "admin.cabalmail.email",
            "keys": [
              "lambda/python.zip.base64sha256"
            ],
            "max_keys": 1000,
            "owners": [],
            "prefix": "lambda/python.zip.base64sha256",
            "request_charged": "",
            "request_payer": null,
            "start_after": null
          },
          "sensitive_attributes": []
        }
      ]
    },
    {
      "module": "module.lambda_layers",
      "mode": "managed",
      "type": "aws_lambda_layer_version",
      "name": "layer",
      "provider": "provider[\"registry.terraform.io/hashicorp/aws\"]",
      "instances": [
        {
          "index_key": "nodejs",
          "schema_version": 0,
          "attributes": {
            "arn": "arn:aws:lambda:us-east-1:175059541256:layer:nodejs:12",
            "code_sha256": "+0FLrcFWTfH3WIuahQyx5eQWYOVDbgKnUX3ZvRfPUvg=",
            "compatible_architectures": null,
            "compatible_runtimes": [
              "nodejs14.x"
            ],
            "created_date": "2026-02-15T16:32:17.296+0000",
            "description": "",
            "filename": null,
            "id": "arn:aws:lambda:us-east-1:175059541256:layer:nodejs:12",
            "layer_arn": "arn:aws:lambda:us-east-1:175059541256:layer:nodejs",
            "layer_name": "nodejs",
            "license_info": "",
            "s3_bucket": "admin.cabalmail.email",
            "s3_key": "lambda/nodejs.zip",
            "s3_object_version": null,
            "signing_job_arn": "",
            "signing_profile_version_arn": "",
            "skip_destroy": false,
            "source_code_hash": "+0FLrcFWTfH3WIuahQyx5eQWYOVDbgKnUX3ZvRfPUvg=",
            "source_code_size": 17599145,
            "version": "12"
          },
          "sensitive_attributes": [],
          "private": "bnVsbA==",
          "dependencies": [
            "module.bucket.aws_s3_bucket.this",
            "module.lambda_layers.data.aws_s3_object.lambda_layer_hash",
            "module.lambda_layers.data.aws_s3_objects.check"
          ],
          "create_before_destroy": true
        },
        {
          "index_key": "python",
          "schema_version": 0,
          "attributes": {
            "arn": "arn:aws:lambda:us-east-1:175059541256:layer:python:47",
            "code_sha256": "WphQQWqpEkfhdLe/z6ulQsEQqE2I7oRpzXqY2ekGbsM=",
            "compatible_architectures": null,
            "compatible_runtimes": [
              "python3.9"
            ],
            "created_date": "2026-02-15T16:32:13.304+0000",
            "description": "",
            "filename": null,
            "id": "arn:aws:lambda:us-east-1:175059541256:layer:python:47",
            "layer_arn": "arn:aws:lambda:us-east-1:175059541256:layer:python",
            "layer_name": "python",
            "license_info": "",
            "s3_bucket": "admin.cabalmail.email",
            "s3_key": "lambda/python.zip",
            "s3_object_version": null,
            "signing_job_arn": "",
            "signing_profile_version_arn": "",
            "skip_destroy": false,
            "source_code_hash": "WphQQWqpEkfhdLe/z6ulQsEQqE2I7oRpzXqY2ekGbsM=",
            "source_code_size": 1150406,
            "version": "47"
          },
          "sensitive_attributes": [],
          "private": "bnVsbA==",
          "dependencies": [
            "module.bucket.aws_s3_bucket.this",
            "module.lambda_layers.data.aws_s3_object.lambda_layer_hash",
            "module.lambda_layers.data.aws_s3_objects.check"
          ],
          "create_before_destroy": true
        }
      ]
    },
    {
      "module": "module.load_balancer",
      "mode": "managed",
      "type": "aws_lb",
      "name": "elb",
      "provider": "provider[\"registry.terraform.io/hashicorp/aws\"]",
      "instances": [
        {
          "schema_version": 0,
          "attributes": {
            "access_logs": [
              {
                "bucket": "",
                "enabled": false,
                "prefix": ""
              }
            ],
            "arn": "arn:aws:elasticloadbalancing:us-east-1:175059541256:loadbalancer/net/cabal-nlb/fb81de01295b16e5",
            "arn_suffix": "net/cabal-nlb/fb81de01295b16e5",
            "client_keep_alive": null,
            "connection_logs": [],
            "customer_owned_ipv4_pool": "",
            "desync_mitigation_mode": null,
            "dns_name": "cabal-nlb-fb81de01295b16e5.elb.us-east-1.amazonaws.com",
            "dns_record_client_routing_policy": "any_availability_zone",
            "drop_invalid_header_fields": null,
            "enable_cross_zone_load_balancing": true,
            "enable_deletion_protection": false,
            "enable_http2": null,
            "enable_tls_version_and_cipher_suite_headers": null,
            "enable_waf_fail_open": null,
            "enable_xff_client_port": null,
            "enable_zonal_shift": false,
            "enforce_security_group_inbound_rules_on_private_link_traffic": "",
            "id": "arn:aws:elasticloadbalancing:us-east-1:175059541256:loadbalancer/net/cabal-nlb/fb81de01295b16e5",
            "idle_timeout": null,
            "internal": false,
            "ip_address_type": "ipv4",
            "ipam_pools": [],
            "load_balancer_type": "network",
            "name": "cabal-nlb",
            "name_prefix": "",
            "preserve_host_header": null,
            "security_groups": [],
            "subnet_mapping": [
              {
                "allocation_id": "",
                "ipv6_address": "",
                "outpost_id": "",
                "private_ipv4_address": "",
                "subnet_id": "subnet-0551b57cacf6df4f5"
              }
            ],
            "subnets": [
              "subnet-0551b57cacf6df4f5"
            ],
            "tags": {
              "Name": "cabal-nlb"
            },
            "tags_all": {
              "Name": "cabal-nlb",
              "environment": "development",
              "managed_by_terraform": "y",
              "terraform_repo": "https://github.com/cabalmail/cabal-infra"
            },
            "timeouts": null,
            "vpc_id": "vpc-0d564f40e37346183",
            "xff_header_processing_mode": null,
            "zone_id": "Z26RNL4JYFTOTI"
          },
          "sensitive_attributes": [],
          "private": "eyJlMmJmYjczMC1lY2FhLTExZTYtOGY4OC0zNDM2M2JjN2M0YzAiOnsiY3JlYXRlIjo2MDAwMDAwMDAwMDAsImRlbGV0ZSI6NjAwMDAwMDAwMDAwLCJ1cGRhdGUiOjYwMDAwMDAwMDAwMH19",
          "dependencies": [
            "module.vpc.aws_subnet.public",
            "module.vpc.aws_vpc.network"
          ],
          "create_before_destroy": true
        }
      ]
    },
    {
      "module": "module.load_balancer",
      "mode": "managed",
      "type": "aws_lb_listener",
      "name": "relay",
      "provider": "provider[\"registry.terraform.io/hashicorp/aws\"]",
      "instances": [
        {
          "schema_version": 0,
          "attributes": {
            "alpn_policy": null,
            "arn": "arn:aws:elasticloadbalancing:us-east-1:175059541256:listener/net/cabal-nlb/fb81de01295b16e5/9aced852a95605f4",
            "certificate_arn": null,
            "default_action": [
              {
                "authenticate_cognito": [],
                "authenticate_oidc": [],
                "fixed_response": [],
                "forward": [],
                "order": 1,
                "redirect": [],
                "target_group_arn": "arn:aws:elasticloadbalancing:us-east-1:175059541256:targetgroup/cabal-smtp-relay-tg/7f0f8ac8afd356e0",
                "type": "forward"
              }
            ],
            "id": "arn:aws:elasticloadbalancing:us-east-1:175059541256:listener/net/cabal-nlb/fb81de01295b16e5/9aced852a95605f4",
            "load_balancer_arn": "arn:aws:elasticloadbalancing:us-east-1:175059541256:loadbalancer/net/cabal-nlb/fb81de01295b16e5",
            "mutual_authentication": [],
            "port": 25,
            "protocol": "TCP",
            "routing_http_request_x_amzn_mtls_clientcert_header_name": null,
            "routing_http_request_x_amzn_mtls_clientcert_issuer_header_name": null,
            "routing_http_request_x_amzn_mtls_clientcert_leaf_header_name": null,
            "routing_http_request_x_amzn_mtls_clientcert_serial_number_header_name": null,
            "routing_http_request_x_amzn_mtls_clientcert_subject_header_name": null,
            "routing_http_request_x_amzn_mtls_clientcert_validity_header_name": null,
            "routing_http_request_x_amzn_tls_cipher_suite_header_name": null,
            "routing_http_request_x_amzn_tls_version_header_name": null,
            "routing_http_response_access_control_allow_credentials_header_value": null,
            "routing_http_response_access_control_allow_headers_header_value": null,
            "routing_http_response_access_control_allow_methods_header_value": null,
            "routing_http_response_access_control_allow_origin_header_value": null,
            "routing_http_response_access_control_expose_headers_header_value": null,
            "routing_http_response_access_control_max_age_header_value": null,
            "routing_http_response_content_security_policy_header_value": null,
            "routing_http_response_server_enabled": null,
            "routing_http_response_strict_transport_security_header_value": null,
            "routing_http_response_x_content_type_options_header_value": null,
            "routing_http_response_x_frame_options_header_value": null,
            "ssl_policy": "",
            "tags": null,
            "tags_all": {
              "environment": "development",
              "managed_by_terraform": "y",
              "terraform_repo": "https://github.com/cabalmail/cabal-infra"
            },
            "tcp_idle_timeout_seconds": 350,
            "timeouts": null
          },
          "sensitive_attributes": [],
          "private": "eyJlMmJmYjczMC1lY2FhLTExZTYtOGY4OC0zNDM2M2JjN2M0YzAiOnsiY3JlYXRlIjozMDAwMDAwMDAwMDAsInVwZGF0ZSI6MzAwMDAwMDAwMDAwfX0=",
          "dependencies": [
            "module.load_balancer.aws_lb.elb",
            "module.load_balancer.aws_lb_target_group.relay",
            "module.vpc.aws_subnet.public",
            "module.vpc.aws_vpc.network"
          ]
        }
      ]
    },
    {
      "module": "module.load_balancer",
      "mode": "managed",
      "type": "aws_lb_listener",
      "name": "starttls",
      "provider": "provider[\"registry.terraform.io/hashicorp/aws\"]",
      "instances": [
        {
          "schema_version": 0,
          "attributes": {
            "alpn_policy": null,
            "arn": "arn:aws:elasticloadbalancing:us-east-1:175059541256:listener/net/cabal-nlb/fb81de01295b16e5/3acfbb1e9e4b4563",
            "certificate_arn": null,
            "default_action": [
              {
                "authenticate_cognito": [],
                "authenticate_oidc": [],
                "fixed_response": [],
                "forward": [],
                "order": 1,
                "redirect": [],
                "target_group_arn": "arn:aws:elasticloadbalancing:us-east-1:175059541256:targetgroup/cabal-smtp-starttls-tg/bf3f5db148afd15a",
                "type": "forward"
              }
            ],
            "id": "arn:aws:elasticloadbalancing:us-east-1:175059541256:listener/net/cabal-nlb/fb81de01295b16e5/3acfbb1e9e4b4563",
            "load_balancer_arn": "arn:aws:elasticloadbalancing:us-east-1:175059541256:loadbalancer/net/cabal-nlb/fb81de01295b16e5",
            "mutual_authentication": [],
            "port": 587,
            "protocol": "TCP",
            "routing_http_request_x_amzn_mtls_clientcert_header_name": null,
            "routing_http_request_x_amzn_mtls_clientcert_issuer_header_name": null,
            "routing_http_request_x_amzn_mtls_clientcert_leaf_header_name": null,
            "routing_http_request_x_amzn_mtls_clientcert_serial_number_header_name": null,
            "routing_http_request_x_amzn_mtls_clientcert_subject_header_name": null,
            "routing_http_request_x_amzn_mtls_clientcert_validity_header_name": null,
            "routing_http_request_x_amzn_tls_cipher_suite_header_name": null,
            "routing_http_request_x_amzn_tls_version_header_name": null,
            "routing_http_response_access_control_allow_credentials_header_value": null,
            "routing_http_response_access_control_allow_headers_header_value": null,
            "routing_http_response_access_control_allow_methods_header_value": null,
            "routing_http_response_access_control_allow_origin_header_value": null,
            "routing_http_response_access_control_expose_headers_header_value": null,
            "routing_http_response_access_control_max_age_header_value": null,
            "routing_http_response_content_security_policy_header_value": null,
            "routing_http_response_server_enabled": null,
            "routing_http_response_strict_transport_security_header_value": null,
            "routing_http_response_x_content_type_options_header_value": null,
            "routing_http_response_x_frame_options_header_value": null,
            "ssl_policy": "",
            "tags": null,
            "tags_all": {
              "environment": "development",
              "managed_by_terraform": "y",
              "terraform_repo": "https://github.com/cabalmail/cabal-infra"
            },
            "tcp_idle_timeout_seconds": 350,
            "timeouts": null
          },
          "sensitive_attributes": [],
          "private": "eyJlMmJmYjczMC1lY2FhLTExZTYtOGY4OC0zNDM2M2JjN2M0YzAiOnsiY3JlYXRlIjozMDAwMDAwMDAwMDAsInVwZGF0ZSI6MzAwMDAwMDAwMDAwfX0=",
          "dependencies": [
            "module.load_balancer.aws_lb.elb",
            "module.load_balancer.aws_lb_target_group.starttls",
            "module.vpc.aws_subnet.public",
            "module.vpc.aws_vpc.network"
          ]
        }
      ]
    },
    {
      "module": "module.load_balancer",
      "mode": "managed",
      "type": "aws_lb_listener",
      "name": "submission",
      "provider": "provider[\"registry.terraform.io/hashicorp/aws\"]",
      "instances": [
        {
          "schema_version": 0,
          "attributes": {
            "alpn_policy": null,
            "arn": "arn:aws:elasticloadbalancing:us-east-1:175059541256:listener/net/cabal-nlb/fb81de01295b16e5/4fef8823f20fce53",
            "certificate_arn": null,
            "default_action": [
              {
                "authenticate_cognito": [],
                "authenticate_oidc": [],
                "fixed_response": [],
                "forward": [],
                "order": 1,
                "redirect": [],
                "target_group_arn": "arn:aws:elasticloadbalancing:us-east-1:175059541256:targetgroup/cabal-smtp-submission-tg/58f194b42fd23c6a",
                "type": "forward"
              }
            ],
            "id": "arn:aws:elasticloadbalancing:us-east-1:175059541256:listener/net/cabal-nlb/fb81de01295b16e5/4fef8823f20fce53",
            "load_balancer_arn": "arn:aws:elasticloadbalancing:us-east-1:175059541256:loadbalancer/net/cabal-nlb/fb81de01295b16e5",
            "mutual_authentication": [],
            "port": 465,
            "protocol": "TCP",
            "routing_http_request_x_amzn_mtls_clientcert_header_name": null,
            "routing_http_request_x_amzn_mtls_clientcert_issuer_header_name": null,
            "routing_http_request_x_amzn_mtls_clientcert_leaf_header_name": null,
            "routing_http_request_x_amzn_mtls_clientcert_serial_number_header_name": null,
            "routing_http_request_x_amzn_mtls_clientcert_subject_header_name": null,
            "routing_http_request_x_amzn_mtls_clientcert_validity_header_name": null,
            "routing_http_request_x_amzn_tls_cipher_suite_header_name": null,
            "routing_http_request_x_amzn_tls_version_header_name": null,
            "routing_http_response_access_control_allow_credentials_header_value": null,
            "routing_http_response_access_control_allow_headers_header_value": null,
            "routing_http_response_access_control_allow_methods_header_value": null,
            "routing_http_response_access_control_allow_origin_header_value": null,
            "routing_http_response_access_control_expose_headers_header_value": null,
            "routing_http_response_access_control_max_age_header_value": null,
            "routing_http_response_content_security_policy_header_value": null,
            "routing_http_response_server_enabled": null,
            "routing_http_response_strict_transport_security_header_value": null,
            "routing_http_response_x_content_type_options_header_value": null,
            "routing_http_response_x_frame_options_header_value": null,
            "ssl_policy": "",
            "tags": null,
            "tags_all": {
              "environment": "development",
              "managed_by_terraform": "y",
              "terraform_repo": "https://github.com/cabalmail/cabal-infra"
            },
            "tcp_idle_timeout_seconds": 350,
            "timeouts": null
          },
          "sensitive_attributes": [],
          "private": "eyJlMmJmYjczMC1lY2FhLTExZTYtOGY4OC0zNDM2M2JjN2M0YzAiOnsiY3JlYXRlIjozMDAwMDAwMDAwMDAsInVwZGF0ZSI6MzAwMDAwMDAwMDAwfX0=",
          "dependencies": [
            "module.load_balancer.aws_lb.elb",
            "module.load_balancer.aws_lb_target_group.submission",
            "module.vpc.aws_subnet.public",
            "module.vpc.aws_vpc.network"
          ]
        }
      ]
    },
    {
      "module": "module.load_balancer",
      "mode": "managed",
      "type": "aws_lb_target_group",
      "name": "imap",
      "provider": "provider[\"registry.terraform.io/hashicorp/aws\"]",
      "instances": [
        {
          "schema_version": 0,
          "attributes": {
            "arn": "arn:aws:elasticloadbalancing:us-east-1:175059541256:targetgroup/cabal-imap-tg/10de6b3803d975e2",
            "arn_suffix": "targetgroup/cabal-imap-tg/10de6b3803d975e2",
            "connection_termination": false,
            "deregistration_delay": "30",
            "health_check": [
              {
                "enabled": true,
                "healthy_threshold": 2,
                "interval": 30,
                "matcher": "",
                "path": "",
                "port": "143",
                "protocol": "TCP",
                "timeout": 10,
                "unhealthy_threshold": 2
              }
            ],
            "id": "arn:aws:elasticloadbalancing:us-east-1:175059541256:targetgroup/cabal-imap-tg/10de6b3803d975e2",
            "ip_address_type": "ipv4",
            "lambda_multi_value_headers_enabled": false,
            "load_balancer_arns": [],
            "load_balancing_algorithm_type": null,
            "load_balancing_anomaly_mitigation": null,
            "load_balancing_cross_zone_enabled": "use_load_balancer_configuration",
            "name": "cabal-imap-tg",
            "name_prefix": "",
            "port": 143,
            "preserve_client_ip": "true",
            "protocol": "TCP",
            "protocol_version": null,
            "proxy_protocol_v2": false,
            "slow_start": 0,
            "stickiness": [
              {
                "cookie_duration": 0,
                "cookie_name": "",
                "enabled": true,
                "type": "source_ip"
              }
            ],
            "tags": null,
            "tags_all": {
              "environment": "development",
              "managed_by_terraform": "y",
              "terraform_repo": "https://github.com/cabalmail/cabal-infra"
            },
            "target_failover": [
              {
                "on_deregistration": null,
                "on_unhealthy": null
              }
            ],
            "target_group_health": [
              {
                "dns_failover": [
                  {
                    "minimum_healthy_targets_count": "1",
                    "minimum_healthy_targets_percentage": "off"
                  }
                ],
                "unhealthy_state_routing": [
                  {
                    "minimum_healthy_targets_count": 1,
                    "minimum_healthy_targets_percentage": "off"
                  }
                ]
              }
            ],
            "target_health_state": [
              {
                "enable_unhealthy_connection_termination": true,
                "unhealthy_draining_interval": 0
              }
            ],
            "target_type": "instance",
            "vpc_id": "vpc-0d564f40e37346183"
          },
          "sensitive_attributes": [],
          "private": "bnVsbA==",
          "dependencies": [
            "module.load_balancer.aws_lb.elb",
            "module.vpc.aws_subnet.public",
            "module.vpc.aws_vpc.network"
          ],
          "create_before_destroy": true
        }
      ]
    },
    {
      "module": "module.load_balancer",
      "mode": "managed",
      "type": "aws_lb_target_group",
      "name": "relay",
      "provider": "provider[\"registry.terraform.io/hashicorp/aws\"]",
      "instances": [
        {
          "schema_version": 0,
          "attributes": {
            "arn": "arn:aws:elasticloadbalancing:us-east-1:175059541256:targetgroup/cabal-smtp-relay-tg/7f0f8ac8afd356e0",
            "arn_suffix": "targetgroup/cabal-smtp-relay-tg/7f0f8ac8afd356e0",
            "connection_termination": false,
            "deregistration_delay": "30",
            "health_check": [
              {
                "enabled": true,
                "healthy_threshold": 2,
                "interval": 30,
                "matcher": "",
                "path": "",
                "port": "25",
                "protocol": "TCP",
                "timeout": 10,
                "unhealthy_threshold": 2
              }
            ],
            "id": "arn:aws:elasticloadbalancing:us-east-1:175059541256:targetgroup/cabal-smtp-relay-tg/7f0f8ac8afd356e0",
            "ip_address_type": "ipv4",
            "lambda_multi_value_headers_enabled": false,
            "load_balancer_arns": [],
            "load_balancing_algorithm_type": null,
            "load_balancing_anomaly_mitigation": null,
            "load_balancing_cross_zone_enabled": "use_load_balancer_configuration",
            "name": "cabal-smtp-relay-tg",
            "name_prefix": "",
            "port": 25,
            "preserve_client_ip": "true",
            "protocol": "TCP",
            "protocol_version": null,
            "proxy_protocol_v2": false,
            "slow_start": 0,
            "stickiness": [
              {
                "cookie_duration": 0,
                "cookie_name": "",
                "enabled": true,
                "type": "source_ip"
              }
            ],
            "tags": null,
            "tags_all": {
              "environment": "development",
              "managed_by_terraform": "y",
              "terraform_repo": "https://github.com/cabalmail/cabal-infra"
            },
            "target_failover": [
              {
                "on_deregistration": null,
                "on_unhealthy": null
              }
            ],
            "target_group_health": [
              {
                "dns_failover": [
                  {
                    "minimum_healthy_targets_count": "1",
                    "minimum_healthy_targets_percentage": "off"
                  }
                ],
                "unhealthy_state_routing": [
                  {
                    "minimum_healthy_targets_count": 1,
                    "minimum_healthy_targets_percentage": "off"
                  }
                ]
              }
            ],
            "target_health_state": [
              {
                "enable_unhealthy_connection_termination": true,
                "unhealthy_draining_interval": 0
              }
            ],
            "target_type": "instance",
            "vpc_id": "vpc-0d564f40e37346183"
          },
          "sensitive_attributes": [],
          "private": "bnVsbA==",
          "dependencies": [
            "module.load_balancer.aws_lb.elb",
            "module.vpc.aws_subnet.public",
            "module.vpc.aws_vpc.network"
          ],
          "create_before_destroy": true
        }
      ]
    },
    {
      "module": "module.load_balancer",
      "mode": "managed",
      "type": "aws_lb_target_group",
      "name": "starttls",
      "provider": "provider[\"registry.terraform.io/hashicorp/aws\"]",
      "instances": [
        {
          "schema_version": 0,
          "attributes": {
            "arn": "arn:aws:elasticloadbalancing:us-east-1:175059541256:targetgroup/cabal-smtp-starttls-tg/bf3f5db148afd15a",
            "arn_suffix": "targetgroup/cabal-smtp-starttls-tg/bf3f5db148afd15a",
            "connection_termination": false,
            "deregistration_delay": "30",
            "health_check": [
              {
                "enabled": true,
                "healthy_threshold": 2,
                "interval": 30,
                "matcher": "",
                "path": "",
                "port": "587",
                "protocol": "TCP",
                "timeout": 10,
                "unhealthy_threshold": 2
              }
            ],
            "id": "arn:aws:elasticloadbalancing:us-east-1:175059541256:targetgroup/cabal-smtp-starttls-tg/bf3f5db148afd15a",
            "ip_address_type": "ipv4",
            "lambda_multi_value_headers_enabled": false,
            "load_balancer_arns": [],
            "load_balancing_algorithm_type": null,
            "load_balancing_anomaly_mitigation": null,
            "load_balancing_cross_zone_enabled": "use_load_balancer_configuration",
            "name": "cabal-smtp-starttls-tg",
            "name_prefix": "",
            "port": 587,
            "preserve_client_ip": "true",
            "protocol": "TCP",
            "protocol_version": null,
            "proxy_protocol_v2": false,
            "slow_start": 0,
            "stickiness": [
              {
                "cookie_duration": 0,
                "cookie_name": "",
                "enabled": true,
                "type": "source_ip"
              }
            ],
            "tags": null,
            "tags_all": {
              "environment": "development",
              "managed_by_terraform": "y",
              "terraform_repo": "https://github.com/cabalmail/cabal-infra"
            },
            "target_failover": [
              {
                "on_deregistration": null,
                "on_unhealthy": null
              }
            ],
            "target_group_health": [
              {
                "dns_failover": [
                  {
                    "minimum_healthy_targets_count": "1",
                    "minimum_healthy_targets_percentage": "off"
                  }
                ],
                "unhealthy_state_routing": [
                  {
                    "minimum_healthy_targets_count": 1,
                    "minimum_healthy_targets_percentage": "off"
                  }
                ]
              }
            ],
            "target_health_state": [
              {
                "enable_unhealthy_connection_termination": true,
                "unhealthy_draining_interval": 0
              }
            ],
            "target_type": "instance",
            "vpc_id": "vpc-0d564f40e37346183"
          },
          "sensitive_attributes": [],
          "private": "bnVsbA==",
          "dependencies": [
            "module.load_balancer.aws_lb.elb",
            "module.vpc.aws_subnet.public",
            "module.vpc.aws_vpc.network"
          ],
          "create_before_destroy": true
        }
      ]
    },
    {
      "module": "module.load_balancer",
      "mode": "managed",
      "type": "aws_lb_target_group",
      "name": "submission",
      "provider": "provider[\"registry.terraform.io/hashicorp/aws\"]",
      "instances": [
        {
          "schema_version": 0,
          "attributes": {
            "arn": "arn:aws:elasticloadbalancing:us-east-1:175059541256:targetgroup/cabal-smtp-submission-tg/58f194b42fd23c6a",
            "arn_suffix": "targetgroup/cabal-smtp-submission-tg/58f194b42fd23c6a",
            "connection_termination": false,
            "deregistration_delay": "30",
            "health_check": [
              {
                "enabled": true,
                "healthy_threshold": 2,
                "interval": 30,
                "matcher": "",
                "path": "",
                "port": "465",
                "protocol": "TCP",
                "timeout": 10,
                "unhealthy_threshold": 2
              }
            ],
            "id": "arn:aws:elasticloadbalancing:us-east-1:175059541256:targetgroup/cabal-smtp-submission-tg/58f194b42fd23c6a",
            "ip_address_type": "ipv4",
            "lambda_multi_value_headers_enabled": false,
            "load_balancer_arns": [],
            "load_balancing_algorithm_type": null,
            "load_balancing_anomaly_mitigation": null,
            "load_balancing_cross_zone_enabled": "use_load_balancer_configuration",
            "name": "cabal-smtp-submission-tg",
            "name_prefix": "",
            "port": 465,
            "preserve_client_ip": "true",
            "protocol": "TCP",
            "protocol_version": null,
            "proxy_protocol_v2": false,
            "slow_start": 0,
            "stickiness": [
              {
                "cookie_duration": 0,
                "cookie_name": "",
                "enabled": true,
                "type": "source_ip"
              }
            ],
            "tags": null,
            "tags_all": {
              "environment": "development",
              "managed_by_terraform": "y",
              "terraform_repo": "https://github.com/cabalmail/cabal-infra"
            },
            "target_failover": [
              {
                "on_deregistration": null,
                "on_unhealthy": null
              }
            ],
            "target_group_health": [
              {
                "dns_failover": [
                  {
                    "minimum_healthy_targets_count": "1",
                    "minimum_healthy_targets_percentage": "off"
                  }
                ],
                "unhealthy_state_routing": [
                  {
                    "minimum_healthy_targets_count": 1,
                    "minimum_healthy_targets_percentage": "off"
                  }
                ]
              }
            ],
            "target_health_state": [
              {
                "enable_unhealthy_connection_termination": true,
                "unhealthy_draining_interval": 0
              }
            ],
            "target_type": "instance",
            "vpc_id": "vpc-0d564f40e37346183"
          },
          "sensitive_attributes": [],
          "private": "bnVsbA==",
          "dependencies": [
            "module.load_balancer.aws_lb.elb",
            "module.vpc.aws_subnet.public",
            "module.vpc.aws_vpc.network"
          ],
          "create_before_destroy": true
        }
      ]
    },
    {
      "module": "module.load_balancer",
      "mode": "managed",
      "type": "aws_route53_record",
      "name": "cname",
      "provider": "provider[\"registry.terraform.io/hashicorp/aws\"]",
      "instances": [
        {
          "index_key": "imap",
          "schema_version": 2,
          "attributes": {
            "alias": [
              {
                "evaluate_target_health": false,
                "name": "cabal-nlb-fb81de01295b16e5.elb.us-east-1.amazonaws.com",
                "zone_id": "Z26RNL4JYFTOTI"
              }
            ],
            "allow_overwrite": null,
            "cidr_routing_policy": [],
            "failover_routing_policy": [],
            "fqdn": "imap.cabalmail.email",
            "geolocation_routing_policy": [],
            "geoproximity_routing_policy": [],
            "health_check_id": "",
            "id": "Z01789542KDCG9LP41DJ7_imap_A",
            "latency_routing_policy": [],
            "multivalue_answer_routing_policy": false,
            "name": "imap",
            "records": null,
            "set_identifier": "",
            "timeouts": null,
            "ttl": 0,
            "type": "A",
            "weighted_routing_policy": [],
            "zone_id": "Z01789542KDCG9LP41DJ7"
          },
          "sensitive_attributes": [],
          "private": "eyJlMmJmYjczMC1lY2FhLTExZTYtOGY4OC0zNDM2M2JjN2M0YzAiOnsiY3JlYXRlIjoxODAwMDAwMDAwMDAwLCJkZWxldGUiOjE4MDAwMDAwMDAwMDAsInVwZGF0ZSI6MTgwMDAwMDAwMDAwMH0sInNjaGVtYV92ZXJzaW9uIjoiMiJ9",
          "dependencies": [
            "data.terraform_remote_state.zone",
            "module.load_balancer.aws_lb.elb",
            "module.vpc.aws_subnet.public",
            "module.vpc.aws_vpc.network"
          ]
        },
        {
          "index_key": "smtp-in",
          "schema_version": 2,
          "attributes": {
            "alias": [
              {
                "evaluate_target_health": false,
                "name": "cabal-nlb-fb81de01295b16e5.elb.us-east-1.amazonaws.com",
                "zone_id": "Z26RNL4JYFTOTI"
              }
            ],
            "allow_overwrite": null,
            "cidr_routing_policy": [],
            "failover_routing_policy": [],
            "fqdn": "smtp-in.cabalmail.email",
            "geolocation_routing_policy": [],
            "geoproximity_routing_policy": [],
            "health_check_id": "",
            "id": "Z01789542KDCG9LP41DJ7_smtp-in_A",
            "latency_routing_policy": [],
            "multivalue_answer_routing_policy": false,
            "name": "smtp-in",
            "records": null,
            "set_identifier": "",
            "timeouts": null,
            "ttl": 0,
            "type": "A",
            "weighted_routing_policy": [],
            "zone_id": "Z01789542KDCG9LP41DJ7"
          },
          "sensitive_attributes": [],
          "private": "eyJlMmJmYjczMC1lY2FhLTExZTYtOGY4OC0zNDM2M2JjN2M0YzAiOnsiY3JlYXRlIjoxODAwMDAwMDAwMDAwLCJkZWxldGUiOjE4MDAwMDAwMDAwMDAsInVwZGF0ZSI6MTgwMDAwMDAwMDAwMH0sInNjaGVtYV92ZXJzaW9uIjoiMiJ9",
          "dependencies": [
            "data.terraform_remote_state.zone",
            "module.load_balancer.aws_lb.elb",
            "module.vpc.aws_subnet.public",
            "module.vpc.aws_vpc.network"
          ]
        },
        {
          "index_key": "smtp-out",
          "schema_version": 2,
          "attributes": {
            "alias": [
              {
                "evaluate_target_health": false,
                "name": "cabal-nlb-fb81de01295b16e5.elb.us-east-1.amazonaws.com",
                "zone_id": "Z26RNL4JYFTOTI"
              }
            ],
            "allow_overwrite": null,
            "cidr_routing_policy": [],
            "failover_routing_policy": [],
            "fqdn": "smtp-out.cabalmail.email",
            "geolocation_routing_policy": [],
            "geoproximity_routing_policy": [],
            "health_check_id": "",
            "id": "Z01789542KDCG9LP41DJ7_smtp-out_A",
            "latency_routing_policy": [],
            "multivalue_answer_routing_policy": false,
            "name": "smtp-out",
            "records": null,
            "set_identifier": "",
            "timeouts": null,
            "ttl": 0,
            "type": "A",
            "weighted_routing_policy": [],
            "zone_id": "Z01789542KDCG9LP41DJ7"
          },
          "sensitive_attributes": [],
          "private": "eyJlMmJmYjczMC1lY2FhLTExZTYtOGY4OC0zNDM2M2JjN2M0YzAiOnsiY3JlYXRlIjoxODAwMDAwMDAwMDAwLCJkZWxldGUiOjE4MDAwMDAwMDAwMDAsInVwZGF0ZSI6MTgwMDAwMDAwMDAwMH0sInNjaGVtYV92ZXJzaW9uIjoiMiJ9",
          "dependencies": [
            "data.terraform_remote_state.zone",
            "module.load_balancer.aws_lb.elb",
            "module.vpc.aws_subnet.public",
            "module.vpc.aws_vpc.network"
          ]
        }
      ]
    },
    {
      "module": "module.load_balancer",
      "mode": "managed",
      "type": "aws_route53_record",
      "name": "srv",
      "provider": "provider[\"registry.terraform.io/hashicorp/aws\"]",
      "instances": [
        {
          "index_key": "_imap._tcp",
          "schema_version": 2,
          "attributes": {
            "alias": [],
            "allow_overwrite": null,
            "cidr_routing_policy": [],
            "failover_routing_policy": [],
            "fqdn": "_imap._tcp.cabalmail.email",
            "geolocation_routing_policy": [],
            "geoproximity_routing_policy": [],
            "health_check_id": "",
            "id": "Z01789542KDCG9LP41DJ7__imap._tcp_SRV",
            "latency_routing_policy": [],
            "multivalue_answer_routing_policy": false,
            "name": "_imap._tcp",
            "records": [
              "0 1 0 ."
            ],
            "set_identifier": "",
            "timeouts": null,
            "ttl": 3600,
            "type": "SRV",
            "weighted_routing_policy": [],
            "zone_id": "Z01789542KDCG9LP41DJ7"
          },
          "sensitive_attributes": [],
          "private": "eyJlMmJmYjczMC1lY2FhLTExZTYtOGY4OC0zNDM2M2JjN2M0YzAiOnsiY3JlYXRlIjoxODAwMDAwMDAwMDAwLCJkZWxldGUiOjE4MDAwMDAwMDAwMDAsInVwZGF0ZSI6MTgwMDAwMDAwMDAwMH0sInNjaGVtYV92ZXJzaW9uIjoiMiJ9",
          "dependencies": [
            "data.terraform_remote_state.zone"
          ]
        },
        {
          "index_key": "_imaps._tcp",
          "schema_version": 2,
          "attributes": {
            "alias": [],
            "allow_overwrite": null,
            "cidr_routing_policy": [],
            "failover_routing_policy": [],
            "fqdn": "_imaps._tcp.cabalmail.email",
            "geolocation_routing_policy": [],
            "geoproximity_routing_policy": [],
            "health_check_id": "",
            "id": "Z01789542KDCG9LP41DJ7__imaps._tcp_SRV",
            "latency_routing_policy": [],
            "multivalue_answer_routing_policy": false,
            "name": "_imaps._tcp",
            "records": [
              "0 1 993 imap.cabalmail.email"
            ],
            "set_identifier": "",
            "timeouts": null,
            "ttl": 3600,
            "type": "SRV",
            "weighted_routing_policy": [],
            "zone_id": "Z01789542KDCG9LP41DJ7"
          },
          "sensitive_attributes": [],
          "private": "eyJlMmJmYjczMC1lY2FhLTExZTYtOGY4OC0zNDM2M2JjN2M0YzAiOnsiY3JlYXRlIjoxODAwMDAwMDAwMDAwLCJkZWxldGUiOjE4MDAwMDAwMDAwMDAsInVwZGF0ZSI6MTgwMDAwMDAwMDAwMH0sInNjaGVtYV92ZXJzaW9uIjoiMiJ9",
          "dependencies": [
            "data.terraform_remote_state.zone"
          ]
        },
        {
          "index_key": "_pop3._tcp",
          "schema_version": 2,
          "attributes": {
            "alias": [],
            "allow_overwrite": null,
            "cidr_routing_policy": [],
            "failover_routing_policy": [],
            "fqdn": "_pop3._tcp.cabalmail.email",
            "geolocation_routing_policy": [],
            "geoproximity_routing_policy": [],
            "health_check_id": "",
            "id": "Z01789542KDCG9LP41DJ7__pop3._tcp_SRV",
            "latency_routing_policy": [],
            "multivalue_answer_routing_policy": false,
            "name": "_pop3._tcp",
            "records": [
              "0 1 0 ."
            ],
            "set_identifier": "",
            "timeouts": null,
            "ttl": 3600,
            "type": "SRV",
            "weighted_routing_policy": [],
            "zone_id": "Z01789542KDCG9LP41DJ7"
          },
          "sensitive_attributes": [],
          "private": "eyJlMmJmYjczMC1lY2FhLTExZTYtOGY4OC0zNDM2M2JjN2M0YzAiOnsiY3JlYXRlIjoxODAwMDAwMDAwMDAwLCJkZWxldGUiOjE4MDAwMDAwMDAwMDAsInVwZGF0ZSI6MTgwMDAwMDAwMDAwMH0sInNjaGVtYV92ZXJzaW9uIjoiMiJ9",
          "dependencies": [
            "data.terraform_remote_state.zone"
          ]
        },
        {
          "index_key": "_pop3s._tcp",
          "schema_version": 2,
          "attributes": {
            "alias": [],
            "allow_overwrite": null,
            "cidr_routing_policy": [],
            "failover_routing_policy": [],
            "fqdn": "_pop3s._tcp.cabalmail.email",
            "geolocation_routing_policy": [],
            "geoproximity_routing_policy": [],
            "health_check_id": "",
            "id": "Z01789542KDCG9LP41DJ7__pop3s._tcp_SRV",
            "latency_routing_policy": [],
            "multivalue_answer_routing_policy": false,
            "name": "_pop3s._tcp",
            "records": [
              "0 1 0 ."
            ],
            "set_identifier": "",
            "timeouts": null,
            "ttl": 3600,
            "type": "SRV",
            "weighted_routing_policy": [],
            "zone_id": "Z01789542KDCG9LP41DJ7"
          },
          "sensitive_attributes": [],
          "private": "eyJlMmJmYjczMC1lY2FhLTExZTYtOGY4OC0zNDM2M2JjN2M0YzAiOnsiY3JlYXRlIjoxODAwMDAwMDAwMDAwLCJkZWxldGUiOjE4MDAwMDAwMDAwMDAsInVwZGF0ZSI6MTgwMDAwMDAwMDAwMH0sInNjaGVtYV92ZXJzaW9uIjoiMiJ9",
          "dependencies": [
            "data.terraform_remote_state.zone"
          ]
        },
        {
          "index_key": "_submission._tcp",
          "schema_version": 2,
          "attributes": {
            "alias": [],
            "allow_overwrite": null,
            "cidr_routing_policy": [],
            "failover_routing_policy": [],
            "fqdn": "_submission._tcp.cabalmail.email",
            "geolocation_routing_policy": [],
            "geoproximity_routing_policy": [],
            "health_check_id": "",
            "id": "Z01789542KDCG9LP41DJ7__submission._tcp_SRV",
            "latency_routing_policy": [],
            "multivalue_answer_routing_policy": false,
            "name": "_submission._tcp",
            "records": [
              "0 1 587 smtp-out.cabalmail.email"
            ],
            "set_identifier": "",
            "timeouts": null,
            "ttl": 3600,
            "type": "SRV",
            "weighted_routing_policy": [],
            "zone_id": "Z01789542KDCG9LP41DJ7"
          },
          "sensitive_attributes": [],
          "private": "eyJlMmJmYjczMC1lY2FhLTExZTYtOGY4OC0zNDM2M2JjN2M0YzAiOnsiY3JlYXRlIjoxODAwMDAwMDAwMDAwLCJkZWxldGUiOjE4MDAwMDAwMDAwMDAsInVwZGF0ZSI6MTgwMDAwMDAwMDAwMH0sInNjaGVtYV92ZXJzaW9uIjoiMiJ9",
          "dependencies": [
            "data.terraform_remote_state.zone"
          ]
        }
      ]
    },
    {
      "module": "module.pool",
      "mode": "data",
      "type": "aws_caller_identity",
      "name": "current",
      "provider": "provider[\"registry.terraform.io/hashicorp/aws\"]",
      "instances": [
        {
          "schema_version": 0,
          "attributes": {
            "account_id": "175059541256",
            "arn": "arn:aws:iam::175059541256:user/terraform",
            "id": "175059541256",
            "user_id": "AIDASRQS4TUEOJKL5P45D"
          },
          "sensitive_attributes": []
        }
      ]
    },
    {
      "module": "module.pool",
      "mode": "data",
      "type": "aws_iam_policy_document",
      "name": "cognito_to_s3",
      "provider": "provider[\"registry.terraform.io/hashicorp/aws\"]",
      "instances": [
        {
          "schema_version": 0,
          "attributes": {
            "id": "3258077064",
            "json": "{\n  \"Version\": \"2012-10-17\",\n  \"Statement\": [\n    {\n      \"Effect\": \"Allow\",\n      \"Action\": \"s3:ListBucket\",\n      \"Resource\": \"arn:aws:s3:::admin.cabalmail.email\",\n      \"Condition\": {\n        \"StringLike\": {\n          \"s3:prefix\": \"message-cache/${cognito-identity.amazonaws.com:sub}/*\"\n        }\n      }\n    },\n    {\n      \"Effect\": \"Allow\",\n      \"Action\": \"s3:GetObject\",\n      \"Resource\": \"arn:aws:s3:::admin.cabalmail.email/message-cache/${cognito-identity.amazonaws.com:sub}/*\"\n    }\n  ]\n}",
            "minified_json": "{\"Version\":\"2012-10-17\",\"Statement\":[{\"Effect\":\"Allow\",\"Action\":\"s3:ListBucket\",\"Resource\":\"arn:aws:s3:::admin.cabalmail.email\",\"Condition\":{\"StringLike\":{\"s3:prefix\":\"message-cache/${cognito-identity.amazonaws.com:sub}/*\"}}},{\"Effect\":\"Allow\",\"Action\":\"s3:GetObject\",\"Resource\":\"arn:aws:s3:::admin.cabalmail.email/message-cache/${cognito-identity.amazonaws.com:sub}/*\"}]}",
            "override_json": null,
            "override_policy_documents": null,
            "policy_id": null,
            "source_json": null,
            "source_policy_documents": null,
            "statement": [
              {
                "actions": [
                  "s3:ListBucket"
                ],
                "condition": [
                  {
                    "test": "StringLike",
                    "values": [
                      "message-cache/${cognito-identity.amazonaws.com:sub}/*"
                    ],
                    "variable": "s3:prefix"
                  }
                ],
                "effect": "Allow",
                "not_actions": [],
                "not_principals": [],
                "not_resources": [],
                "principals": [],
                "resources": [
                  "arn:aws:s3:::admin.cabalmail.email"
                ],
                "sid": ""
              },
              {
                "actions": [
                  "s3:GetObject"
                ],
                "condition": [],
                "effect": "Allow",
                "not_actions": [],
                "not_principals": [],
                "not_resources": [],
                "principals": [],
                "resources": [
                  "arn:aws:s3:::admin.cabalmail.email/message-cache/${cognito-identity.amazonaws.com:sub}/*"
                ],
                "sid": ""
              }
            ],
            "version": "2012-10-17"
          },
          "sensitive_attributes": []
        }
      ]
    },
    {
      "module": "module.pool",
      "mode": "data",
      "type": "aws_iam_policy_document",
      "name": "sns_users",
      "provider": "provider[\"registry.terraform.io/hashicorp/aws\"]",
      "instances": [
        {
          "schema_version": 0,
          "attributes": {
            "id": "2499485593",
            "json": "{\n  \"Version\": \"2012-10-17\",\n  \"Statement\": [\n    {\n      \"Effect\": \"Allow\",\n      \"Action\": \"sns:Publish\",\n      \"Resource\": \"arn:aws:sns:us-east-1:175059541256:*\"\n    }\n  ]\n}",
            "minified_json": "{\"Version\":\"2012-10-17\",\"Statement\":[{\"Effect\":\"Allow\",\"Action\":\"sns:Publish\",\"Resource\":\"arn:aws:sns:us-east-1:175059541256:*\"}]}",
            "override_json": null,
            "override_policy_documents": null,
            "policy_id": null,
            "source_json": null,
            "source_policy_documents": null,
            "statement": [
              {
                "actions": [
                  "sns:Publish"
                ],
                "condition": [],
                "effect": "Allow",
                "not_actions": [],
                "not_principals": [],
                "not_resources": [],
                "principals": [],
                "resources": [
                  "arn:aws:sns:us-east-1:175059541256:*"
                ],
                "sid": ""
              }
            ],
            "version": "2012-10-17"
          },
          "sensitive_attributes": []
        }
      ]
    },
    {
      "module": "module.pool",
      "mode": "data",
      "type": "aws_iam_policy_document",
      "name": "users",
      "provider": "provider[\"registry.terraform.io/hashicorp/aws\"]",
      "instances": [
        {
          "schema_version": 0,
          "attributes": {
            "id": "4073194656",
            "json": "{\n  \"Version\": \"2012-10-17\",\n  \"Statement\": [\n    {\n      \"Effect\": \"Allow\",\n      \"Action\": \"sts:AssumeRole\",\n      \"Principal\": {\n        \"Service\": \"cognito-idp.amazonaws.com\"\n      }\n    }\n  ]\n}",
            "minified_json": "{\"Version\":\"2012-10-17\",\"Statement\":[{\"Effect\":\"Allow\",\"Action\":\"sts:AssumeRole\",\"Principal\":{\"Service\":\"cognito-idp.amazonaws.com\"}}]}",
            "override_json": null,
            "override_policy_documents": null,
            "policy_id": null,
            "source_json": null,
            "source_policy_documents": null,
            "statement": [
              {
                "actions": [
                  "sts:AssumeRole"
                ],
                "condition": [],
                "effect": "Allow",
                "not_actions": [],
                "not_principals": [],
                "not_resources": [],
                "principals": [
                  {
                    "identifiers": [
                      "cognito-idp.amazonaws.com"
                    ],
                    "type": "Service"
                  }
                ],
                "resources": [],
                "sid": ""
              }
            ],
            "version": "2012-10-17"
          },
          "sensitive_attributes": []
        }
      ]
    },
    {
      "module": "module.pool",
      "mode": "data",
      "type": "aws_region",
      "name": "current",
      "provider": "provider[\"registry.terraform.io/hashicorp/aws\"]",
      "instances": [
        {
          "schema_version": 0,
          "attributes": {
            "description": "US East (N. Virginia)",
            "endpoint": "ec2.us-east-1.amazonaws.com",
            "id": "us-east-1",
            "name": "us-east-1"
          },
          "sensitive_attributes": []
        }
      ]
    },
    {
      "module": "module.pool",
      "mode": "data",
      "type": "aws_s3_object",
      "name": "lambda_function_hash",
      "provider": "provider[\"registry.terraform.io/hashicorp/aws\"]",
      "instances": []
    },
    {
      "module": "module.pool",
      "mode": "data",
      "type": "aws_s3_objects",
      "name": "check",
      "provider": "provider[\"registry.terraform.io/hashicorp/aws\"]",
      "instances": [
        {
          "schema_version": 0,
          "attributes": {
            "bucket": "admin.cabalmail.email",
            "common_prefixes": [],
            "delimiter": null,
            "encoding_type": null,
            "fetch_owner": null,
            "id": "admin.cabalmail.email",
            "keys": [],
            "max_keys": 1000,
            "owners": [],
            "prefix": "/lambda/assign_osid.zip.base64sha256",
            "request_charged": "",
            "request_payer": null,
            "start_after": null
          },
          "sensitive_attributes": []
        }
      ]
    },
    {
      "module": "module.pool",
      "mode": "managed",
      "type": "aws_cognito_user_pool",
      "name": "users",
      "provider": "provider[\"registry.terraform.io/hashicorp/aws\"]",
      "instances": []
    },
    {
      "module": "module.pool",
      "mode": "managed",
      "type": "aws_cognito_user_pool_client",
      "name": "users",
      "provider": "provider[\"registry.terraform.io/hashicorp/aws\"]",
      "instances": []
    },
    {
      "module": "module.pool",
      "mode": "managed",
      "type": "aws_dynamodb_table",
      "name": "counter",
      "provider": "provider[\"registry.terraform.io/hashicorp/aws\"]",
      "instances": [
        {
          "schema_version": 1,
          "attributes": {
            "arn": "arn:aws:dynamodb:us-east-1:175059541256:table/cabal-counter",
            "attribute": [
              {
                "name": "counter",
                "type": "S"
              }
            ],
            "billing_mode": "PAY_PER_REQUEST",
            "deletion_protection_enabled": false,
            "global_secondary_index": [],
            "hash_key": "counter",
            "id": "cabal-counter",
            "import_table": [],
            "local_secondary_index": [],
            "name": "cabal-counter",
            "on_demand_throughput": [],
            "point_in_time_recovery": [
              {
                "enabled": false
              }
            ],
            "range_key": null,
            "read_capacity": 0,
            "replica": [],
            "restore_date_time": null,
            "restore_source_name": null,
            "restore_source_table_arn": null,
            "restore_to_latest_time": null,
            "server_side_encryption": [],
            "stream_arn": "",
            "stream_enabled": false,
            "stream_label": "",
            "stream_view_type": "",
            "table_class": "STANDARD",
            "tags": null,
            "tags_all": {
              "environment": "development",
              "managed_by_terraform": "y",
              "terraform_repo": "https://github.com/cabalmail/cabal-infra"
            },
            "timeouts": null,
            "ttl": [
              {
                "attribute_name": "",
                "enabled": false
              }
            ],
            "write_capacity": 0
          },
          "sensitive_attributes": [],
          "private": "eyJlMmJmYjczMC1lY2FhLTExZTYtOGY4OC0zNDM2M2JjN2M0YzAiOnsiY3JlYXRlIjoxODAwMDAwMDAwMDAwLCJkZWxldGUiOjYwMDAwMDAwMDAwMCwidXBkYXRlIjozNjAwMDAwMDAwMDAwfSwic2NoZW1hX3ZlcnNpb24iOiIxIn0="
        }
      ]
    },
    {
      "module": "module.pool",
      "mode": "managed",
      "type": "aws_dynamodb_table_item",
      "name": "seed",
      "provider": "provider[\"registry.terraform.io/hashicorp/aws\"]",
      "instances": [
        {
          "schema_version": 0,
          "attributes": {
            "hash_key": "counter",
            "id": "cabal-counter|counter|counter",
            "item": "{\"counter\":{\"S\":\"counter\"},\"enabled\":{\"BOOL\":false},\"osid\":{\"N\":\"65535\"}}",
            "range_key": null,
            "table_name": "cabal-counter"
          },
          "sensitive_attributes": [],
          "private": "bnVsbA==",
          "dependencies": [
            "module.pool.aws_dynamodb_table.counter"
          ]
        }
      ]
    },
    {
      "module": "module.pool",
      "mode": "managed",
      "type": "aws_iam_policy",
      "name": "s3_cognito",
      "provider": "provider[\"registry.terraform.io/hashicorp/aws\"]",
      "instances": [
        {
          "schema_version": 0,
          "attributes": {
            "arn": "arn:aws:iam::175059541256:policy/cabal_s3_cognito_policy",
            "attachment_count": 0,
            "description": "",
            "id": "arn:aws:iam::175059541256:policy/cabal_s3_cognito_policy",
            "name": "cabal_s3_cognito_policy",
            "name_prefix": "",
            "path": "/",
            "policy": "{\"Statement\":[{\"Action\":\"s3:ListBucket\",\"Condition\":{\"StringLike\":{\"s3:prefix\":\"message-cache/${cognito-identity.amazonaws.com:sub}/*\"}},\"Effect\":\"Allow\",\"Resource\":\"arn:aws:s3:::admin.cabalmail.email\"},{\"Action\":\"s3:GetObject\",\"Effect\":\"Allow\",\"Resource\":\"arn:aws:s3:::admin.cabalmail.email/message-cache/${cognito-identity.amazonaws.com:sub}/*\"}],\"Version\":\"2012-10-17\"}",
            "policy_id": "ANPASRQS4TUEDVPRBTPZ7",
            "tags": null,
            "tags_all": {
              "environment": "development",
              "managed_by_terraform": "y",
              "terraform_repo": "https://github.com/cabalmail/cabal-infra"
            }
          },
          "sensitive_attributes": [],
          "private": "bnVsbA==",
          "dependencies": [
            "module.pool.data.aws_iam_policy_document.cognito_to_s3"
          ]
        }
      ]
    },
    {
      "module": "module.pool",
      "mode": "managed",
      "type": "aws_iam_policy",
      "name": "sns",
      "provider": "provider[\"registry.terraform.io/hashicorp/aws\"]",
      "instances": [
        {
          "schema_version": 0,
          "attributes": {
            "arn": "arn:aws:iam::175059541256:policy/cabal_sns_role_policy",
            "attachment_count": 0,
            "description": "",
            "id": "arn:aws:iam::175059541256:policy/cabal_sns_role_policy",
            "name": "cabal_sns_role_policy",
            "name_prefix": "",
            "path": "/",
            "policy": "{\"Statement\":[{\"Action\":\"sns:Publish\",\"Effect\":\"Allow\",\"Resource\":\"arn:aws:sns:us-east-1:175059541256:*\"}],\"Version\":\"2012-10-17\"}",
            "policy_id": "ANPASRQS4TUENAK6P34CL",
            "tags": null,
            "tags_all": {
              "environment": "development",
              "managed_by_terraform": "y",
              "terraform_repo": "https://github.com/cabalmail/cabal-infra"
            }
          },
          "sensitive_attributes": [],
          "private": "bnVsbA==",
          "dependencies": [
            "module.pool.data.aws_caller_identity.current",
            "module.pool.data.aws_iam_policy_document.sns_users",
            "module.pool.data.aws_region.current"
          ]
        }
      ]
    },
    {
      "module": "module.pool",
      "mode": "managed",
      "type": "aws_iam_role",
      "name": "for_lambda",
      "provider": "provider[\"registry.terraform.io/hashicorp/aws\"]",
      "instances": [
        {
          "schema_version": 0,
          "attributes": {
            "arn": "arn:aws:iam::175059541256:role/assign_osid",
            "assume_role_policy": "{\"Statement\":[{\"Action\":\"sts:AssumeRole\",\"Effect\":\"Allow\",\"Principal\":{\"Service\":\"lambda.amazonaws.com\"},\"Sid\":\"\"}],\"Version\":\"2012-10-17\"}",
            "create_date": "2026-02-15T16:31:19Z",
            "description": "",
            "force_detach_policies": false,
            "id": "assign_osid",
            "inline_policy": [],
            "managed_policy_arns": [],
            "max_session_duration": 3600,
            "name": "assign_osid",
            "name_prefix": "",
            "path": "/",
            "permissions_boundary": "",
            "tags": null,
            "tags_all": {
              "environment": "development",
              "managed_by_terraform": "y",
              "terraform_repo": "https://github.com/cabalmail/cabal-infra"
            },
            "unique_id": "AROASRQS4TUEJ3DLKFR7O"
          },
          "sensitive_attributes": [],
          "private": "bnVsbA==",
          "create_before_destroy": true
        }
      ]
    },
    {
      "module": "module.pool",
      "mode": "managed",
      "type": "aws_iam_role",
      "name": "users",
      "provider": "provider[\"registry.terraform.io/hashicorp/aws\"]",
      "instances": [
        {
          "schema_version": 0,
          "attributes": {
            "arn": "arn:aws:iam::175059541256:role/cabal_sns_role",
            "assume_role_policy": "{\"Statement\":[{\"Action\":\"sts:AssumeRole\",\"Effect\":\"Allow\",\"Principal\":{\"Service\":\"cognito-idp.amazonaws.com\"}}],\"Version\":\"2012-10-17\"}",
            "create_date": "2026-02-15T16:31:20Z",
            "description": "",
            "force_detach_policies": false,
            "id": "cabal_sns_role",
            "inline_policy": [],
            "managed_policy_arns": [],
            "max_session_duration": 3600,
            "name": "cabal_sns_role",
            "name_prefix": "",
            "path": "/",
            "permissions_boundary": "",
            "tags": null,
            "tags_all": {
              "environment": "development",
              "managed_by_terraform": "y",
              "terraform_repo": "https://github.com/cabalmail/cabal-infra"
            },
            "unique_id": "AROASRQS4TUECHEFCLCO3"
          },
          "sensitive_attributes": [],
          "private": "bnVsbA==",
          "dependencies": [
            "module.pool.data.aws_iam_policy_document.users"
          ]
        }
      ]
    },
    {
      "module": "module.pool",
      "mode": "managed",
      "type": "aws_iam_role_policy",
      "name": "lambda",
      "provider": "provider[\"registry.terraform.io/hashicorp/aws\"]",
      "instances": [
        {
          "schema_version": 0,
          "attributes": {
            "id": "assign_osid:assign_osid_policy",
            "name": "assign_osid_policy",
            "name_prefix": "",
            "policy": "{\"Version\":\"2012-10-17\",\"Statement\":[{\"Action\":\"cognito-idp:AdminUpdateUserAttributes\",\"Effect\":\"Allow\",\"Resource\":\"arn:aws:cognito-idp:us-east-1:175059541256:userpool/*\"},{\"Action\":\"dynamodb:UpdateItem\",\"Effect\":\"Allow\",\"Resource\":\"arn:aws:dynamodb:us-east-1:175059541256:table/cabal-counter\"},{\"Action\":\"logs:CreateLogGroup\",\"Effect\":\"Allow\",\"Resource\":\"arn:aws:logs:us-east-1:175059541256:*\"},{\"Action\":\"ssm:SendCommand\",\"Effect\":\"Allow\",\"Resource\":\"arn:aws:ssm:us-east-1:175059541256:document/cabal_chef_document\"},{\"Action\":\"ssm:SendCommand\",\"Effect\":\"Allow\",\"Resource\":\"arn:aws:ssm:us-east-1:175059541256:document/cabal_chef_document\"},{\"Action\":[\"ssm:StartSession\",\"ssm:SendCommand\"],\"Effect\":\"Allow\",\"Resource\":\"arn:aws:ec2:us-east-1:175059541256:instance/*\"},{\"Action\":[\"logs:CreateLogStream\",\"logs:PutLogEvents\"],\"Effect\":\"Allow\",\"Resource\":[\"arn:aws:logs:us-east-1:175059541256:log-group:/aws/lambda/assign_osid:*\"]}]}",
            "role": "assign_osid"
          },
          "sensitive_attributes": [],
          "private": "bnVsbA==",
          "dependencies": [
            "module.pool.aws_dynamodb_table.counter",
            "module.pool.aws_iam_role.for_lambda",
            "module.pool.data.aws_caller_identity.current",
            "module.pool.data.aws_region.current"
          ]
        }
      ]
    },
    {
      "module": "module.pool",
      "mode": "managed",
      "type": "aws_iam_role_policy_attachment",
      "name": "sns",
      "provider": "provider[\"registry.terraform.io/hashicorp/aws\"]",
      "instances": [
        {
          "schema_version": 0,
          "attributes": {
            "id": "cabal_sns_role-2026021516320845230000000b",
            "policy_arn": "arn:aws:iam::175059541256:policy/cabal_sns_role_policy",
            "role": "cabal_sns_role"
          },
          "sensitive_attributes": [],
          "private": "bnVsbA==",
          "dependencies": [
            "module.pool.aws_iam_policy.sns",
            "module.pool.aws_iam_role.users",
            "module.pool.data.aws_caller_identity.current",
            "module.pool.data.aws_iam_policy_document.sns_users",
            "module.pool.data.aws_iam_policy_document.users",
            "module.pool.data.aws_region.current"
          ]
        }
      ]
    },
    {
      "module": "module.pool",
      "mode": "managed",
      "type": "aws_iam_role_policy_attachment",
      "name": "users",
      "provider": "provider[\"registry.terraform.io/hashicorp/aws\"]",
      "instances": [
        {
          "schema_version": 0,
          "attributes": {
            "id": "cabal_sns_role-20260215163150332700000005",
            "policy_arn": "arn:aws:iam::175059541256:policy/cabal_s3_cognito_policy",
            "role": "cabal_sns_role"
          },
          "sensitive_attributes": [],
          "private": "bnVsbA==",
          "dependencies": [
            "module.pool.aws_iam_policy.s3_cognito",
            "module.pool.aws_iam_role.users",
            "module.pool.data.aws_iam_policy_document.cognito_to_s3",
            "module.pool.data.aws_iam_policy_document.users"
          ]
        }
      ]
    },
    {
      "module": "module.pool",
      "mode": "managed",
      "type": "aws_lambda_function",
      "name": "assign_osid",
      "provider": "provider[\"registry.terraform.io/hashicorp/aws\"]",
      "instances": []
    },
    {
      "module": "module.table",
      "mode": "managed",
      "type": "aws_dynamodb_table",
      "name": "addresses",
      "provider": "provider[\"registry.terraform.io/hashicorp/aws\"]",
      "instances": [
        {
          "schema_version": 1,
          "attributes": {
            "arn": "arn:aws:dynamodb:us-east-1:175059541256:table/cabal-addresses",
            "attribute": [
              {
                "name": "address",
                "type": "S"
              }
            ],
            "billing_mode": "PAY_PER_REQUEST",
            "deletion_protection_enabled": false,
            "global_secondary_index": [],
            "hash_key": "address",
            "id": "cabal-addresses",
            "import_table": [],
            "local_secondary_index": [],
            "name": "cabal-addresses",
            "on_demand_throughput": [],
            "point_in_time_recovery": [
              {
                "enabled": true
              }
            ],
            "range_key": null,
            "read_capacity": 0,
            "replica": [],
            "restore_date_time": null,
            "restore_source_name": null,
            "restore_source_table_arn": null,
            "restore_to_latest_time": null,
            "server_side_encryption": [
              {
                "enabled": true,
                "kms_key_arn": ""
              }
            ],
            "stream_arn": "",
            "stream_enabled": false,
            "stream_label": "",
            "stream_view_type": "",
            "table_class": "STANDARD",
            "tags": null,
            "tags_all": {
              "environment": "development",
              "managed_by_terraform": "y",
              "terraform_repo": "https://github.com/cabalmail/cabal-infra"
            },
            "timeouts": null,
            "ttl": [
              {
                "attribute_name": "",
                "enabled": false
              }
            ],
            "write_capacity": 0
          },
          "sensitive_attributes": [],
          "private": "eyJlMmJmYjczMC1lY2FhLTExZTYtOGY4OC0zNDM2M2JjN2M0YzAiOnsiY3JlYXRlIjoxODAwMDAwMDAwMDAwLCJkZWxldGUiOjYwMDAwMDAwMDAwMCwidXBkYXRlIjozNjAwMDAwMDAwMDAwfSwic2NoZW1hX3ZlcnNpb24iOiIxIn0="
        }
      ]
    },
    {
      "module": "module.vpc",
      "mode": "data",
      "type": "aws_ami",
      "name": "amazon_linux_2",
      "provider": "provider[\"registry.terraform.io/hashicorp/aws\"]",
      "instances": [
        {
          "index_key": 0,
          "schema_version": 0,
          "attributes": {
            "architecture": "x86_64",
            "arn": "arn:aws:ec2:us-east-1::image/ami-0e349888043265b96",
            "block_device_mappings": [
              {
                "device_name": "/dev/xvda",
                "ebs": {
                  "delete_on_termination": "true",
                  "encrypted": "false",
                  "iops": "0",
                  "snapshot_id": "snap-0a7144882096adc05",
                  "throughput": "0",
                  "volume_size": "8",
                  "volume_type": "gp2"
                },
                "no_device": "",
                "virtual_name": ""
              }
            ],
            "boot_mode": "",
            "creation_date": "2026-02-04T02:08:09.000Z",
            "deprecation_time": "2026-05-05T02:13:00.000Z",
            "description": "Amazon Linux 2 AMI 2.0.20260202.2 x86_64 HVM gp2",
            "ena_support": true,
            "executable_users": null,
            "filter": [
              {
                "name": "name",
                "values": [
                  "amzn2-ami-hvm-2.0.*-x86_64-gp2"
                ]
              }
            ],
            "hypervisor": "xen",
            "id": "ami-0e349888043265b96",
            "image_id": "ami-0e349888043265b96",
            "image_location": "amazon/amzn2-ami-hvm-2.0.20260202.2-x86_64-gp2",
            "image_owner_alias": "amazon",
            "image_type": "machine",
            "imds_support": "",
            "include_deprecated": false,
            "kernel_id": "",
            "last_launched_time": "",
            "most_recent": true,
            "name": "amzn2-ami-hvm-2.0.20260202.2-x86_64-gp2",
            "name_regex": null,
            "owner_id": "137112412989",
            "owners": [
              "amazon"
            ],
            "platform": "",
            "platform_details": "Linux/UNIX",
            "product_codes": [],
            "public": true,
            "ramdisk_id": "",
            "root_device_name": "/dev/xvda",
            "root_device_type": "ebs",
            "root_snapshot_id": "snap-0a7144882096adc05",
            "sriov_net_support": "simple",
            "state": "available",
            "state_reason": {
              "code": "UNSET",
              "message": "UNSET"
            },
            "tags": {},
            "timeouts": null,
            "tpm_support": "",
            "uefi_data": null,
            "usage_operation": "RunInstances",
            "virtualization_type": "hvm"
          },
          "sensitive_attributes": []
        }
      ]
    },
    {
      "module": "module.vpc",
      "mode": "managed",
      "type": "aws_eip",
      "name": "nat_eip",
      "provider": "provider[\"registry.terraform.io/hashicorp/aws\"]",
      "instances": [
        {
          "index_key": 0,
          "schema_version": 0,
          "attributes": {
            "address": null,
            "allocation_id": "eipalloc-0c86dda5c883856f5",
            "arn": "arn:aws:ec2:us-east-1:175059541256:elastic-ip/eipalloc-0c86dda5c883856f5",
            "associate_with_private_ip": null,
            "association_id": "",
            "carrier_ip": "",
            "customer_owned_ip": "",
            "customer_owned_ipv4_pool": "",
            "domain": "vpc",
            "id": "eipalloc-0c86dda5c883856f5",
            "instance": "",
            "ipam_pool_id": null,
            "network_border_group": "us-east-1",
            "network_interface": "",
            "private_dns": null,
            "private_ip": "",
            "ptr_record": "",
            "public_dns": "ec2-34-206-99-56.compute-1.amazonaws.com",
            "public_ip": "34.206.99.56",
            "public_ipv4_pool": "amazon",
            "tags": {
              "Name": "cabal-nat-eip-0"
            },
            "tags_all": {
              "Name": "cabal-nat-eip-0",
              "environment": "development",
              "managed_by_terraform": "y",
              "terraform_repo": "https://github.com/cabalmail/cabal-infra"
            },
            "timeouts": null,
            "vpc": true
          },
          "sensitive_attributes": [],
          "private": "eyJlMmJmYjczMC1lY2FhLTExZTYtOGY4OC0zNDM2M2JjN2M0YzAiOnsiZGVsZXRlIjoxODAwMDAwMDAwMDAsInJlYWQiOjkwMDAwMDAwMDAwMCwidXBkYXRlIjozMDAwMDAwMDAwMDB9fQ==",
          "dependencies": [
            "module.vpc.aws_internet_gateway.ig",
            "module.vpc.aws_vpc.network"
          ],
          "create_before_destroy": true
        }
      ]
    },
    {
      "module": "module.vpc",
      "mode": "managed",
      "type": "aws_eip_association",
      "name": "nat",
      "provider": "provider[\"registry.terraform.io/hashicorp/aws\"]",
      "instances": [
        {
          "index_key": 0,
          "schema_version": 0,
          "attributes": {
            "allocation_id": "eipalloc-0c86dda5c883856f5",
            "allow_reassociation": null,
            "id": "eipassoc-0455029a1d0973a5e",
            "instance_id": "i-0c9c29b8929d95fd5",
            "network_interface_id": "eni-02e2f8ba72a56fede",
            "private_ip_address": "10.2.121.138",
            "public_ip": "34.206.99.56"
          },
          "sensitive_attributes": [],
          "private": "bnVsbA==",
          "dependencies": [
            "module.vpc.aws_eip.nat_eip",
            "module.vpc.aws_iam_instance_profile.nat",
            "module.vpc.aws_iam_role.nat",
            "module.vpc.aws_instance.nat",
            "module.vpc.aws_internet_gateway.ig",
            "module.vpc.aws_security_group.nat",
            "module.vpc.aws_subnet.public",
            "module.vpc.aws_vpc.network",
            "module.vpc.data.aws_ami.amazon_linux_2"
          ]
        }
      ]
    },
    {
      "module": "module.vpc",
      "mode": "managed",
      "type": "aws_iam_instance_profile",
      "name": "nat",
      "provider": "provider[\"registry.terraform.io/hashicorp/aws\"]",
      "instances": [
        {
          "index_key": 0,
          "schema_version": 0,
          "attributes": {
            "arn": "arn:aws:iam::175059541256:instance-profile/cabal-nat-instance-profile",
            "create_date": "2026-02-15T16:32:05Z",
            "id": "cabal-nat-instance-profile",
            "name": "cabal-nat-instance-profile",
            "name_prefix": "",
            "path": "/",
            "role": "cabal-nat-instance-role",
            "tags": null,
            "tags_all": {
              "environment": "development",
              "managed_by_terraform": "y",
              "terraform_repo": "https://github.com/cabalmail/cabal-infra"
            },
            "unique_id": "AIPASRQS4TUEDAKZQSJ6X"
          },
          "sensitive_attributes": [],
          "private": "bnVsbA==",
          "dependencies": [
            "module.vpc.aws_iam_role.nat"
          ]
        }
      ]
    },
    {
      "module": "module.vpc",
      "mode": "managed",
      "type": "aws_iam_role",
      "name": "nat",
      "provider": "provider[\"registry.terraform.io/hashicorp/aws\"]",
      "instances": [
        {
          "index_key": 0,
          "schema_version": 0,
          "attributes": {
            "arn": "arn:aws:iam::175059541256:role/cabal-nat-instance-role",
            "assume_role_policy": "{\"Statement\":[{\"Action\":\"sts:AssumeRole\",\"Effect\":\"Allow\",\"Principal\":{\"Service\":\"ec2.amazonaws.com\"}}],\"Version\":\"2012-10-17\"}",
            "create_date": "2026-02-15T16:31:47Z",
            "description": "",
            "force_detach_policies": false,
            "id": "cabal-nat-instance-role",
            "inline_policy": [],
            "managed_policy_arns": [],
            "max_session_duration": 3600,
            "name": "cabal-nat-instance-role",
            "name_prefix": "",
            "path": "/",
            "permissions_boundary": "",
            "tags": null,
            "tags_all": {
              "environment": "development",
              "managed_by_terraform": "y",
              "terraform_repo": "https://github.com/cabalmail/cabal-infra"
            },
            "unique_id": "AROASRQS4TUEF5MNMT65H"
          },
          "sensitive_attributes": [],
          "private": "bnVsbA=="
        }
      ]
    },
    {
      "module": "module.vpc",
      "mode": "managed",
      "type": "aws_iam_role_policy_attachment",
      "name": "nat_ssm",
      "provider": "provider[\"registry.terraform.io/hashicorp/aws\"]",
      "instances": [
        {
          "index_key": 0,
          "schema_version": 0,
          "attributes": {
            "id": "cabal-nat-instance-role-2026021516320573680000000a",
            "policy_arn": "arn:aws:iam::aws:policy/AmazonSSMManagedInstanceCore",
            "role": "cabal-nat-instance-role"
          },
          "sensitive_attributes": [],
          "private": "bnVsbA==",
          "dependencies": [
            "module.vpc.aws_iam_role.nat"
          ]
        }
      ]
    },
    {
      "module": "module.vpc",
      "mode": "managed",
      "type": "aws_instance",
      "name": "nat",
      "provider": "provider[\"registry.terraform.io/hashicorp/aws\"]",
      "instances": [
        {
          "index_key": 0,
          "schema_version": 1,
          "attributes": {
            "ami": "ami-0e349888043265b96",
            "arn": "arn:aws:ec2:us-east-1:175059541256:instance/i-0c9c29b8929d95fd5",
            "associate_public_ip_address": false,
            "availability_zone": "us-east-1a",
            "capacity_reservation_specification": [
              {
                "capacity_reservation_preference": "open",
                "capacity_reservation_target": []
              }
            ],
            "cpu_core_count": 1,
            "cpu_options": [
              {
                "amd_sev_snp": "",
                "core_count": 1,
                "threads_per_core": 2
              }
            ],
            "cpu_threads_per_core": 2,
            "credit_specification": [
              {
                "cpu_credits": "unlimited"
              }
            ],
            "disable_api_stop": false,
            "disable_api_termination": false,
            "ebs_block_device": [],
            "ebs_optimized": false,
            "enable_primary_ipv6": null,
            "enclave_options": [
              {
                "enabled": false
              }
            ],
            "ephemeral_block_device": [],
            "get_password_data": false,
            "hibernation": false,
            "host_id": "",
            "host_resource_group_arn": null,
            "iam_instance_profile": "cabal-nat-instance-profile",
            "id": "i-0c9c29b8929d95fd5",
            "instance_initiated_shutdown_behavior": "stop",
            "instance_lifecycle": "",
            "instance_market_options": [],
            "instance_state": "running",
            "instance_type": "t3.micro",
            "ipv6_address_count": 0,
            "ipv6_addresses": [],
            "key_name": "",
            "launch_template": [],
            "maintenance_options": [
              {
                "auto_recovery": "default"
              }
            ],
            "metadata_options": [
              {
                "http_endpoint": "enabled",
                "http_protocol_ipv6": "disabled",
                "http_put_response_hop_limit": 1,
                "http_tokens": "required",
                "instance_metadata_tags": "disabled"
              }
            ],
            "monitoring": false,
            "network_interface": [],
            "outpost_arn": "",
            "password_data": "",
            "placement_group": "",
            "placement_partition_number": 0,
            "primary_network_interface_id": "eni-02e2f8ba72a56fede",
            "private_dns": "ip-10-2-121-138.ec2.internal",
            "private_dns_name_options": [
              {
                "enable_resource_name_dns_a_record": false,
                "enable_resource_name_dns_aaaa_record": false,
                "hostname_type": "ip-name"
              }
            ],
            "private_ip": "10.2.121.138",
            "public_dns": "",
            "public_ip": "",
            "root_block_device": [
              {
                "delete_on_termination": true,
                "device_name": "/dev/xvda",
                "encrypted": false,
                "iops": 100,
                "kms_key_id": "",
                "tags": {
                  "environment": "development",
                  "managed_by_terraform": "y",
                  "terraform_repo": "https://github.com/cabalmail/cabal-infra"
                },
                "tags_all": {
                  "environment": "development",
                  "managed_by_terraform": "y",
                  "terraform_repo": "https://github.com/cabalmail/cabal-infra"
                },
                "throughput": 0,
                "volume_id": "vol-0a9797f3c6b4216c3",
                "volume_size": 8,
                "volume_type": "gp2"
              }
            ],
            "secondary_private_ips": [],
            "security_groups": [],
            "source_dest_check": false,
            "spot_instance_request_id": "",
            "subnet_id": "subnet-0551b57cacf6df4f5",
            "tags": {
              "Name": "cabal-nat-0"
            },
            "tags_all": {
              "Name": "cabal-nat-0",
              "environment": "development",
              "managed_by_terraform": "y",
              "terraform_repo": "https://github.com/cabalmail/cabal-infra"
            },
            "tenancy": "default",
            "timeouts": null,
            "user_data": "2d13a3e551574426185a5540dad0f7f6c3a0e42f",
            "user_data_base64": null,
            "user_data_replace_on_change": false,
            "volume_tags": null,
            "vpc_security_group_ids": [
              "sg-070fa8cf57b00fc63"
            ]
          },
          "sensitive_attributes": [],
          "private": "eyJlMmJmYjczMC1lY2FhLTExZTYtOGY4OC0zNDM2M2JjN2M0YzAiOnsiY3JlYXRlIjo2MDAwMDAwMDAwMDAsImRlbGV0ZSI6MTIwMDAwMDAwMDAwMCwicmVhZCI6OTAwMDAwMDAwMDAwLCJ1cGRhdGUiOjYwMDAwMDAwMDAwMH0sInNjaGVtYV92ZXJzaW9uIjoiMSJ9",
          "dependencies": [
            "module.vpc.aws_iam_instance_profile.nat",
            "module.vpc.aws_iam_role.nat",
            "module.vpc.aws_security_group.nat",
            "module.vpc.aws_subnet.public",
            "module.vpc.aws_vpc.network",
            "module.vpc.data.aws_ami.amazon_linux_2"
          ]
        }
      ]
    },
    {
      "module": "module.vpc",
      "mode": "managed",
      "type": "aws_internet_gateway",
      "name": "ig",
      "provider": "provider[\"registry.terraform.io/hashicorp/aws\"]",
      "instances": [
        {
          "schema_version": 0,
          "attributes": {
            "arn": "arn:aws:ec2:us-east-1:175059541256:internet-gateway/igw-0bda48c25d008a919",
            "id": "igw-0bda48c25d008a919",
            "owner_id": "175059541256",
            "tags": {
              "Name": "cabal-igw"
            },
            "tags_all": {
              "Name": "cabal-igw",
              "environment": "development",
              "managed_by_terraform": "y",
              "terraform_repo": "https://github.com/cabalmail/cabal-infra"
            },
            "timeouts": null,
            "vpc_id": "vpc-0d564f40e37346183"
          },
          "sensitive_attributes": [],
          "private": "eyJlMmJmYjczMC1lY2FhLTExZTYtOGY4OC0zNDM2M2JjN2M0YzAiOnsiY3JlYXRlIjoxMjAwMDAwMDAwMDAwLCJkZWxldGUiOjEyMDAwMDAwMDAwMDAsInVwZGF0ZSI6MTIwMDAwMDAwMDAwMH19",
          "dependencies": [
            "module.vpc.aws_vpc.network"
          ],
          "create_before_destroy": true
        }
      ]
    },
    {
      "module": "module.vpc",
      "mode": "managed",
      "type": "aws_nat_gateway",
      "name": "nat",
      "provider": "provider[\"registry.terraform.io/hashicorp/aws\"]",
      "instances": []
    },
    {
      "module": "module.vpc",
      "mode": "managed",
      "type": "aws_route",
      "name": "private",
      "provider": "provider[\"registry.terraform.io/hashicorp/aws\"]",
      "instances": [
        {
          "index_key": 0,
          "schema_version": 0,
          "attributes": {
            "carrier_gateway_id": "",
            "core_network_arn": "",
            "destination_cidr_block": "0.0.0.0/0",
            "destination_ipv6_cidr_block": "",
            "destination_prefix_list_id": "",
            "egress_only_gateway_id": "",
            "gateway_id": "",
            "id": "r-rtb-010cd093d109db4761080289494",
            "instance_id": "i-0c9c29b8929d95fd5",
            "instance_owner_id": "175059541256",
            "local_gateway_id": "",
            "nat_gateway_id": "",
            "network_interface_id": "eni-02e2f8ba72a56fede",
            "origin": "CreateRoute",
            "route_table_id": "rtb-010cd093d109db476",
            "state": "active",
            "timeouts": null,
            "transit_gateway_id": "",
            "vpc_endpoint_id": "",
            "vpc_peering_connection_id": ""
          },
          "sensitive_attributes": [],
          "private": "eyJlMmJmYjczMC1lY2FhLTExZTYtOGY4OC0zNDM2M2JjN2M0YzAiOnsiY3JlYXRlIjozMDAwMDAwMDAwMDAsImRlbGV0ZSI6MzAwMDAwMDAwMDAwLCJ1cGRhdGUiOjEyMDAwMDAwMDAwMH19",
          "dependencies": [
            "module.vpc.aws_eip.nat_eip",
            "module.vpc.aws_iam_instance_profile.nat",
            "module.vpc.aws_iam_role.nat",
            "module.vpc.aws_instance.nat",
            "module.vpc.aws_internet_gateway.ig",
            "module.vpc.aws_nat_gateway.nat",
            "module.vpc.aws_route_table.private",
            "module.vpc.aws_security_group.nat",
            "module.vpc.aws_subnet.public",
            "module.vpc.aws_vpc.network",
            "module.vpc.data.aws_ami.amazon_linux_2"
          ]
        }
      ]
    },
    {
      "module": "module.vpc",
      "mode": "managed",
      "type": "aws_route",
      "name": "public",
      "provider": "provider[\"registry.terraform.io/hashicorp/aws\"]",
      "instances": [
        {
          "schema_version": 0,
          "attributes": {
            "carrier_gateway_id": "",
            "core_network_arn": "",
            "destination_cidr_block": "0.0.0.0/0",
            "destination_ipv6_cidr_block": "",
            "destination_prefix_list_id": "",
            "egress_only_gateway_id": "",
            "gateway_id": "igw-0bda48c25d008a919",
            "id": "r-rtb-0831f079e6002dc101080289494",
            "instance_id": "",
            "instance_owner_id": "",
            "local_gateway_id": "",
            "nat_gateway_id": "",
            "network_interface_id": "",
            "origin": "CreateRoute",
            "route_table_id": "rtb-0831f079e6002dc10",
            "state": "active",
            "timeouts": null,
            "transit_gateway_id": "",
            "vpc_endpoint_id": "",
            "vpc_peering_connection_id": ""
          },
          "sensitive_attributes": [],
          "private": "eyJlMmJmYjczMC1lY2FhLTExZTYtOGY4OC0zNDM2M2JjN2M0YzAiOnsiY3JlYXRlIjozMDAwMDAwMDAwMDAsImRlbGV0ZSI6MzAwMDAwMDAwMDAwLCJ1cGRhdGUiOjEyMDAwMDAwMDAwMH19",
          "dependencies": [
            "module.vpc.aws_internet_gateway.ig",
            "module.vpc.aws_route_table.public",
            "module.vpc.aws_vpc.network"
          ]
        }
      ]
    },
    {
      "module": "module.vpc",
      "mode": "managed",
      "type": "aws_route53_record",
      "name": "smtp",
      "provider": "provider[\"registry.terraform.io/hashicorp/aws\"]",
      "instances": [
        {
          "schema_version": 2,
          "attributes": {
            "alias": [],
            "allow_overwrite": null,
            "cidr_routing_policy": [],
            "failover_routing_policy": [],
            "fqdn": "smtp.cabalmail.email",
            "geolocation_routing_policy": [],
            "geoproximity_routing_policy": [],
            "health_check_id": "",
            "id": "Z01789542KDCG9LP41DJ7_smtp.cabalmail.email_A",
            "latency_routing_policy": [],
            "multivalue_answer_routing_policy": false,
            "name": "smtp.cabalmail.email",
            "records": [
              "34.206.99.56"
            ],
            "set_identifier": "",
            "timeouts": null,
            "ttl": 360,
            "type": "A",
            "weighted_routing_policy": [],
            "zone_id": "Z01789542KDCG9LP41DJ7"
          },
          "sensitive_attributes": [],
          "private": "eyJlMmJmYjczMC1lY2FhLTExZTYtOGY4OC0zNDM2M2JjN2M0YzAiOnsiY3JlYXRlIjoxODAwMDAwMDAwMDAwLCJkZWxldGUiOjE4MDAwMDAwMDAwMDAsInVwZGF0ZSI6MTgwMDAwMDAwMDAwMH0sInNjaGVtYV92ZXJzaW9uIjoiMiJ9",
          "dependencies": [
            "data.terraform_remote_state.zone",
            "module.vpc.aws_eip.nat_eip",
            "module.vpc.aws_internet_gateway.ig",
            "module.vpc.aws_vpc.network"
          ]
        }
      ]
    },
    {
      "module": "module.vpc",
      "mode": "managed",
      "type": "aws_route53_zone",
      "name": "private_dns",
      "provider": "provider[\"registry.terraform.io/hashicorp/aws\"]",
      "instances": [
        {
          "schema_version": 0,
          "attributes": {
            "arn": "arn:aws:route53:::hostedzone/Z0497127TAGAVZJ6AYOI",
            "comment": "Internal control domain",
            "delegation_set_id": "",
            "force_destroy": false,
            "id": "Z0497127TAGAVZJ6AYOI",
            "name": "cabalmail.email",
            "name_servers": [
              "ns-0.awsdns-00.com.",
              "ns-1024.awsdns-00.org.",
              "ns-1536.awsdns-00.co.uk.",
              "ns-512.awsdns-00.net."
            ],
            "primary_name_server": "ns-0.awsdns-00.com.",
            "tags": null,
            "tags_all": {
              "environment": "development",
              "managed_by_terraform": "y",
              "terraform_repo": "https://github.com/cabalmail/cabal-infra"
            },
            "timeouts": null,
            "vpc": [
              {
                "vpc_id": "vpc-0d564f40e37346183",
                "vpc_region": "us-east-1"
              }
            ],
            "zone_id": "Z0497127TAGAVZJ6AYOI"
          },
          "sensitive_attributes": [],
          "private": "eyJlMmJmYjczMC1lY2FhLTExZTYtOGY4OC0zNDM2M2JjN2M0YzAiOnsiY3JlYXRlIjoxODAwMDAwMDAwMDAwLCJkZWxldGUiOjE4MDAwMDAwMDAwMDAsInVwZGF0ZSI6MTgwMDAwMDAwMDAwMH19",
          "dependencies": [
            "module.vpc.aws_vpc.network"
          ],
          "create_before_destroy": true
        }
      ]
    },
    {
      "module": "module.vpc",
      "mode": "managed",
      "type": "aws_route_table",
      "name": "private",
      "provider": "provider[\"registry.terraform.io/hashicorp/aws\"]",
      "instances": [
        {
          "index_key": 0,
          "schema_version": 0,
          "attributes": {
            "arn": "arn:aws:ec2:us-east-1:175059541256:route-table/rtb-010cd093d109db476",
            "id": "rtb-010cd093d109db476",
            "owner_id": "175059541256",
            "propagating_vgws": [],
            "route": [],
            "tags": {
              "Name": "cabal-private-rt-0"
            },
            "tags_all": {
              "Name": "cabal-private-rt-0",
              "environment": "development",
              "managed_by_terraform": "y",
              "terraform_repo": "https://github.com/cabalmail/cabal-infra"
            },
            "timeouts": null,
            "vpc_id": "vpc-0d564f40e37346183"
          },
          "sensitive_attributes": [],
          "private": "eyJlMmJmYjczMC1lY2FhLTExZTYtOGY4OC0zNDM2M2JjN2M0YzAiOnsiY3JlYXRlIjozMDAwMDAwMDAwMDAsImRlbGV0ZSI6MzAwMDAwMDAwMDAwLCJ1cGRhdGUiOjEyMDAwMDAwMDAwMH19",
          "dependencies": [
            "module.vpc.aws_vpc.network"
          ]
        }
      ]
    },
    {
      "module": "module.vpc",
      "mode": "managed",
      "type": "aws_route_table",
      "name": "public",
      "provider": "provider[\"registry.terraform.io/hashicorp/aws\"]",
      "instances": [
        {
          "schema_version": 0,
          "attributes": {
            "arn": "arn:aws:ec2:us-east-1:175059541256:route-table/rtb-0831f079e6002dc10",
            "id": "rtb-0831f079e6002dc10",
            "owner_id": "175059541256",
            "propagating_vgws": [],
            "route": [],
            "tags": {
              "Name": "cabal-public-rt"
            },
            "tags_all": {
              "Name": "cabal-public-rt",
              "environment": "development",
              "managed_by_terraform": "y",
              "terraform_repo": "https://github.com/cabalmail/cabal-infra"
            },
            "timeouts": null,
            "vpc_id": "vpc-0d564f40e37346183"
          },
          "sensitive_attributes": [],
          "private": "eyJlMmJmYjczMC1lY2FhLTExZTYtOGY4OC0zNDM2M2JjN2M0YzAiOnsiY3JlYXRlIjozMDAwMDAwMDAwMDAsImRlbGV0ZSI6MzAwMDAwMDAwMDAwLCJ1cGRhdGUiOjEyMDAwMDAwMDAwMH19",
          "dependencies": [
            "module.vpc.aws_vpc.network"
          ]
        }
      ]
    },
    {
      "module": "module.vpc",
      "mode": "managed",
      "type": "aws_route_table_association",
      "name": "private",
      "provider": "provider[\"registry.terraform.io/hashicorp/aws\"]",
      "instances": [
        {
          "index_key": 0,
          "schema_version": 0,
          "attributes": {
            "gateway_id": "",
            "id": "rtbassoc-0f66e5b92068be330",
            "route_table_id": "rtb-010cd093d109db476",
            "subnet_id": "subnet-0e1594abd926a6161",
            "timeouts": null
          },
          "sensitive_attributes": [],
          "private": "eyJlMmJmYjczMC1lY2FhLTExZTYtOGY4OC0zNDM2M2JjN2M0YzAiOnsiY3JlYXRlIjozMDAwMDAwMDAwMDAsImRlbGV0ZSI6MzAwMDAwMDAwMDAwLCJ1cGRhdGUiOjEyMDAwMDAwMDAwMH19",
          "dependencies": [
            "module.vpc.aws_route_table.private",
            "module.vpc.aws_subnet.private",
            "module.vpc.aws_vpc.network"
          ]
        }
      ]
    },
    {
      "module": "module.vpc",
      "mode": "managed",
      "type": "aws_route_table_association",
      "name": "public",
      "provider": "provider[\"registry.terraform.io/hashicorp/aws\"]",
      "instances": [
        {
          "index_key": 0,
          "schema_version": 0,
          "attributes": {
            "gateway_id": "",
            "id": "rtbassoc-094a7dedc532267a5",
            "route_table_id": "rtb-0831f079e6002dc10",
            "subnet_id": "subnet-0551b57cacf6df4f5",
            "timeouts": null
          },
          "sensitive_attributes": [],
          "private": "eyJlMmJmYjczMC1lY2FhLTExZTYtOGY4OC0zNDM2M2JjN2M0YzAiOnsiY3JlYXRlIjozMDAwMDAwMDAwMDAsImRlbGV0ZSI6MzAwMDAwMDAwMDAwLCJ1cGRhdGUiOjEyMDAwMDAwMDAwMH19",
          "dependencies": [
            "module.vpc.aws_route_table.public",
            "module.vpc.aws_subnet.public",
            "module.vpc.aws_vpc.network"
          ]
        }
      ]
    },
    {
      "module": "module.vpc",
      "mode": "managed",
      "type": "aws_security_group",
      "name": "nat",
      "provider": "provider[\"registry.terraform.io/hashicorp/aws\"]",
      "instances": [
        {
          "index_key": 0,
          "schema_version": 1,
          "attributes": {
            "arn": "arn:aws:ec2:us-east-1:175059541256:security-group/sg-070fa8cf57b00fc63",
            "description": "Security group for NAT instances",
            "egress": [],
            "id": "sg-070fa8cf57b00fc63",
            "ingress": [],
            "name": "cabal-nat-instance-sg",
            "name_prefix": "",
            "owner_id": "175059541256",
            "revoke_rules_on_delete": false,
            "tags": {
              "Name": "cabal-nat-instance-sg"
            },
            "tags_all": {
              "Name": "cabal-nat-instance-sg",
              "environment": "development",
              "managed_by_terraform": "y",
              "terraform_repo": "https://github.com/cabalmail/cabal-infra"
            },
            "timeouts": null,
            "vpc_id": "vpc-0d564f40e37346183"
          },
          "sensitive_attributes": [],
          "private": "eyJlMmJmYjczMC1lY2FhLTExZTYtOGY4OC0zNDM2M2JjN2M0YzAiOnsiY3JlYXRlIjo2MDAwMDAwMDAwMDAsImRlbGV0ZSI6OTAwMDAwMDAwMDAwfSwic2NoZW1hX3ZlcnNpb24iOiIxIn0=",
          "dependencies": [
            "module.vpc.aws_vpc.network"
          ]
        }
      ]
    },
    {
      "module": "module.vpc",
      "mode": "managed",
      "type": "aws_security_group_rule",
      "name": "nat_egress",
      "provider": "provider[\"registry.terraform.io/hashicorp/aws\"]",
      "instances": [
        {
          "index_key": 0,
          "schema_version": 2,
          "attributes": {
            "cidr_blocks": [
              "0.0.0.0/0"
            ],
            "description": null,
            "from_port": 0,
            "id": "sgrule-3038267422",
            "ipv6_cidr_blocks": null,
            "prefix_list_ids": null,
            "protocol": "-1",
            "security_group_id": "sg-070fa8cf57b00fc63",
            "security_group_rule_id": "sgr-082a43ae746ff1f58",
            "self": false,
            "source_security_group_id": null,
            "timeouts": null,
            "to_port": 0,
            "type": "egress"
          },
          "sensitive_attributes": [],
          "private": "eyJlMmJmYjczMC1lY2FhLTExZTYtOGY4OC0zNDM2M2JjN2M0YzAiOnsiY3JlYXRlIjozMDAwMDAwMDAwMDB9LCJzY2hlbWFfdmVyc2lvbiI6IjIifQ==",
          "dependencies": [
            "module.vpc.aws_security_group.nat",
            "module.vpc.aws_vpc.network"
          ]
        }
      ]
    },
    {
      "module": "module.vpc",
      "mode": "managed",
      "type": "aws_security_group_rule",
      "name": "nat_ingress_vpc",
      "provider": "provider[\"registry.terraform.io/hashicorp/aws\"]",
      "instances": [
        {
          "index_key": 0,
          "schema_version": 2,
          "attributes": {
            "cidr_blocks": [
              "10.2.0.0/16"
            ],
            "description": null,
            "from_port": 0,
            "id": "sgrule-1083342392",
            "ipv6_cidr_blocks": null,
            "prefix_list_ids": null,
            "protocol": "-1",
            "security_group_id": "sg-070fa8cf57b00fc63",
            "security_group_rule_id": "sgr-0458d9e5842523fda",
            "self": false,
            "source_security_group_id": null,
            "timeouts": null,
            "to_port": 0,
            "type": "ingress"
          },
          "sensitive_attributes": [],
          "private": "eyJlMmJmYjczMC1lY2FhLTExZTYtOGY4OC0zNDM2M2JjN2M0YzAiOnsiY3JlYXRlIjozMDAwMDAwMDAwMDB9LCJzY2hlbWFfdmVyc2lvbiI6IjIifQ==",
          "dependencies": [
            "module.vpc.aws_security_group.nat",
            "module.vpc.aws_vpc.network"
          ]
        }
      ]
    },
    {
      "module": "module.vpc",
      "mode": "managed",
      "type": "aws_subnet",
      "name": "private",
      "provider": "provider[\"registry.terraform.io/hashicorp/aws\"]",
      "instances": [
        {
          "index_key": 0,
          "schema_version": 1,
          "attributes": {
            "arn": "arn:aws:ec2:us-east-1:175059541256:subnet/subnet-0e1594abd926a6161",
            "assign_ipv6_address_on_creation": false,
            "availability_zone": "us-east-1a",
            "availability_zone_id": "use1-az6",
            "cidr_block": "10.2.0.0/18",
            "customer_owned_ipv4_pool": "",
            "enable_dns64": false,
            "enable_lni_at_device_index": 0,
            "enable_resource_name_dns_a_record_on_launch": false,
            "enable_resource_name_dns_aaaa_record_on_launch": false,
            "id": "subnet-0e1594abd926a6161",
            "ipv6_cidr_block": "",
            "ipv6_cidr_block_association_id": "",
            "ipv6_native": false,
            "map_customer_owned_ip_on_launch": false,
            "map_public_ip_on_launch": false,
            "outpost_arn": "",
            "owner_id": "175059541256",
            "private_dns_hostname_type_on_launch": "ip-name",
            "tags": {
              "Name": "cabal-private-subnet-0"
            },
            "tags_all": {
              "Name": "cabal-private-subnet-0",
              "environment": "development",
              "managed_by_terraform": "y",
              "terraform_repo": "https://github.com/cabalmail/cabal-infra"
            },
            "timeouts": null,
            "vpc_id": "vpc-0d564f40e37346183"
          },
          "sensitive_attributes": [],
          "private": "eyJlMmJmYjczMC1lY2FhLTExZTYtOGY4OC0zNDM2M2JjN2M0YzAiOnsiY3JlYXRlIjo2MDAwMDAwMDAwMDAsImRlbGV0ZSI6MTIwMDAwMDAwMDAwMH0sInNjaGVtYV92ZXJzaW9uIjoiMSJ9",
          "dependencies": [
            "module.vpc.aws_vpc.network"
          ],
          "create_before_destroy": true
        }
      ]
    },
    {
      "module": "module.vpc",
      "mode": "managed",
      "type": "aws_subnet",
      "name": "public",
      "provider": "provider[\"registry.terraform.io/hashicorp/aws\"]",
      "instances": [
        {
          "index_key": 0,
          "schema_version": 1,
          "attributes": {
            "arn": "arn:aws:ec2:us-east-1:175059541256:subnet/subnet-0551b57cacf6df4f5",
            "assign_ipv6_address_on_creation": false,
            "availability_zone": "us-east-1a",
            "availability_zone_id": "use1-az6",
            "cidr_block": "10.2.64.0/18",
            "customer_owned_ipv4_pool": "",
            "enable_dns64": false,
            "enable_lni_at_device_index": 0,
            "enable_resource_name_dns_a_record_on_launch": false,
            "enable_resource_name_dns_aaaa_record_on_launch": false,
            "id": "subnet-0551b57cacf6df4f5",
            "ipv6_cidr_block": "",
            "ipv6_cidr_block_association_id": "",
            "ipv6_native": false,
            "map_customer_owned_ip_on_launch": false,
            "map_public_ip_on_launch": false,
            "outpost_arn": "",
            "owner_id": "175059541256",
            "private_dns_hostname_type_on_launch": "ip-name",
            "tags": {
              "Name": "cabal-public-subnet-0"
            },
            "tags_all": {
              "Name": "cabal-public-subnet-0",
              "environment": "development",
              "managed_by_terraform": "y",
              "terraform_repo": "https://github.com/cabalmail/cabal-infra"
            },
            "timeouts": null,
            "vpc_id": "vpc-0d564f40e37346183"
          },
          "sensitive_attributes": [],
          "private": "eyJlMmJmYjczMC1lY2FhLTExZTYtOGY4OC0zNDM2M2JjN2M0YzAiOnsiY3JlYXRlIjo2MDAwMDAwMDAwMDAsImRlbGV0ZSI6MTIwMDAwMDAwMDAwMH0sInNjaGVtYV92ZXJzaW9uIjoiMSJ9",
          "dependencies": [
            "module.vpc.aws_vpc.network"
          ],
          "create_before_destroy": true
        }
      ]
    },
    {
      "module": "module.vpc",
      "mode": "managed",
      "type": "aws_vpc",
      "name": "network",
      "provider": "provider[\"registry.terraform.io/hashicorp/aws\"]",
      "instances": [
        {
          "schema_version": 1,
          "attributes": {
            "arn": "arn:aws:ec2:us-east-1:175059541256:vpc/vpc-0d564f40e37346183",
            "assign_generated_ipv6_cidr_block": false,
            "cidr_block": "10.2.0.0/16",
            "default_network_acl_id": "acl-0d624c23e63dc53ff",
            "default_route_table_id": "rtb-0391af9961daff58a",
            "default_security_group_id": "sg-02a558fb2f01a1f8f",
            "dhcp_options_id": "dopt-0f14cffed54e60c84",
            "enable_dns_hostnames": true,
            "enable_dns_support": true,
            "enable_network_address_usage_metrics": false,
            "id": "vpc-0d564f40e37346183",
            "instance_tenancy": "default",
            "ipv4_ipam_pool_id": null,
            "ipv4_netmask_length": null,
            "ipv6_association_id": "",
            "ipv6_cidr_block": "",
            "ipv6_cidr_block_network_border_group": "",
            "ipv6_ipam_pool_id": "",
            "ipv6_netmask_length": 0,
            "main_route_table_id": "rtb-0391af9961daff58a",
            "owner_id": "175059541256",
            "tags": {
              "Name": "cabal-vpc"
            },
            "tags_all": {
              "Name": "cabal-vpc",
              "environment": "development",
              "managed_by_terraform": "y",
              "terraform_repo": "https://github.com/cabalmail/cabal-infra"
            }
          },
          "sensitive_attributes": [],
          "private": "eyJzY2hlbWFfdmVyc2lvbiI6IjEifQ==",
          "create_before_destroy": true
        }
      ]
    }
  ],
  "check_results": [
    {
      "object_kind": "var",
      "config_addr": "var.smtpout_scale",
      "status": "pass",
      "objects": [
        {
          "object_addr": "var.smtpout_scale",
          "status": "pass"
        }
      ]
    },
    {
      "object_kind": "var",
      "config_addr": "var.imap_scale",
      "status": "pass",
      "objects": [
        {
          "object_addr": "var.imap_scale",
          "status": "pass"
        }
      ]
    },
    {
      "object_kind": "var",
      "config_addr": "module.bucket.var.control_domain",
      "status": "pass",
      "objects": [
        {
          "object_addr": "module.bucket.var.control_domain",
          "status": "pass"
        }
      ]
    },
    {
      "object_kind": "var",
      "config_addr": "var.aws_region",
      "status": "pass",
      "objects": [
        {
          "object_addr": "var.aws_region",
          "status": "pass"
        }
      ]
    },
    {
      "object_kind": "var",
      "config_addr": "var.mail_domains",
      "status": "pass",
      "objects": [
        {
          "object_addr": "var.mail_domains",
          "status": "pass"
        }
      ]
    },
    {
      "object_kind": "var",
      "config_addr": "var.smtpin_scale",
      "status": "pass",
      "objects": [
        {
          "object_addr": "var.smtpin_scale",
          "status": "pass"
        }
      ]
    },
    {
      "object_kind": "var",
      "config_addr": "var.control_domain",
      "status": "pass",
      "objects": [
        {
          "object_addr": "var.control_domain",
          "status": "pass"
        }
      ]
    },
    {
      "object_kind": "var",
      "config_addr": "var.availability_zones",
      "status": "pass",
      "objects": [
        {
          "object_addr": "var.availability_zones",
          "status": "pass"
        }
      ]
    },
    {
      "object_kind": "var",
      "config_addr": "var.chef_license",
      "status": "pass",
      "objects": [
        {
          "object_addr": "var.chef_license",
          "status": "pass"
        }
      ]
    },
    {
      "object_kind": "var",
      "config_addr": "var.cidr_block",
      "status": "pass",
      "objects": [
        {
          "object_addr": "var.cidr_block",
          "status": "pass"
        }
      ]
    }
  ]
}
